{
  "version": 4,
  "terraform_version": "1.3.9",
  "serial": 945,
  "lineage": "1bd5faa6-542c-6f00-d87a-d4c2e89f8224",
  "outputs": {},
  "resources": [
    {
      "mode": "data",
      "type": "kubernetes_resource",
      "name": "sonarqube_ns",
      "provider": "provider[\"registry.terraform.io/hashicorp/kubernetes\"]",
      "instances": [
        {
          "schema_version": 0,
          "attributes": {
            "api_version": "v1",
            "kind": "Namespace",
            "metadata": [
              {
                "name": "sonarqube",
                "namespace": "sonarqube"
              }
            ],
            "object": {
              "value": {
                "apiVersion": "v1",
                "kind": "Namespace",
                "metadata": {
                  "annotations": {
                    "name": "sonarqube"
                  },
                  "creationTimestamp": "2023-05-21T06:24:04Z",
                  "deletionGracePeriodSeconds": null,
                  "deletionTimestamp": null,
                  "finalizers": null,
                  "generateName": null,
                  "generation": null,
                  "labels": {
                    "kubernetes.io/metadata.name": "sonarqube"
                  },
                  "managedFields": [
                    {
                      "apiVersion": "v1",
                      "fieldsType": "FieldsV1",
                      "fieldsV1": {
                        "f:metadata": {
                          "f:annotations": {
                            ".": {},
                            "f:name": {}
                          },
                          "f:labels": {
                            ".": {},
                            "f:kubernetes.io/metadata.name": {}
                          }
                        }
                      },
                      "manager": "HashiCorp",
                      "operation": "Update",
                      "subresource": null,
                      "time": "2023-05-21T06:24:04Z"
                    }
                  ],
                  "name": "sonarqube",
                  "namespace": null,
                  "ownerReferences": null,
                  "resourceVersion": "1881",
                  "selfLink": null,
                  "uid": "8db340f6-56d5-42a2-be4b-d376f6fa0f68"
                },
                "spec": {
                  "finalizers": [
                    "kubernetes"
                  ]
                },
                "status": {
                  "conditions": null,
                  "phase": "Active"
                }
              },
              "type": [
                "object",
                {
                  "apiVersion": "string",
                  "kind": "string",
                  "metadata": [
                    "object",
                    {
                      "annotations": [
                        "map",
                        "string"
                      ],
                      "creationTimestamp": "string",
                      "deletionGracePeriodSeconds": "number",
                      "deletionTimestamp": "string",
                      "finalizers": [
                        "list",
                        "string"
                      ],
                      "generateName": "string",
                      "generation": "number",
                      "labels": [
                        "map",
                        "string"
                      ],
                      "managedFields": [
                        "tuple",
                        [
                          [
                            "object",
                            {
                              "apiVersion": "string",
                              "fieldsType": "string",
                              "fieldsV1": [
                                "object",
                                {
                                  "f:metadata": [
                                    "object",
                                    {
                                      "f:annotations": [
                                        "object",
                                        {
                                          ".": [
                                            "object",
                                            {}
                                          ],
                                          "f:name": [
                                            "object",
                                            {}
                                          ]
                                        }
                                      ],
                                      "f:labels": [
                                        "object",
                                        {
                                          ".": [
                                            "object",
                                            {}
                                          ],
                                          "f:kubernetes.io/metadata.name": [
                                            "object",
                                            {}
                                          ]
                                        }
                                      ]
                                    }
                                  ]
                                }
                              ],
                              "manager": "string",
                              "operation": "string",
                              "subresource": "string",
                              "time": "string"
                            }
                          ]
                        ]
                      ],
                      "name": "string",
                      "namespace": "string",
                      "ownerReferences": [
                        "list",
                        [
                          "object",
                          {
                            "apiVersion": "string",
                            "blockOwnerDeletion": "bool",
                            "controller": "bool",
                            "kind": "string",
                            "name": "string",
                            "uid": "string"
                          }
                        ]
                      ],
                      "resourceVersion": "string",
                      "selfLink": "string",
                      "uid": "string"
                    }
                  ],
                  "spec": [
                    "object",
                    {
                      "finalizers": [
                        "list",
                        "string"
                      ]
                    }
                  ],
                  "status": [
                    "object",
                    {
                      "conditions": [
                        "list",
                        [
                          "object",
                          {
                            "lastTransitionTime": "string",
                            "message": "string",
                            "reason": "string",
                            "status": "string",
                            "type": "string"
                          }
                        ]
                      ],
                      "phase": "string"
                    }
                  ]
                }
              ]
            }
          },
          "sensitive_attributes": []
        }
      ]
    },
    {
      "mode": "managed",
      "type": "kubernetes_manifest",
      "name": "configmap_sonarqube_sonarqube_sonarqube_config",
      "provider": "provider[\"registry.terraform.io/hashicorp/kubernetes\"]",
      "instances": [
        {
          "schema_version": 1,
          "attributes": {
            "computed_fields": null,
            "field_manager": [],
            "manifest": {
              "value": {
                "apiVersion": "v1",
                "data": {
                  "sonar.properties": ""
                },
                "kind": "ConfigMap",
                "metadata": {
                  "annotations": {
                    "meta.kind.tf/release-name": "sonarqube",
                    "meta.kind.tf/release-namespace": "sonarqube"
                  },
                  "labels": {
                    "app": "sonarqube",
                    "app.kubernetes.io/managed-by": "Terraform",
                    "chart": "sonarqube-8.0.1_546",
                    "heritage": "Helm",
                    "release": "sonarqube"
                  },
                  "name": "sonarqube-sonarqube-config",
                  "namespace": "sonarqube"
                }
              },
              "type": [
                "object",
                {
                  "apiVersion": "string",
                  "data": [
                    "object",
                    {
                      "sonar.properties": "string"
                    }
                  ],
                  "kind": "string",
                  "metadata": [
                    "object",
                    {
                      "annotations": [
                        "object",
                        {
                          "meta.kind.tf/release-name": "string",
                          "meta.kind.tf/release-namespace": "string"
                        }
                      ],
                      "labels": [
                        "object",
                        {
                          "app": "string",
                          "app.kubernetes.io/managed-by": "string",
                          "chart": "string",
                          "heritage": "string",
                          "release": "string"
                        }
                      ],
                      "name": "string",
                      "namespace": "string"
                    }
                  ]
                }
              ]
            },
            "object": {
              "value": {
                "apiVersion": "v1",
                "binaryData": null,
                "data": {
                  "sonar.properties": ""
                },
                "immutable": null,
                "kind": "ConfigMap",
                "metadata": {
                  "annotations": {
                    "meta.kind.tf/release-name": "sonarqube",
                    "meta.kind.tf/release-namespace": "sonarqube"
                  },
                  "creationTimestamp": null,
                  "deletionGracePeriodSeconds": null,
                  "deletionTimestamp": null,
                  "finalizers": null,
                  "generateName": null,
                  "generation": null,
                  "labels": {
                    "app": "sonarqube",
                    "app.kubernetes.io/managed-by": "Terraform",
                    "chart": "sonarqube-8.0.1_546",
                    "heritage": "Helm",
                    "release": "sonarqube"
                  },
                  "managedFields": null,
                  "name": "sonarqube-sonarqube-config",
                  "namespace": "sonarqube",
                  "ownerReferences": null,
                  "resourceVersion": null,
                  "selfLink": null,
                  "uid": null
                }
              },
              "type": [
                "object",
                {
                  "apiVersion": "string",
                  "binaryData": [
                    "map",
                    "string"
                  ],
                  "data": [
                    "map",
                    "string"
                  ],
                  "immutable": "bool",
                  "kind": "string",
                  "metadata": [
                    "object",
                    {
                      "annotations": [
                        "map",
                        "string"
                      ],
                      "creationTimestamp": "string",
                      "deletionGracePeriodSeconds": "number",
                      "deletionTimestamp": "string",
                      "finalizers": [
                        "list",
                        "string"
                      ],
                      "generateName": "string",
                      "generation": "number",
                      "labels": [
                        "map",
                        "string"
                      ],
                      "managedFields": [
                        "tuple",
                        [
                          [
                            "object",
                            {
                              "apiVersion": "string",
                              "fieldsType": "string",
                              "fieldsV1": "dynamic",
                              "manager": "string",
                              "operation": "string",
                              "subresource": "string",
                              "time": "string"
                            }
                          ]
                        ]
                      ],
                      "name": "string",
                      "namespace": "string",
                      "ownerReferences": [
                        "list",
                        [
                          "object",
                          {
                            "apiVersion": "string",
                            "blockOwnerDeletion": "bool",
                            "controller": "bool",
                            "kind": "string",
                            "name": "string",
                            "uid": "string"
                          }
                        ]
                      ],
                      "resourceVersion": "string",
                      "selfLink": "string",
                      "uid": "string"
                    }
                  ]
                }
              ]
            },
            "timeouts": [],
            "wait": [],
            "wait_for": null
          },
          "sensitive_attributes": [],
          "dependencies": [
            "data.kubernetes_resource.sonarqube_ns"
          ]
        }
      ]
    },
    {
      "mode": "managed",
      "type": "kubernetes_manifest",
      "name": "configmap_sonarqube_sonarqube_sonarqube_init_fs",
      "provider": "provider[\"registry.terraform.io/hashicorp/kubernetes\"]",
      "instances": [
        {
          "schema_version": 1,
          "attributes": {
            "computed_fields": null,
            "field_manager": [],
            "manifest": {
              "value": {
                "apiVersion": "v1",
                "data": {
                  "init_fs.sh": ""
                },
                "kind": "ConfigMap",
                "metadata": {
                  "annotations": {
                    "meta.kind.tf/release-name": "sonarqube",
                    "meta.kind.tf/release-namespace": "sonarqube"
                  },
                  "labels": {
                    "app": "sonarqube",
                    "app.kubernetes.io/managed-by": "Terraform",
                    "chart": "sonarqube-8.0.1_546",
                    "heritage": "Helm",
                    "release": "sonarqube"
                  },
                  "name": "sonarqube-sonarqube-init-fs",
                  "namespace": "sonarqube"
                }
              },
              "type": [
                "object",
                {
                  "apiVersion": "string",
                  "data": [
                    "object",
                    {
                      "init_fs.sh": "string"
                    }
                  ],
                  "kind": "string",
                  "metadata": [
                    "object",
                    {
                      "annotations": [
                        "object",
                        {
                          "meta.kind.tf/release-name": "string",
                          "meta.kind.tf/release-namespace": "string"
                        }
                      ],
                      "labels": [
                        "object",
                        {
                          "app": "string",
                          "app.kubernetes.io/managed-by": "string",
                          "chart": "string",
                          "heritage": "string",
                          "release": "string"
                        }
                      ],
                      "name": "string",
                      "namespace": "string"
                    }
                  ]
                }
              ]
            },
            "object": {
              "value": {
                "apiVersion": "v1",
                "binaryData": null,
                "data": {
                  "init_fs.sh": ""
                },
                "immutable": null,
                "kind": "ConfigMap",
                "metadata": {
                  "annotations": {
                    "meta.kind.tf/release-name": "sonarqube",
                    "meta.kind.tf/release-namespace": "sonarqube"
                  },
                  "creationTimestamp": null,
                  "deletionGracePeriodSeconds": null,
                  "deletionTimestamp": null,
                  "finalizers": null,
                  "generateName": null,
                  "generation": null,
                  "labels": {
                    "app": "sonarqube",
                    "app.kubernetes.io/managed-by": "Terraform",
                    "chart": "sonarqube-8.0.1_546",
                    "heritage": "Helm",
                    "release": "sonarqube"
                  },
                  "managedFields": null,
                  "name": "sonarqube-sonarqube-init-fs",
                  "namespace": "sonarqube",
                  "ownerReferences": null,
                  "resourceVersion": null,
                  "selfLink": null,
                  "uid": null
                }
              },
              "type": [
                "object",
                {
                  "apiVersion": "string",
                  "binaryData": [
                    "map",
                    "string"
                  ],
                  "data": [
                    "map",
                    "string"
                  ],
                  "immutable": "bool",
                  "kind": "string",
                  "metadata": [
                    "object",
                    {
                      "annotations": [
                        "map",
                        "string"
                      ],
                      "creationTimestamp": "string",
                      "deletionGracePeriodSeconds": "number",
                      "deletionTimestamp": "string",
                      "finalizers": [
                        "list",
                        "string"
                      ],
                      "generateName": "string",
                      "generation": "number",
                      "labels": [
                        "map",
                        "string"
                      ],
                      "managedFields": [
                        "tuple",
                        [
                          [
                            "object",
                            {
                              "apiVersion": "string",
                              "fieldsType": "string",
                              "fieldsV1": "dynamic",
                              "manager": "string",
                              "operation": "string",
                              "subresource": "string",
                              "time": "string"
                            }
                          ]
                        ]
                      ],
                      "name": "string",
                      "namespace": "string",
                      "ownerReferences": [
                        "list",
                        [
                          "object",
                          {
                            "apiVersion": "string",
                            "blockOwnerDeletion": "bool",
                            "controller": "bool",
                            "kind": "string",
                            "name": "string",
                            "uid": "string"
                          }
                        ]
                      ],
                      "resourceVersion": "string",
                      "selfLink": "string",
                      "uid": "string"
                    }
                  ]
                }
              ]
            },
            "timeouts": [],
            "wait": [],
            "wait_for": null
          },
          "sensitive_attributes": [],
          "dependencies": [
            "data.kubernetes_resource.sonarqube_ns"
          ]
        }
      ]
    },
    {
      "mode": "managed",
      "type": "kubernetes_manifest",
      "name": "configmap_sonarqube_sonarqube_sonarqube_init_sysctl",
      "provider": "provider[\"registry.terraform.io/hashicorp/kubernetes\"]",
      "instances": [
        {
          "schema_version": 1,
          "attributes": {
            "computed_fields": null,
            "field_manager": [],
            "manifest": {
              "value": {
                "apiVersion": "v1",
                "data": {
                  "init_sysctl.sh": "if [[ \"$(sysctl -n vm.max_map_count)\" -lt 524288 ]]; then\n  sysctl -w vm.max_map_count=524288\nfi\nif [[ \"$(sysctl -n fs.file-max)\" -lt 131072 ]]; then\n  sysctl -w fs.file-max=131072\nfi\nif [[ \"$(ulimit -n)\" != \"unlimited\" ]]; then\n  if [[ \"$(ulimit -n)\" -lt 131072 ]]; then\n    echo \"ulimit -n 131072\"\n    ulimit -n 131072\n  fi\nfi\nif [[ \"$(ulimit -u)\" != \"unlimited\" ]]; then\n  if [[ \"$(ulimit -u)\" -lt 8192 ]]; then\n    echo \"ulimit -u 8192\"\n    ulimit -u 8192\n  fi\nfi\n"
                },
                "kind": "ConfigMap",
                "metadata": {
                  "annotations": {
                    "meta.kind.tf/release-name": "sonarqube",
                    "meta.kind.tf/release-namespace": "sonarqube"
                  },
                  "labels": {
                    "app": "sonarqube",
                    "app.kubernetes.io/managed-by": "Terraform",
                    "chart": "sonarqube-8.0.1_546",
                    "heritage": "Helm",
                    "release": "sonarqube"
                  },
                  "name": "sonarqube-sonarqube-init-sysctl",
                  "namespace": "sonarqube"
                }
              },
              "type": [
                "object",
                {
                  "apiVersion": "string",
                  "data": [
                    "object",
                    {
                      "init_sysctl.sh": "string"
                    }
                  ],
                  "kind": "string",
                  "metadata": [
                    "object",
                    {
                      "annotations": [
                        "object",
                        {
                          "meta.kind.tf/release-name": "string",
                          "meta.kind.tf/release-namespace": "string"
                        }
                      ],
                      "labels": [
                        "object",
                        {
                          "app": "string",
                          "app.kubernetes.io/managed-by": "string",
                          "chart": "string",
                          "heritage": "string",
                          "release": "string"
                        }
                      ],
                      "name": "string",
                      "namespace": "string"
                    }
                  ]
                }
              ]
            },
            "object": {
              "value": {
                "apiVersion": "v1",
                "binaryData": null,
                "data": {
                  "init_sysctl.sh": "if [[ \"$(sysctl -n vm.max_map_count)\" -lt 524288 ]]; then\n  sysctl -w vm.max_map_count=524288\nfi\nif [[ \"$(sysctl -n fs.file-max)\" -lt 131072 ]]; then\n  sysctl -w fs.file-max=131072\nfi\nif [[ \"$(ulimit -n)\" != \"unlimited\" ]]; then\n  if [[ \"$(ulimit -n)\" -lt 131072 ]]; then\n    echo \"ulimit -n 131072\"\n    ulimit -n 131072\n  fi\nfi\nif [[ \"$(ulimit -u)\" != \"unlimited\" ]]; then\n  if [[ \"$(ulimit -u)\" -lt 8192 ]]; then\n    echo \"ulimit -u 8192\"\n    ulimit -u 8192\n  fi\nfi\n"
                },
                "immutable": null,
                "kind": "ConfigMap",
                "metadata": {
                  "annotations": {
                    "meta.kind.tf/release-name": "sonarqube",
                    "meta.kind.tf/release-namespace": "sonarqube"
                  },
                  "creationTimestamp": null,
                  "deletionGracePeriodSeconds": null,
                  "deletionTimestamp": null,
                  "finalizers": null,
                  "generateName": null,
                  "generation": null,
                  "labels": {
                    "app": "sonarqube",
                    "app.kubernetes.io/managed-by": "Terraform",
                    "chart": "sonarqube-8.0.1_546",
                    "heritage": "Helm",
                    "release": "sonarqube"
                  },
                  "managedFields": null,
                  "name": "sonarqube-sonarqube-init-sysctl",
                  "namespace": "sonarqube",
                  "ownerReferences": null,
                  "resourceVersion": null,
                  "selfLink": null,
                  "uid": null
                }
              },
              "type": [
                "object",
                {
                  "apiVersion": "string",
                  "binaryData": [
                    "map",
                    "string"
                  ],
                  "data": [
                    "map",
                    "string"
                  ],
                  "immutable": "bool",
                  "kind": "string",
                  "metadata": [
                    "object",
                    {
                      "annotations": [
                        "map",
                        "string"
                      ],
                      "creationTimestamp": "string",
                      "deletionGracePeriodSeconds": "number",
                      "deletionTimestamp": "string",
                      "finalizers": [
                        "list",
                        "string"
                      ],
                      "generateName": "string",
                      "generation": "number",
                      "labels": [
                        "map",
                        "string"
                      ],
                      "managedFields": [
                        "tuple",
                        [
                          [
                            "object",
                            {
                              "apiVersion": "string",
                              "fieldsType": "string",
                              "fieldsV1": "dynamic",
                              "manager": "string",
                              "operation": "string",
                              "subresource": "string",
                              "time": "string"
                            }
                          ]
                        ]
                      ],
                      "name": "string",
                      "namespace": "string",
                      "ownerReferences": [
                        "list",
                        [
                          "object",
                          {
                            "apiVersion": "string",
                            "blockOwnerDeletion": "bool",
                            "controller": "bool",
                            "kind": "string",
                            "name": "string",
                            "uid": "string"
                          }
                        ]
                      ],
                      "resourceVersion": "string",
                      "selfLink": "string",
                      "uid": "string"
                    }
                  ]
                }
              ]
            },
            "timeouts": [],
            "wait": [],
            "wait_for": null
          },
          "sensitive_attributes": [],
          "dependencies": [
            "data.kubernetes_resource.sonarqube_ns"
          ]
        }
      ]
    },
    {
      "mode": "managed",
      "type": "kubernetes_manifest",
      "name": "configmap_sonarqube_sonarqube_sonarqube_install_plugins",
      "provider": "provider[\"registry.terraform.io/hashicorp/kubernetes\"]",
      "instances": [
        {
          "schema_version": 1,
          "attributes": {
            "computed_fields": null,
            "field_manager": [],
            "manifest": {
              "value": {
                "apiVersion": "v1",
                "data": {
                  "install_plugins.sh": ""
                },
                "kind": "ConfigMap",
                "metadata": {
                  "annotations": {
                    "meta.kind.tf/release-name": "sonarqube",
                    "meta.kind.tf/release-namespace": "sonarqube"
                  },
                  "labels": {
                    "app": "sonarqube",
                    "app.kubernetes.io/managed-by": "Terraform",
                    "chart": "sonarqube-8.0.1_546",
                    "heritage": "Helm",
                    "release": "sonarqube"
                  },
                  "name": "sonarqube-sonarqube-install-plugins",
                  "namespace": "sonarqube"
                }
              },
              "type": [
                "object",
                {
                  "apiVersion": "string",
                  "data": [
                    "object",
                    {
                      "install_plugins.sh": "string"
                    }
                  ],
                  "kind": "string",
                  "metadata": [
                    "object",
                    {
                      "annotations": [
                        "object",
                        {
                          "meta.kind.tf/release-name": "string",
                          "meta.kind.tf/release-namespace": "string"
                        }
                      ],
                      "labels": [
                        "object",
                        {
                          "app": "string",
                          "app.kubernetes.io/managed-by": "string",
                          "chart": "string",
                          "heritage": "string",
                          "release": "string"
                        }
                      ],
                      "name": "string",
                      "namespace": "string"
                    }
                  ]
                }
              ]
            },
            "object": {
              "value": {
                "apiVersion": "v1",
                "binaryData": null,
                "data": {
                  "install_plugins.sh": ""
                },
                "immutable": null,
                "kind": "ConfigMap",
                "metadata": {
                  "annotations": {
                    "meta.kind.tf/release-name": "sonarqube",
                    "meta.kind.tf/release-namespace": "sonarqube"
                  },
                  "creationTimestamp": null,
                  "deletionGracePeriodSeconds": null,
                  "deletionTimestamp": null,
                  "finalizers": null,
                  "generateName": null,
                  "generation": null,
                  "labels": {
                    "app": "sonarqube",
                    "app.kubernetes.io/managed-by": "Terraform",
                    "chart": "sonarqube-8.0.1_546",
                    "heritage": "Helm",
                    "release": "sonarqube"
                  },
                  "managedFields": null,
                  "name": "sonarqube-sonarqube-install-plugins",
                  "namespace": "sonarqube",
                  "ownerReferences": null,
                  "resourceVersion": null,
                  "selfLink": null,
                  "uid": null
                }
              },
              "type": [
                "object",
                {
                  "apiVersion": "string",
                  "binaryData": [
                    "map",
                    "string"
                  ],
                  "data": [
                    "map",
                    "string"
                  ],
                  "immutable": "bool",
                  "kind": "string",
                  "metadata": [
                    "object",
                    {
                      "annotations": [
                        "map",
                        "string"
                      ],
                      "creationTimestamp": "string",
                      "deletionGracePeriodSeconds": "number",
                      "deletionTimestamp": "string",
                      "finalizers": [
                        "list",
                        "string"
                      ],
                      "generateName": "string",
                      "generation": "number",
                      "labels": [
                        "map",
                        "string"
                      ],
                      "managedFields": [
                        "tuple",
                        [
                          [
                            "object",
                            {
                              "apiVersion": "string",
                              "fieldsType": "string",
                              "fieldsV1": "dynamic",
                              "manager": "string",
                              "operation": "string",
                              "subresource": "string",
                              "time": "string"
                            }
                          ]
                        ]
                      ],
                      "name": "string",
                      "namespace": "string",
                      "ownerReferences": [
                        "list",
                        [
                          "object",
                          {
                            "apiVersion": "string",
                            "blockOwnerDeletion": "bool",
                            "controller": "bool",
                            "kind": "string",
                            "name": "string",
                            "uid": "string"
                          }
                        ]
                      ],
                      "resourceVersion": "string",
                      "selfLink": "string",
                      "uid": "string"
                    }
                  ]
                }
              ]
            },
            "timeouts": [],
            "wait": [],
            "wait_for": null
          },
          "sensitive_attributes": [],
          "dependencies": [
            "data.kubernetes_resource.sonarqube_ns"
          ]
        }
      ]
    },
    {
      "mode": "managed",
      "type": "kubernetes_manifest",
      "name": "configmap_sonarqube_sonarqube_sonarqube_jdbc_config",
      "provider": "provider[\"registry.terraform.io/hashicorp/kubernetes\"]",
      "instances": [
        {
          "schema_version": 1,
          "attributes": {
            "computed_fields": null,
            "field_manager": [],
            "manifest": {
              "value": {
                "apiVersion": "v1",
                "data": {
                  "SONAR_JDBC_URL": "jdbc:postgresql://sonarqube-postgresql:5432/sonarDB",
                  "SONAR_JDBC_USERNAME": "sonarUser"
                },
                "kind": "ConfigMap",
                "metadata": {
                  "annotations": {
                    "meta.kind.tf/release-name": "sonarqube",
                    "meta.kind.tf/release-namespace": "sonarqube"
                  },
                  "labels": {
                    "app": "sonarqube",
                    "app.kubernetes.io/managed-by": "Terraform",
                    "chart": "sonarqube-8.0.1_546",
                    "heritage": "Helm",
                    "release": "sonarqube"
                  },
                  "name": "sonarqube-sonarqube-jdbc-config",
                  "namespace": "sonarqube"
                }
              },
              "type": [
                "object",
                {
                  "apiVersion": "string",
                  "data": [
                    "object",
                    {
                      "SONAR_JDBC_URL": "string",
                      "SONAR_JDBC_USERNAME": "string"
                    }
                  ],
                  "kind": "string",
                  "metadata": [
                    "object",
                    {
                      "annotations": [
                        "object",
                        {
                          "meta.kind.tf/release-name": "string",
                          "meta.kind.tf/release-namespace": "string"
                        }
                      ],
                      "labels": [
                        "object",
                        {
                          "app": "string",
                          "app.kubernetes.io/managed-by": "string",
                          "chart": "string",
                          "heritage": "string",
                          "release": "string"
                        }
                      ],
                      "name": "string",
                      "namespace": "string"
                    }
                  ]
                }
              ]
            },
            "object": {
              "value": {
                "apiVersion": "v1",
                "binaryData": null,
                "data": {
                  "SONAR_JDBC_URL": "jdbc:postgresql://sonarqube-postgresql:5432/sonarDB",
                  "SONAR_JDBC_USERNAME": "sonarUser"
                },
                "immutable": null,
                "kind": "ConfigMap",
                "metadata": {
                  "annotations": {
                    "meta.kind.tf/release-name": "sonarqube",
                    "meta.kind.tf/release-namespace": "sonarqube"
                  },
                  "creationTimestamp": null,
                  "deletionGracePeriodSeconds": null,
                  "deletionTimestamp": null,
                  "finalizers": null,
                  "generateName": null,
                  "generation": null,
                  "labels": {
                    "app": "sonarqube",
                    "app.kubernetes.io/managed-by": "Terraform",
                    "chart": "sonarqube-8.0.1_546",
                    "heritage": "Helm",
                    "release": "sonarqube"
                  },
                  "managedFields": null,
                  "name": "sonarqube-sonarqube-jdbc-config",
                  "namespace": "sonarqube",
                  "ownerReferences": null,
                  "resourceVersion": null,
                  "selfLink": null,
                  "uid": null
                }
              },
              "type": [
                "object",
                {
                  "apiVersion": "string",
                  "binaryData": [
                    "map",
                    "string"
                  ],
                  "data": [
                    "map",
                    "string"
                  ],
                  "immutable": "bool",
                  "kind": "string",
                  "metadata": [
                    "object",
                    {
                      "annotations": [
                        "map",
                        "string"
                      ],
                      "creationTimestamp": "string",
                      "deletionGracePeriodSeconds": "number",
                      "deletionTimestamp": "string",
                      "finalizers": [
                        "list",
                        "string"
                      ],
                      "generateName": "string",
                      "generation": "number",
                      "labels": [
                        "map",
                        "string"
                      ],
                      "managedFields": [
                        "tuple",
                        [
                          [
                            "object",
                            {
                              "apiVersion": "string",
                              "fieldsType": "string",
                              "fieldsV1": "dynamic",
                              "manager": "string",
                              "operation": "string",
                              "subresource": "string",
                              "time": "string"
                            }
                          ]
                        ]
                      ],
                      "name": "string",
                      "namespace": "string",
                      "ownerReferences": [
                        "list",
                        [
                          "object",
                          {
                            "apiVersion": "string",
                            "blockOwnerDeletion": "bool",
                            "controller": "bool",
                            "kind": "string",
                            "name": "string",
                            "uid": "string"
                          }
                        ]
                      ],
                      "resourceVersion": "string",
                      "selfLink": "string",
                      "uid": "string"
                    }
                  ]
                }
              ]
            },
            "timeouts": [],
            "wait": [],
            "wait_for": null
          },
          "sensitive_attributes": [],
          "dependencies": [
            "data.kubernetes_resource.sonarqube_ns"
          ]
        }
      ]
    },
    {
      "mode": "managed",
      "type": "kubernetes_manifest",
      "name": "configmap_sonarqube_sonarqube_sonarqube_prometheus_ce_config",
      "provider": "provider[\"registry.terraform.io/hashicorp/kubernetes\"]",
      "instances": [
        {
          "schema_version": 1,
          "attributes": {
            "computed_fields": null,
            "field_manager": [],
            "manifest": {
              "value": {
                "apiVersion": "v1",
                "data": {
                  "prometheus-ce-config.yaml": "rules:\n- pattern: .*\n"
                },
                "kind": "ConfigMap",
                "metadata": {
                  "annotations": {
                    "meta.kind.tf/release-name": "sonarqube",
                    "meta.kind.tf/release-namespace": "sonarqube"
                  },
                  "labels": {
                    "app": "sonarqube",
                    "app.kubernetes.io/managed-by": "Terraform",
                    "chart": "sonarqube-8.0.1_546",
                    "heritage": "Helm",
                    "release": "sonarqube"
                  },
                  "name": "sonarqube-sonarqube-prometheus-ce-config",
                  "namespace": "sonarqube"
                }
              },
              "type": [
                "object",
                {
                  "apiVersion": "string",
                  "data": [
                    "object",
                    {
                      "prometheus-ce-config.yaml": "string"
                    }
                  ],
                  "kind": "string",
                  "metadata": [
                    "object",
                    {
                      "annotations": [
                        "object",
                        {
                          "meta.kind.tf/release-name": "string",
                          "meta.kind.tf/release-namespace": "string"
                        }
                      ],
                      "labels": [
                        "object",
                        {
                          "app": "string",
                          "app.kubernetes.io/managed-by": "string",
                          "chart": "string",
                          "heritage": "string",
                          "release": "string"
                        }
                      ],
                      "name": "string",
                      "namespace": "string"
                    }
                  ]
                }
              ]
            },
            "object": {
              "value": {
                "apiVersion": "v1",
                "binaryData": null,
                "data": {
                  "prometheus-ce-config.yaml": "rules:\n- pattern: .*\n"
                },
                "immutable": null,
                "kind": "ConfigMap",
                "metadata": {
                  "annotations": {
                    "meta.kind.tf/release-name": "sonarqube",
                    "meta.kind.tf/release-namespace": "sonarqube"
                  },
                  "creationTimestamp": null,
                  "deletionGracePeriodSeconds": null,
                  "deletionTimestamp": null,
                  "finalizers": null,
                  "generateName": null,
                  "generation": null,
                  "labels": {
                    "app": "sonarqube",
                    "app.kubernetes.io/managed-by": "Terraform",
                    "chart": "sonarqube-8.0.1_546",
                    "heritage": "Helm",
                    "release": "sonarqube"
                  },
                  "managedFields": null,
                  "name": "sonarqube-sonarqube-prometheus-ce-config",
                  "namespace": "sonarqube",
                  "ownerReferences": null,
                  "resourceVersion": null,
                  "selfLink": null,
                  "uid": null
                }
              },
              "type": [
                "object",
                {
                  "apiVersion": "string",
                  "binaryData": [
                    "map",
                    "string"
                  ],
                  "data": [
                    "map",
                    "string"
                  ],
                  "immutable": "bool",
                  "kind": "string",
                  "metadata": [
                    "object",
                    {
                      "annotations": [
                        "map",
                        "string"
                      ],
                      "creationTimestamp": "string",
                      "deletionGracePeriodSeconds": "number",
                      "deletionTimestamp": "string",
                      "finalizers": [
                        "list",
                        "string"
                      ],
                      "generateName": "string",
                      "generation": "number",
                      "labels": [
                        "map",
                        "string"
                      ],
                      "managedFields": [
                        "tuple",
                        [
                          [
                            "object",
                            {
                              "apiVersion": "string",
                              "fieldsType": "string",
                              "fieldsV1": "dynamic",
                              "manager": "string",
                              "operation": "string",
                              "subresource": "string",
                              "time": "string"
                            }
                          ]
                        ]
                      ],
                      "name": "string",
                      "namespace": "string",
                      "ownerReferences": [
                        "list",
                        [
                          "object",
                          {
                            "apiVersion": "string",
                            "blockOwnerDeletion": "bool",
                            "controller": "bool",
                            "kind": "string",
                            "name": "string",
                            "uid": "string"
                          }
                        ]
                      ],
                      "resourceVersion": "string",
                      "selfLink": "string",
                      "uid": "string"
                    }
                  ]
                }
              ]
            },
            "timeouts": [],
            "wait": [],
            "wait_for": null
          },
          "sensitive_attributes": [],
          "dependencies": [
            "data.kubernetes_resource.sonarqube_ns"
          ]
        }
      ]
    },
    {
      "mode": "managed",
      "type": "kubernetes_manifest",
      "name": "configmap_sonarqube_sonarqube_sonarqube_prometheus_config",
      "provider": "provider[\"registry.terraform.io/hashicorp/kubernetes\"]",
      "instances": [
        {
          "schema_version": 1,
          "attributes": {
            "computed_fields": null,
            "field_manager": [],
            "manifest": {
              "value": {
                "apiVersion": "v1",
                "data": {
                  "prometheus-config.yaml": "rules:\n- pattern: .*\n"
                },
                "kind": "ConfigMap",
                "metadata": {
                  "annotations": {
                    "meta.kind.tf/release-name": "sonarqube",
                    "meta.kind.tf/release-namespace": "sonarqube"
                  },
                  "labels": {
                    "app": "sonarqube",
                    "app.kubernetes.io/managed-by": "Terraform",
                    "chart": "sonarqube-8.0.1_546",
                    "heritage": "Helm",
                    "release": "sonarqube"
                  },
                  "name": "sonarqube-sonarqube-prometheus-config",
                  "namespace": "sonarqube"
                }
              },
              "type": [
                "object",
                {
                  "apiVersion": "string",
                  "data": [
                    "object",
                    {
                      "prometheus-config.yaml": "string"
                    }
                  ],
                  "kind": "string",
                  "metadata": [
                    "object",
                    {
                      "annotations": [
                        "object",
                        {
                          "meta.kind.tf/release-name": "string",
                          "meta.kind.tf/release-namespace": "string"
                        }
                      ],
                      "labels": [
                        "object",
                        {
                          "app": "string",
                          "app.kubernetes.io/managed-by": "string",
                          "chart": "string",
                          "heritage": "string",
                          "release": "string"
                        }
                      ],
                      "name": "string",
                      "namespace": "string"
                    }
                  ]
                }
              ]
            },
            "object": {
              "value": {
                "apiVersion": "v1",
                "binaryData": null,
                "data": {
                  "prometheus-config.yaml": "rules:\n- pattern: .*\n"
                },
                "immutable": null,
                "kind": "ConfigMap",
                "metadata": {
                  "annotations": {
                    "meta.kind.tf/release-name": "sonarqube",
                    "meta.kind.tf/release-namespace": "sonarqube"
                  },
                  "creationTimestamp": null,
                  "deletionGracePeriodSeconds": null,
                  "deletionTimestamp": null,
                  "finalizers": null,
                  "generateName": null,
                  "generation": null,
                  "labels": {
                    "app": "sonarqube",
                    "app.kubernetes.io/managed-by": "Terraform",
                    "chart": "sonarqube-8.0.1_546",
                    "heritage": "Helm",
                    "release": "sonarqube"
                  },
                  "managedFields": null,
                  "name": "sonarqube-sonarqube-prometheus-config",
                  "namespace": "sonarqube",
                  "ownerReferences": null,
                  "resourceVersion": null,
                  "selfLink": null,
                  "uid": null
                }
              },
              "type": [
                "object",
                {
                  "apiVersion": "string",
                  "binaryData": [
                    "map",
                    "string"
                  ],
                  "data": [
                    "map",
                    "string"
                  ],
                  "immutable": "bool",
                  "kind": "string",
                  "metadata": [
                    "object",
                    {
                      "annotations": [
                        "map",
                        "string"
                      ],
                      "creationTimestamp": "string",
                      "deletionGracePeriodSeconds": "number",
                      "deletionTimestamp": "string",
                      "finalizers": [
                        "list",
                        "string"
                      ],
                      "generateName": "string",
                      "generation": "number",
                      "labels": [
                        "map",
                        "string"
                      ],
                      "managedFields": [
                        "tuple",
                        [
                          [
                            "object",
                            {
                              "apiVersion": "string",
                              "fieldsType": "string",
                              "fieldsV1": "dynamic",
                              "manager": "string",
                              "operation": "string",
                              "subresource": "string",
                              "time": "string"
                            }
                          ]
                        ]
                      ],
                      "name": "string",
                      "namespace": "string",
                      "ownerReferences": [
                        "list",
                        [
                          "object",
                          {
                            "apiVersion": "string",
                            "blockOwnerDeletion": "bool",
                            "controller": "bool",
                            "kind": "string",
                            "name": "string",
                            "uid": "string"
                          }
                        ]
                      ],
                      "resourceVersion": "string",
                      "selfLink": "string",
                      "uid": "string"
                    }
                  ]
                }
              ]
            },
            "timeouts": [],
            "wait": [],
            "wait_for": null
          },
          "sensitive_attributes": [],
          "dependencies": [
            "data.kubernetes_resource.sonarqube_ns"
          ]
        }
      ]
    },
    {
      "mode": "managed",
      "type": "kubernetes_manifest",
      "name": "configmap_sonarqube_sonarqube_sonarqube_tests",
      "provider": "provider[\"registry.terraform.io/hashicorp/kubernetes\"]",
      "instances": [
        {
          "schema_version": 1,
          "attributes": {
            "computed_fields": null,
            "field_manager": [],
            "manifest": {
              "value": {
                "apiVersion": "v1",
                "data": {
                  "run.sh": "@test \"Testing Sonarqube UI is accessible\" {\n  curl --connect-timeout 5 --retry 12 --retry-delay 1 --retry-max-time 60 sonarqube-sonarqube:9000/api/system/status\n}\n"
                },
                "kind": "ConfigMap",
                "metadata": {
                  "annotations": {
                    "meta.kind.tf/release-name": "sonarqube",
                    "meta.kind.tf/release-namespace": "sonarqube"
                  },
                  "labels": {
                    "app": "sonarqube",
                    "app.kubernetes.io/managed-by": "Terraform",
                    "chart": "sonarqube-8.0.1_546",
                    "heritage": "Helm",
                    "release": "sonarqube"
                  },
                  "name": "sonarqube-sonarqube-tests",
                  "namespace": "sonarqube"
                }
              },
              "type": [
                "object",
                {
                  "apiVersion": "string",
                  "data": [
                    "object",
                    {
                      "run.sh": "string"
                    }
                  ],
                  "kind": "string",
                  "metadata": [
                    "object",
                    {
                      "annotations": [
                        "object",
                        {
                          "meta.kind.tf/release-name": "string",
                          "meta.kind.tf/release-namespace": "string"
                        }
                      ],
                      "labels": [
                        "object",
                        {
                          "app": "string",
                          "app.kubernetes.io/managed-by": "string",
                          "chart": "string",
                          "heritage": "string",
                          "release": "string"
                        }
                      ],
                      "name": "string",
                      "namespace": "string"
                    }
                  ]
                }
              ]
            },
            "object": {
              "value": {
                "apiVersion": "v1",
                "binaryData": null,
                "data": {
                  "run.sh": "@test \"Testing Sonarqube UI is accessible\" {\n  curl --connect-timeout 5 --retry 12 --retry-delay 1 --retry-max-time 60 sonarqube-sonarqube:9000/api/system/status\n}\n"
                },
                "immutable": null,
                "kind": "ConfigMap",
                "metadata": {
                  "annotations": {
                    "meta.kind.tf/release-name": "sonarqube",
                    "meta.kind.tf/release-namespace": "sonarqube"
                  },
                  "creationTimestamp": null,
                  "deletionGracePeriodSeconds": null,
                  "deletionTimestamp": null,
                  "finalizers": null,
                  "generateName": null,
                  "generation": null,
                  "labels": {
                    "app": "sonarqube",
                    "app.kubernetes.io/managed-by": "Terraform",
                    "chart": "sonarqube-8.0.1_546",
                    "heritage": "Helm",
                    "release": "sonarqube"
                  },
                  "managedFields": null,
                  "name": "sonarqube-sonarqube-tests",
                  "namespace": "sonarqube",
                  "ownerReferences": null,
                  "resourceVersion": null,
                  "selfLink": null,
                  "uid": null
                }
              },
              "type": [
                "object",
                {
                  "apiVersion": "string",
                  "binaryData": [
                    "map",
                    "string"
                  ],
                  "data": [
                    "map",
                    "string"
                  ],
                  "immutable": "bool",
                  "kind": "string",
                  "metadata": [
                    "object",
                    {
                      "annotations": [
                        "map",
                        "string"
                      ],
                      "creationTimestamp": "string",
                      "deletionGracePeriodSeconds": "number",
                      "deletionTimestamp": "string",
                      "finalizers": [
                        "list",
                        "string"
                      ],
                      "generateName": "string",
                      "generation": "number",
                      "labels": [
                        "map",
                        "string"
                      ],
                      "managedFields": [
                        "tuple",
                        [
                          [
                            "object",
                            {
                              "apiVersion": "string",
                              "fieldsType": "string",
                              "fieldsV1": "dynamic",
                              "manager": "string",
                              "operation": "string",
                              "subresource": "string",
                              "time": "string"
                            }
                          ]
                        ]
                      ],
                      "name": "string",
                      "namespace": "string",
                      "ownerReferences": [
                        "list",
                        [
                          "object",
                          {
                            "apiVersion": "string",
                            "blockOwnerDeletion": "bool",
                            "controller": "bool",
                            "kind": "string",
                            "name": "string",
                            "uid": "string"
                          }
                        ]
                      ],
                      "resourceVersion": "string",
                      "selfLink": "string",
                      "uid": "string"
                    }
                  ]
                }
              ]
            },
            "timeouts": [],
            "wait": [],
            "wait_for": null
          },
          "sensitive_attributes": [],
          "dependencies": [
            "data.kubernetes_resource.sonarqube_ns"
          ]
        }
      ]
    },
    {
      "mode": "managed",
      "type": "kubernetes_manifest",
      "name": "ingress_sonarqube_sonarqube_sonarqube",
      "provider": "provider[\"registry.terraform.io/hashicorp/kubernetes\"]",
      "instances": [
        {
          "schema_version": 1,
          "attributes": {
            "computed_fields": null,
            "field_manager": [],
            "manifest": {
              "value": {
                "apiVersion": "networking.k8s.io/v1",
                "kind": "Ingress",
                "metadata": {
                  "annotations": {
                    "ingressClassName": "nginx",
                    "meta.kind.tf/release-name": "sonarqube",
                    "meta.kind.tf/release-namespace": "sonarqube",
                    "nginx.ingress.kubernetes.io/proxy-body-size": "64m"
                  },
                  "labels": {
                    "app": "sonarqube",
                    "app.kubernetes.io/managed-by": "Terraform",
                    "chart": "sonarqube-8.0.1_546",
                    "heritage": "Helm",
                    "release": "sonarqube"
                  },
                  "name": "sonarqube-sonarqube",
                  "namespace": "sonarqube"
                },
                "spec": {
                  "rules": [
                    {
                      "host": "sonarqube.absi.test",
                      "http": {
                        "paths": [
                          {
                            "backend": {
                              "service": {
                                "name": "sonarqube-sonarqube",
                                "port": {
                                  "number": 9000
                                }
                              }
                            },
                            "path": "/",
                            "pathType": "ImplementationSpecific"
                          }
                        ]
                      }
                    }
                  ]
                }
              },
              "type": [
                "object",
                {
                  "apiVersion": "string",
                  "kind": "string",
                  "metadata": [
                    "object",
                    {
                      "annotations": [
                        "object",
                        {
                          "ingressClassName": "string",
                          "meta.kind.tf/release-name": "string",
                          "meta.kind.tf/release-namespace": "string",
                          "nginx.ingress.kubernetes.io/proxy-body-size": "string"
                        }
                      ],
                      "labels": [
                        "object",
                        {
                          "app": "string",
                          "app.kubernetes.io/managed-by": "string",
                          "chart": "string",
                          "heritage": "string",
                          "release": "string"
                        }
                      ],
                      "name": "string",
                      "namespace": "string"
                    }
                  ],
                  "spec": [
                    "object",
                    {
                      "rules": [
                        "tuple",
                        [
                          [
                            "object",
                            {
                              "host": "string",
                              "http": [
                                "object",
                                {
                                  "paths": [
                                    "tuple",
                                    [
                                      [
                                        "object",
                                        {
                                          "backend": [
                                            "object",
                                            {
                                              "service": [
                                                "object",
                                                {
                                                  "name": "string",
                                                  "port": [
                                                    "object",
                                                    {
                                                      "number": "number"
                                                    }
                                                  ]
                                                }
                                              ]
                                            }
                                          ],
                                          "path": "string",
                                          "pathType": "string"
                                        }
                                      ]
                                    ]
                                  ]
                                }
                              ]
                            }
                          ]
                        ]
                      ]
                    }
                  ]
                }
              ]
            },
            "object": {
              "value": {
                "apiVersion": "networking.k8s.io/v1",
                "kind": "Ingress",
                "metadata": {
                  "annotations": {
                    "ingressClassName": "nginx",
                    "meta.kind.tf/release-name": "sonarqube",
                    "meta.kind.tf/release-namespace": "sonarqube",
                    "nginx.ingress.kubernetes.io/proxy-body-size": "64m"
                  },
                  "creationTimestamp": null,
                  "deletionGracePeriodSeconds": null,
                  "deletionTimestamp": null,
                  "finalizers": null,
                  "generateName": null,
                  "generation": null,
                  "labels": {
                    "app": "sonarqube",
                    "app.kubernetes.io/managed-by": "Terraform",
                    "chart": "sonarqube-8.0.1_546",
                    "heritage": "Helm",
                    "release": "sonarqube"
                  },
                  "managedFields": null,
                  "name": "sonarqube-sonarqube",
                  "namespace": "sonarqube",
                  "ownerReferences": null,
                  "resourceVersion": null,
                  "selfLink": null,
                  "uid": null
                },
                "spec": {
                  "defaultBackend": {
                    "resource": {
                      "apiGroup": null,
                      "kind": null,
                      "name": null
                    },
                    "service": {
                      "name": null,
                      "port": {
                        "name": null,
                        "number": null
                      }
                    }
                  },
                  "ingressClassName": null,
                  "rules": [
                    {
                      "host": "sonarqube.absi.test",
                      "http": {
                        "paths": [
                          {
                            "backend": {
                              "resource": {
                                "apiGroup": null,
                                "kind": null,
                                "name": null
                              },
                              "service": {
                                "name": "sonarqube-sonarqube",
                                "port": {
                                  "name": null,
                                  "number": 9000
                                }
                              }
                            },
                            "path": "/",
                            "pathType": "ImplementationSpecific"
                          }
                        ]
                      }
                    }
                  ],
                  "tls": null
                }
              },
              "type": [
                "object",
                {
                  "apiVersion": "string",
                  "kind": "string",
                  "metadata": [
                    "object",
                    {
                      "annotations": [
                        "map",
                        "string"
                      ],
                      "creationTimestamp": "string",
                      "deletionGracePeriodSeconds": "number",
                      "deletionTimestamp": "string",
                      "finalizers": [
                        "list",
                        "string"
                      ],
                      "generateName": "string",
                      "generation": "number",
                      "labels": [
                        "map",
                        "string"
                      ],
                      "managedFields": [
                        "tuple",
                        [
                          [
                            "object",
                            {
                              "apiVersion": "string",
                              "fieldsType": "string",
                              "fieldsV1": "dynamic",
                              "manager": "string",
                              "operation": "string",
                              "subresource": "string",
                              "time": "string"
                            }
                          ]
                        ]
                      ],
                      "name": "string",
                      "namespace": "string",
                      "ownerReferences": [
                        "list",
                        [
                          "object",
                          {
                            "apiVersion": "string",
                            "blockOwnerDeletion": "bool",
                            "controller": "bool",
                            "kind": "string",
                            "name": "string",
                            "uid": "string"
                          }
                        ]
                      ],
                      "resourceVersion": "string",
                      "selfLink": "string",
                      "uid": "string"
                    }
                  ],
                  "spec": [
                    "object",
                    {
                      "defaultBackend": [
                        "object",
                        {
                          "resource": [
                            "object",
                            {
                              "apiGroup": "string",
                              "kind": "string",
                              "name": "string"
                            }
                          ],
                          "service": [
                            "object",
                            {
                              "name": "string",
                              "port": [
                                "object",
                                {
                                  "name": "string",
                                  "number": "number"
                                }
                              ]
                            }
                          ]
                        }
                      ],
                      "ingressClassName": "string",
                      "rules": [
                        "list",
                        [
                          "object",
                          {
                            "host": "string",
                            "http": [
                              "object",
                              {
                                "paths": [
                                  "list",
                                  [
                                    "object",
                                    {
                                      "backend": [
                                        "object",
                                        {
                                          "resource": [
                                            "object",
                                            {
                                              "apiGroup": "string",
                                              "kind": "string",
                                              "name": "string"
                                            }
                                          ],
                                          "service": [
                                            "object",
                                            {
                                              "name": "string",
                                              "port": [
                                                "object",
                                                {
                                                  "name": "string",
                                                  "number": "number"
                                                }
                                              ]
                                            }
                                          ]
                                        }
                                      ],
                                      "path": "string",
                                      "pathType": "string"
                                    }
                                  ]
                                ]
                              }
                            ]
                          }
                        ]
                      ],
                      "tls": [
                        "list",
                        [
                          "object",
                          {
                            "hosts": [
                              "list",
                              "string"
                            ],
                            "secretName": "string"
                          }
                        ]
                      ]
                    }
                  ]
                }
              ]
            },
            "timeouts": [],
            "wait": [],
            "wait_for": null
          },
          "sensitive_attributes": [],
          "dependencies": [
            "data.kubernetes_resource.sonarqube_ns"
          ]
        }
      ]
    },
    {
      "mode": "managed",
      "type": "kubernetes_manifest",
      "name": "persistentvolume_sonarqube_pv_volume",
      "provider": "provider[\"registry.terraform.io/hashicorp/kubernetes\"]",
      "instances": [
        {
          "schema_version": 1,
          "attributes": {
            "computed_fields": null,
            "field_manager": [],
            "manifest": {
              "value": {
                "apiVersion": "v1",
                "kind": "PersistentVolume",
                "metadata": {
                  "labels": {
                    "type": "local"
                  },
                  "name": "sonarqube-pv-volume"
                },
                "spec": {
                  "accessModes": [
                    "ReadWriteOnce"
                  ],
                  "capacity": {
                    "storage": "20Gi"
                  },
                  "claimRef": {
                    "name": "data-sonarqube-postgresql-0",
                    "namespace": "sonarqube"
                  },
                  "local": {
                    "path": "/ContainerData/SonarQube"
                  },
                  "nodeAffinity": {
                    "required": {
                      "nodeSelectorTerms": [
                        {
                          "matchExpressions": [
                            {
                              "key": "kubernetes.io/hostname",
                              "operator": "In",
                              "values": [
                                "terraform-worker",
                                "terraform-worker2",
                                "terraform-worker3"
                              ]
                            }
                          ]
                        }
                      ]
                    }
                  },
                  "storageClassName": "local-storage"
                }
              },
              "type": [
                "object",
                {
                  "apiVersion": "string",
                  "kind": "string",
                  "metadata": [
                    "object",
                    {
                      "labels": [
                        "object",
                        {
                          "type": "string"
                        }
                      ],
                      "name": "string"
                    }
                  ],
                  "spec": [
                    "object",
                    {
                      "accessModes": [
                        "tuple",
                        [
                          "string"
                        ]
                      ],
                      "capacity": [
                        "object",
                        {
                          "storage": "string"
                        }
                      ],
                      "claimRef": [
                        "object",
                        {
                          "name": "string",
                          "namespace": "string"
                        }
                      ],
                      "local": [
                        "object",
                        {
                          "path": "string"
                        }
                      ],
                      "nodeAffinity": [
                        "object",
                        {
                          "required": [
                            "object",
                            {
                              "nodeSelectorTerms": [
                                "tuple",
                                [
                                  [
                                    "object",
                                    {
                                      "matchExpressions": [
                                        "tuple",
                                        [
                                          [
                                            "object",
                                            {
                                              "key": "string",
                                              "operator": "string",
                                              "values": [
                                                "tuple",
                                                [
                                                  "string",
                                                  "string",
                                                  "string"
                                                ]
                                              ]
                                            }
                                          ]
                                        ]
                                      ]
                                    }
                                  ]
                                ]
                              ]
                            }
                          ]
                        }
                      ],
                      "storageClassName": "string"
                    }
                  ]
                }
              ]
            },
            "object": {
              "value": {
                "apiVersion": "v1",
                "kind": "PersistentVolume",
                "metadata": {
                  "annotations": null,
                  "creationTimestamp": null,
                  "deletionGracePeriodSeconds": null,
                  "deletionTimestamp": null,
                  "finalizers": [
                    "kubernetes.io/pv-protection"
                  ],
                  "generateName": null,
                  "generation": null,
                  "labels": {
                    "type": "local"
                  },
                  "managedFields": null,
                  "name": "sonarqube-pv-volume",
                  "namespace": null,
                  "ownerReferences": null,
                  "resourceVersion": null,
                  "selfLink": null,
                  "uid": null
                },
                "spec": {
                  "accessModes": [
                    "ReadWriteOnce"
                  ],
                  "awsElasticBlockStore": {
                    "fsType": null,
                    "partition": null,
                    "readOnly": null,
                    "volumeID": null
                  },
                  "azureDisk": {
                    "cachingMode": null,
                    "diskName": null,
                    "diskURI": null,
                    "fsType": null,
                    "kind": null,
                    "readOnly": null
                  },
                  "azureFile": {
                    "readOnly": null,
                    "secretName": null,
                    "secretNamespace": null,
                    "shareName": null
                  },
                  "capacity": {
                    "storage": "20Gi"
                  },
                  "cephfs": {
                    "monitors": null,
                    "path": null,
                    "readOnly": null,
                    "secretFile": null,
                    "secretRef": {
                      "name": null,
                      "namespace": null
                    },
                    "user": null
                  },
                  "cinder": {
                    "fsType": null,
                    "readOnly": null,
                    "secretRef": {
                      "name": null,
                      "namespace": null
                    },
                    "volumeID": null
                  },
                  "claimRef": {
                    "apiVersion": "v1",
                    "fieldPath": null,
                    "kind": "PersistentVolumeClaim",
                    "name": "data-sonarqube-postgresql-0",
                    "namespace": "sonarqube",
                    "resourceVersion": "2074",
                    "uid": "13fd0cd4-9737-4d41-b9a8-0543970ead85"
                  },
                  "csi": {
                    "controllerExpandSecretRef": {
                      "name": null,
                      "namespace": null
                    },
                    "controllerPublishSecretRef": {
                      "name": null,
                      "namespace": null
                    },
                    "driver": null,
                    "fsType": null,
                    "nodeExpandSecretRef": {
                      "name": null,
                      "namespace": null
                    },
                    "nodePublishSecretRef": {
                      "name": null,
                      "namespace": null
                    },
                    "nodeStageSecretRef": {
                      "name": null,
                      "namespace": null
                    },
                    "readOnly": null,
                    "volumeAttributes": null,
                    "volumeHandle": null
                  },
                  "fc": {
                    "fsType": null,
                    "lun": null,
                    "readOnly": null,
                    "targetWWNs": null,
                    "wwids": null
                  },
                  "flexVolume": {
                    "driver": null,
                    "fsType": null,
                    "options": null,
                    "readOnly": null,
                    "secretRef": {
                      "name": null,
                      "namespace": null
                    }
                  },
                  "flocker": {
                    "datasetName": null,
                    "datasetUUID": null
                  },
                  "gcePersistentDisk": {
                    "fsType": null,
                    "partition": null,
                    "pdName": null,
                    "readOnly": null
                  },
                  "glusterfs": {
                    "endpoints": null,
                    "endpointsNamespace": null,
                    "path": null,
                    "readOnly": null
                  },
                  "hostPath": {
                    "path": null,
                    "type": null
                  },
                  "iscsi": {
                    "chapAuthDiscovery": null,
                    "chapAuthSession": null,
                    "fsType": null,
                    "initiatorName": null,
                    "iqn": null,
                    "iscsiInterface": null,
                    "lun": null,
                    "portals": null,
                    "readOnly": null,
                    "secretRef": {
                      "name": null,
                      "namespace": null
                    },
                    "targetPortal": null
                  },
                  "local": {
                    "fsType": null,
                    "path": "/ContainerData/SonarQube"
                  },
                  "mountOptions": null,
                  "nfs": {
                    "path": null,
                    "readOnly": null,
                    "server": null
                  },
                  "nodeAffinity": {
                    "required": {
                      "nodeSelectorTerms": [
                        {
                          "matchExpressions": [
                            {
                              "key": "kubernetes.io/hostname",
                              "operator": "In",
                              "values": [
                                "terraform-worker",
                                "terraform-worker2",
                                "terraform-worker3"
                              ]
                            }
                          ],
                          "matchFields": null
                        }
                      ]
                    }
                  },
                  "persistentVolumeReclaimPolicy": "Retain",
                  "photonPersistentDisk": {
                    "fsType": null,
                    "pdID": null
                  },
                  "portworxVolume": {
                    "fsType": null,
                    "readOnly": null,
                    "volumeID": null
                  },
                  "quobyte": {
                    "group": null,
                    "readOnly": null,
                    "registry": null,
                    "tenant": null,
                    "user": null,
                    "volume": null
                  },
                  "rbd": {
                    "fsType": null,
                    "image": null,
                    "keyring": null,
                    "monitors": null,
                    "pool": null,
                    "readOnly": null,
                    "secretRef": {
                      "name": null,
                      "namespace": null
                    },
                    "user": null
                  },
                  "scaleIO": {
                    "fsType": null,
                    "gateway": null,
                    "protectionDomain": null,
                    "readOnly": null,
                    "secretRef": {
                      "name": null,
                      "namespace": null
                    },
                    "sslEnabled": null,
                    "storageMode": null,
                    "storagePool": null,
                    "system": null,
                    "volumeName": null
                  },
                  "storageClassName": "local-storage",
                  "storageos": {
                    "fsType": null,
                    "readOnly": null,
                    "secretRef": {
                      "apiVersion": null,
                      "fieldPath": null,
                      "kind": null,
                      "name": null,
                      "namespace": null,
                      "resourceVersion": null,
                      "uid": null
                    },
                    "volumeName": null,
                    "volumeNamespace": null
                  },
                  "volumeMode": "Filesystem",
                  "vsphereVolume": {
                    "fsType": null,
                    "storagePolicyID": null,
                    "storagePolicyName": null,
                    "volumePath": null
                  }
                }
              },
              "type": [
                "object",
                {
                  "apiVersion": "string",
                  "kind": "string",
                  "metadata": [
                    "object",
                    {
                      "annotations": [
                        "map",
                        "string"
                      ],
                      "creationTimestamp": "string",
                      "deletionGracePeriodSeconds": "number",
                      "deletionTimestamp": "string",
                      "finalizers": [
                        "list",
                        "string"
                      ],
                      "generateName": "string",
                      "generation": "number",
                      "labels": [
                        "map",
                        "string"
                      ],
                      "managedFields": [
                        "tuple",
                        [
                          [
                            "object",
                            {
                              "apiVersion": "string",
                              "fieldsType": "string",
                              "fieldsV1": "dynamic",
                              "manager": "string",
                              "operation": "string",
                              "subresource": "string",
                              "time": "string"
                            }
                          ]
                        ]
                      ],
                      "name": "string",
                      "namespace": "string",
                      "ownerReferences": [
                        "list",
                        [
                          "object",
                          {
                            "apiVersion": "string",
                            "blockOwnerDeletion": "bool",
                            "controller": "bool",
                            "kind": "string",
                            "name": "string",
                            "uid": "string"
                          }
                        ]
                      ],
                      "resourceVersion": "string",
                      "selfLink": "string",
                      "uid": "string"
                    }
                  ],
                  "spec": [
                    "object",
                    {
                      "accessModes": [
                        "list",
                        "string"
                      ],
                      "awsElasticBlockStore": [
                        "object",
                        {
                          "fsType": "string",
                          "partition": "number",
                          "readOnly": "bool",
                          "volumeID": "string"
                        }
                      ],
                      "azureDisk": [
                        "object",
                        {
                          "cachingMode": "string",
                          "diskName": "string",
                          "diskURI": "string",
                          "fsType": "string",
                          "kind": "string",
                          "readOnly": "bool"
                        }
                      ],
                      "azureFile": [
                        "object",
                        {
                          "readOnly": "bool",
                          "secretName": "string",
                          "secretNamespace": "string",
                          "shareName": "string"
                        }
                      ],
                      "capacity": [
                        "map",
                        "string"
                      ],
                      "cephfs": [
                        "object",
                        {
                          "monitors": [
                            "list",
                            "string"
                          ],
                          "path": "string",
                          "readOnly": "bool",
                          "secretFile": "string",
                          "secretRef": [
                            "object",
                            {
                              "name": "string",
                              "namespace": "string"
                            }
                          ],
                          "user": "string"
                        }
                      ],
                      "cinder": [
                        "object",
                        {
                          "fsType": "string",
                          "readOnly": "bool",
                          "secretRef": [
                            "object",
                            {
                              "name": "string",
                              "namespace": "string"
                            }
                          ],
                          "volumeID": "string"
                        }
                      ],
                      "claimRef": [
                        "object",
                        {
                          "apiVersion": "string",
                          "fieldPath": "string",
                          "kind": "string",
                          "name": "string",
                          "namespace": "string",
                          "resourceVersion": "string",
                          "uid": "string"
                        }
                      ],
                      "csi": [
                        "object",
                        {
                          "controllerExpandSecretRef": [
                            "object",
                            {
                              "name": "string",
                              "namespace": "string"
                            }
                          ],
                          "controllerPublishSecretRef": [
                            "object",
                            {
                              "name": "string",
                              "namespace": "string"
                            }
                          ],
                          "driver": "string",
                          "fsType": "string",
                          "nodeExpandSecretRef": [
                            "object",
                            {
                              "name": "string",
                              "namespace": "string"
                            }
                          ],
                          "nodePublishSecretRef": [
                            "object",
                            {
                              "name": "string",
                              "namespace": "string"
                            }
                          ],
                          "nodeStageSecretRef": [
                            "object",
                            {
                              "name": "string",
                              "namespace": "string"
                            }
                          ],
                          "readOnly": "bool",
                          "volumeAttributes": [
                            "map",
                            "string"
                          ],
                          "volumeHandle": "string"
                        }
                      ],
                      "fc": [
                        "object",
                        {
                          "fsType": "string",
                          "lun": "number",
                          "readOnly": "bool",
                          "targetWWNs": [
                            "list",
                            "string"
                          ],
                          "wwids": [
                            "list",
                            "string"
                          ]
                        }
                      ],
                      "flexVolume": [
                        "object",
                        {
                          "driver": "string",
                          "fsType": "string",
                          "options": [
                            "map",
                            "string"
                          ],
                          "readOnly": "bool",
                          "secretRef": [
                            "object",
                            {
                              "name": "string",
                              "namespace": "string"
                            }
                          ]
                        }
                      ],
                      "flocker": [
                        "object",
                        {
                          "datasetName": "string",
                          "datasetUUID": "string"
                        }
                      ],
                      "gcePersistentDisk": [
                        "object",
                        {
                          "fsType": "string",
                          "partition": "number",
                          "pdName": "string",
                          "readOnly": "bool"
                        }
                      ],
                      "glusterfs": [
                        "object",
                        {
                          "endpoints": "string",
                          "endpointsNamespace": "string",
                          "path": "string",
                          "readOnly": "bool"
                        }
                      ],
                      "hostPath": [
                        "object",
                        {
                          "path": "string",
                          "type": "string"
                        }
                      ],
                      "iscsi": [
                        "object",
                        {
                          "chapAuthDiscovery": "bool",
                          "chapAuthSession": "bool",
                          "fsType": "string",
                          "initiatorName": "string",
                          "iqn": "string",
                          "iscsiInterface": "string",
                          "lun": "number",
                          "portals": [
                            "list",
                            "string"
                          ],
                          "readOnly": "bool",
                          "secretRef": [
                            "object",
                            {
                              "name": "string",
                              "namespace": "string"
                            }
                          ],
                          "targetPortal": "string"
                        }
                      ],
                      "local": [
                        "object",
                        {
                          "fsType": "string",
                          "path": "string"
                        }
                      ],
                      "mountOptions": [
                        "list",
                        "string"
                      ],
                      "nfs": [
                        "object",
                        {
                          "path": "string",
                          "readOnly": "bool",
                          "server": "string"
                        }
                      ],
                      "nodeAffinity": [
                        "object",
                        {
                          "required": [
                            "object",
                            {
                              "nodeSelectorTerms": [
                                "list",
                                [
                                  "object",
                                  {
                                    "matchExpressions": [
                                      "list",
                                      [
                                        "object",
                                        {
                                          "key": "string",
                                          "operator": "string",
                                          "values": [
                                            "list",
                                            "string"
                                          ]
                                        }
                                      ]
                                    ],
                                    "matchFields": [
                                      "list",
                                      [
                                        "object",
                                        {
                                          "key": "string",
                                          "operator": "string",
                                          "values": [
                                            "list",
                                            "string"
                                          ]
                                        }
                                      ]
                                    ]
                                  }
                                ]
                              ]
                            }
                          ]
                        }
                      ],
                      "persistentVolumeReclaimPolicy": "string",
                      "photonPersistentDisk": [
                        "object",
                        {
                          "fsType": "string",
                          "pdID": "string"
                        }
                      ],
                      "portworxVolume": [
                        "object",
                        {
                          "fsType": "string",
                          "readOnly": "bool",
                          "volumeID": "string"
                        }
                      ],
                      "quobyte": [
                        "object",
                        {
                          "group": "string",
                          "readOnly": "bool",
                          "registry": "string",
                          "tenant": "string",
                          "user": "string",
                          "volume": "string"
                        }
                      ],
                      "rbd": [
                        "object",
                        {
                          "fsType": "string",
                          "image": "string",
                          "keyring": "string",
                          "monitors": [
                            "list",
                            "string"
                          ],
                          "pool": "string",
                          "readOnly": "bool",
                          "secretRef": [
                            "object",
                            {
                              "name": "string",
                              "namespace": "string"
                            }
                          ],
                          "user": "string"
                        }
                      ],
                      "scaleIO": [
                        "object",
                        {
                          "fsType": "string",
                          "gateway": "string",
                          "protectionDomain": "string",
                          "readOnly": "bool",
                          "secretRef": [
                            "object",
                            {
                              "name": "string",
                              "namespace": "string"
                            }
                          ],
                          "sslEnabled": "bool",
                          "storageMode": "string",
                          "storagePool": "string",
                          "system": "string",
                          "volumeName": "string"
                        }
                      ],
                      "storageClassName": "string",
                      "storageos": [
                        "object",
                        {
                          "fsType": "string",
                          "readOnly": "bool",
                          "secretRef": [
                            "object",
                            {
                              "apiVersion": "string",
                              "fieldPath": "string",
                              "kind": "string",
                              "name": "string",
                              "namespace": "string",
                              "resourceVersion": "string",
                              "uid": "string"
                            }
                          ],
                          "volumeName": "string",
                          "volumeNamespace": "string"
                        }
                      ],
                      "volumeMode": "string",
                      "vsphereVolume": [
                        "object",
                        {
                          "fsType": "string",
                          "storagePolicyID": "string",
                          "storagePolicyName": "string",
                          "volumePath": "string"
                        }
                      ]
                    }
                  ]
                }
              ]
            },
            "timeouts": [],
            "wait": [],
            "wait_for": null
          },
          "sensitive_attributes": []
        }
      ]
    },
    {
      "mode": "managed",
      "type": "kubernetes_manifest",
      "name": "persistentvolumeclaim_sonarqube_data_sonarqube_postgresql_0",
      "provider": "provider[\"registry.terraform.io/hashicorp/kubernetes\"]",
      "instances": [
        {
          "schema_version": 1,
          "attributes": {
            "computed_fields": null,
            "field_manager": [],
            "manifest": {
              "value": {
                "apiVersion": "v1",
                "kind": "PersistentVolumeClaim",
                "metadata": {
                  "name": "data-sonarqube-postgresql-0",
                  "namespace": "sonarqube"
                },
                "spec": {
                  "accessModes": [
                    "ReadWriteOnce"
                  ],
                  "resources": {
                    "requests": {
                      "storage": "20Gi"
                    }
                  },
                  "storageClassName": "local-storage"
                }
              },
              "type": [
                "object",
                {
                  "apiVersion": "string",
                  "kind": "string",
                  "metadata": [
                    "object",
                    {
                      "name": "string",
                      "namespace": "string"
                    }
                  ],
                  "spec": [
                    "object",
                    {
                      "accessModes": [
                        "tuple",
                        [
                          "string"
                        ]
                      ],
                      "resources": [
                        "object",
                        {
                          "requests": [
                            "object",
                            {
                              "storage": "string"
                            }
                          ]
                        }
                      ],
                      "storageClassName": "string"
                    }
                  ]
                }
              ]
            },
            "object": {
              "value": {
                "apiVersion": "v1",
                "kind": "PersistentVolumeClaim",
                "metadata": {
                  "annotations": {
                    "pv.kubernetes.io/bind-completed": "yes",
                    "pv.kubernetes.io/bound-by-controller": "yes"
                  },
                  "creationTimestamp": null,
                  "deletionGracePeriodSeconds": null,
                  "deletionTimestamp": null,
                  "finalizers": [
                    "kubernetes.io/pvc-protection"
                  ],
                  "generateName": null,
                  "generation": null,
                  "labels": null,
                  "managedFields": null,
                  "name": "data-sonarqube-postgresql-0",
                  "namespace": "sonarqube",
                  "ownerReferences": null,
                  "resourceVersion": null,
                  "selfLink": null,
                  "uid": null
                },
                "spec": {
                  "accessModes": [
                    "ReadWriteOnce"
                  ],
                  "dataSource": {
                    "apiGroup": null,
                    "kind": null,
                    "name": null
                  },
                  "dataSourceRef": {
                    "apiGroup": null,
                    "kind": null,
                    "name": null,
                    "namespace": null
                  },
                  "resources": {
                    "claims": null,
                    "limits": null,
                    "requests": {
                      "storage": "20Gi"
                    }
                  },
                  "selector": {
                    "matchExpressions": null,
                    "matchLabels": null
                  },
                  "storageClassName": "local-storage",
                  "volumeMode": "Filesystem",
                  "volumeName": "sonarqube-pv-volume"
                }
              },
              "type": [
                "object",
                {
                  "apiVersion": "string",
                  "kind": "string",
                  "metadata": [
                    "object",
                    {
                      "annotations": [
                        "map",
                        "string"
                      ],
                      "creationTimestamp": "string",
                      "deletionGracePeriodSeconds": "number",
                      "deletionTimestamp": "string",
                      "finalizers": [
                        "list",
                        "string"
                      ],
                      "generateName": "string",
                      "generation": "number",
                      "labels": [
                        "map",
                        "string"
                      ],
                      "managedFields": [
                        "tuple",
                        [
                          [
                            "object",
                            {
                              "apiVersion": "string",
                              "fieldsType": "string",
                              "fieldsV1": "dynamic",
                              "manager": "string",
                              "operation": "string",
                              "subresource": "string",
                              "time": "string"
                            }
                          ]
                        ]
                      ],
                      "name": "string",
                      "namespace": "string",
                      "ownerReferences": [
                        "list",
                        [
                          "object",
                          {
                            "apiVersion": "string",
                            "blockOwnerDeletion": "bool",
                            "controller": "bool",
                            "kind": "string",
                            "name": "string",
                            "uid": "string"
                          }
                        ]
                      ],
                      "resourceVersion": "string",
                      "selfLink": "string",
                      "uid": "string"
                    }
                  ],
                  "spec": [
                    "object",
                    {
                      "accessModes": [
                        "list",
                        "string"
                      ],
                      "dataSource": [
                        "object",
                        {
                          "apiGroup": "string",
                          "kind": "string",
                          "name": "string"
                        }
                      ],
                      "dataSourceRef": [
                        "object",
                        {
                          "apiGroup": "string",
                          "kind": "string",
                          "name": "string",
                          "namespace": "string"
                        }
                      ],
                      "resources": [
                        "object",
                        {
                          "claims": [
                            "list",
                            [
                              "object",
                              {
                                "name": "string"
                              }
                            ]
                          ],
                          "limits": [
                            "map",
                            "string"
                          ],
                          "requests": [
                            "map",
                            "string"
                          ]
                        }
                      ],
                      "selector": [
                        "object",
                        {
                          "matchExpressions": [
                            "list",
                            [
                              "object",
                              {
                                "key": "string",
                                "operator": "string",
                                "values": [
                                  "list",
                                  "string"
                                ]
                              }
                            ]
                          ],
                          "matchLabels": [
                            "map",
                            "string"
                          ]
                        }
                      ],
                      "storageClassName": "string",
                      "volumeMode": "string",
                      "volumeName": "string"
                    }
                  ]
                }
              ]
            },
            "timeouts": [],
            "wait": [],
            "wait_for": null
          },
          "sensitive_attributes": [],
          "dependencies": [
            "kubernetes_manifest.persistentvolume_sonarqube_pv_volume"
          ]
        }
      ]
    },
    {
      "mode": "managed",
      "type": "kubernetes_manifest",
      "name": "secret_sonarqube_sonarqube_postgresql",
      "provider": "provider[\"registry.terraform.io/hashicorp/kubernetes\"]",
      "instances": [
        {
          "schema_version": 1,
          "attributes": {
            "computed_fields": null,
            "field_manager": [],
            "manifest": {
              "value": {
                "apiVersion": "v1",
                "data": {
                  "postgresql-password": "c29uYXJQYXNz",
                  "postgresql-postgres-password": "MnlwaHJ6VDltVQ=="
                },
                "kind": "Secret",
                "metadata": {
                  "annotations": {
                    "meta.kind.tf/release-name": "sonarqube",
                    "meta.kind.tf/release-namespace": "sonarqube"
                  },
                  "labels": {
                    "app.kubernetes.io/instance": "sonarqube",
                    "app.kubernetes.io/managed-by": "Terraform",
                    "app.kubernetes.io/name": "postgresql",
                    "kind.tf/chart": "postgresql-10.15.0"
                  },
                  "name": "sonarqube-postgresql",
                  "namespace": "sonarqube"
                },
                "type": "Opaque"
              },
              "type": [
                "object",
                {
                  "apiVersion": "string",
                  "data": [
                    "object",
                    {
                      "postgresql-password": "string",
                      "postgresql-postgres-password": "string"
                    }
                  ],
                  "kind": "string",
                  "metadata": [
                    "object",
                    {
                      "annotations": [
                        "object",
                        {
                          "meta.kind.tf/release-name": "string",
                          "meta.kind.tf/release-namespace": "string"
                        }
                      ],
                      "labels": [
                        "object",
                        {
                          "app.kubernetes.io/instance": "string",
                          "app.kubernetes.io/managed-by": "string",
                          "app.kubernetes.io/name": "string",
                          "kind.tf/chart": "string"
                        }
                      ],
                      "name": "string",
                      "namespace": "string"
                    }
                  ],
                  "type": "string"
                }
              ]
            },
            "object": {
              "value": {
                "apiVersion": "v1",
                "data": {
                  "postgresql-password": "c29uYXJQYXNz",
                  "postgresql-postgres-password": "MnlwaHJ6VDltVQ=="
                },
                "immutable": null,
                "kind": "Secret",
                "metadata": {
                  "annotations": {
                    "meta.kind.tf/release-name": "sonarqube",
                    "meta.kind.tf/release-namespace": "sonarqube"
                  },
                  "creationTimestamp": null,
                  "deletionGracePeriodSeconds": null,
                  "deletionTimestamp": null,
                  "finalizers": null,
                  "generateName": null,
                  "generation": null,
                  "labels": {
                    "app.kubernetes.io/instance": "sonarqube",
                    "app.kubernetes.io/managed-by": "Terraform",
                    "app.kubernetes.io/name": "postgresql",
                    "kind.tf/chart": "postgresql-10.15.0"
                  },
                  "managedFields": null,
                  "name": "sonarqube-postgresql",
                  "namespace": "sonarqube",
                  "ownerReferences": null,
                  "resourceVersion": null,
                  "selfLink": null,
                  "uid": null
                },
                "stringData": null,
                "type": "Opaque"
              },
              "type": [
                "object",
                {
                  "apiVersion": "string",
                  "data": [
                    "map",
                    "string"
                  ],
                  "immutable": "bool",
                  "kind": "string",
                  "metadata": [
                    "object",
                    {
                      "annotations": [
                        "map",
                        "string"
                      ],
                      "creationTimestamp": "string",
                      "deletionGracePeriodSeconds": "number",
                      "deletionTimestamp": "string",
                      "finalizers": [
                        "list",
                        "string"
                      ],
                      "generateName": "string",
                      "generation": "number",
                      "labels": [
                        "map",
                        "string"
                      ],
                      "managedFields": [
                        "tuple",
                        [
                          [
                            "object",
                            {
                              "apiVersion": "string",
                              "fieldsType": "string",
                              "fieldsV1": "dynamic",
                              "manager": "string",
                              "operation": "string",
                              "subresource": "string",
                              "time": "string"
                            }
                          ]
                        ]
                      ],
                      "name": "string",
                      "namespace": "string",
                      "ownerReferences": [
                        "list",
                        [
                          "object",
                          {
                            "apiVersion": "string",
                            "blockOwnerDeletion": "bool",
                            "controller": "bool",
                            "kind": "string",
                            "name": "string",
                            "uid": "string"
                          }
                        ]
                      ],
                      "resourceVersion": "string",
                      "selfLink": "string",
                      "uid": "string"
                    }
                  ],
                  "stringData": [
                    "map",
                    "string"
                  ],
                  "type": "string"
                }
              ]
            },
            "timeouts": [],
            "wait": [],
            "wait_for": null
          },
          "sensitive_attributes": [],
          "dependencies": [
            "data.kubernetes_resource.sonarqube_ns"
          ]
        }
      ]
    },
    {
      "mode": "managed",
      "type": "kubernetes_manifest",
      "name": "secret_sonarqube_sonarqube_sonarqube_monitoring_passcode",
      "provider": "provider[\"registry.terraform.io/hashicorp/kubernetes\"]",
      "instances": [
        {
          "schema_version": 1,
          "attributes": {
            "computed_fields": null,
            "field_manager": [],
            "manifest": {
              "value": {
                "apiVersion": "v1",
                "data": {
                  "SONAR_WEB_SYSTEMPASSCODE": "ZGVmaW5lX2l0"
                },
                "kind": "Secret",
                "metadata": {
                  "annotations": {
                    "meta.kind.tf/release-name": "sonarqube",
                    "meta.kind.tf/release-namespace": "sonarqube"
                  },
                  "labels": {
                    "app": "sonarqube",
                    "app.kubernetes.io/managed-by": "Terraform",
                    "chart": "sonarqube-8.0.1_546",
                    "heritage": "Helm",
                    "release": "sonarqube"
                  },
                  "name": "sonarqube-sonarqube-monitoring-passcode",
                  "namespace": "sonarqube"
                },
                "type": "Opaque"
              },
              "type": [
                "object",
                {
                  "apiVersion": "string",
                  "data": [
                    "object",
                    {
                      "SONAR_WEB_SYSTEMPASSCODE": "string"
                    }
                  ],
                  "kind": "string",
                  "metadata": [
                    "object",
                    {
                      "annotations": [
                        "object",
                        {
                          "meta.kind.tf/release-name": "string",
                          "meta.kind.tf/release-namespace": "string"
                        }
                      ],
                      "labels": [
                        "object",
                        {
                          "app": "string",
                          "app.kubernetes.io/managed-by": "string",
                          "chart": "string",
                          "heritage": "string",
                          "release": "string"
                        }
                      ],
                      "name": "string",
                      "namespace": "string"
                    }
                  ],
                  "type": "string"
                }
              ]
            },
            "object": {
              "value": {
                "apiVersion": "v1",
                "data": {
                  "SONAR_WEB_SYSTEMPASSCODE": "ZGVmaW5lX2l0"
                },
                "immutable": null,
                "kind": "Secret",
                "metadata": {
                  "annotations": {
                    "meta.kind.tf/release-name": "sonarqube",
                    "meta.kind.tf/release-namespace": "sonarqube"
                  },
                  "creationTimestamp": null,
                  "deletionGracePeriodSeconds": null,
                  "deletionTimestamp": null,
                  "finalizers": null,
                  "generateName": null,
                  "generation": null,
                  "labels": {
                    "app": "sonarqube",
                    "app.kubernetes.io/managed-by": "Terraform",
                    "chart": "sonarqube-8.0.1_546",
                    "heritage": "Helm",
                    "release": "sonarqube"
                  },
                  "managedFields": null,
                  "name": "sonarqube-sonarqube-monitoring-passcode",
                  "namespace": "sonarqube",
                  "ownerReferences": null,
                  "resourceVersion": null,
                  "selfLink": null,
                  "uid": null
                },
                "stringData": null,
                "type": "Opaque"
              },
              "type": [
                "object",
                {
                  "apiVersion": "string",
                  "data": [
                    "map",
                    "string"
                  ],
                  "immutable": "bool",
                  "kind": "string",
                  "metadata": [
                    "object",
                    {
                      "annotations": [
                        "map",
                        "string"
                      ],
                      "creationTimestamp": "string",
                      "deletionGracePeriodSeconds": "number",
                      "deletionTimestamp": "string",
                      "finalizers": [
                        "list",
                        "string"
                      ],
                      "generateName": "string",
                      "generation": "number",
                      "labels": [
                        "map",
                        "string"
                      ],
                      "managedFields": [
                        "tuple",
                        [
                          [
                            "object",
                            {
                              "apiVersion": "string",
                              "fieldsType": "string",
                              "fieldsV1": "dynamic",
                              "manager": "string",
                              "operation": "string",
                              "subresource": "string",
                              "time": "string"
                            }
                          ]
                        ]
                      ],
                      "name": "string",
                      "namespace": "string",
                      "ownerReferences": [
                        "list",
                        [
                          "object",
                          {
                            "apiVersion": "string",
                            "blockOwnerDeletion": "bool",
                            "controller": "bool",
                            "kind": "string",
                            "name": "string",
                            "uid": "string"
                          }
                        ]
                      ],
                      "resourceVersion": "string",
                      "selfLink": "string",
                      "uid": "string"
                    }
                  ],
                  "stringData": [
                    "map",
                    "string"
                  ],
                  "type": "string"
                }
              ]
            },
            "timeouts": [],
            "wait": [],
            "wait_for": null
          },
          "sensitive_attributes": [],
          "dependencies": [
            "data.kubernetes_resource.sonarqube_ns"
          ]
        }
      ]
    },
    {
      "mode": "managed",
      "type": "kubernetes_manifest",
      "name": "service_sonarqube_nodeport_server",
      "provider": "provider[\"registry.terraform.io/hashicorp/kubernetes\"]",
      "instances": [
        {
          "schema_version": 1,
          "attributes": {
            "computed_fields": null,
            "field_manager": [],
            "manifest": {
              "value": {
                "apiVersion": "v1",
                "kind": "Service",
                "metadata": {
                  "annotations": {
                    "meta.kind.tf/release-name": "sonarqube",
                    "meta.kind.tf/release-namespace": "sonarqube"
                  },
                  "labels": {
                    "app": "sonarqube",
                    "release": "sonarqube"
                  },
                  "name": "sonarqube-server-nodeport",
                  "namespace": "sonarqube"
                },
                "spec": {
                  "externalTrafficPolicy": "Cluster",
                  "internalTrafficPolicy": "Cluster",
                  "ipFamilies": [
                    "IPv4"
                  ],
                  "ipFamilyPolicy": "SingleStack",
                  "ports": [
                    {
                      "name": "http",
                      "nodePort": 31923,
                      "port": 9000,
                      "protocol": "TCP",
                      "targetPort": "http"
                    }
                  ],
                  "selector": {
                    "app": "sonarqube",
                    "release": "sonarqube"
                  },
                  "sessionAffinity": "None",
                  "type": "NodePort"
                }
              },
              "type": [
                "object",
                {
                  "apiVersion": "string",
                  "kind": "string",
                  "metadata": [
                    "object",
                    {
                      "annotations": [
                        "object",
                        {
                          "meta.kind.tf/release-name": "string",
                          "meta.kind.tf/release-namespace": "string"
                        }
                      ],
                      "labels": [
                        "object",
                        {
                          "app": "string",
                          "release": "string"
                        }
                      ],
                      "name": "string",
                      "namespace": "string"
                    }
                  ],
                  "spec": [
                    "object",
                    {
                      "externalTrafficPolicy": "string",
                      "internalTrafficPolicy": "string",
                      "ipFamilies": [
                        "tuple",
                        [
                          "string"
                        ]
                      ],
                      "ipFamilyPolicy": "string",
                      "ports": [
                        "tuple",
                        [
                          [
                            "object",
                            {
                              "name": "string",
                              "nodePort": "number",
                              "port": "number",
                              "protocol": "string",
                              "targetPort": "string"
                            }
                          ]
                        ]
                      ],
                      "selector": [
                        "object",
                        {
                          "app": "string",
                          "release": "string"
                        }
                      ],
                      "sessionAffinity": "string",
                      "type": "string"
                    }
                  ]
                }
              ]
            },
            "object": {
              "value": {
                "apiVersion": "v1",
                "kind": "Service",
                "metadata": {
                  "annotations": {
                    "meta.kind.tf/release-name": "sonarqube",
                    "meta.kind.tf/release-namespace": "sonarqube"
                  },
                  "creationTimestamp": null,
                  "deletionGracePeriodSeconds": null,
                  "deletionTimestamp": null,
                  "finalizers": null,
                  "generateName": null,
                  "generation": null,
                  "labels": {
                    "app": "sonarqube",
                    "release": "sonarqube"
                  },
                  "managedFields": null,
                  "name": "sonarqube-server-nodeport",
                  "namespace": "sonarqube",
                  "ownerReferences": null,
                  "resourceVersion": null,
                  "selfLink": null,
                  "uid": null
                },
                "spec": {
                  "allocateLoadBalancerNodePorts": null,
                  "clusterIP": "10.96.255.249",
                  "clusterIPs": [
                    "10.96.255.249"
                  ],
                  "externalIPs": null,
                  "externalName": null,
                  "externalTrafficPolicy": "Cluster",
                  "healthCheckNodePort": null,
                  "internalTrafficPolicy": "Cluster",
                  "ipFamilies": [
                    "IPv4"
                  ],
                  "ipFamilyPolicy": "SingleStack",
                  "loadBalancerClass": null,
                  "loadBalancerIP": null,
                  "loadBalancerSourceRanges": null,
                  "ports": [
                    {
                      "appProtocol": null,
                      "name": "http",
                      "nodePort": 31923,
                      "port": 9000,
                      "protocol": "TCP",
                      "targetPort": "http"
                    }
                  ],
                  "publishNotReadyAddresses": null,
                  "selector": {
                    "app": "sonarqube",
                    "release": "sonarqube"
                  },
                  "sessionAffinity": "None",
                  "sessionAffinityConfig": {
                    "clientIP": {
                      "timeoutSeconds": null
                    }
                  },
                  "type": "NodePort"
                }
              },
              "type": [
                "object",
                {
                  "apiVersion": "string",
                  "kind": "string",
                  "metadata": [
                    "object",
                    {
                      "annotations": [
                        "map",
                        "string"
                      ],
                      "creationTimestamp": "string",
                      "deletionGracePeriodSeconds": "number",
                      "deletionTimestamp": "string",
                      "finalizers": [
                        "list",
                        "string"
                      ],
                      "generateName": "string",
                      "generation": "number",
                      "labels": [
                        "map",
                        "string"
                      ],
                      "managedFields": [
                        "tuple",
                        [
                          [
                            "object",
                            {
                              "apiVersion": "string",
                              "fieldsType": "string",
                              "fieldsV1": "dynamic",
                              "manager": "string",
                              "operation": "string",
                              "subresource": "string",
                              "time": "string"
                            }
                          ]
                        ]
                      ],
                      "name": "string",
                      "namespace": "string",
                      "ownerReferences": [
                        "list",
                        [
                          "object",
                          {
                            "apiVersion": "string",
                            "blockOwnerDeletion": "bool",
                            "controller": "bool",
                            "kind": "string",
                            "name": "string",
                            "uid": "string"
                          }
                        ]
                      ],
                      "resourceVersion": "string",
                      "selfLink": "string",
                      "uid": "string"
                    }
                  ],
                  "spec": [
                    "object",
                    {
                      "allocateLoadBalancerNodePorts": "bool",
                      "clusterIP": "string",
                      "clusterIPs": [
                        "list",
                        "string"
                      ],
                      "externalIPs": [
                        "list",
                        "string"
                      ],
                      "externalName": "string",
                      "externalTrafficPolicy": "string",
                      "healthCheckNodePort": "number",
                      "internalTrafficPolicy": "string",
                      "ipFamilies": [
                        "list",
                        "string"
                      ],
                      "ipFamilyPolicy": "string",
                      "loadBalancerClass": "string",
                      "loadBalancerIP": "string",
                      "loadBalancerSourceRanges": [
                        "list",
                        "string"
                      ],
                      "ports": [
                        "list",
                        [
                          "object",
                          {
                            "appProtocol": "string",
                            "name": "string",
                            "nodePort": "number",
                            "port": "number",
                            "protocol": "string",
                            "targetPort": "string"
                          }
                        ]
                      ],
                      "publishNotReadyAddresses": "bool",
                      "selector": [
                        "map",
                        "string"
                      ],
                      "sessionAffinity": "string",
                      "sessionAffinityConfig": [
                        "object",
                        {
                          "clientIP": [
                            "object",
                            {
                              "timeoutSeconds": "number"
                            }
                          ]
                        }
                      ],
                      "type": "string"
                    }
                  ]
                }
              ]
            },
            "timeouts": [],
            "wait": [],
            "wait_for": null
          },
          "sensitive_attributes": []
        }
      ]
    },
    {
      "mode": "managed",
      "type": "kubernetes_manifest",
      "name": "service_sonarqube_sonarqube_postgresql",
      "provider": "provider[\"registry.terraform.io/hashicorp/kubernetes\"]",
      "instances": [
        {
          "schema_version": 1,
          "attributes": {
            "computed_fields": null,
            "field_manager": [],
            "manifest": {
              "value": {
                "apiVersion": "v1",
                "kind": "Service",
                "metadata": {
                  "annotations": {
                    "meta.kind.tf/release-name": "sonarqube",
                    "meta.kind.tf/release-namespace": "sonarqube"
                  },
                  "labels": {
                    "app.kubernetes.io/instance": "sonarqube",
                    "app.kubernetes.io/managed-by": "Terraform",
                    "app.kubernetes.io/name": "postgresql",
                    "kind.tf/chart": "postgresql-10.15.0"
                  },
                  "name": "sonarqube-postgresql",
                  "namespace": "sonarqube"
                },
                "spec": {
                  "internalTrafficPolicy": "Cluster",
                  "ipFamilies": [
                    "IPv4"
                  ],
                  "ipFamilyPolicy": "SingleStack",
                  "ports": [
                    {
                      "name": "tcp-postgresql",
                      "port": 5432,
                      "protocol": "TCP",
                      "targetPort": "tcp-postgresql"
                    }
                  ],
                  "selector": {
                    "app.kubernetes.io/instance": "sonarqube",
                    "app.kubernetes.io/name": "postgresql",
                    "role": "primary"
                  },
                  "sessionAffinity": "None",
                  "type": "ClusterIP"
                }
              },
              "type": [
                "object",
                {
                  "apiVersion": "string",
                  "kind": "string",
                  "metadata": [
                    "object",
                    {
                      "annotations": [
                        "object",
                        {
                          "meta.kind.tf/release-name": "string",
                          "meta.kind.tf/release-namespace": "string"
                        }
                      ],
                      "labels": [
                        "object",
                        {
                          "app.kubernetes.io/instance": "string",
                          "app.kubernetes.io/managed-by": "string",
                          "app.kubernetes.io/name": "string",
                          "kind.tf/chart": "string"
                        }
                      ],
                      "name": "string",
                      "namespace": "string"
                    }
                  ],
                  "spec": [
                    "object",
                    {
                      "internalTrafficPolicy": "string",
                      "ipFamilies": [
                        "tuple",
                        [
                          "string"
                        ]
                      ],
                      "ipFamilyPolicy": "string",
                      "ports": [
                        "tuple",
                        [
                          [
                            "object",
                            {
                              "name": "string",
                              "port": "number",
                              "protocol": "string",
                              "targetPort": "string"
                            }
                          ]
                        ]
                      ],
                      "selector": [
                        "object",
                        {
                          "app.kubernetes.io/instance": "string",
                          "app.kubernetes.io/name": "string",
                          "role": "string"
                        }
                      ],
                      "sessionAffinity": "string",
                      "type": "string"
                    }
                  ]
                }
              ]
            },
            "object": {
              "value": {
                "apiVersion": "v1",
                "kind": "Service",
                "metadata": {
                  "annotations": {
                    "meta.kind.tf/release-name": "sonarqube",
                    "meta.kind.tf/release-namespace": "sonarqube"
                  },
                  "creationTimestamp": null,
                  "deletionGracePeriodSeconds": null,
                  "deletionTimestamp": null,
                  "finalizers": null,
                  "generateName": null,
                  "generation": null,
                  "labels": {
                    "app.kubernetes.io/instance": "sonarqube",
                    "app.kubernetes.io/managed-by": "Terraform",
                    "app.kubernetes.io/name": "postgresql",
                    "kind.tf/chart": "postgresql-10.15.0"
                  },
                  "managedFields": null,
                  "name": "sonarqube-postgresql",
                  "namespace": "sonarqube",
                  "ownerReferences": null,
                  "resourceVersion": null,
                  "selfLink": null,
                  "uid": null
                },
                "spec": {
                  "allocateLoadBalancerNodePorts": null,
                  "clusterIP": "10.96.176.62",
                  "clusterIPs": [
                    "10.96.176.62"
                  ],
                  "externalIPs": null,
                  "externalName": null,
                  "externalTrafficPolicy": null,
                  "healthCheckNodePort": null,
                  "internalTrafficPolicy": "Cluster",
                  "ipFamilies": [
                    "IPv4"
                  ],
                  "ipFamilyPolicy": "SingleStack",
                  "loadBalancerClass": null,
                  "loadBalancerIP": null,
                  "loadBalancerSourceRanges": null,
                  "ports": [
                    {
                      "appProtocol": null,
                      "name": "tcp-postgresql",
                      "nodePort": null,
                      "port": 5432,
                      "protocol": "TCP",
                      "targetPort": "tcp-postgresql"
                    }
                  ],
                  "publishNotReadyAddresses": null,
                  "selector": {
                    "app.kubernetes.io/instance": "sonarqube",
                    "app.kubernetes.io/name": "postgresql",
                    "role": "primary"
                  },
                  "sessionAffinity": "None",
                  "sessionAffinityConfig": {
                    "clientIP": {
                      "timeoutSeconds": null
                    }
                  },
                  "type": "ClusterIP"
                }
              },
              "type": [
                "object",
                {
                  "apiVersion": "string",
                  "kind": "string",
                  "metadata": [
                    "object",
                    {
                      "annotations": [
                        "map",
                        "string"
                      ],
                      "creationTimestamp": "string",
                      "deletionGracePeriodSeconds": "number",
                      "deletionTimestamp": "string",
                      "finalizers": [
                        "list",
                        "string"
                      ],
                      "generateName": "string",
                      "generation": "number",
                      "labels": [
                        "map",
                        "string"
                      ],
                      "managedFields": [
                        "tuple",
                        [
                          [
                            "object",
                            {
                              "apiVersion": "string",
                              "fieldsType": "string",
                              "fieldsV1": "dynamic",
                              "manager": "string",
                              "operation": "string",
                              "subresource": "string",
                              "time": "string"
                            }
                          ]
                        ]
                      ],
                      "name": "string",
                      "namespace": "string",
                      "ownerReferences": [
                        "list",
                        [
                          "object",
                          {
                            "apiVersion": "string",
                            "blockOwnerDeletion": "bool",
                            "controller": "bool",
                            "kind": "string",
                            "name": "string",
                            "uid": "string"
                          }
                        ]
                      ],
                      "resourceVersion": "string",
                      "selfLink": "string",
                      "uid": "string"
                    }
                  ],
                  "spec": [
                    "object",
                    {
                      "allocateLoadBalancerNodePorts": "bool",
                      "clusterIP": "string",
                      "clusterIPs": [
                        "list",
                        "string"
                      ],
                      "externalIPs": [
                        "list",
                        "string"
                      ],
                      "externalName": "string",
                      "externalTrafficPolicy": "string",
                      "healthCheckNodePort": "number",
                      "internalTrafficPolicy": "string",
                      "ipFamilies": [
                        "list",
                        "string"
                      ],
                      "ipFamilyPolicy": "string",
                      "loadBalancerClass": "string",
                      "loadBalancerIP": "string",
                      "loadBalancerSourceRanges": [
                        "list",
                        "string"
                      ],
                      "ports": [
                        "list",
                        [
                          "object",
                          {
                            "appProtocol": "string",
                            "name": "string",
                            "nodePort": "number",
                            "port": "number",
                            "protocol": "string",
                            "targetPort": "string"
                          }
                        ]
                      ],
                      "publishNotReadyAddresses": "bool",
                      "selector": [
                        "map",
                        "string"
                      ],
                      "sessionAffinity": "string",
                      "sessionAffinityConfig": [
                        "object",
                        {
                          "clientIP": [
                            "object",
                            {
                              "timeoutSeconds": "number"
                            }
                          ]
                        }
                      ],
                      "type": "string"
                    }
                  ]
                }
              ]
            },
            "timeouts": [],
            "wait": [],
            "wait_for": null
          },
          "sensitive_attributes": [],
          "dependencies": [
            "data.kubernetes_resource.sonarqube_ns"
          ]
        }
      ]
    },
    {
      "mode": "managed",
      "type": "kubernetes_manifest",
      "name": "service_sonarqube_sonarqube_postgresql_headless",
      "provider": "provider[\"registry.terraform.io/hashicorp/kubernetes\"]",
      "instances": [
        {
          "schema_version": 1,
          "attributes": {
            "computed_fields": null,
            "field_manager": [],
            "manifest": {
              "value": {
                "apiVersion": "v1",
                "kind": "Service",
                "metadata": {
                  "annotations": {
                    "meta.kind.tf/release-name": "sonarqube",
                    "meta.kind.tf/release-namespace": "sonarqube"
                  },
                  "labels": {
                    "app.kubernetes.io/instance": "sonarqube",
                    "app.kubernetes.io/managed-by": "Helm",
                    "app.kubernetes.io/name": "postgresql",
                    "kind.tf/chart": "postgresql-10.15.0",
                    "service.alpha.kubernetes.io/tolerate-unready-endpoints": "true"
                  },
                  "name": "sonarqube-postgresql-headless",
                  "namespace": "sonarqube"
                },
                "spec": {
                  "clusterIP": "None",
                  "clusterIPs": [
                    "None"
                  ],
                  "internalTrafficPolicy": "Cluster",
                  "ipFamilies": [
                    "IPv4"
                  ],
                  "ipFamilyPolicy": "SingleStack",
                  "ports": [
                    {
                      "name": "tcp-postgresql",
                      "port": 5432,
                      "protocol": "TCP",
                      "targetPort": "tcp-postgresql"
                    }
                  ],
                  "publishNotReadyAddresses": true,
                  "selector": {
                    "app.kubernetes.io/instance": "sonarqube",
                    "app.kubernetes.io/name": "postgresql"
                  },
                  "sessionAffinity": "None",
                  "type": "ClusterIP"
                }
              },
              "type": [
                "object",
                {
                  "apiVersion": "string",
                  "kind": "string",
                  "metadata": [
                    "object",
                    {
                      "annotations": [
                        "object",
                        {
                          "meta.kind.tf/release-name": "string",
                          "meta.kind.tf/release-namespace": "string"
                        }
                      ],
                      "labels": [
                        "object",
                        {
                          "app.kubernetes.io/instance": "string",
                          "app.kubernetes.io/managed-by": "string",
                          "app.kubernetes.io/name": "string",
                          "kind.tf/chart": "string",
                          "service.alpha.kubernetes.io/tolerate-unready-endpoints": "string"
                        }
                      ],
                      "name": "string",
                      "namespace": "string"
                    }
                  ],
                  "spec": [
                    "object",
                    {
                      "clusterIP": "string",
                      "clusterIPs": [
                        "tuple",
                        [
                          "string"
                        ]
                      ],
                      "internalTrafficPolicy": "string",
                      "ipFamilies": [
                        "tuple",
                        [
                          "string"
                        ]
                      ],
                      "ipFamilyPolicy": "string",
                      "ports": [
                        "tuple",
                        [
                          [
                            "object",
                            {
                              "name": "string",
                              "port": "number",
                              "protocol": "string",
                              "targetPort": "string"
                            }
                          ]
                        ]
                      ],
                      "publishNotReadyAddresses": "bool",
                      "selector": [
                        "object",
                        {
                          "app.kubernetes.io/instance": "string",
                          "app.kubernetes.io/name": "string"
                        }
                      ],
                      "sessionAffinity": "string",
                      "type": "string"
                    }
                  ]
                }
              ]
            },
            "object": {
              "value": {
                "apiVersion": "v1",
                "kind": "Service",
                "metadata": {
                  "annotations": {
                    "meta.kind.tf/release-name": "sonarqube",
                    "meta.kind.tf/release-namespace": "sonarqube"
                  },
                  "creationTimestamp": null,
                  "deletionGracePeriodSeconds": null,
                  "deletionTimestamp": null,
                  "finalizers": null,
                  "generateName": null,
                  "generation": null,
                  "labels": {
                    "app.kubernetes.io/instance": "sonarqube",
                    "app.kubernetes.io/managed-by": "Helm",
                    "app.kubernetes.io/name": "postgresql",
                    "kind.tf/chart": "postgresql-10.15.0",
                    "service.alpha.kubernetes.io/tolerate-unready-endpoints": "true"
                  },
                  "managedFields": null,
                  "name": "sonarqube-postgresql-headless",
                  "namespace": "sonarqube",
                  "ownerReferences": null,
                  "resourceVersion": null,
                  "selfLink": null,
                  "uid": null
                },
                "spec": {
                  "allocateLoadBalancerNodePorts": null,
                  "clusterIP": "None",
                  "clusterIPs": [
                    "None"
                  ],
                  "externalIPs": null,
                  "externalName": null,
                  "externalTrafficPolicy": null,
                  "healthCheckNodePort": null,
                  "internalTrafficPolicy": "Cluster",
                  "ipFamilies": [
                    "IPv4"
                  ],
                  "ipFamilyPolicy": "SingleStack",
                  "loadBalancerClass": null,
                  "loadBalancerIP": null,
                  "loadBalancerSourceRanges": null,
                  "ports": [
                    {
                      "appProtocol": null,
                      "name": "tcp-postgresql",
                      "nodePort": null,
                      "port": 5432,
                      "protocol": "TCP",
                      "targetPort": "tcp-postgresql"
                    }
                  ],
                  "publishNotReadyAddresses": true,
                  "selector": {
                    "app.kubernetes.io/instance": "sonarqube",
                    "app.kubernetes.io/name": "postgresql"
                  },
                  "sessionAffinity": "None",
                  "sessionAffinityConfig": {
                    "clientIP": {
                      "timeoutSeconds": null
                    }
                  },
                  "type": "ClusterIP"
                }
              },
              "type": [
                "object",
                {
                  "apiVersion": "string",
                  "kind": "string",
                  "metadata": [
                    "object",
                    {
                      "annotations": [
                        "map",
                        "string"
                      ],
                      "creationTimestamp": "string",
                      "deletionGracePeriodSeconds": "number",
                      "deletionTimestamp": "string",
                      "finalizers": [
                        "list",
                        "string"
                      ],
                      "generateName": "string",
                      "generation": "number",
                      "labels": [
                        "map",
                        "string"
                      ],
                      "managedFields": [
                        "tuple",
                        [
                          [
                            "object",
                            {
                              "apiVersion": "string",
                              "fieldsType": "string",
                              "fieldsV1": "dynamic",
                              "manager": "string",
                              "operation": "string",
                              "subresource": "string",
                              "time": "string"
                            }
                          ]
                        ]
                      ],
                      "name": "string",
                      "namespace": "string",
                      "ownerReferences": [
                        "list",
                        [
                          "object",
                          {
                            "apiVersion": "string",
                            "blockOwnerDeletion": "bool",
                            "controller": "bool",
                            "kind": "string",
                            "name": "string",
                            "uid": "string"
                          }
                        ]
                      ],
                      "resourceVersion": "string",
                      "selfLink": "string",
                      "uid": "string"
                    }
                  ],
                  "spec": [
                    "object",
                    {
                      "allocateLoadBalancerNodePorts": "bool",
                      "clusterIP": "string",
                      "clusterIPs": [
                        "list",
                        "string"
                      ],
                      "externalIPs": [
                        "list",
                        "string"
                      ],
                      "externalName": "string",
                      "externalTrafficPolicy": "string",
                      "healthCheckNodePort": "number",
                      "internalTrafficPolicy": "string",
                      "ipFamilies": [
                        "list",
                        "string"
                      ],
                      "ipFamilyPolicy": "string",
                      "loadBalancerClass": "string",
                      "loadBalancerIP": "string",
                      "loadBalancerSourceRanges": [
                        "list",
                        "string"
                      ],
                      "ports": [
                        "list",
                        [
                          "object",
                          {
                            "appProtocol": "string",
                            "name": "string",
                            "nodePort": "number",
                            "port": "number",
                            "protocol": "string",
                            "targetPort": "string"
                          }
                        ]
                      ],
                      "publishNotReadyAddresses": "bool",
                      "selector": [
                        "map",
                        "string"
                      ],
                      "sessionAffinity": "string",
                      "sessionAffinityConfig": [
                        "object",
                        {
                          "clientIP": [
                            "object",
                            {
                              "timeoutSeconds": "number"
                            }
                          ]
                        }
                      ],
                      "type": "string"
                    }
                  ]
                }
              ]
            },
            "timeouts": [],
            "wait": [],
            "wait_for": null
          },
          "sensitive_attributes": [],
          "dependencies": [
            "data.kubernetes_resource.sonarqube_ns"
          ]
        }
      ]
    },
    {
      "mode": "managed",
      "type": "kubernetes_manifest",
      "name": "service_sonarqube_sonarqube_sonarqube",
      "provider": "provider[\"registry.terraform.io/hashicorp/kubernetes\"]",
      "instances": [
        {
          "schema_version": 1,
          "attributes": {
            "computed_fields": null,
            "field_manager": [],
            "manifest": {
              "value": {
                "apiVersion": "v1",
                "kind": "Service",
                "metadata": {
                  "annotations": {
                    "meta.kind.tf/release-name": "sonarqube",
                    "meta.kind.tf/release-namespace": "sonarqube"
                  },
                  "labels": {
                    "app": "sonarqube",
                    "app.kubernetes.io/managed-by": "Terraform",
                    "chart": "sonarqube-8.0.1_546",
                    "heritage": "Helm",
                    "release": "sonarqube"
                  },
                  "name": "sonarqube-sonarqube",
                  "namespace": "sonarqube"
                },
                "spec": {
                  "internalTrafficPolicy": "Cluster",
                  "ipFamilies": [
                    "IPv4"
                  ],
                  "ipFamilyPolicy": "SingleStack",
                  "ports": [
                    {
                      "name": "http",
                      "port": 9000,
                      "protocol": "TCP",
                      "targetPort": "http"
                    }
                  ],
                  "selector": {
                    "app": "sonarqube",
                    "release": "sonarqube"
                  },
                  "sessionAffinity": "None",
                  "type": "ClusterIP"
                }
              },
              "type": [
                "object",
                {
                  "apiVersion": "string",
                  "kind": "string",
                  "metadata": [
                    "object",
                    {
                      "annotations": [
                        "object",
                        {
                          "meta.kind.tf/release-name": "string",
                          "meta.kind.tf/release-namespace": "string"
                        }
                      ],
                      "labels": [
                        "object",
                        {
                          "app": "string",
                          "app.kubernetes.io/managed-by": "string",
                          "chart": "string",
                          "heritage": "string",
                          "release": "string"
                        }
                      ],
                      "name": "string",
                      "namespace": "string"
                    }
                  ],
                  "spec": [
                    "object",
                    {
                      "internalTrafficPolicy": "string",
                      "ipFamilies": [
                        "tuple",
                        [
                          "string"
                        ]
                      ],
                      "ipFamilyPolicy": "string",
                      "ports": [
                        "tuple",
                        [
                          [
                            "object",
                            {
                              "name": "string",
                              "port": "number",
                              "protocol": "string",
                              "targetPort": "string"
                            }
                          ]
                        ]
                      ],
                      "selector": [
                        "object",
                        {
                          "app": "string",
                          "release": "string"
                        }
                      ],
                      "sessionAffinity": "string",
                      "type": "string"
                    }
                  ]
                }
              ]
            },
            "object": {
              "value": {
                "apiVersion": "v1",
                "kind": "Service",
                "metadata": {
                  "annotations": {
                    "meta.kind.tf/release-name": "sonarqube",
                    "meta.kind.tf/release-namespace": "sonarqube"
                  },
                  "creationTimestamp": null,
                  "deletionGracePeriodSeconds": null,
                  "deletionTimestamp": null,
                  "finalizers": null,
                  "generateName": null,
                  "generation": null,
                  "labels": {
                    "app": "sonarqube",
                    "app.kubernetes.io/managed-by": "Terraform",
                    "chart": "sonarqube-8.0.1_546",
                    "heritage": "Helm",
                    "release": "sonarqube"
                  },
                  "managedFields": null,
                  "name": "sonarqube-sonarqube",
                  "namespace": "sonarqube",
                  "ownerReferences": null,
                  "resourceVersion": null,
                  "selfLink": null,
                  "uid": null
                },
                "spec": {
                  "allocateLoadBalancerNodePorts": null,
                  "clusterIP": "10.96.228.133",
                  "clusterIPs": [
                    "10.96.228.133"
                  ],
                  "externalIPs": null,
                  "externalName": null,
                  "externalTrafficPolicy": null,
                  "healthCheckNodePort": null,
                  "internalTrafficPolicy": "Cluster",
                  "ipFamilies": [
                    "IPv4"
                  ],
                  "ipFamilyPolicy": "SingleStack",
                  "loadBalancerClass": null,
                  "loadBalancerIP": null,
                  "loadBalancerSourceRanges": null,
                  "ports": [
                    {
                      "appProtocol": null,
                      "name": "http",
                      "nodePort": null,
                      "port": 9000,
                      "protocol": "TCP",
                      "targetPort": "http"
                    }
                  ],
                  "publishNotReadyAddresses": null,
                  "selector": {
                    "app": "sonarqube",
                    "release": "sonarqube"
                  },
                  "sessionAffinity": "None",
                  "sessionAffinityConfig": {
                    "clientIP": {
                      "timeoutSeconds": null
                    }
                  },
                  "type": "ClusterIP"
                }
              },
              "type": [
                "object",
                {
                  "apiVersion": "string",
                  "kind": "string",
                  "metadata": [
                    "object",
                    {
                      "annotations": [
                        "map",
                        "string"
                      ],
                      "creationTimestamp": "string",
                      "deletionGracePeriodSeconds": "number",
                      "deletionTimestamp": "string",
                      "finalizers": [
                        "list",
                        "string"
                      ],
                      "generateName": "string",
                      "generation": "number",
                      "labels": [
                        "map",
                        "string"
                      ],
                      "managedFields": [
                        "tuple",
                        [
                          [
                            "object",
                            {
                              "apiVersion": "string",
                              "fieldsType": "string",
                              "fieldsV1": "dynamic",
                              "manager": "string",
                              "operation": "string",
                              "subresource": "string",
                              "time": "string"
                            }
                          ]
                        ]
                      ],
                      "name": "string",
                      "namespace": "string",
                      "ownerReferences": [
                        "list",
                        [
                          "object",
                          {
                            "apiVersion": "string",
                            "blockOwnerDeletion": "bool",
                            "controller": "bool",
                            "kind": "string",
                            "name": "string",
                            "uid": "string"
                          }
                        ]
                      ],
                      "resourceVersion": "string",
                      "selfLink": "string",
                      "uid": "string"
                    }
                  ],
                  "spec": [
                    "object",
                    {
                      "allocateLoadBalancerNodePorts": "bool",
                      "clusterIP": "string",
                      "clusterIPs": [
                        "list",
                        "string"
                      ],
                      "externalIPs": [
                        "list",
                        "string"
                      ],
                      "externalName": "string",
                      "externalTrafficPolicy": "string",
                      "healthCheckNodePort": "number",
                      "internalTrafficPolicy": "string",
                      "ipFamilies": [
                        "list",
                        "string"
                      ],
                      "ipFamilyPolicy": "string",
                      "loadBalancerClass": "string",
                      "loadBalancerIP": "string",
                      "loadBalancerSourceRanges": [
                        "list",
                        "string"
                      ],
                      "ports": [
                        "list",
                        [
                          "object",
                          {
                            "appProtocol": "string",
                            "name": "string",
                            "nodePort": "number",
                            "port": "number",
                            "protocol": "string",
                            "targetPort": "string"
                          }
                        ]
                      ],
                      "publishNotReadyAddresses": "bool",
                      "selector": [
                        "map",
                        "string"
                      ],
                      "sessionAffinity": "string",
                      "sessionAffinityConfig": [
                        "object",
                        {
                          "clientIP": [
                            "object",
                            {
                              "timeoutSeconds": "number"
                            }
                          ]
                        }
                      ],
                      "type": "string"
                    }
                  ]
                }
              ]
            },
            "timeouts": [],
            "wait": [],
            "wait_for": null
          },
          "sensitive_attributes": [],
          "dependencies": [
            "data.kubernetes_resource.sonarqube_ns"
          ]
        }
      ]
    },
    {
      "mode": "managed",
      "type": "kubernetes_manifest",
      "name": "statefulset_sonarqube_sonarqube_postgresql",
      "provider": "provider[\"registry.terraform.io/hashicorp/kubernetes\"]",
      "instances": [
        {
          "schema_version": 1,
          "attributes": {
            "computed_fields": null,
            "field_manager": [],
            "manifest": {
              "value": {
                "apiVersion": "apps/v1",
                "kind": "StatefulSet",
                "metadata": {
                  "annotations": {
                    "meta.kind.tf/release-name": "sonarqube",
                    "meta.kind.tf/release-namespace": "sonarqube"
                  },
                  "labels": {
                    "app.kubernetes.io/component": "primary",
                    "app.kubernetes.io/instance": "sonarqube",
                    "app.kubernetes.io/name": "postgresql"
                  },
                  "name": "sonarqube-postgresql",
                  "namespace": "sonarqube"
                },
                "spec": {
                  "persistentVolumeClaimRetentionPolicy": {
                    "whenDeleted": "Retain",
                    "whenScaled": "Retain"
                  },
                  "podManagementPolicy": "OrderedReady",
                  "replicas": 1,
                  "revisionHistoryLimit": 10,
                  "selector": {
                    "matchLabels": {
                      "app.kubernetes.io/instance": "sonarqube",
                      "app.kubernetes.io/name": "postgresql",
                      "role": "primary"
                    }
                  },
                  "serviceName": "sonarqube-postgresql-headless",
                  "template": {
                    "metadata": {
                      "labels": {
                        "app.kubernetes.io/component": "primary",
                        "app.kubernetes.io/instance": "sonarqube",
                        "app.kubernetes.io/name": "postgresql",
                        "role": "primary"
                      },
                      "name": "sonarqube-postgresql"
                    },
                    "spec": {
                      "affinity": {
                        "podAntiAffinity": {
                          "preferredDuringSchedulingIgnoredDuringExecution": [
                            {
                              "podAffinityTerm": {
                                "labelSelector": {
                                  "matchLabels": {
                                    "app.kubernetes.io/component": "primary",
                                    "app.kubernetes.io/instance": "sonarqube",
                                    "app.kubernetes.io/name": "postgresql"
                                  }
                                },
                                "namespaces": [
                                  "sonarqube"
                                ],
                                "topologyKey": "kubernetes.io/hostname"
                              },
                              "weight": 1
                            }
                          ]
                        }
                      },
                      "automountServiceAccountToken": false,
                      "containers": [
                        {
                          "env": [
                            {
                              "name": "BITNAMI_DEBUG",
                              "value": "false"
                            },
                            {
                              "name": "POSTGRESQL_PORT_NUMBER",
                              "value": "5432"
                            },
                            {
                              "name": "POSTGRESQL_VOLUME_DIR",
                              "value": "/bitnami/postgresql"
                            },
                            {
                              "name": "PGDATA",
                              "value": "/bitnami/postgresql/data"
                            },
                            {
                              "name": "POSTGRES_POSTGRES_PASSWORD",
                              "valueFrom": {
                                "secretKeyRef": {
                                  "key": "postgresql-postgres-password",
                                  "name": "sonarqube-postgresql"
                                }
                              }
                            },
                            {
                              "name": "POSTGRES_USER",
                              "value": "sonarUser"
                            },
                            {
                              "name": "POSTGRES_PASSWORD",
                              "valueFrom": {
                                "secretKeyRef": {
                                  "key": "postgresql-password",
                                  "name": "sonarqube-postgresql"
                                }
                              }
                            },
                            {
                              "name": "POSTGRES_DB",
                              "value": "sonarDB"
                            },
                            {
                              "name": "POSTGRESQL_ENABLE_LDAP",
                              "value": "no"
                            },
                            {
                              "name": "POSTGRESQL_ENABLE_TLS",
                              "value": "no"
                            },
                            {
                              "name": "POSTGRESQL_LOG_HOSTNAME",
                              "value": "false"
                            },
                            {
                              "name": "POSTGRESQL_LOG_CONNECTIONS",
                              "value": "false"
                            },
                            {
                              "name": "POSTGRESQL_LOG_DISCONNECTIONS",
                              "value": "false"
                            },
                            {
                              "name": "POSTGRESQL_PGAUDIT_LOG_CATALOG",
                              "value": "off"
                            },
                            {
                              "name": "POSTGRESQL_CLIENT_MIN_MESSAGES",
                              "value": "error"
                            },
                            {
                              "name": "POSTGRESQL_SHARED_PRELOAD_LIBRARIES",
                              "value": "pgaudit"
                            }
                          ],
                          "image": "docker.io/bitnami/postgresql:11.14.0-debian-10-r22",
                          "imagePullPolicy": "IfNotPresent",
                          "livenessProbe": {
                            "exec": {
                              "command": [
                                "/bin/sh",
                                "-c",
                                "exec pg_isready -U \"sonarUser\" -d \"dbname=sonarDB\" -h 127.0.0.1 -p 5432"
                              ]
                            },
                            "failureThreshold": 6,
                            "initialDelaySeconds": 30,
                            "periodSeconds": 10,
                            "successThreshold": 1,
                            "timeoutSeconds": 5
                          },
                          "name": "sonarqube-postgresql",
                          "ports": [
                            {
                              "containerPort": 5432,
                              "name": "tcp-postgresql",
                              "protocol": "TCP"
                            }
                          ],
                          "readinessProbe": {
                            "exec": {
                              "command": [
                                "/bin/sh",
                                "-c",
                                "-e",
                                "exec pg_isready -U \"sonarUser\" -d \"dbname=sonarDB\" -h 127.0.0.1 -p 5432\n[ -f /opt/bitnami/postgresql/tmp/.initialized ] || [ -f /bitnami/postgresql/.initialized ]\n\n"
                              ]
                            },
                            "failureThreshold": 6,
                            "initialDelaySeconds": 5,
                            "periodSeconds": 10,
                            "successThreshold": 1,
                            "timeoutSeconds": 5
                          },
                          "resources": {
                            "limits": {
                              "cpu": "2",
                              "memory": "2Gi"
                            },
                            "requests": {
                              "cpu": "100m",
                              "memory": "200Mi"
                            }
                          },
                          "securityContext": {
                            "runAsUser": 1001
                          },
                          "terminationMessagePath": "/dev/termination-log",
                          "terminationMessagePolicy": "File",
                          "volumeMounts": [
                            {
                              "mountPath": "/dev/shm",
                              "name": "dshm"
                            },
                            {
                              "mountPath": "/bitnami/postgresql",
                              "name": "data"
                            }
                          ]
                        }
                      ],
                      "dnsPolicy": "ClusterFirst",
                      "restartPolicy": "Always",
                      "schedulerName": "default-scheduler",
                      "securityContext": {
                        "fsGroup": 1001
                      },
                      "terminationGracePeriodSeconds": 30,
                      "volumes": [
                        {
                          "emptyDir": {
                            "medium": "Memory"
                          },
                          "name": "dshm"
                        },
                        {
                          "name": "data",
                          "persistentVolumeClaim": {
                            "claimName": "data-sonarqube-postgresql-0"
                          }
                        }
                      ]
                    }
                  },
                  "updateStrategy": {
                    "type": "RollingUpdate"
                  }
                }
              },
              "type": [
                "object",
                {
                  "apiVersion": "string",
                  "kind": "string",
                  "metadata": [
                    "object",
                    {
                      "annotations": [
                        "object",
                        {
                          "meta.kind.tf/release-name": "string",
                          "meta.kind.tf/release-namespace": "string"
                        }
                      ],
                      "labels": [
                        "object",
                        {
                          "app.kubernetes.io/component": "string",
                          "app.kubernetes.io/instance": "string",
                          "app.kubernetes.io/name": "string"
                        }
                      ],
                      "name": "string",
                      "namespace": "string"
                    }
                  ],
                  "spec": [
                    "object",
                    {
                      "persistentVolumeClaimRetentionPolicy": [
                        "object",
                        {
                          "whenDeleted": "string",
                          "whenScaled": "string"
                        }
                      ],
                      "podManagementPolicy": "string",
                      "replicas": "number",
                      "revisionHistoryLimit": "number",
                      "selector": [
                        "object",
                        {
                          "matchLabels": [
                            "object",
                            {
                              "app.kubernetes.io/instance": "string",
                              "app.kubernetes.io/name": "string",
                              "role": "string"
                            }
                          ]
                        }
                      ],
                      "serviceName": "string",
                      "template": [
                        "object",
                        {
                          "metadata": [
                            "object",
                            {
                              "labels": [
                                "object",
                                {
                                  "app.kubernetes.io/component": "string",
                                  "app.kubernetes.io/instance": "string",
                                  "app.kubernetes.io/name": "string",
                                  "role": "string"
                                }
                              ],
                              "name": "string"
                            }
                          ],
                          "spec": [
                            "object",
                            {
                              "affinity": [
                                "object",
                                {
                                  "podAntiAffinity": [
                                    "object",
                                    {
                                      "preferredDuringSchedulingIgnoredDuringExecution": [
                                        "tuple",
                                        [
                                          [
                                            "object",
                                            {
                                              "podAffinityTerm": [
                                                "object",
                                                {
                                                  "labelSelector": [
                                                    "object",
                                                    {
                                                      "matchLabels": [
                                                        "object",
                                                        {
                                                          "app.kubernetes.io/component": "string",
                                                          "app.kubernetes.io/instance": "string",
                                                          "app.kubernetes.io/name": "string"
                                                        }
                                                      ]
                                                    }
                                                  ],
                                                  "namespaces": [
                                                    "tuple",
                                                    [
                                                      "string"
                                                    ]
                                                  ],
                                                  "topologyKey": "string"
                                                }
                                              ],
                                              "weight": "number"
                                            }
                                          ]
                                        ]
                                      ]
                                    }
                                  ]
                                }
                              ],
                              "automountServiceAccountToken": "bool",
                              "containers": [
                                "tuple",
                                [
                                  [
                                    "object",
                                    {
                                      "env": [
                                        "tuple",
                                        [
                                          [
                                            "object",
                                            {
                                              "name": "string",
                                              "value": "string"
                                            }
                                          ],
                                          [
                                            "object",
                                            {
                                              "name": "string",
                                              "value": "string"
                                            }
                                          ],
                                          [
                                            "object",
                                            {
                                              "name": "string",
                                              "value": "string"
                                            }
                                          ],
                                          [
                                            "object",
                                            {
                                              "name": "string",
                                              "value": "string"
                                            }
                                          ],
                                          [
                                            "object",
                                            {
                                              "name": "string",
                                              "valueFrom": [
                                                "object",
                                                {
                                                  "secretKeyRef": [
                                                    "object",
                                                    {
                                                      "key": "string",
                                                      "name": "string"
                                                    }
                                                  ]
                                                }
                                              ]
                                            }
                                          ],
                                          [
                                            "object",
                                            {
                                              "name": "string",
                                              "value": "string"
                                            }
                                          ],
                                          [
                                            "object",
                                            {
                                              "name": "string",
                                              "valueFrom": [
                                                "object",
                                                {
                                                  "secretKeyRef": [
                                                    "object",
                                                    {
                                                      "key": "string",
                                                      "name": "string"
                                                    }
                                                  ]
                                                }
                                              ]
                                            }
                                          ],
                                          [
                                            "object",
                                            {
                                              "name": "string",
                                              "value": "string"
                                            }
                                          ],
                                          [
                                            "object",
                                            {
                                              "name": "string",
                                              "value": "string"
                                            }
                                          ],
                                          [
                                            "object",
                                            {
                                              "name": "string",
                                              "value": "string"
                                            }
                                          ],
                                          [
                                            "object",
                                            {
                                              "name": "string",
                                              "value": "string"
                                            }
                                          ],
                                          [
                                            "object",
                                            {
                                              "name": "string",
                                              "value": "string"
                                            }
                                          ],
                                          [
                                            "object",
                                            {
                                              "name": "string",
                                              "value": "string"
                                            }
                                          ],
                                          [
                                            "object",
                                            {
                                              "name": "string",
                                              "value": "string"
                                            }
                                          ],
                                          [
                                            "object",
                                            {
                                              "name": "string",
                                              "value": "string"
                                            }
                                          ],
                                          [
                                            "object",
                                            {
                                              "name": "string",
                                              "value": "string"
                                            }
                                          ]
                                        ]
                                      ],
                                      "image": "string",
                                      "imagePullPolicy": "string",
                                      "livenessProbe": [
                                        "object",
                                        {
                                          "exec": [
                                            "object",
                                            {
                                              "command": [
                                                "tuple",
                                                [
                                                  "string",
                                                  "string",
                                                  "string"
                                                ]
                                              ]
                                            }
                                          ],
                                          "failureThreshold": "number",
                                          "initialDelaySeconds": "number",
                                          "periodSeconds": "number",
                                          "successThreshold": "number",
                                          "timeoutSeconds": "number"
                                        }
                                      ],
                                      "name": "string",
                                      "ports": [
                                        "tuple",
                                        [
                                          [
                                            "object",
                                            {
                                              "containerPort": "number",
                                              "name": "string",
                                              "protocol": "string"
                                            }
                                          ]
                                        ]
                                      ],
                                      "readinessProbe": [
                                        "object",
                                        {
                                          "exec": [
                                            "object",
                                            {
                                              "command": [
                                                "tuple",
                                                [
                                                  "string",
                                                  "string",
                                                  "string",
                                                  "string"
                                                ]
                                              ]
                                            }
                                          ],
                                          "failureThreshold": "number",
                                          "initialDelaySeconds": "number",
                                          "periodSeconds": "number",
                                          "successThreshold": "number",
                                          "timeoutSeconds": "number"
                                        }
                                      ],
                                      "resources": [
                                        "object",
                                        {
                                          "limits": [
                                            "object",
                                            {
                                              "cpu": "string",
                                              "memory": "string"
                                            }
                                          ],
                                          "requests": [
                                            "object",
                                            {
                                              "cpu": "string",
                                              "memory": "string"
                                            }
                                          ]
                                        }
                                      ],
                                      "securityContext": [
                                        "object",
                                        {
                                          "runAsUser": "number"
                                        }
                                      ],
                                      "terminationMessagePath": "string",
                                      "terminationMessagePolicy": "string",
                                      "volumeMounts": [
                                        "tuple",
                                        [
                                          [
                                            "object",
                                            {
                                              "mountPath": "string",
                                              "name": "string"
                                            }
                                          ],
                                          [
                                            "object",
                                            {
                                              "mountPath": "string",
                                              "name": "string"
                                            }
                                          ]
                                        ]
                                      ]
                                    }
                                  ]
                                ]
                              ],
                              "dnsPolicy": "string",
                              "restartPolicy": "string",
                              "schedulerName": "string",
                              "securityContext": [
                                "object",
                                {
                                  "fsGroup": "number"
                                }
                              ],
                              "terminationGracePeriodSeconds": "number",
                              "volumes": [
                                "tuple",
                                [
                                  [
                                    "object",
                                    {
                                      "emptyDir": [
                                        "object",
                                        {
                                          "medium": "string"
                                        }
                                      ],
                                      "name": "string"
                                    }
                                  ],
                                  [
                                    "object",
                                    {
                                      "name": "string",
                                      "persistentVolumeClaim": [
                                        "object",
                                        {
                                          "claimName": "string"
                                        }
                                      ]
                                    }
                                  ]
                                ]
                              ]
                            }
                          ]
                        }
                      ],
                      "updateStrategy": [
                        "object",
                        {
                          "type": "string"
                        }
                      ]
                    }
                  ]
                }
              ]
            },
            "object": {
              "value": {
                "apiVersion": "apps/v1",
                "kind": "StatefulSet",
                "metadata": {
                  "annotations": {
                    "meta.kind.tf/release-name": "sonarqube",
                    "meta.kind.tf/release-namespace": "sonarqube"
                  },
                  "creationTimestamp": null,
                  "deletionGracePeriodSeconds": null,
                  "deletionTimestamp": null,
                  "finalizers": null,
                  "generateName": null,
                  "generation": null,
                  "labels": {
                    "app.kubernetes.io/component": "primary",
                    "app.kubernetes.io/instance": "sonarqube",
                    "app.kubernetes.io/name": "postgresql"
                  },
                  "managedFields": null,
                  "name": "sonarqube-postgresql",
                  "namespace": "sonarqube",
                  "ownerReferences": null,
                  "resourceVersion": null,
                  "selfLink": null,
                  "uid": null
                },
                "spec": {
                  "minReadySeconds": null,
                  "ordinals": {
                    "start": null
                  },
                  "persistentVolumeClaimRetentionPolicy": {
                    "whenDeleted": "Retain",
                    "whenScaled": "Retain"
                  },
                  "podManagementPolicy": "OrderedReady",
                  "replicas": 1,
                  "revisionHistoryLimit": 10,
                  "selector": {
                    "matchExpressions": null,
                    "matchLabels": {
                      "app.kubernetes.io/instance": "sonarqube",
                      "app.kubernetes.io/name": "postgresql",
                      "role": "primary"
                    }
                  },
                  "serviceName": "sonarqube-postgresql-headless",
                  "template": {
                    "metadata": {
                      "annotations": null,
                      "creationTimestamp": null,
                      "deletionGracePeriodSeconds": null,
                      "deletionTimestamp": null,
                      "finalizers": null,
                      "generateName": null,
                      "generation": null,
                      "labels": {
                        "app.kubernetes.io/component": "primary",
                        "app.kubernetes.io/instance": "sonarqube",
                        "app.kubernetes.io/name": "postgresql",
                        "role": "primary"
                      },
                      "managedFields": null,
                      "name": "sonarqube-postgresql",
                      "namespace": null,
                      "ownerReferences": null,
                      "resourceVersion": null,
                      "selfLink": null,
                      "uid": null
                    },
                    "spec": {
                      "activeDeadlineSeconds": null,
                      "affinity": {
                        "nodeAffinity": {
                          "preferredDuringSchedulingIgnoredDuringExecution": null,
                          "requiredDuringSchedulingIgnoredDuringExecution": {
                            "nodeSelectorTerms": null
                          }
                        },
                        "podAffinity": {
                          "preferredDuringSchedulingIgnoredDuringExecution": null,
                          "requiredDuringSchedulingIgnoredDuringExecution": null
                        },
                        "podAntiAffinity": {
                          "preferredDuringSchedulingIgnoredDuringExecution": [
                            {
                              "podAffinityTerm": {
                                "labelSelector": {
                                  "matchExpressions": null,
                                  "matchLabels": {
                                    "app.kubernetes.io/component": "primary",
                                    "app.kubernetes.io/instance": "sonarqube",
                                    "app.kubernetes.io/name": "postgresql"
                                  }
                                },
                                "namespaceSelector": {
                                  "matchExpressions": null,
                                  "matchLabels": null
                                },
                                "namespaces": [
                                  "sonarqube"
                                ],
                                "topologyKey": "kubernetes.io/hostname"
                              },
                              "weight": 1
                            }
                          ],
                          "requiredDuringSchedulingIgnoredDuringExecution": null
                        }
                      },
                      "automountServiceAccountToken": false,
                      "containers": [
                        {
                          "args": null,
                          "command": null,
                          "env": [
                            {
                              "name": "BITNAMI_DEBUG",
                              "value": "false",
                              "valueFrom": {
                                "configMapKeyRef": {
                                  "key": null,
                                  "name": null,
                                  "optional": null
                                },
                                "fieldRef": {
                                  "apiVersion": null,
                                  "fieldPath": null
                                },
                                "resourceFieldRef": {
                                  "containerName": null,
                                  "divisor": null,
                                  "resource": null
                                },
                                "secretKeyRef": {
                                  "key": null,
                                  "name": null,
                                  "optional": null
                                }
                              }
                            },
                            {
                              "name": "POSTGRESQL_PORT_NUMBER",
                              "value": "5432",
                              "valueFrom": {
                                "configMapKeyRef": {
                                  "key": null,
                                  "name": null,
                                  "optional": null
                                },
                                "fieldRef": {
                                  "apiVersion": null,
                                  "fieldPath": null
                                },
                                "resourceFieldRef": {
                                  "containerName": null,
                                  "divisor": null,
                                  "resource": null
                                },
                                "secretKeyRef": {
                                  "key": null,
                                  "name": null,
                                  "optional": null
                                }
                              }
                            },
                            {
                              "name": "POSTGRESQL_VOLUME_DIR",
                              "value": "/bitnami/postgresql",
                              "valueFrom": {
                                "configMapKeyRef": {
                                  "key": null,
                                  "name": null,
                                  "optional": null
                                },
                                "fieldRef": {
                                  "apiVersion": null,
                                  "fieldPath": null
                                },
                                "resourceFieldRef": {
                                  "containerName": null,
                                  "divisor": null,
                                  "resource": null
                                },
                                "secretKeyRef": {
                                  "key": null,
                                  "name": null,
                                  "optional": null
                                }
                              }
                            },
                            {
                              "name": "PGDATA",
                              "value": "/bitnami/postgresql/data",
                              "valueFrom": {
                                "configMapKeyRef": {
                                  "key": null,
                                  "name": null,
                                  "optional": null
                                },
                                "fieldRef": {
                                  "apiVersion": null,
                                  "fieldPath": null
                                },
                                "resourceFieldRef": {
                                  "containerName": null,
                                  "divisor": null,
                                  "resource": null
                                },
                                "secretKeyRef": {
                                  "key": null,
                                  "name": null,
                                  "optional": null
                                }
                              }
                            },
                            {
                              "name": "POSTGRES_POSTGRES_PASSWORD",
                              "value": null,
                              "valueFrom": {
                                "configMapKeyRef": {
                                  "key": null,
                                  "name": null,
                                  "optional": null
                                },
                                "fieldRef": {
                                  "apiVersion": null,
                                  "fieldPath": null
                                },
                                "resourceFieldRef": {
                                  "containerName": null,
                                  "divisor": null,
                                  "resource": null
                                },
                                "secretKeyRef": {
                                  "key": "postgresql-postgres-password",
                                  "name": "sonarqube-postgresql",
                                  "optional": null
                                }
                              }
                            },
                            {
                              "name": "POSTGRES_USER",
                              "value": "sonarUser",
                              "valueFrom": {
                                "configMapKeyRef": {
                                  "key": null,
                                  "name": null,
                                  "optional": null
                                },
                                "fieldRef": {
                                  "apiVersion": null,
                                  "fieldPath": null
                                },
                                "resourceFieldRef": {
                                  "containerName": null,
                                  "divisor": null,
                                  "resource": null
                                },
                                "secretKeyRef": {
                                  "key": null,
                                  "name": null,
                                  "optional": null
                                }
                              }
                            },
                            {
                              "name": "POSTGRES_PASSWORD",
                              "value": null,
                              "valueFrom": {
                                "configMapKeyRef": {
                                  "key": null,
                                  "name": null,
                                  "optional": null
                                },
                                "fieldRef": {
                                  "apiVersion": null,
                                  "fieldPath": null
                                },
                                "resourceFieldRef": {
                                  "containerName": null,
                                  "divisor": null,
                                  "resource": null
                                },
                                "secretKeyRef": {
                                  "key": "postgresql-password",
                                  "name": "sonarqube-postgresql",
                                  "optional": null
                                }
                              }
                            },
                            {
                              "name": "POSTGRES_DB",
                              "value": "sonarDB",
                              "valueFrom": {
                                "configMapKeyRef": {
                                  "key": null,
                                  "name": null,
                                  "optional": null
                                },
                                "fieldRef": {
                                  "apiVersion": null,
                                  "fieldPath": null
                                },
                                "resourceFieldRef": {
                                  "containerName": null,
                                  "divisor": null,
                                  "resource": null
                                },
                                "secretKeyRef": {
                                  "key": null,
                                  "name": null,
                                  "optional": null
                                }
                              }
                            },
                            {
                              "name": "POSTGRESQL_ENABLE_LDAP",
                              "value": "no",
                              "valueFrom": {
                                "configMapKeyRef": {
                                  "key": null,
                                  "name": null,
                                  "optional": null
                                },
                                "fieldRef": {
                                  "apiVersion": null,
                                  "fieldPath": null
                                },
                                "resourceFieldRef": {
                                  "containerName": null,
                                  "divisor": null,
                                  "resource": null
                                },
                                "secretKeyRef": {
                                  "key": null,
                                  "name": null,
                                  "optional": null
                                }
                              }
                            },
                            {
                              "name": "POSTGRESQL_ENABLE_TLS",
                              "value": "no",
                              "valueFrom": {
                                "configMapKeyRef": {
                                  "key": null,
                                  "name": null,
                                  "optional": null
                                },
                                "fieldRef": {
                                  "apiVersion": null,
                                  "fieldPath": null
                                },
                                "resourceFieldRef": {
                                  "containerName": null,
                                  "divisor": null,
                                  "resource": null
                                },
                                "secretKeyRef": {
                                  "key": null,
                                  "name": null,
                                  "optional": null
                                }
                              }
                            },
                            {
                              "name": "POSTGRESQL_LOG_HOSTNAME",
                              "value": "false",
                              "valueFrom": {
                                "configMapKeyRef": {
                                  "key": null,
                                  "name": null,
                                  "optional": null
                                },
                                "fieldRef": {
                                  "apiVersion": null,
                                  "fieldPath": null
                                },
                                "resourceFieldRef": {
                                  "containerName": null,
                                  "divisor": null,
                                  "resource": null
                                },
                                "secretKeyRef": {
                                  "key": null,
                                  "name": null,
                                  "optional": null
                                }
                              }
                            },
                            {
                              "name": "POSTGRESQL_LOG_CONNECTIONS",
                              "value": "false",
                              "valueFrom": {
                                "configMapKeyRef": {
                                  "key": null,
                                  "name": null,
                                  "optional": null
                                },
                                "fieldRef": {
                                  "apiVersion": null,
                                  "fieldPath": null
                                },
                                "resourceFieldRef": {
                                  "containerName": null,
                                  "divisor": null,
                                  "resource": null
                                },
                                "secretKeyRef": {
                                  "key": null,
                                  "name": null,
                                  "optional": null
                                }
                              }
                            },
                            {
                              "name": "POSTGRESQL_LOG_DISCONNECTIONS",
                              "value": "false",
                              "valueFrom": {
                                "configMapKeyRef": {
                                  "key": null,
                                  "name": null,
                                  "optional": null
                                },
                                "fieldRef": {
                                  "apiVersion": null,
                                  "fieldPath": null
                                },
                                "resourceFieldRef": {
                                  "containerName": null,
                                  "divisor": null,
                                  "resource": null
                                },
                                "secretKeyRef": {
                                  "key": null,
                                  "name": null,
                                  "optional": null
                                }
                              }
                            },
                            {
                              "name": "POSTGRESQL_PGAUDIT_LOG_CATALOG",
                              "value": "off",
                              "valueFrom": {
                                "configMapKeyRef": {
                                  "key": null,
                                  "name": null,
                                  "optional": null
                                },
                                "fieldRef": {
                                  "apiVersion": null,
                                  "fieldPath": null
                                },
                                "resourceFieldRef": {
                                  "containerName": null,
                                  "divisor": null,
                                  "resource": null
                                },
                                "secretKeyRef": {
                                  "key": null,
                                  "name": null,
                                  "optional": null
                                }
                              }
                            },
                            {
                              "name": "POSTGRESQL_CLIENT_MIN_MESSAGES",
                              "value": "error",
                              "valueFrom": {
                                "configMapKeyRef": {
                                  "key": null,
                                  "name": null,
                                  "optional": null
                                },
                                "fieldRef": {
                                  "apiVersion": null,
                                  "fieldPath": null
                                },
                                "resourceFieldRef": {
                                  "containerName": null,
                                  "divisor": null,
                                  "resource": null
                                },
                                "secretKeyRef": {
                                  "key": null,
                                  "name": null,
                                  "optional": null
                                }
                              }
                            },
                            {
                              "name": "POSTGRESQL_SHARED_PRELOAD_LIBRARIES",
                              "value": "pgaudit",
                              "valueFrom": {
                                "configMapKeyRef": {
                                  "key": null,
                                  "name": null,
                                  "optional": null
                                },
                                "fieldRef": {
                                  "apiVersion": null,
                                  "fieldPath": null
                                },
                                "resourceFieldRef": {
                                  "containerName": null,
                                  "divisor": null,
                                  "resource": null
                                },
                                "secretKeyRef": {
                                  "key": null,
                                  "name": null,
                                  "optional": null
                                }
                              }
                            }
                          ],
                          "envFrom": null,
                          "image": "docker.io/bitnami/postgresql:11.14.0-debian-10-r22",
                          "imagePullPolicy": "IfNotPresent",
                          "lifecycle": {
                            "postStart": {
                              "exec": {
                                "command": null
                              },
                              "httpGet": {
                                "host": null,
                                "httpHeaders": null,
                                "path": null,
                                "port": null,
                                "scheme": null
                              },
                              "tcpSocket": {
                                "host": null,
                                "port": null
                              }
                            },
                            "preStop": {
                              "exec": {
                                "command": null
                              },
                              "httpGet": {
                                "host": null,
                                "httpHeaders": null,
                                "path": null,
                                "port": null,
                                "scheme": null
                              },
                              "tcpSocket": {
                                "host": null,
                                "port": null
                              }
                            }
                          },
                          "livenessProbe": {
                            "exec": {
                              "command": [
                                "/bin/sh",
                                "-c",
                                "exec pg_isready -U \"sonarUser\" -d \"dbname=sonarDB\" -h 127.0.0.1 -p 5432"
                              ]
                            },
                            "failureThreshold": 6,
                            "grpc": {
                              "port": null,
                              "service": null
                            },
                            "httpGet": {
                              "host": null,
                              "httpHeaders": null,
                              "path": null,
                              "port": null,
                              "scheme": null
                            },
                            "initialDelaySeconds": 30,
                            "periodSeconds": 10,
                            "successThreshold": 1,
                            "tcpSocket": {
                              "host": null,
                              "port": null
                            },
                            "terminationGracePeriodSeconds": null,
                            "timeoutSeconds": 5
                          },
                          "name": "sonarqube-postgresql",
                          "ports": [
                            {
                              "containerPort": 5432,
                              "hostIP": null,
                              "hostPort": null,
                              "name": "tcp-postgresql",
                              "protocol": "TCP"
                            }
                          ],
                          "readinessProbe": {
                            "exec": {
                              "command": [
                                "/bin/sh",
                                "-c",
                                "-e",
                                "exec pg_isready -U \"sonarUser\" -d \"dbname=sonarDB\" -h 127.0.0.1 -p 5432\n[ -f /opt/bitnami/postgresql/tmp/.initialized ] || [ -f /bitnami/postgresql/.initialized ]\n\n"
                              ]
                            },
                            "failureThreshold": 6,
                            "grpc": {
                              "port": null,
                              "service": null
                            },
                            "httpGet": {
                              "host": null,
                              "httpHeaders": null,
                              "path": null,
                              "port": null,
                              "scheme": null
                            },
                            "initialDelaySeconds": 5,
                            "periodSeconds": 10,
                            "successThreshold": 1,
                            "tcpSocket": {
                              "host": null,
                              "port": null
                            },
                            "terminationGracePeriodSeconds": null,
                            "timeoutSeconds": 5
                          },
                          "resizePolicy": null,
                          "resources": {
                            "claims": null,
                            "limits": {
                              "cpu": "2",
                              "memory": "2Gi"
                            },
                            "requests": {
                              "cpu": "100m",
                              "memory": "200Mi"
                            }
                          },
                          "securityContext": {
                            "allowPrivilegeEscalation": null,
                            "capabilities": {
                              "add": null,
                              "drop": null
                            },
                            "privileged": null,
                            "procMount": null,
                            "readOnlyRootFilesystem": null,
                            "runAsGroup": null,
                            "runAsNonRoot": null,
                            "runAsUser": 1001,
                            "seLinuxOptions": {
                              "level": null,
                              "role": null,
                              "type": null,
                              "user": null
                            },
                            "seccompProfile": {
                              "localhostProfile": null,
                              "type": null
                            },
                            "windowsOptions": {
                              "gmsaCredentialSpec": null,
                              "gmsaCredentialSpecName": null,
                              "hostProcess": null,
                              "runAsUserName": null
                            }
                          },
                          "startupProbe": {
                            "exec": {
                              "command": null
                            },
                            "failureThreshold": null,
                            "grpc": {
                              "port": null,
                              "service": null
                            },
                            "httpGet": {
                              "host": null,
                              "httpHeaders": null,
                              "path": null,
                              "port": null,
                              "scheme": null
                            },
                            "initialDelaySeconds": null,
                            "periodSeconds": null,
                            "successThreshold": null,
                            "tcpSocket": {
                              "host": null,
                              "port": null
                            },
                            "terminationGracePeriodSeconds": null,
                            "timeoutSeconds": null
                          },
                          "stdin": null,
                          "stdinOnce": null,
                          "terminationMessagePath": "/dev/termination-log",
                          "terminationMessagePolicy": "File",
                          "tty": null,
                          "volumeDevices": null,
                          "volumeMounts": [
                            {
                              "mountPath": "/dev/shm",
                              "mountPropagation": null,
                              "name": "dshm",
                              "readOnly": null,
                              "subPath": null,
                              "subPathExpr": null
                            },
                            {
                              "mountPath": "/bitnami/postgresql",
                              "mountPropagation": null,
                              "name": "data",
                              "readOnly": null,
                              "subPath": null,
                              "subPathExpr": null
                            }
                          ],
                          "workingDir": null
                        }
                      ],
                      "dnsConfig": {
                        "nameservers": null,
                        "options": null,
                        "searches": null
                      },
                      "dnsPolicy": "ClusterFirst",
                      "enableServiceLinks": null,
                      "ephemeralContainers": null,
                      "hostAliases": null,
                      "hostIPC": null,
                      "hostNetwork": null,
                      "hostPID": null,
                      "hostUsers": null,
                      "hostname": null,
                      "imagePullSecrets": null,
                      "initContainers": null,
                      "nodeName": null,
                      "nodeSelector": null,
                      "os": {
                        "name": null
                      },
                      "overhead": null,
                      "preemptionPolicy": null,
                      "priority": null,
                      "priorityClassName": null,
                      "readinessGates": null,
                      "resourceClaims": null,
                      "restartPolicy": "Always",
                      "runtimeClassName": null,
                      "schedulerName": "default-scheduler",
                      "schedulingGates": null,
                      "securityContext": {
                        "fsGroup": 1001,
                        "fsGroupChangePolicy": null,
                        "runAsGroup": null,
                        "runAsNonRoot": null,
                        "runAsUser": null,
                        "seLinuxOptions": {
                          "level": null,
                          "role": null,
                          "type": null,
                          "user": null
                        },
                        "seccompProfile": {
                          "localhostProfile": null,
                          "type": null
                        },
                        "supplementalGroups": null,
                        "sysctls": null,
                        "windowsOptions": {
                          "gmsaCredentialSpec": null,
                          "gmsaCredentialSpecName": null,
                          "hostProcess": null,
                          "runAsUserName": null
                        }
                      },
                      "serviceAccount": null,
                      "serviceAccountName": null,
                      "setHostnameAsFQDN": null,
                      "shareProcessNamespace": null,
                      "subdomain": null,
                      "terminationGracePeriodSeconds": 30,
                      "tolerations": null,
                      "topologySpreadConstraints": null,
                      "volumes": [
                        {
                          "awsElasticBlockStore": {
                            "fsType": null,
                            "partition": null,
                            "readOnly": null,
                            "volumeID": null
                          },
                          "azureDisk": {
                            "cachingMode": null,
                            "diskName": null,
                            "diskURI": null,
                            "fsType": null,
                            "kind": null,
                            "readOnly": null
                          },
                          "azureFile": {
                            "readOnly": null,
                            "secretName": null,
                            "shareName": null
                          },
                          "cephfs": {
                            "monitors": null,
                            "path": null,
                            "readOnly": null,
                            "secretFile": null,
                            "secretRef": {
                              "name": null
                            },
                            "user": null
                          },
                          "cinder": {
                            "fsType": null,
                            "readOnly": null,
                            "secretRef": {
                              "name": null
                            },
                            "volumeID": null
                          },
                          "configMap": {
                            "defaultMode": null,
                            "items": null,
                            "name": null,
                            "optional": null
                          },
                          "csi": {
                            "driver": null,
                            "fsType": null,
                            "nodePublishSecretRef": {
                              "name": null
                            },
                            "readOnly": null,
                            "volumeAttributes": null
                          },
                          "downwardAPI": {
                            "defaultMode": null,
                            "items": null
                          },
                          "emptyDir": {
                            "medium": "Memory",
                            "sizeLimit": null
                          },
                          "ephemeral": {
                            "volumeClaimTemplate": {
                              "metadata": {
                                "annotations": null,
                                "creationTimestamp": null,
                                "deletionGracePeriodSeconds": null,
                                "deletionTimestamp": null,
                                "finalizers": null,
                                "generateName": null,
                                "generation": null,
                                "labels": null,
                                "managedFields": null,
                                "name": null,
                                "namespace": null,
                                "ownerReferences": null,
                                "resourceVersion": null,
                                "selfLink": null,
                                "uid": null
                              },
                              "spec": {
                                "accessModes": null,
                                "dataSource": {
                                  "apiGroup": null,
                                  "kind": null,
                                  "name": null
                                },
                                "dataSourceRef": {
                                  "apiGroup": null,
                                  "kind": null,
                                  "name": null,
                                  "namespace": null
                                },
                                "resources": {
                                  "claims": null,
                                  "limits": null,
                                  "requests": null
                                },
                                "selector": {
                                  "matchExpressions": null,
                                  "matchLabels": null
                                },
                                "storageClassName": null,
                                "volumeMode": null,
                                "volumeName": null
                              }
                            }
                          },
                          "fc": {
                            "fsType": null,
                            "lun": null,
                            "readOnly": null,
                            "targetWWNs": null,
                            "wwids": null
                          },
                          "flexVolume": {
                            "driver": null,
                            "fsType": null,
                            "options": null,
                            "readOnly": null,
                            "secretRef": {
                              "name": null
                            }
                          },
                          "flocker": {
                            "datasetName": null,
                            "datasetUUID": null
                          },
                          "gcePersistentDisk": {
                            "fsType": null,
                            "partition": null,
                            "pdName": null,
                            "readOnly": null
                          },
                          "gitRepo": {
                            "directory": null,
                            "repository": null,
                            "revision": null
                          },
                          "glusterfs": {
                            "endpoints": null,
                            "path": null,
                            "readOnly": null
                          },
                          "hostPath": {
                            "path": null,
                            "type": null
                          },
                          "iscsi": {
                            "chapAuthDiscovery": null,
                            "chapAuthSession": null,
                            "fsType": null,
                            "initiatorName": null,
                            "iqn": null,
                            "iscsiInterface": null,
                            "lun": null,
                            "portals": null,
                            "readOnly": null,
                            "secretRef": {
                              "name": null
                            },
                            "targetPortal": null
                          },
                          "name": "dshm",
                          "nfs": {
                            "path": null,
                            "readOnly": null,
                            "server": null
                          },
                          "persistentVolumeClaim": {
                            "claimName": null,
                            "readOnly": null
                          },
                          "photonPersistentDisk": {
                            "fsType": null,
                            "pdID": null
                          },
                          "portworxVolume": {
                            "fsType": null,
                            "readOnly": null,
                            "volumeID": null
                          },
                          "projected": {
                            "defaultMode": null,
                            "sources": null
                          },
                          "quobyte": {
                            "group": null,
                            "readOnly": null,
                            "registry": null,
                            "tenant": null,
                            "user": null,
                            "volume": null
                          },
                          "rbd": {
                            "fsType": null,
                            "image": null,
                            "keyring": null,
                            "monitors": null,
                            "pool": null,
                            "readOnly": null,
                            "secretRef": {
                              "name": null
                            },
                            "user": null
                          },
                          "scaleIO": {
                            "fsType": null,
                            "gateway": null,
                            "protectionDomain": null,
                            "readOnly": null,
                            "secretRef": {
                              "name": null
                            },
                            "sslEnabled": null,
                            "storageMode": null,
                            "storagePool": null,
                            "system": null,
                            "volumeName": null
                          },
                          "secret": {
                            "defaultMode": null,
                            "items": null,
                            "optional": null,
                            "secretName": null
                          },
                          "storageos": {
                            "fsType": null,
                            "readOnly": null,
                            "secretRef": {
                              "name": null
                            },
                            "volumeName": null,
                            "volumeNamespace": null
                          },
                          "vsphereVolume": {
                            "fsType": null,
                            "storagePolicyID": null,
                            "storagePolicyName": null,
                            "volumePath": null
                          }
                        },
                        {
                          "awsElasticBlockStore": {
                            "fsType": null,
                            "partition": null,
                            "readOnly": null,
                            "volumeID": null
                          },
                          "azureDisk": {
                            "cachingMode": null,
                            "diskName": null,
                            "diskURI": null,
                            "fsType": null,
                            "kind": null,
                            "readOnly": null
                          },
                          "azureFile": {
                            "readOnly": null,
                            "secretName": null,
                            "shareName": null
                          },
                          "cephfs": {
                            "monitors": null,
                            "path": null,
                            "readOnly": null,
                            "secretFile": null,
                            "secretRef": {
                              "name": null
                            },
                            "user": null
                          },
                          "cinder": {
                            "fsType": null,
                            "readOnly": null,
                            "secretRef": {
                              "name": null
                            },
                            "volumeID": null
                          },
                          "configMap": {
                            "defaultMode": null,
                            "items": null,
                            "name": null,
                            "optional": null
                          },
                          "csi": {
                            "driver": null,
                            "fsType": null,
                            "nodePublishSecretRef": {
                              "name": null
                            },
                            "readOnly": null,
                            "volumeAttributes": null
                          },
                          "downwardAPI": {
                            "defaultMode": null,
                            "items": null
                          },
                          "emptyDir": {
                            "medium": null,
                            "sizeLimit": null
                          },
                          "ephemeral": {
                            "volumeClaimTemplate": {
                              "metadata": {
                                "annotations": null,
                                "creationTimestamp": null,
                                "deletionGracePeriodSeconds": null,
                                "deletionTimestamp": null,
                                "finalizers": null,
                                "generateName": null,
                                "generation": null,
                                "labels": null,
                                "managedFields": null,
                                "name": null,
                                "namespace": null,
                                "ownerReferences": null,
                                "resourceVersion": null,
                                "selfLink": null,
                                "uid": null
                              },
                              "spec": {
                                "accessModes": null,
                                "dataSource": {
                                  "apiGroup": null,
                                  "kind": null,
                                  "name": null
                                },
                                "dataSourceRef": {
                                  "apiGroup": null,
                                  "kind": null,
                                  "name": null,
                                  "namespace": null
                                },
                                "resources": {
                                  "claims": null,
                                  "limits": null,
                                  "requests": null
                                },
                                "selector": {
                                  "matchExpressions": null,
                                  "matchLabels": null
                                },
                                "storageClassName": null,
                                "volumeMode": null,
                                "volumeName": null
                              }
                            }
                          },
                          "fc": {
                            "fsType": null,
                            "lun": null,
                            "readOnly": null,
                            "targetWWNs": null,
                            "wwids": null
                          },
                          "flexVolume": {
                            "driver": null,
                            "fsType": null,
                            "options": null,
                            "readOnly": null,
                            "secretRef": {
                              "name": null
                            }
                          },
                          "flocker": {
                            "datasetName": null,
                            "datasetUUID": null
                          },
                          "gcePersistentDisk": {
                            "fsType": null,
                            "partition": null,
                            "pdName": null,
                            "readOnly": null
                          },
                          "gitRepo": {
                            "directory": null,
                            "repository": null,
                            "revision": null
                          },
                          "glusterfs": {
                            "endpoints": null,
                            "path": null,
                            "readOnly": null
                          },
                          "hostPath": {
                            "path": null,
                            "type": null
                          },
                          "iscsi": {
                            "chapAuthDiscovery": null,
                            "chapAuthSession": null,
                            "fsType": null,
                            "initiatorName": null,
                            "iqn": null,
                            "iscsiInterface": null,
                            "lun": null,
                            "portals": null,
                            "readOnly": null,
                            "secretRef": {
                              "name": null
                            },
                            "targetPortal": null
                          },
                          "name": "data",
                          "nfs": {
                            "path": null,
                            "readOnly": null,
                            "server": null
                          },
                          "persistentVolumeClaim": {
                            "claimName": "data-sonarqube-postgresql-0",
                            "readOnly": null
                          },
                          "photonPersistentDisk": {
                            "fsType": null,
                            "pdID": null
                          },
                          "portworxVolume": {
                            "fsType": null,
                            "readOnly": null,
                            "volumeID": null
                          },
                          "projected": {
                            "defaultMode": null,
                            "sources": null
                          },
                          "quobyte": {
                            "group": null,
                            "readOnly": null,
                            "registry": null,
                            "tenant": null,
                            "user": null,
                            "volume": null
                          },
                          "rbd": {
                            "fsType": null,
                            "image": null,
                            "keyring": null,
                            "monitors": null,
                            "pool": null,
                            "readOnly": null,
                            "secretRef": {
                              "name": null
                            },
                            "user": null
                          },
                          "scaleIO": {
                            "fsType": null,
                            "gateway": null,
                            "protectionDomain": null,
                            "readOnly": null,
                            "secretRef": {
                              "name": null
                            },
                            "sslEnabled": null,
                            "storageMode": null,
                            "storagePool": null,
                            "system": null,
                            "volumeName": null
                          },
                          "secret": {
                            "defaultMode": null,
                            "items": null,
                            "optional": null,
                            "secretName": null
                          },
                          "storageos": {
                            "fsType": null,
                            "readOnly": null,
                            "secretRef": {
                              "name": null
                            },
                            "volumeName": null,
                            "volumeNamespace": null
                          },
                          "vsphereVolume": {
                            "fsType": null,
                            "storagePolicyID": null,
                            "storagePolicyName": null,
                            "volumePath": null
                          }
                        }
                      ]
                    }
                  },
                  "updateStrategy": {
                    "rollingUpdate": {
                      "maxUnavailable": null,
                      "partition": null
                    },
                    "type": "RollingUpdate"
                  },
                  "volumeClaimTemplates": null
                }
              },
              "type": [
                "object",
                {
                  "apiVersion": "string",
                  "kind": "string",
                  "metadata": [
                    "object",
                    {
                      "annotations": [
                        "map",
                        "string"
                      ],
                      "creationTimestamp": "string",
                      "deletionGracePeriodSeconds": "number",
                      "deletionTimestamp": "string",
                      "finalizers": [
                        "list",
                        "string"
                      ],
                      "generateName": "string",
                      "generation": "number",
                      "labels": [
                        "map",
                        "string"
                      ],
                      "managedFields": [
                        "tuple",
                        [
                          [
                            "object",
                            {
                              "apiVersion": "string",
                              "fieldsType": "string",
                              "fieldsV1": "dynamic",
                              "manager": "string",
                              "operation": "string",
                              "subresource": "string",
                              "time": "string"
                            }
                          ]
                        ]
                      ],
                      "name": "string",
                      "namespace": "string",
                      "ownerReferences": [
                        "list",
                        [
                          "object",
                          {
                            "apiVersion": "string",
                            "blockOwnerDeletion": "bool",
                            "controller": "bool",
                            "kind": "string",
                            "name": "string",
                            "uid": "string"
                          }
                        ]
                      ],
                      "resourceVersion": "string",
                      "selfLink": "string",
                      "uid": "string"
                    }
                  ],
                  "spec": [
                    "object",
                    {
                      "minReadySeconds": "number",
                      "ordinals": [
                        "object",
                        {
                          "start": "number"
                        }
                      ],
                      "persistentVolumeClaimRetentionPolicy": [
                        "object",
                        {
                          "whenDeleted": "string",
                          "whenScaled": "string"
                        }
                      ],
                      "podManagementPolicy": "string",
                      "replicas": "number",
                      "revisionHistoryLimit": "number",
                      "selector": [
                        "object",
                        {
                          "matchExpressions": [
                            "list",
                            [
                              "object",
                              {
                                "key": "string",
                                "operator": "string",
                                "values": [
                                  "list",
                                  "string"
                                ]
                              }
                            ]
                          ],
                          "matchLabels": [
                            "map",
                            "string"
                          ]
                        }
                      ],
                      "serviceName": "string",
                      "template": [
                        "object",
                        {
                          "metadata": [
                            "object",
                            {
                              "annotations": [
                                "map",
                                "string"
                              ],
                              "creationTimestamp": "string",
                              "deletionGracePeriodSeconds": "number",
                              "deletionTimestamp": "string",
                              "finalizers": [
                                "list",
                                "string"
                              ],
                              "generateName": "string",
                              "generation": "number",
                              "labels": [
                                "map",
                                "string"
                              ],
                              "managedFields": [
                                "tuple",
                                [
                                  [
                                    "object",
                                    {
                                      "apiVersion": "string",
                                      "fieldsType": "string",
                                      "fieldsV1": "dynamic",
                                      "manager": "string",
                                      "operation": "string",
                                      "subresource": "string",
                                      "time": "string"
                                    }
                                  ]
                                ]
                              ],
                              "name": "string",
                              "namespace": "string",
                              "ownerReferences": [
                                "list",
                                [
                                  "object",
                                  {
                                    "apiVersion": "string",
                                    "blockOwnerDeletion": "bool",
                                    "controller": "bool",
                                    "kind": "string",
                                    "name": "string",
                                    "uid": "string"
                                  }
                                ]
                              ],
                              "resourceVersion": "string",
                              "selfLink": "string",
                              "uid": "string"
                            }
                          ],
                          "spec": [
                            "object",
                            {
                              "activeDeadlineSeconds": "number",
                              "affinity": [
                                "object",
                                {
                                  "nodeAffinity": [
                                    "object",
                                    {
                                      "preferredDuringSchedulingIgnoredDuringExecution": [
                                        "list",
                                        [
                                          "object",
                                          {
                                            "preference": [
                                              "object",
                                              {
                                                "matchExpressions": [
                                                  "list",
                                                  [
                                                    "object",
                                                    {
                                                      "key": "string",
                                                      "operator": "string",
                                                      "values": [
                                                        "list",
                                                        "string"
                                                      ]
                                                    }
                                                  ]
                                                ],
                                                "matchFields": [
                                                  "list",
                                                  [
                                                    "object",
                                                    {
                                                      "key": "string",
                                                      "operator": "string",
                                                      "values": [
                                                        "list",
                                                        "string"
                                                      ]
                                                    }
                                                  ]
                                                ]
                                              }
                                            ],
                                            "weight": "number"
                                          }
                                        ]
                                      ],
                                      "requiredDuringSchedulingIgnoredDuringExecution": [
                                        "object",
                                        {
                                          "nodeSelectorTerms": [
                                            "list",
                                            [
                                              "object",
                                              {
                                                "matchExpressions": [
                                                  "list",
                                                  [
                                                    "object",
                                                    {
                                                      "key": "string",
                                                      "operator": "string",
                                                      "values": [
                                                        "list",
                                                        "string"
                                                      ]
                                                    }
                                                  ]
                                                ],
                                                "matchFields": [
                                                  "list",
                                                  [
                                                    "object",
                                                    {
                                                      "key": "string",
                                                      "operator": "string",
                                                      "values": [
                                                        "list",
                                                        "string"
                                                      ]
                                                    }
                                                  ]
                                                ]
                                              }
                                            ]
                                          ]
                                        }
                                      ]
                                    }
                                  ],
                                  "podAffinity": [
                                    "object",
                                    {
                                      "preferredDuringSchedulingIgnoredDuringExecution": [
                                        "list",
                                        [
                                          "object",
                                          {
                                            "podAffinityTerm": [
                                              "object",
                                              {
                                                "labelSelector": [
                                                  "object",
                                                  {
                                                    "matchExpressions": [
                                                      "list",
                                                      [
                                                        "object",
                                                        {
                                                          "key": "string",
                                                          "operator": "string",
                                                          "values": [
                                                            "list",
                                                            "string"
                                                          ]
                                                        }
                                                      ]
                                                    ],
                                                    "matchLabels": [
                                                      "map",
                                                      "string"
                                                    ]
                                                  }
                                                ],
                                                "namespaceSelector": [
                                                  "object",
                                                  {
                                                    "matchExpressions": [
                                                      "list",
                                                      [
                                                        "object",
                                                        {
                                                          "key": "string",
                                                          "operator": "string",
                                                          "values": [
                                                            "list",
                                                            "string"
                                                          ]
                                                        }
                                                      ]
                                                    ],
                                                    "matchLabels": [
                                                      "map",
                                                      "string"
                                                    ]
                                                  }
                                                ],
                                                "namespaces": [
                                                  "list",
                                                  "string"
                                                ],
                                                "topologyKey": "string"
                                              }
                                            ],
                                            "weight": "number"
                                          }
                                        ]
                                      ],
                                      "requiredDuringSchedulingIgnoredDuringExecution": [
                                        "list",
                                        [
                                          "object",
                                          {
                                            "labelSelector": [
                                              "object",
                                              {
                                                "matchExpressions": [
                                                  "list",
                                                  [
                                                    "object",
                                                    {
                                                      "key": "string",
                                                      "operator": "string",
                                                      "values": [
                                                        "list",
                                                        "string"
                                                      ]
                                                    }
                                                  ]
                                                ],
                                                "matchLabels": [
                                                  "map",
                                                  "string"
                                                ]
                                              }
                                            ],
                                            "namespaceSelector": [
                                              "object",
                                              {
                                                "matchExpressions": [
                                                  "list",
                                                  [
                                                    "object",
                                                    {
                                                      "key": "string",
                                                      "operator": "string",
                                                      "values": [
                                                        "list",
                                                        "string"
                                                      ]
                                                    }
                                                  ]
                                                ],
                                                "matchLabels": [
                                                  "map",
                                                  "string"
                                                ]
                                              }
                                            ],
                                            "namespaces": [
                                              "list",
                                              "string"
                                            ],
                                            "topologyKey": "string"
                                          }
                                        ]
                                      ]
                                    }
                                  ],
                                  "podAntiAffinity": [
                                    "object",
                                    {
                                      "preferredDuringSchedulingIgnoredDuringExecution": [
                                        "list",
                                        [
                                          "object",
                                          {
                                            "podAffinityTerm": [
                                              "object",
                                              {
                                                "labelSelector": [
                                                  "object",
                                                  {
                                                    "matchExpressions": [
                                                      "list",
                                                      [
                                                        "object",
                                                        {
                                                          "key": "string",
                                                          "operator": "string",
                                                          "values": [
                                                            "list",
                                                            "string"
                                                          ]
                                                        }
                                                      ]
                                                    ],
                                                    "matchLabels": [
                                                      "map",
                                                      "string"
                                                    ]
                                                  }
                                                ],
                                                "namespaceSelector": [
                                                  "object",
                                                  {
                                                    "matchExpressions": [
                                                      "list",
                                                      [
                                                        "object",
                                                        {
                                                          "key": "string",
                                                          "operator": "string",
                                                          "values": [
                                                            "list",
                                                            "string"
                                                          ]
                                                        }
                                                      ]
                                                    ],
                                                    "matchLabels": [
                                                      "map",
                                                      "string"
                                                    ]
                                                  }
                                                ],
                                                "namespaces": [
                                                  "list",
                                                  "string"
                                                ],
                                                "topologyKey": "string"
                                              }
                                            ],
                                            "weight": "number"
                                          }
                                        ]
                                      ],
                                      "requiredDuringSchedulingIgnoredDuringExecution": [
                                        "list",
                                        [
                                          "object",
                                          {
                                            "labelSelector": [
                                              "object",
                                              {
                                                "matchExpressions": [
                                                  "list",
                                                  [
                                                    "object",
                                                    {
                                                      "key": "string",
                                                      "operator": "string",
                                                      "values": [
                                                        "list",
                                                        "string"
                                                      ]
                                                    }
                                                  ]
                                                ],
                                                "matchLabels": [
                                                  "map",
                                                  "string"
                                                ]
                                              }
                                            ],
                                            "namespaceSelector": [
                                              "object",
                                              {
                                                "matchExpressions": [
                                                  "list",
                                                  [
                                                    "object",
                                                    {
                                                      "key": "string",
                                                      "operator": "string",
                                                      "values": [
                                                        "list",
                                                        "string"
                                                      ]
                                                    }
                                                  ]
                                                ],
                                                "matchLabels": [
                                                  "map",
                                                  "string"
                                                ]
                                              }
                                            ],
                                            "namespaces": [
                                              "list",
                                              "string"
                                            ],
                                            "topologyKey": "string"
                                          }
                                        ]
                                      ]
                                    }
                                  ]
                                }
                              ],
                              "automountServiceAccountToken": "bool",
                              "containers": [
                                "list",
                                [
                                  "object",
                                  {
                                    "args": [
                                      "list",
                                      "string"
                                    ],
                                    "command": [
                                      "list",
                                      "string"
                                    ],
                                    "env": [
                                      "list",
                                      [
                                        "object",
                                        {
                                          "name": "string",
                                          "value": "string",
                                          "valueFrom": [
                                            "object",
                                            {
                                              "configMapKeyRef": [
                                                "object",
                                                {
                                                  "key": "string",
                                                  "name": "string",
                                                  "optional": "bool"
                                                }
                                              ],
                                              "fieldRef": [
                                                "object",
                                                {
                                                  "apiVersion": "string",
                                                  "fieldPath": "string"
                                                }
                                              ],
                                              "resourceFieldRef": [
                                                "object",
                                                {
                                                  "containerName": "string",
                                                  "divisor": "string",
                                                  "resource": "string"
                                                }
                                              ],
                                              "secretKeyRef": [
                                                "object",
                                                {
                                                  "key": "string",
                                                  "name": "string",
                                                  "optional": "bool"
                                                }
                                              ]
                                            }
                                          ]
                                        }
                                      ]
                                    ],
                                    "envFrom": [
                                      "list",
                                      [
                                        "object",
                                        {
                                          "configMapRef": [
                                            "object",
                                            {
                                              "name": "string",
                                              "optional": "bool"
                                            }
                                          ],
                                          "prefix": "string",
                                          "secretRef": [
                                            "object",
                                            {
                                              "name": "string",
                                              "optional": "bool"
                                            }
                                          ]
                                        }
                                      ]
                                    ],
                                    "image": "string",
                                    "imagePullPolicy": "string",
                                    "lifecycle": [
                                      "object",
                                      {
                                        "postStart": [
                                          "object",
                                          {
                                            "exec": [
                                              "object",
                                              {
                                                "command": [
                                                  "list",
                                                  "string"
                                                ]
                                              }
                                            ],
                                            "httpGet": [
                                              "object",
                                              {
                                                "host": "string",
                                                "httpHeaders": [
                                                  "list",
                                                  [
                                                    "object",
                                                    {
                                                      "name": "string",
                                                      "value": "string"
                                                    }
                                                  ]
                                                ],
                                                "path": "string",
                                                "port": "string",
                                                "scheme": "string"
                                              }
                                            ],
                                            "tcpSocket": [
                                              "object",
                                              {
                                                "host": "string",
                                                "port": "string"
                                              }
                                            ]
                                          }
                                        ],
                                        "preStop": [
                                          "object",
                                          {
                                            "exec": [
                                              "object",
                                              {
                                                "command": [
                                                  "list",
                                                  "string"
                                                ]
                                              }
                                            ],
                                            "httpGet": [
                                              "object",
                                              {
                                                "host": "string",
                                                "httpHeaders": [
                                                  "list",
                                                  [
                                                    "object",
                                                    {
                                                      "name": "string",
                                                      "value": "string"
                                                    }
                                                  ]
                                                ],
                                                "path": "string",
                                                "port": "string",
                                                "scheme": "string"
                                              }
                                            ],
                                            "tcpSocket": [
                                              "object",
                                              {
                                                "host": "string",
                                                "port": "string"
                                              }
                                            ]
                                          }
                                        ]
                                      }
                                    ],
                                    "livenessProbe": [
                                      "object",
                                      {
                                        "exec": [
                                          "object",
                                          {
                                            "command": [
                                              "list",
                                              "string"
                                            ]
                                          }
                                        ],
                                        "failureThreshold": "number",
                                        "grpc": [
                                          "object",
                                          {
                                            "port": "number",
                                            "service": "string"
                                          }
                                        ],
                                        "httpGet": [
                                          "object",
                                          {
                                            "host": "string",
                                            "httpHeaders": [
                                              "list",
                                              [
                                                "object",
                                                {
                                                  "name": "string",
                                                  "value": "string"
                                                }
                                              ]
                                            ],
                                            "path": "string",
                                            "port": "string",
                                            "scheme": "string"
                                          }
                                        ],
                                        "initialDelaySeconds": "number",
                                        "periodSeconds": "number",
                                        "successThreshold": "number",
                                        "tcpSocket": [
                                          "object",
                                          {
                                            "host": "string",
                                            "port": "string"
                                          }
                                        ],
                                        "terminationGracePeriodSeconds": "number",
                                        "timeoutSeconds": "number"
                                      }
                                    ],
                                    "name": "string",
                                    "ports": [
                                      "list",
                                      [
                                        "object",
                                        {
                                          "containerPort": "number",
                                          "hostIP": "string",
                                          "hostPort": "number",
                                          "name": "string",
                                          "protocol": "string"
                                        }
                                      ]
                                    ],
                                    "readinessProbe": [
                                      "object",
                                      {
                                        "exec": [
                                          "object",
                                          {
                                            "command": [
                                              "list",
                                              "string"
                                            ]
                                          }
                                        ],
                                        "failureThreshold": "number",
                                        "grpc": [
                                          "object",
                                          {
                                            "port": "number",
                                            "service": "string"
                                          }
                                        ],
                                        "httpGet": [
                                          "object",
                                          {
                                            "host": "string",
                                            "httpHeaders": [
                                              "list",
                                              [
                                                "object",
                                                {
                                                  "name": "string",
                                                  "value": "string"
                                                }
                                              ]
                                            ],
                                            "path": "string",
                                            "port": "string",
                                            "scheme": "string"
                                          }
                                        ],
                                        "initialDelaySeconds": "number",
                                        "periodSeconds": "number",
                                        "successThreshold": "number",
                                        "tcpSocket": [
                                          "object",
                                          {
                                            "host": "string",
                                            "port": "string"
                                          }
                                        ],
                                        "terminationGracePeriodSeconds": "number",
                                        "timeoutSeconds": "number"
                                      }
                                    ],
                                    "resizePolicy": [
                                      "list",
                                      [
                                        "object",
                                        {
                                          "resourceName": "string",
                                          "restartPolicy": "string"
                                        }
                                      ]
                                    ],
                                    "resources": [
                                      "object",
                                      {
                                        "claims": [
                                          "list",
                                          [
                                            "object",
                                            {
                                              "name": "string"
                                            }
                                          ]
                                        ],
                                        "limits": [
                                          "map",
                                          "string"
                                        ],
                                        "requests": [
                                          "map",
                                          "string"
                                        ]
                                      }
                                    ],
                                    "securityContext": [
                                      "object",
                                      {
                                        "allowPrivilegeEscalation": "bool",
                                        "capabilities": [
                                          "object",
                                          {
                                            "add": [
                                              "list",
                                              "string"
                                            ],
                                            "drop": [
                                              "list",
                                              "string"
                                            ]
                                          }
                                        ],
                                        "privileged": "bool",
                                        "procMount": "string",
                                        "readOnlyRootFilesystem": "bool",
                                        "runAsGroup": "number",
                                        "runAsNonRoot": "bool",
                                        "runAsUser": "number",
                                        "seLinuxOptions": [
                                          "object",
                                          {
                                            "level": "string",
                                            "role": "string",
                                            "type": "string",
                                            "user": "string"
                                          }
                                        ],
                                        "seccompProfile": [
                                          "object",
                                          {
                                            "localhostProfile": "string",
                                            "type": "string"
                                          }
                                        ],
                                        "windowsOptions": [
                                          "object",
                                          {
                                            "gmsaCredentialSpec": "string",
                                            "gmsaCredentialSpecName": "string",
                                            "hostProcess": "bool",
                                            "runAsUserName": "string"
                                          }
                                        ]
                                      }
                                    ],
                                    "startupProbe": [
                                      "object",
                                      {
                                        "exec": [
                                          "object",
                                          {
                                            "command": [
                                              "list",
                                              "string"
                                            ]
                                          }
                                        ],
                                        "failureThreshold": "number",
                                        "grpc": [
                                          "object",
                                          {
                                            "port": "number",
                                            "service": "string"
                                          }
                                        ],
                                        "httpGet": [
                                          "object",
                                          {
                                            "host": "string",
                                            "httpHeaders": [
                                              "list",
                                              [
                                                "object",
                                                {
                                                  "name": "string",
                                                  "value": "string"
                                                }
                                              ]
                                            ],
                                            "path": "string",
                                            "port": "string",
                                            "scheme": "string"
                                          }
                                        ],
                                        "initialDelaySeconds": "number",
                                        "periodSeconds": "number",
                                        "successThreshold": "number",
                                        "tcpSocket": [
                                          "object",
                                          {
                                            "host": "string",
                                            "port": "string"
                                          }
                                        ],
                                        "terminationGracePeriodSeconds": "number",
                                        "timeoutSeconds": "number"
                                      }
                                    ],
                                    "stdin": "bool",
                                    "stdinOnce": "bool",
                                    "terminationMessagePath": "string",
                                    "terminationMessagePolicy": "string",
                                    "tty": "bool",
                                    "volumeDevices": [
                                      "list",
                                      [
                                        "object",
                                        {
                                          "devicePath": "string",
                                          "name": "string"
                                        }
                                      ]
                                    ],
                                    "volumeMounts": [
                                      "list",
                                      [
                                        "object",
                                        {
                                          "mountPath": "string",
                                          "mountPropagation": "string",
                                          "name": "string",
                                          "readOnly": "bool",
                                          "subPath": "string",
                                          "subPathExpr": "string"
                                        }
                                      ]
                                    ],
                                    "workingDir": "string"
                                  }
                                ]
                              ],
                              "dnsConfig": [
                                "object",
                                {
                                  "nameservers": [
                                    "list",
                                    "string"
                                  ],
                                  "options": [
                                    "list",
                                    [
                                      "object",
                                      {
                                        "name": "string",
                                        "value": "string"
                                      }
                                    ]
                                  ],
                                  "searches": [
                                    "list",
                                    "string"
                                  ]
                                }
                              ],
                              "dnsPolicy": "string",
                              "enableServiceLinks": "bool",
                              "ephemeralContainers": [
                                "list",
                                [
                                  "object",
                                  {
                                    "args": [
                                      "list",
                                      "string"
                                    ],
                                    "command": [
                                      "list",
                                      "string"
                                    ],
                                    "env": [
                                      "list",
                                      [
                                        "object",
                                        {
                                          "name": "string",
                                          "value": "string",
                                          "valueFrom": [
                                            "object",
                                            {
                                              "configMapKeyRef": [
                                                "object",
                                                {
                                                  "key": "string",
                                                  "name": "string",
                                                  "optional": "bool"
                                                }
                                              ],
                                              "fieldRef": [
                                                "object",
                                                {
                                                  "apiVersion": "string",
                                                  "fieldPath": "string"
                                                }
                                              ],
                                              "resourceFieldRef": [
                                                "object",
                                                {
                                                  "containerName": "string",
                                                  "divisor": "string",
                                                  "resource": "string"
                                                }
                                              ],
                                              "secretKeyRef": [
                                                "object",
                                                {
                                                  "key": "string",
                                                  "name": "string",
                                                  "optional": "bool"
                                                }
                                              ]
                                            }
                                          ]
                                        }
                                      ]
                                    ],
                                    "envFrom": [
                                      "list",
                                      [
                                        "object",
                                        {
                                          "configMapRef": [
                                            "object",
                                            {
                                              "name": "string",
                                              "optional": "bool"
                                            }
                                          ],
                                          "prefix": "string",
                                          "secretRef": [
                                            "object",
                                            {
                                              "name": "string",
                                              "optional": "bool"
                                            }
                                          ]
                                        }
                                      ]
                                    ],
                                    "image": "string",
                                    "imagePullPolicy": "string",
                                    "lifecycle": [
                                      "object",
                                      {
                                        "postStart": [
                                          "object",
                                          {
                                            "exec": [
                                              "object",
                                              {
                                                "command": [
                                                  "list",
                                                  "string"
                                                ]
                                              }
                                            ],
                                            "httpGet": [
                                              "object",
                                              {
                                                "host": "string",
                                                "httpHeaders": [
                                                  "list",
                                                  [
                                                    "object",
                                                    {
                                                      "name": "string",
                                                      "value": "string"
                                                    }
                                                  ]
                                                ],
                                                "path": "string",
                                                "port": "string",
                                                "scheme": "string"
                                              }
                                            ],
                                            "tcpSocket": [
                                              "object",
                                              {
                                                "host": "string",
                                                "port": "string"
                                              }
                                            ]
                                          }
                                        ],
                                        "preStop": [
                                          "object",
                                          {
                                            "exec": [
                                              "object",
                                              {
                                                "command": [
                                                  "list",
                                                  "string"
                                                ]
                                              }
                                            ],
                                            "httpGet": [
                                              "object",
                                              {
                                                "host": "string",
                                                "httpHeaders": [
                                                  "list",
                                                  [
                                                    "object",
                                                    {
                                                      "name": "string",
                                                      "value": "string"
                                                    }
                                                  ]
                                                ],
                                                "path": "string",
                                                "port": "string",
                                                "scheme": "string"
                                              }
                                            ],
                                            "tcpSocket": [
                                              "object",
                                              {
                                                "host": "string",
                                                "port": "string"
                                              }
                                            ]
                                          }
                                        ]
                                      }
                                    ],
                                    "livenessProbe": [
                                      "object",
                                      {
                                        "exec": [
                                          "object",
                                          {
                                            "command": [
                                              "list",
                                              "string"
                                            ]
                                          }
                                        ],
                                        "failureThreshold": "number",
                                        "grpc": [
                                          "object",
                                          {
                                            "port": "number",
                                            "service": "string"
                                          }
                                        ],
                                        "httpGet": [
                                          "object",
                                          {
                                            "host": "string",
                                            "httpHeaders": [
                                              "list",
                                              [
                                                "object",
                                                {
                                                  "name": "string",
                                                  "value": "string"
                                                }
                                              ]
                                            ],
                                            "path": "string",
                                            "port": "string",
                                            "scheme": "string"
                                          }
                                        ],
                                        "initialDelaySeconds": "number",
                                        "periodSeconds": "number",
                                        "successThreshold": "number",
                                        "tcpSocket": [
                                          "object",
                                          {
                                            "host": "string",
                                            "port": "string"
                                          }
                                        ],
                                        "terminationGracePeriodSeconds": "number",
                                        "timeoutSeconds": "number"
                                      }
                                    ],
                                    "name": "string",
                                    "ports": [
                                      "list",
                                      [
                                        "object",
                                        {
                                          "containerPort": "number",
                                          "hostIP": "string",
                                          "hostPort": "number",
                                          "name": "string",
                                          "protocol": "string"
                                        }
                                      ]
                                    ],
                                    "readinessProbe": [
                                      "object",
                                      {
                                        "exec": [
                                          "object",
                                          {
                                            "command": [
                                              "list",
                                              "string"
                                            ]
                                          }
                                        ],
                                        "failureThreshold": "number",
                                        "grpc": [
                                          "object",
                                          {
                                            "port": "number",
                                            "service": "string"
                                          }
                                        ],
                                        "httpGet": [
                                          "object",
                                          {
                                            "host": "string",
                                            "httpHeaders": [
                                              "list",
                                              [
                                                "object",
                                                {
                                                  "name": "string",
                                                  "value": "string"
                                                }
                                              ]
                                            ],
                                            "path": "string",
                                            "port": "string",
                                            "scheme": "string"
                                          }
                                        ],
                                        "initialDelaySeconds": "number",
                                        "periodSeconds": "number",
                                        "successThreshold": "number",
                                        "tcpSocket": [
                                          "object",
                                          {
                                            "host": "string",
                                            "port": "string"
                                          }
                                        ],
                                        "terminationGracePeriodSeconds": "number",
                                        "timeoutSeconds": "number"
                                      }
                                    ],
                                    "resizePolicy": [
                                      "list",
                                      [
                                        "object",
                                        {
                                          "resourceName": "string",
                                          "restartPolicy": "string"
                                        }
                                      ]
                                    ],
                                    "resources": [
                                      "object",
                                      {
                                        "claims": [
                                          "list",
                                          [
                                            "object",
                                            {
                                              "name": "string"
                                            }
                                          ]
                                        ],
                                        "limits": [
                                          "map",
                                          "string"
                                        ],
                                        "requests": [
                                          "map",
                                          "string"
                                        ]
                                      }
                                    ],
                                    "securityContext": [
                                      "object",
                                      {
                                        "allowPrivilegeEscalation": "bool",
                                        "capabilities": [
                                          "object",
                                          {
                                            "add": [
                                              "list",
                                              "string"
                                            ],
                                            "drop": [
                                              "list",
                                              "string"
                                            ]
                                          }
                                        ],
                                        "privileged": "bool",
                                        "procMount": "string",
                                        "readOnlyRootFilesystem": "bool",
                                        "runAsGroup": "number",
                                        "runAsNonRoot": "bool",
                                        "runAsUser": "number",
                                        "seLinuxOptions": [
                                          "object",
                                          {
                                            "level": "string",
                                            "role": "string",
                                            "type": "string",
                                            "user": "string"
                                          }
                                        ],
                                        "seccompProfile": [
                                          "object",
                                          {
                                            "localhostProfile": "string",
                                            "type": "string"
                                          }
                                        ],
                                        "windowsOptions": [
                                          "object",
                                          {
                                            "gmsaCredentialSpec": "string",
                                            "gmsaCredentialSpecName": "string",
                                            "hostProcess": "bool",
                                            "runAsUserName": "string"
                                          }
                                        ]
                                      }
                                    ],
                                    "startupProbe": [
                                      "object",
                                      {
                                        "exec": [
                                          "object",
                                          {
                                            "command": [
                                              "list",
                                              "string"
                                            ]
                                          }
                                        ],
                                        "failureThreshold": "number",
                                        "grpc": [
                                          "object",
                                          {
                                            "port": "number",
                                            "service": "string"
                                          }
                                        ],
                                        "httpGet": [
                                          "object",
                                          {
                                            "host": "string",
                                            "httpHeaders": [
                                              "list",
                                              [
                                                "object",
                                                {
                                                  "name": "string",
                                                  "value": "string"
                                                }
                                              ]
                                            ],
                                            "path": "string",
                                            "port": "string",
                                            "scheme": "string"
                                          }
                                        ],
                                        "initialDelaySeconds": "number",
                                        "periodSeconds": "number",
                                        "successThreshold": "number",
                                        "tcpSocket": [
                                          "object",
                                          {
                                            "host": "string",
                                            "port": "string"
                                          }
                                        ],
                                        "terminationGracePeriodSeconds": "number",
                                        "timeoutSeconds": "number"
                                      }
                                    ],
                                    "stdin": "bool",
                                    "stdinOnce": "bool",
                                    "targetContainerName": "string",
                                    "terminationMessagePath": "string",
                                    "terminationMessagePolicy": "string",
                                    "tty": "bool",
                                    "volumeDevices": [
                                      "list",
                                      [
                                        "object",
                                        {
                                          "devicePath": "string",
                                          "name": "string"
                                        }
                                      ]
                                    ],
                                    "volumeMounts": [
                                      "list",
                                      [
                                        "object",
                                        {
                                          "mountPath": "string",
                                          "mountPropagation": "string",
                                          "name": "string",
                                          "readOnly": "bool",
                                          "subPath": "string",
                                          "subPathExpr": "string"
                                        }
                                      ]
                                    ],
                                    "workingDir": "string"
                                  }
                                ]
                              ],
                              "hostAliases": [
                                "list",
                                [
                                  "object",
                                  {
                                    "hostnames": [
                                      "list",
                                      "string"
                                    ],
                                    "ip": "string"
                                  }
                                ]
                              ],
                              "hostIPC": "bool",
                              "hostNetwork": "bool",
                              "hostPID": "bool",
                              "hostUsers": "bool",
                              "hostname": "string",
                              "imagePullSecrets": [
                                "list",
                                [
                                  "object",
                                  {
                                    "name": "string"
                                  }
                                ]
                              ],
                              "initContainers": [
                                "list",
                                [
                                  "object",
                                  {
                                    "args": [
                                      "list",
                                      "string"
                                    ],
                                    "command": [
                                      "list",
                                      "string"
                                    ],
                                    "env": [
                                      "list",
                                      [
                                        "object",
                                        {
                                          "name": "string",
                                          "value": "string",
                                          "valueFrom": [
                                            "object",
                                            {
                                              "configMapKeyRef": [
                                                "object",
                                                {
                                                  "key": "string",
                                                  "name": "string",
                                                  "optional": "bool"
                                                }
                                              ],
                                              "fieldRef": [
                                                "object",
                                                {
                                                  "apiVersion": "string",
                                                  "fieldPath": "string"
                                                }
                                              ],
                                              "resourceFieldRef": [
                                                "object",
                                                {
                                                  "containerName": "string",
                                                  "divisor": "string",
                                                  "resource": "string"
                                                }
                                              ],
                                              "secretKeyRef": [
                                                "object",
                                                {
                                                  "key": "string",
                                                  "name": "string",
                                                  "optional": "bool"
                                                }
                                              ]
                                            }
                                          ]
                                        }
                                      ]
                                    ],
                                    "envFrom": [
                                      "list",
                                      [
                                        "object",
                                        {
                                          "configMapRef": [
                                            "object",
                                            {
                                              "name": "string",
                                              "optional": "bool"
                                            }
                                          ],
                                          "prefix": "string",
                                          "secretRef": [
                                            "object",
                                            {
                                              "name": "string",
                                              "optional": "bool"
                                            }
                                          ]
                                        }
                                      ]
                                    ],
                                    "image": "string",
                                    "imagePullPolicy": "string",
                                    "lifecycle": [
                                      "object",
                                      {
                                        "postStart": [
                                          "object",
                                          {
                                            "exec": [
                                              "object",
                                              {
                                                "command": [
                                                  "list",
                                                  "string"
                                                ]
                                              }
                                            ],
                                            "httpGet": [
                                              "object",
                                              {
                                                "host": "string",
                                                "httpHeaders": [
                                                  "list",
                                                  [
                                                    "object",
                                                    {
                                                      "name": "string",
                                                      "value": "string"
                                                    }
                                                  ]
                                                ],
                                                "path": "string",
                                                "port": "string",
                                                "scheme": "string"
                                              }
                                            ],
                                            "tcpSocket": [
                                              "object",
                                              {
                                                "host": "string",
                                                "port": "string"
                                              }
                                            ]
                                          }
                                        ],
                                        "preStop": [
                                          "object",
                                          {
                                            "exec": [
                                              "object",
                                              {
                                                "command": [
                                                  "list",
                                                  "string"
                                                ]
                                              }
                                            ],
                                            "httpGet": [
                                              "object",
                                              {
                                                "host": "string",
                                                "httpHeaders": [
                                                  "list",
                                                  [
                                                    "object",
                                                    {
                                                      "name": "string",
                                                      "value": "string"
                                                    }
                                                  ]
                                                ],
                                                "path": "string",
                                                "port": "string",
                                                "scheme": "string"
                                              }
                                            ],
                                            "tcpSocket": [
                                              "object",
                                              {
                                                "host": "string",
                                                "port": "string"
                                              }
                                            ]
                                          }
                                        ]
                                      }
                                    ],
                                    "livenessProbe": [
                                      "object",
                                      {
                                        "exec": [
                                          "object",
                                          {
                                            "command": [
                                              "list",
                                              "string"
                                            ]
                                          }
                                        ],
                                        "failureThreshold": "number",
                                        "grpc": [
                                          "object",
                                          {
                                            "port": "number",
                                            "service": "string"
                                          }
                                        ],
                                        "httpGet": [
                                          "object",
                                          {
                                            "host": "string",
                                            "httpHeaders": [
                                              "list",
                                              [
                                                "object",
                                                {
                                                  "name": "string",
                                                  "value": "string"
                                                }
                                              ]
                                            ],
                                            "path": "string",
                                            "port": "string",
                                            "scheme": "string"
                                          }
                                        ],
                                        "initialDelaySeconds": "number",
                                        "periodSeconds": "number",
                                        "successThreshold": "number",
                                        "tcpSocket": [
                                          "object",
                                          {
                                            "host": "string",
                                            "port": "string"
                                          }
                                        ],
                                        "terminationGracePeriodSeconds": "number",
                                        "timeoutSeconds": "number"
                                      }
                                    ],
                                    "name": "string",
                                    "ports": [
                                      "list",
                                      [
                                        "object",
                                        {
                                          "containerPort": "number",
                                          "hostIP": "string",
                                          "hostPort": "number",
                                          "name": "string",
                                          "protocol": "string"
                                        }
                                      ]
                                    ],
                                    "readinessProbe": [
                                      "object",
                                      {
                                        "exec": [
                                          "object",
                                          {
                                            "command": [
                                              "list",
                                              "string"
                                            ]
                                          }
                                        ],
                                        "failureThreshold": "number",
                                        "grpc": [
                                          "object",
                                          {
                                            "port": "number",
                                            "service": "string"
                                          }
                                        ],
                                        "httpGet": [
                                          "object",
                                          {
                                            "host": "string",
                                            "httpHeaders": [
                                              "list",
                                              [
                                                "object",
                                                {
                                                  "name": "string",
                                                  "value": "string"
                                                }
                                              ]
                                            ],
                                            "path": "string",
                                            "port": "string",
                                            "scheme": "string"
                                          }
                                        ],
                                        "initialDelaySeconds": "number",
                                        "periodSeconds": "number",
                                        "successThreshold": "number",
                                        "tcpSocket": [
                                          "object",
                                          {
                                            "host": "string",
                                            "port": "string"
                                          }
                                        ],
                                        "terminationGracePeriodSeconds": "number",
                                        "timeoutSeconds": "number"
                                      }
                                    ],
                                    "resizePolicy": [
                                      "list",
                                      [
                                        "object",
                                        {
                                          "resourceName": "string",
                                          "restartPolicy": "string"
                                        }
                                      ]
                                    ],
                                    "resources": [
                                      "object",
                                      {
                                        "claims": [
                                          "list",
                                          [
                                            "object",
                                            {
                                              "name": "string"
                                            }
                                          ]
                                        ],
                                        "limits": [
                                          "map",
                                          "string"
                                        ],
                                        "requests": [
                                          "map",
                                          "string"
                                        ]
                                      }
                                    ],
                                    "securityContext": [
                                      "object",
                                      {
                                        "allowPrivilegeEscalation": "bool",
                                        "capabilities": [
                                          "object",
                                          {
                                            "add": [
                                              "list",
                                              "string"
                                            ],
                                            "drop": [
                                              "list",
                                              "string"
                                            ]
                                          }
                                        ],
                                        "privileged": "bool",
                                        "procMount": "string",
                                        "readOnlyRootFilesystem": "bool",
                                        "runAsGroup": "number",
                                        "runAsNonRoot": "bool",
                                        "runAsUser": "number",
                                        "seLinuxOptions": [
                                          "object",
                                          {
                                            "level": "string",
                                            "role": "string",
                                            "type": "string",
                                            "user": "string"
                                          }
                                        ],
                                        "seccompProfile": [
                                          "object",
                                          {
                                            "localhostProfile": "string",
                                            "type": "string"
                                          }
                                        ],
                                        "windowsOptions": [
                                          "object",
                                          {
                                            "gmsaCredentialSpec": "string",
                                            "gmsaCredentialSpecName": "string",
                                            "hostProcess": "bool",
                                            "runAsUserName": "string"
                                          }
                                        ]
                                      }
                                    ],
                                    "startupProbe": [
                                      "object",
                                      {
                                        "exec": [
                                          "object",
                                          {
                                            "command": [
                                              "list",
                                              "string"
                                            ]
                                          }
                                        ],
                                        "failureThreshold": "number",
                                        "grpc": [
                                          "object",
                                          {
                                            "port": "number",
                                            "service": "string"
                                          }
                                        ],
                                        "httpGet": [
                                          "object",
                                          {
                                            "host": "string",
                                            "httpHeaders": [
                                              "list",
                                              [
                                                "object",
                                                {
                                                  "name": "string",
                                                  "value": "string"
                                                }
                                              ]
                                            ],
                                            "path": "string",
                                            "port": "string",
                                            "scheme": "string"
                                          }
                                        ],
                                        "initialDelaySeconds": "number",
                                        "periodSeconds": "number",
                                        "successThreshold": "number",
                                        "tcpSocket": [
                                          "object",
                                          {
                                            "host": "string",
                                            "port": "string"
                                          }
                                        ],
                                        "terminationGracePeriodSeconds": "number",
                                        "timeoutSeconds": "number"
                                      }
                                    ],
                                    "stdin": "bool",
                                    "stdinOnce": "bool",
                                    "terminationMessagePath": "string",
                                    "terminationMessagePolicy": "string",
                                    "tty": "bool",
                                    "volumeDevices": [
                                      "list",
                                      [
                                        "object",
                                        {
                                          "devicePath": "string",
                                          "name": "string"
                                        }
                                      ]
                                    ],
                                    "volumeMounts": [
                                      "list",
                                      [
                                        "object",
                                        {
                                          "mountPath": "string",
                                          "mountPropagation": "string",
                                          "name": "string",
                                          "readOnly": "bool",
                                          "subPath": "string",
                                          "subPathExpr": "string"
                                        }
                                      ]
                                    ],
                                    "workingDir": "string"
                                  }
                                ]
                              ],
                              "nodeName": "string",
                              "nodeSelector": [
                                "map",
                                "string"
                              ],
                              "os": [
                                "object",
                                {
                                  "name": "string"
                                }
                              ],
                              "overhead": [
                                "map",
                                "string"
                              ],
                              "preemptionPolicy": "string",
                              "priority": "number",
                              "priorityClassName": "string",
                              "readinessGates": [
                                "list",
                                [
                                  "object",
                                  {
                                    "conditionType": "string"
                                  }
                                ]
                              ],
                              "resourceClaims": [
                                "list",
                                [
                                  "object",
                                  {
                                    "name": "string",
                                    "source": [
                                      "object",
                                      {
                                        "resourceClaimName": "string",
                                        "resourceClaimTemplateName": "string"
                                      }
                                    ]
                                  }
                                ]
                              ],
                              "restartPolicy": "string",
                              "runtimeClassName": "string",
                              "schedulerName": "string",
                              "schedulingGates": [
                                "list",
                                [
                                  "object",
                                  {
                                    "name": "string"
                                  }
                                ]
                              ],
                              "securityContext": [
                                "object",
                                {
                                  "fsGroup": "number",
                                  "fsGroupChangePolicy": "string",
                                  "runAsGroup": "number",
                                  "runAsNonRoot": "bool",
                                  "runAsUser": "number",
                                  "seLinuxOptions": [
                                    "object",
                                    {
                                      "level": "string",
                                      "role": "string",
                                      "type": "string",
                                      "user": "string"
                                    }
                                  ],
                                  "seccompProfile": [
                                    "object",
                                    {
                                      "localhostProfile": "string",
                                      "type": "string"
                                    }
                                  ],
                                  "supplementalGroups": [
                                    "list",
                                    "number"
                                  ],
                                  "sysctls": [
                                    "list",
                                    [
                                      "object",
                                      {
                                        "name": "string",
                                        "value": "string"
                                      }
                                    ]
                                  ],
                                  "windowsOptions": [
                                    "object",
                                    {
                                      "gmsaCredentialSpec": "string",
                                      "gmsaCredentialSpecName": "string",
                                      "hostProcess": "bool",
                                      "runAsUserName": "string"
                                    }
                                  ]
                                }
                              ],
                              "serviceAccount": "string",
                              "serviceAccountName": "string",
                              "setHostnameAsFQDN": "bool",
                              "shareProcessNamespace": "bool",
                              "subdomain": "string",
                              "terminationGracePeriodSeconds": "number",
                              "tolerations": [
                                "list",
                                [
                                  "object",
                                  {
                                    "effect": "string",
                                    "key": "string",
                                    "operator": "string",
                                    "tolerationSeconds": "number",
                                    "value": "string"
                                  }
                                ]
                              ],
                              "topologySpreadConstraints": [
                                "list",
                                [
                                  "object",
                                  {
                                    "labelSelector": [
                                      "object",
                                      {
                                        "matchExpressions": [
                                          "list",
                                          [
                                            "object",
                                            {
                                              "key": "string",
                                              "operator": "string",
                                              "values": [
                                                "list",
                                                "string"
                                              ]
                                            }
                                          ]
                                        ],
                                        "matchLabels": [
                                          "map",
                                          "string"
                                        ]
                                      }
                                    ],
                                    "matchLabelKeys": [
                                      "list",
                                      "string"
                                    ],
                                    "maxSkew": "number",
                                    "minDomains": "number",
                                    "nodeAffinityPolicy": "string",
                                    "nodeTaintsPolicy": "string",
                                    "topologyKey": "string",
                                    "whenUnsatisfiable": "string"
                                  }
                                ]
                              ],
                              "volumes": [
                                "tuple",
                                [
                                  [
                                    "object",
                                    {
                                      "awsElasticBlockStore": [
                                        "object",
                                        {
                                          "fsType": "string",
                                          "partition": "number",
                                          "readOnly": "bool",
                                          "volumeID": "string"
                                        }
                                      ],
                                      "azureDisk": [
                                        "object",
                                        {
                                          "cachingMode": "string",
                                          "diskName": "string",
                                          "diskURI": "string",
                                          "fsType": "string",
                                          "kind": "string",
                                          "readOnly": "bool"
                                        }
                                      ],
                                      "azureFile": [
                                        "object",
                                        {
                                          "readOnly": "bool",
                                          "secretName": "string",
                                          "shareName": "string"
                                        }
                                      ],
                                      "cephfs": [
                                        "object",
                                        {
                                          "monitors": [
                                            "list",
                                            "string"
                                          ],
                                          "path": "string",
                                          "readOnly": "bool",
                                          "secretFile": "string",
                                          "secretRef": [
                                            "object",
                                            {
                                              "name": "string"
                                            }
                                          ],
                                          "user": "string"
                                        }
                                      ],
                                      "cinder": [
                                        "object",
                                        {
                                          "fsType": "string",
                                          "readOnly": "bool",
                                          "secretRef": [
                                            "object",
                                            {
                                              "name": "string"
                                            }
                                          ],
                                          "volumeID": "string"
                                        }
                                      ],
                                      "configMap": [
                                        "object",
                                        {
                                          "defaultMode": "number",
                                          "items": [
                                            "list",
                                            [
                                              "object",
                                              {
                                                "key": "string",
                                                "mode": "number",
                                                "path": "string"
                                              }
                                            ]
                                          ],
                                          "name": "string",
                                          "optional": "bool"
                                        }
                                      ],
                                      "csi": [
                                        "object",
                                        {
                                          "driver": "string",
                                          "fsType": "string",
                                          "nodePublishSecretRef": [
                                            "object",
                                            {
                                              "name": "string"
                                            }
                                          ],
                                          "readOnly": "bool",
                                          "volumeAttributes": [
                                            "map",
                                            "string"
                                          ]
                                        }
                                      ],
                                      "downwardAPI": [
                                        "object",
                                        {
                                          "defaultMode": "number",
                                          "items": [
                                            "list",
                                            [
                                              "object",
                                              {
                                                "fieldRef": [
                                                  "object",
                                                  {
                                                    "apiVersion": "string",
                                                    "fieldPath": "string"
                                                  }
                                                ],
                                                "mode": "number",
                                                "path": "string",
                                                "resourceFieldRef": [
                                                  "object",
                                                  {
                                                    "containerName": "string",
                                                    "divisor": "string",
                                                    "resource": "string"
                                                  }
                                                ]
                                              }
                                            ]
                                          ]
                                        }
                                      ],
                                      "emptyDir": [
                                        "object",
                                        {
                                          "medium": "string",
                                          "sizeLimit": "string"
                                        }
                                      ],
                                      "ephemeral": [
                                        "object",
                                        {
                                          "volumeClaimTemplate": [
                                            "object",
                                            {
                                              "metadata": [
                                                "object",
                                                {
                                                  "annotations": [
                                                    "map",
                                                    "string"
                                                  ],
                                                  "creationTimestamp": "string",
                                                  "deletionGracePeriodSeconds": "number",
                                                  "deletionTimestamp": "string",
                                                  "finalizers": [
                                                    "list",
                                                    "string"
                                                  ],
                                                  "generateName": "string",
                                                  "generation": "number",
                                                  "labels": [
                                                    "map",
                                                    "string"
                                                  ],
                                                  "managedFields": [
                                                    "tuple",
                                                    [
                                                      [
                                                        "object",
                                                        {
                                                          "apiVersion": "string",
                                                          "fieldsType": "string",
                                                          "fieldsV1": "dynamic",
                                                          "manager": "string",
                                                          "operation": "string",
                                                          "subresource": "string",
                                                          "time": "string"
                                                        }
                                                      ]
                                                    ]
                                                  ],
                                                  "name": "string",
                                                  "namespace": "string",
                                                  "ownerReferences": [
                                                    "list",
                                                    [
                                                      "object",
                                                      {
                                                        "apiVersion": "string",
                                                        "blockOwnerDeletion": "bool",
                                                        "controller": "bool",
                                                        "kind": "string",
                                                        "name": "string",
                                                        "uid": "string"
                                                      }
                                                    ]
                                                  ],
                                                  "resourceVersion": "string",
                                                  "selfLink": "string",
                                                  "uid": "string"
                                                }
                                              ],
                                              "spec": [
                                                "object",
                                                {
                                                  "accessModes": [
                                                    "list",
                                                    "string"
                                                  ],
                                                  "dataSource": [
                                                    "object",
                                                    {
                                                      "apiGroup": "string",
                                                      "kind": "string",
                                                      "name": "string"
                                                    }
                                                  ],
                                                  "dataSourceRef": [
                                                    "object",
                                                    {
                                                      "apiGroup": "string",
                                                      "kind": "string",
                                                      "name": "string",
                                                      "namespace": "string"
                                                    }
                                                  ],
                                                  "resources": [
                                                    "object",
                                                    {
                                                      "claims": [
                                                        "list",
                                                        [
                                                          "object",
                                                          {
                                                            "name": "string"
                                                          }
                                                        ]
                                                      ],
                                                      "limits": [
                                                        "map",
                                                        "string"
                                                      ],
                                                      "requests": [
                                                        "map",
                                                        "string"
                                                      ]
                                                    }
                                                  ],
                                                  "selector": [
                                                    "object",
                                                    {
                                                      "matchExpressions": [
                                                        "list",
                                                        [
                                                          "object",
                                                          {
                                                            "key": "string",
                                                            "operator": "string",
                                                            "values": [
                                                              "list",
                                                              "string"
                                                            ]
                                                          }
                                                        ]
                                                      ],
                                                      "matchLabels": [
                                                        "map",
                                                        "string"
                                                      ]
                                                    }
                                                  ],
                                                  "storageClassName": "string",
                                                  "volumeMode": "string",
                                                  "volumeName": "string"
                                                }
                                              ]
                                            }
                                          ]
                                        }
                                      ],
                                      "fc": [
                                        "object",
                                        {
                                          "fsType": "string",
                                          "lun": "number",
                                          "readOnly": "bool",
                                          "targetWWNs": [
                                            "list",
                                            "string"
                                          ],
                                          "wwids": [
                                            "list",
                                            "string"
                                          ]
                                        }
                                      ],
                                      "flexVolume": [
                                        "object",
                                        {
                                          "driver": "string",
                                          "fsType": "string",
                                          "options": [
                                            "map",
                                            "string"
                                          ],
                                          "readOnly": "bool",
                                          "secretRef": [
                                            "object",
                                            {
                                              "name": "string"
                                            }
                                          ]
                                        }
                                      ],
                                      "flocker": [
                                        "object",
                                        {
                                          "datasetName": "string",
                                          "datasetUUID": "string"
                                        }
                                      ],
                                      "gcePersistentDisk": [
                                        "object",
                                        {
                                          "fsType": "string",
                                          "partition": "number",
                                          "pdName": "string",
                                          "readOnly": "bool"
                                        }
                                      ],
                                      "gitRepo": [
                                        "object",
                                        {
                                          "directory": "string",
                                          "repository": "string",
                                          "revision": "string"
                                        }
                                      ],
                                      "glusterfs": [
                                        "object",
                                        {
                                          "endpoints": "string",
                                          "path": "string",
                                          "readOnly": "bool"
                                        }
                                      ],
                                      "hostPath": [
                                        "object",
                                        {
                                          "path": "string",
                                          "type": "string"
                                        }
                                      ],
                                      "iscsi": [
                                        "object",
                                        {
                                          "chapAuthDiscovery": "bool",
                                          "chapAuthSession": "bool",
                                          "fsType": "string",
                                          "initiatorName": "string",
                                          "iqn": "string",
                                          "iscsiInterface": "string",
                                          "lun": "number",
                                          "portals": [
                                            "list",
                                            "string"
                                          ],
                                          "readOnly": "bool",
                                          "secretRef": [
                                            "object",
                                            {
                                              "name": "string"
                                            }
                                          ],
                                          "targetPortal": "string"
                                        }
                                      ],
                                      "name": "string",
                                      "nfs": [
                                        "object",
                                        {
                                          "path": "string",
                                          "readOnly": "bool",
                                          "server": "string"
                                        }
                                      ],
                                      "persistentVolumeClaim": [
                                        "object",
                                        {
                                          "claimName": "string",
                                          "readOnly": "bool"
                                        }
                                      ],
                                      "photonPersistentDisk": [
                                        "object",
                                        {
                                          "fsType": "string",
                                          "pdID": "string"
                                        }
                                      ],
                                      "portworxVolume": [
                                        "object",
                                        {
                                          "fsType": "string",
                                          "readOnly": "bool",
                                          "volumeID": "string"
                                        }
                                      ],
                                      "projected": [
                                        "object",
                                        {
                                          "defaultMode": "number",
                                          "sources": [
                                            "list",
                                            [
                                              "object",
                                              {
                                                "configMap": [
                                                  "object",
                                                  {
                                                    "items": [
                                                      "list",
                                                      [
                                                        "object",
                                                        {
                                                          "key": "string",
                                                          "mode": "number",
                                                          "path": "string"
                                                        }
                                                      ]
                                                    ],
                                                    "name": "string",
                                                    "optional": "bool"
                                                  }
                                                ],
                                                "downwardAPI": [
                                                  "object",
                                                  {
                                                    "items": [
                                                      "list",
                                                      [
                                                        "object",
                                                        {
                                                          "fieldRef": [
                                                            "object",
                                                            {
                                                              "apiVersion": "string",
                                                              "fieldPath": "string"
                                                            }
                                                          ],
                                                          "mode": "number",
                                                          "path": "string",
                                                          "resourceFieldRef": [
                                                            "object",
                                                            {
                                                              "containerName": "string",
                                                              "divisor": "string",
                                                              "resource": "string"
                                                            }
                                                          ]
                                                        }
                                                      ]
                                                    ]
                                                  }
                                                ],
                                                "secret": [
                                                  "object",
                                                  {
                                                    "items": [
                                                      "list",
                                                      [
                                                        "object",
                                                        {
                                                          "key": "string",
                                                          "mode": "number",
                                                          "path": "string"
                                                        }
                                                      ]
                                                    ],
                                                    "name": "string",
                                                    "optional": "bool"
                                                  }
                                                ],
                                                "serviceAccountToken": [
                                                  "object",
                                                  {
                                                    "audience": "string",
                                                    "expirationSeconds": "number",
                                                    "path": "string"
                                                  }
                                                ]
                                              }
                                            ]
                                          ]
                                        }
                                      ],
                                      "quobyte": [
                                        "object",
                                        {
                                          "group": "string",
                                          "readOnly": "bool",
                                          "registry": "string",
                                          "tenant": "string",
                                          "user": "string",
                                          "volume": "string"
                                        }
                                      ],
                                      "rbd": [
                                        "object",
                                        {
                                          "fsType": "string",
                                          "image": "string",
                                          "keyring": "string",
                                          "monitors": [
                                            "list",
                                            "string"
                                          ],
                                          "pool": "string",
                                          "readOnly": "bool",
                                          "secretRef": [
                                            "object",
                                            {
                                              "name": "string"
                                            }
                                          ],
                                          "user": "string"
                                        }
                                      ],
                                      "scaleIO": [
                                        "object",
                                        {
                                          "fsType": "string",
                                          "gateway": "string",
                                          "protectionDomain": "string",
                                          "readOnly": "bool",
                                          "secretRef": [
                                            "object",
                                            {
                                              "name": "string"
                                            }
                                          ],
                                          "sslEnabled": "bool",
                                          "storageMode": "string",
                                          "storagePool": "string",
                                          "system": "string",
                                          "volumeName": "string"
                                        }
                                      ],
                                      "secret": [
                                        "object",
                                        {
                                          "defaultMode": "number",
                                          "items": [
                                            "list",
                                            [
                                              "object",
                                              {
                                                "key": "string",
                                                "mode": "number",
                                                "path": "string"
                                              }
                                            ]
                                          ],
                                          "optional": "bool",
                                          "secretName": "string"
                                        }
                                      ],
                                      "storageos": [
                                        "object",
                                        {
                                          "fsType": "string",
                                          "readOnly": "bool",
                                          "secretRef": [
                                            "object",
                                            {
                                              "name": "string"
                                            }
                                          ],
                                          "volumeName": "string",
                                          "volumeNamespace": "string"
                                        }
                                      ],
                                      "vsphereVolume": [
                                        "object",
                                        {
                                          "fsType": "string",
                                          "storagePolicyID": "string",
                                          "storagePolicyName": "string",
                                          "volumePath": "string"
                                        }
                                      ]
                                    }
                                  ],
                                  [
                                    "object",
                                    {
                                      "awsElasticBlockStore": [
                                        "object",
                                        {
                                          "fsType": "string",
                                          "partition": "number",
                                          "readOnly": "bool",
                                          "volumeID": "string"
                                        }
                                      ],
                                      "azureDisk": [
                                        "object",
                                        {
                                          "cachingMode": "string",
                                          "diskName": "string",
                                          "diskURI": "string",
                                          "fsType": "string",
                                          "kind": "string",
                                          "readOnly": "bool"
                                        }
                                      ],
                                      "azureFile": [
                                        "object",
                                        {
                                          "readOnly": "bool",
                                          "secretName": "string",
                                          "shareName": "string"
                                        }
                                      ],
                                      "cephfs": [
                                        "object",
                                        {
                                          "monitors": [
                                            "list",
                                            "string"
                                          ],
                                          "path": "string",
                                          "readOnly": "bool",
                                          "secretFile": "string",
                                          "secretRef": [
                                            "object",
                                            {
                                              "name": "string"
                                            }
                                          ],
                                          "user": "string"
                                        }
                                      ],
                                      "cinder": [
                                        "object",
                                        {
                                          "fsType": "string",
                                          "readOnly": "bool",
                                          "secretRef": [
                                            "object",
                                            {
                                              "name": "string"
                                            }
                                          ],
                                          "volumeID": "string"
                                        }
                                      ],
                                      "configMap": [
                                        "object",
                                        {
                                          "defaultMode": "number",
                                          "items": [
                                            "list",
                                            [
                                              "object",
                                              {
                                                "key": "string",
                                                "mode": "number",
                                                "path": "string"
                                              }
                                            ]
                                          ],
                                          "name": "string",
                                          "optional": "bool"
                                        }
                                      ],
                                      "csi": [
                                        "object",
                                        {
                                          "driver": "string",
                                          "fsType": "string",
                                          "nodePublishSecretRef": [
                                            "object",
                                            {
                                              "name": "string"
                                            }
                                          ],
                                          "readOnly": "bool",
                                          "volumeAttributes": [
                                            "map",
                                            "string"
                                          ]
                                        }
                                      ],
                                      "downwardAPI": [
                                        "object",
                                        {
                                          "defaultMode": "number",
                                          "items": [
                                            "list",
                                            [
                                              "object",
                                              {
                                                "fieldRef": [
                                                  "object",
                                                  {
                                                    "apiVersion": "string",
                                                    "fieldPath": "string"
                                                  }
                                                ],
                                                "mode": "number",
                                                "path": "string",
                                                "resourceFieldRef": [
                                                  "object",
                                                  {
                                                    "containerName": "string",
                                                    "divisor": "string",
                                                    "resource": "string"
                                                  }
                                                ]
                                              }
                                            ]
                                          ]
                                        }
                                      ],
                                      "emptyDir": [
                                        "object",
                                        {
                                          "medium": "string",
                                          "sizeLimit": "string"
                                        }
                                      ],
                                      "ephemeral": [
                                        "object",
                                        {
                                          "volumeClaimTemplate": [
                                            "object",
                                            {
                                              "metadata": [
                                                "object",
                                                {
                                                  "annotations": [
                                                    "map",
                                                    "string"
                                                  ],
                                                  "creationTimestamp": "string",
                                                  "deletionGracePeriodSeconds": "number",
                                                  "deletionTimestamp": "string",
                                                  "finalizers": [
                                                    "list",
                                                    "string"
                                                  ],
                                                  "generateName": "string",
                                                  "generation": "number",
                                                  "labels": [
                                                    "map",
                                                    "string"
                                                  ],
                                                  "managedFields": [
                                                    "tuple",
                                                    [
                                                      [
                                                        "object",
                                                        {
                                                          "apiVersion": "string",
                                                          "fieldsType": "string",
                                                          "fieldsV1": "dynamic",
                                                          "manager": "string",
                                                          "operation": "string",
                                                          "subresource": "string",
                                                          "time": "string"
                                                        }
                                                      ]
                                                    ]
                                                  ],
                                                  "name": "string",
                                                  "namespace": "string",
                                                  "ownerReferences": [
                                                    "list",
                                                    [
                                                      "object",
                                                      {
                                                        "apiVersion": "string",
                                                        "blockOwnerDeletion": "bool",
                                                        "controller": "bool",
                                                        "kind": "string",
                                                        "name": "string",
                                                        "uid": "string"
                                                      }
                                                    ]
                                                  ],
                                                  "resourceVersion": "string",
                                                  "selfLink": "string",
                                                  "uid": "string"
                                                }
                                              ],
                                              "spec": [
                                                "object",
                                                {
                                                  "accessModes": [
                                                    "list",
                                                    "string"
                                                  ],
                                                  "dataSource": [
                                                    "object",
                                                    {
                                                      "apiGroup": "string",
                                                      "kind": "string",
                                                      "name": "string"
                                                    }
                                                  ],
                                                  "dataSourceRef": [
                                                    "object",
                                                    {
                                                      "apiGroup": "string",
                                                      "kind": "string",
                                                      "name": "string",
                                                      "namespace": "string"
                                                    }
                                                  ],
                                                  "resources": [
                                                    "object",
                                                    {
                                                      "claims": [
                                                        "list",
                                                        [
                                                          "object",
                                                          {
                                                            "name": "string"
                                                          }
                                                        ]
                                                      ],
                                                      "limits": [
                                                        "map",
                                                        "string"
                                                      ],
                                                      "requests": [
                                                        "map",
                                                        "string"
                                                      ]
                                                    }
                                                  ],
                                                  "selector": [
                                                    "object",
                                                    {
                                                      "matchExpressions": [
                                                        "list",
                                                        [
                                                          "object",
                                                          {
                                                            "key": "string",
                                                            "operator": "string",
                                                            "values": [
                                                              "list",
                                                              "string"
                                                            ]
                                                          }
                                                        ]
                                                      ],
                                                      "matchLabels": [
                                                        "map",
                                                        "string"
                                                      ]
                                                    }
                                                  ],
                                                  "storageClassName": "string",
                                                  "volumeMode": "string",
                                                  "volumeName": "string"
                                                }
                                              ]
                                            }
                                          ]
                                        }
                                      ],
                                      "fc": [
                                        "object",
                                        {
                                          "fsType": "string",
                                          "lun": "number",
                                          "readOnly": "bool",
                                          "targetWWNs": [
                                            "list",
                                            "string"
                                          ],
                                          "wwids": [
                                            "list",
                                            "string"
                                          ]
                                        }
                                      ],
                                      "flexVolume": [
                                        "object",
                                        {
                                          "driver": "string",
                                          "fsType": "string",
                                          "options": [
                                            "map",
                                            "string"
                                          ],
                                          "readOnly": "bool",
                                          "secretRef": [
                                            "object",
                                            {
                                              "name": "string"
                                            }
                                          ]
                                        }
                                      ],
                                      "flocker": [
                                        "object",
                                        {
                                          "datasetName": "string",
                                          "datasetUUID": "string"
                                        }
                                      ],
                                      "gcePersistentDisk": [
                                        "object",
                                        {
                                          "fsType": "string",
                                          "partition": "number",
                                          "pdName": "string",
                                          "readOnly": "bool"
                                        }
                                      ],
                                      "gitRepo": [
                                        "object",
                                        {
                                          "directory": "string",
                                          "repository": "string",
                                          "revision": "string"
                                        }
                                      ],
                                      "glusterfs": [
                                        "object",
                                        {
                                          "endpoints": "string",
                                          "path": "string",
                                          "readOnly": "bool"
                                        }
                                      ],
                                      "hostPath": [
                                        "object",
                                        {
                                          "path": "string",
                                          "type": "string"
                                        }
                                      ],
                                      "iscsi": [
                                        "object",
                                        {
                                          "chapAuthDiscovery": "bool",
                                          "chapAuthSession": "bool",
                                          "fsType": "string",
                                          "initiatorName": "string",
                                          "iqn": "string",
                                          "iscsiInterface": "string",
                                          "lun": "number",
                                          "portals": [
                                            "list",
                                            "string"
                                          ],
                                          "readOnly": "bool",
                                          "secretRef": [
                                            "object",
                                            {
                                              "name": "string"
                                            }
                                          ],
                                          "targetPortal": "string"
                                        }
                                      ],
                                      "name": "string",
                                      "nfs": [
                                        "object",
                                        {
                                          "path": "string",
                                          "readOnly": "bool",
                                          "server": "string"
                                        }
                                      ],
                                      "persistentVolumeClaim": [
                                        "object",
                                        {
                                          "claimName": "string",
                                          "readOnly": "bool"
                                        }
                                      ],
                                      "photonPersistentDisk": [
                                        "object",
                                        {
                                          "fsType": "string",
                                          "pdID": "string"
                                        }
                                      ],
                                      "portworxVolume": [
                                        "object",
                                        {
                                          "fsType": "string",
                                          "readOnly": "bool",
                                          "volumeID": "string"
                                        }
                                      ],
                                      "projected": [
                                        "object",
                                        {
                                          "defaultMode": "number",
                                          "sources": [
                                            "list",
                                            [
                                              "object",
                                              {
                                                "configMap": [
                                                  "object",
                                                  {
                                                    "items": [
                                                      "list",
                                                      [
                                                        "object",
                                                        {
                                                          "key": "string",
                                                          "mode": "number",
                                                          "path": "string"
                                                        }
                                                      ]
                                                    ],
                                                    "name": "string",
                                                    "optional": "bool"
                                                  }
                                                ],
                                                "downwardAPI": [
                                                  "object",
                                                  {
                                                    "items": [
                                                      "list",
                                                      [
                                                        "object",
                                                        {
                                                          "fieldRef": [
                                                            "object",
                                                            {
                                                              "apiVersion": "string",
                                                              "fieldPath": "string"
                                                            }
                                                          ],
                                                          "mode": "number",
                                                          "path": "string",
                                                          "resourceFieldRef": [
                                                            "object",
                                                            {
                                                              "containerName": "string",
                                                              "divisor": "string",
                                                              "resource": "string"
                                                            }
                                                          ]
                                                        }
                                                      ]
                                                    ]
                                                  }
                                                ],
                                                "secret": [
                                                  "object",
                                                  {
                                                    "items": [
                                                      "list",
                                                      [
                                                        "object",
                                                        {
                                                          "key": "string",
                                                          "mode": "number",
                                                          "path": "string"
                                                        }
                                                      ]
                                                    ],
                                                    "name": "string",
                                                    "optional": "bool"
                                                  }
                                                ],
                                                "serviceAccountToken": [
                                                  "object",
                                                  {
                                                    "audience": "string",
                                                    "expirationSeconds": "number",
                                                    "path": "string"
                                                  }
                                                ]
                                              }
                                            ]
                                          ]
                                        }
                                      ],
                                      "quobyte": [
                                        "object",
                                        {
                                          "group": "string",
                                          "readOnly": "bool",
                                          "registry": "string",
                                          "tenant": "string",
                                          "user": "string",
                                          "volume": "string"
                                        }
                                      ],
                                      "rbd": [
                                        "object",
                                        {
                                          "fsType": "string",
                                          "image": "string",
                                          "keyring": "string",
                                          "monitors": [
                                            "list",
                                            "string"
                                          ],
                                          "pool": "string",
                                          "readOnly": "bool",
                                          "secretRef": [
                                            "object",
                                            {
                                              "name": "string"
                                            }
                                          ],
                                          "user": "string"
                                        }
                                      ],
                                      "scaleIO": [
                                        "object",
                                        {
                                          "fsType": "string",
                                          "gateway": "string",
                                          "protectionDomain": "string",
                                          "readOnly": "bool",
                                          "secretRef": [
                                            "object",
                                            {
                                              "name": "string"
                                            }
                                          ],
                                          "sslEnabled": "bool",
                                          "storageMode": "string",
                                          "storagePool": "string",
                                          "system": "string",
                                          "volumeName": "string"
                                        }
                                      ],
                                      "secret": [
                                        "object",
                                        {
                                          "defaultMode": "number",
                                          "items": [
                                            "list",
                                            [
                                              "object",
                                              {
                                                "key": "string",
                                                "mode": "number",
                                                "path": "string"
                                              }
                                            ]
                                          ],
                                          "optional": "bool",
                                          "secretName": "string"
                                        }
                                      ],
                                      "storageos": [
                                        "object",
                                        {
                                          "fsType": "string",
                                          "readOnly": "bool",
                                          "secretRef": [
                                            "object",
                                            {
                                              "name": "string"
                                            }
                                          ],
                                          "volumeName": "string",
                                          "volumeNamespace": "string"
                                        }
                                      ],
                                      "vsphereVolume": [
                                        "object",
                                        {
                                          "fsType": "string",
                                          "storagePolicyID": "string",
                                          "storagePolicyName": "string",
                                          "volumePath": "string"
                                        }
                                      ]
                                    }
                                  ]
                                ]
                              ]
                            }
                          ]
                        }
                      ],
                      "updateStrategy": [
                        "object",
                        {
                          "rollingUpdate": [
                            "object",
                            {
                              "maxUnavailable": "string",
                              "partition": "number"
                            }
                          ],
                          "type": "string"
                        }
                      ],
                      "volumeClaimTemplates": [
                        "tuple",
                        [
                          [
                            "object",
                            {
                              "apiVersion": "string",
                              "kind": "string",
                              "metadata": [
                                "object",
                                {
                                  "annotations": [
                                    "map",
                                    "string"
                                  ],
                                  "creationTimestamp": "string",
                                  "deletionGracePeriodSeconds": "number",
                                  "deletionTimestamp": "string",
                                  "finalizers": [
                                    "list",
                                    "string"
                                  ],
                                  "generateName": "string",
                                  "generation": "number",
                                  "labels": [
                                    "map",
                                    "string"
                                  ],
                                  "managedFields": [
                                    "tuple",
                                    [
                                      [
                                        "object",
                                        {
                                          "apiVersion": "string",
                                          "fieldsType": "string",
                                          "fieldsV1": "dynamic",
                                          "manager": "string",
                                          "operation": "string",
                                          "subresource": "string",
                                          "time": "string"
                                        }
                                      ]
                                    ]
                                  ],
                                  "name": "string",
                                  "namespace": "string",
                                  "ownerReferences": [
                                    "list",
                                    [
                                      "object",
                                      {
                                        "apiVersion": "string",
                                        "blockOwnerDeletion": "bool",
                                        "controller": "bool",
                                        "kind": "string",
                                        "name": "string",
                                        "uid": "string"
                                      }
                                    ]
                                  ],
                                  "resourceVersion": "string",
                                  "selfLink": "string",
                                  "uid": "string"
                                }
                              ],
                              "spec": [
                                "object",
                                {
                                  "accessModes": [
                                    "list",
                                    "string"
                                  ],
                                  "dataSource": [
                                    "object",
                                    {
                                      "apiGroup": "string",
                                      "kind": "string",
                                      "name": "string"
                                    }
                                  ],
                                  "dataSourceRef": [
                                    "object",
                                    {
                                      "apiGroup": "string",
                                      "kind": "string",
                                      "name": "string",
                                      "namespace": "string"
                                    }
                                  ],
                                  "resources": [
                                    "object",
                                    {
                                      "claims": [
                                        "list",
                                        [
                                          "object",
                                          {
                                            "name": "string"
                                          }
                                        ]
                                      ],
                                      "limits": [
                                        "map",
                                        "string"
                                      ],
                                      "requests": [
                                        "map",
                                        "string"
                                      ]
                                    }
                                  ],
                                  "selector": [
                                    "object",
                                    {
                                      "matchExpressions": [
                                        "list",
                                        [
                                          "object",
                                          {
                                            "key": "string",
                                            "operator": "string",
                                            "values": [
                                              "list",
                                              "string"
                                            ]
                                          }
                                        ]
                                      ],
                                      "matchLabels": [
                                        "map",
                                        "string"
                                      ]
                                    }
                                  ],
                                  "storageClassName": "string",
                                  "volumeMode": "string",
                                  "volumeName": "string"
                                }
                              ],
                              "status": [
                                "object",
                                {
                                  "accessModes": [
                                    "list",
                                    "string"
                                  ],
                                  "allocatedResources": [
                                    "map",
                                    "string"
                                  ],
                                  "capacity": [
                                    "map",
                                    "string"
                                  ],
                                  "conditions": [
                                    "list",
                                    [
                                      "object",
                                      {
                                        "lastProbeTime": "string",
                                        "lastTransitionTime": "string",
                                        "message": "string",
                                        "reason": "string",
                                        "status": "string",
                                        "type": "string"
                                      }
                                    ]
                                  ],
                                  "phase": "string",
                                  "resizeStatus": "string"
                                }
                              ]
                            }
                          ]
                        ]
                      ]
                    }
                  ]
                }
              ]
            },
            "timeouts": [],
            "wait": [],
            "wait_for": null
          },
          "sensitive_attributes": [],
          "dependencies": [
            "data.kubernetes_resource.sonarqube_ns",
            "kubernetes_manifest.persistentvolume_sonarqube_pv_volume",
            "kubernetes_manifest.persistentvolumeclaim_sonarqube_data_sonarqube_postgresql_0"
          ]
        }
      ]
    },
    {
      "mode": "managed",
      "type": "kubernetes_manifest",
      "name": "statefulset_sonarqube_sonarqube_sonarqube",
      "provider": "provider[\"registry.terraform.io/hashicorp/kubernetes\"]",
      "instances": [
        {
          "schema_version": 1,
          "attributes": {
            "computed_fields": null,
            "field_manager": [],
            "manifest": {
              "value": {
                "apiVersion": "apps/v1",
                "kind": "StatefulSet",
                "metadata": {
                  "annotations": {
                    "meta.kind.tf/release-name": "sonarqube",
                    "meta.kind.tf/release-namespace": "sonarqube"
                  },
                  "labels": {
                    "app": "sonarqube",
                    "app.kubernetes.io/component": "sonarqube-sonarqube",
                    "app.kubernetes.io/instance": "sonarqube",
                    "app.kubernetes.io/managed-by": "Terraform",
                    "app.kubernetes.io/name": "sonarqube-sonarqube-sonarqube",
                    "app.kubernetes.io/part-of": "sonarqube",
                    "app.kubernetes.io/version": "9.9.1-community",
                    "chart": "sonarqube-8.0.1_546",
                    "heritage": "Terraform",
                    "release": "sonarqube"
                  },
                  "name": "sonarqube-sonarqube",
                  "namespace": "sonarqube"
                },
                "spec": {
                  "persistentVolumeClaimRetentionPolicy": {
                    "whenDeleted": "Retain",
                    "whenScaled": "Retain"
                  },
                  "podManagementPolicy": "OrderedReady",
                  "replicas": 1,
                  "revisionHistoryLimit": 10,
                  "selector": {
                    "matchLabels": {
                      "app": "sonarqube",
                      "release": "sonarqube"
                    }
                  },
                  "serviceName": "sonarqube-sonarqube",
                  "template": {
                    "metadata": {
                      "annotations": {
                        "checksum/config": "8c9be2e73dd982ff2e319692fc7629976c7cee76deb1f657e7b23d8f738f7262",
                        "checksum/init-fs": "de425971490dddc7fabdf160d6beb70841bb7b9d3bb822444dbde0d0423f3e87",
                        "checksum/init-sysctl": "ada9774e8ee1b666b5bad2ac34871e915a16ff7cf4ef1910362fa4895345f5b0",
                        "checksum/plugins": "ca3485ae9c3dbfe13cc5b6cf18e78c0ca074ddae70d7eaf73fd027f04bf29c41",
                        "checksum/prometheus-ce-config": "764865c8ea550e52cb29abff97dccffa29070c40b81f42ffa49de2b7478b9787",
                        "checksum/prometheus-config": "b8f580fb27d104fac41d0bee09c4426765c290b1e174f555761ad80de4870481",
                        "checksum/secret": "20ebdc33b4f10d26c5fb5eeddf883d02cbc7b242732dc2651e00851e59ade35b"
                      },
                      "creationTimestamp": null,
                      "labels": {
                        "app": "sonarqube",
                        "release": "sonarqube"
                      }
                    },
                    "spec": {
                      "containers": [
                        {
                          "env": [
                            {
                              "name": "SONAR_WEB_JAVAOPTS",
                              "value": "-javaagent:/opt/sonarqube/data/jmx_prometheus_javaagent.jar=8000:/opt/sonarqube/conf/prometheus-config.yaml"
                            },
                            {
                              "name": "SONAR_CE_JAVAOPTS",
                              "value": "-javaagent:/opt/sonarqube/data/jmx_prometheus_javaagent.jar=8001:/opt/sonarqube/conf/prometheus-ce-config.yaml"
                            },
                            {
                              "name": "SONAR_JDBC_PASSWORD",
                              "valueFrom": {
                                "secretKeyRef": {
                                  "key": "postgresql-password",
                                  "name": "sonarqube-postgresql"
                                }
                              }
                            },
                            {
                              "name": "SONAR_WEB_SYSTEMPASSCODE",
                              "valueFrom": {
                                "secretKeyRef": {
                                  "key": "SONAR_WEB_SYSTEMPASSCODE",
                                  "name": "sonarqube-sonarqube-monitoring-passcode"
                                }
                              }
                            }
                          ],
                          "envFrom": [
                            {
                              "configMapRef": {
                                "name": "sonarqube-sonarqube-jdbc-config"
                              }
                            }
                          ],
                          "image": "sonarqube:9.9.1-community",
                          "imagePullPolicy": "IfNotPresent",
                          "livenessProbe": {
                            "exec": {
                              "command": [
                                "sh",
                                "-c",
                                "host=\"$(hostname -i || echo '127.0.0.1')\"\nreply=$(wget -qO- --header=\"X-Sonar-Passcode: $SONAR_WEB_SYSTEMPASSCODE\" http://${host}:9000/api/system/liveness 2\u003e\u00261)\nif [ -z \"$reply\" ]; then exit 0; else exit 1; fi\n\n"
                              ]
                            },
                            "failureThreshold": 6,
                            "initialDelaySeconds": 60,
                            "periodSeconds": 30,
                            "successThreshold": 1,
                            "timeoutSeconds": 1
                          },
                          "name": "sonarqube",
                          "ports": [
                            {
                              "containerPort": 9000,
                              "name": "http",
                              "protocol": "TCP"
                            },
                            {
                              "containerPort": 8000,
                              "name": "monitoring-web",
                              "protocol": "TCP"
                            },
                            {
                              "containerPort": 8001,
                              "name": "monitoring-ce",
                              "protocol": "TCP"
                            }
                          ],
                          "readinessProbe": {
                            "exec": {
                              "command": [
                                "sh",
                                "-c",
                                "#!/bin/bash\n# A Sonarqube container is considered ready if the status is UP, DB_MIGRATION_NEEDED or DB_MIGRATION_RUNNING\n# status about migration are added to prevent the node to be kill while sonarqube is upgrading the database.\nhost=\"$(hostname -i || echo '127.0.0.1')\"\nif wget --proxy off -qO- http://${host}:9000/api/system/status | grep -q -e '\"status\":\"UP\"' -e '\"status\":\"DB_MIGRATION_NEEDED\"' -e '\"status\":\"DB_MIGRATION_RUNNING\"'; then\n\texit 0\nfi\nexit 1\n\n"
                              ]
                            },
                            "failureThreshold": 6,
                            "initialDelaySeconds": 60,
                            "periodSeconds": 30,
                            "successThreshold": 1,
                            "timeoutSeconds": 1
                          },
                          "resources": {
                            "limits": {
                              "cpu": "800m",
                              "memory": "4Gi"
                            },
                            "requests": {
                              "cpu": "400m",
                              "memory": "2Gi"
                            }
                          },
                          "securityContext": {
                            "runAsUser": 1000
                          },
                          "startupProbe": {
                            "failureThreshold": 24,
                            "httpGet": {
                              "path": "/api/system/status",
                              "port": "http",
                              "scheme": "HTTP"
                            },
                            "initialDelaySeconds": 30,
                            "periodSeconds": 10,
                            "successThreshold": 1,
                            "timeoutSeconds": 1
                          },
                          "terminationMessagePath": "/dev/termination-log",
                          "terminationMessagePolicy": "File",
                          "volumeMounts": [
                            {
                              "mountPath": "/opt/sonarqube/data",
                              "name": "sonarqube",
                              "subPath": "data"
                            },
                            {
                              "mountPath": "/opt/sonarqube/temp",
                              "name": "sonarqube",
                              "subPath": "temp"
                            },
                            {
                              "mountPath": "/opt/sonarqube/logs",
                              "name": "sonarqube",
                              "subPath": "logs"
                            },
                            {
                              "mountPath": "/tmp",
                              "name": "tmp-dir"
                            },
                            {
                              "mountPath": "/opt/sonarqube/conf/prometheus-config.yaml",
                              "name": "prometheus-config",
                              "subPath": "prometheus-config.yaml"
                            },
                            {
                              "mountPath": "/opt/sonarqube/conf/prometheus-ce-config.yaml",
                              "name": "prometheus-ce-config",
                              "subPath": "prometheus-ce-config.yaml"
                            }
                          ]
                        }
                      ],
                      "dnsPolicy": "ClusterFirst",
                      "initContainers": [
                        {
                          "command": [
                            "/bin/sh",
                            "-c",
                            "for i in $(seq 1 200); do nc -z -w3 sonarqube-postgresql 5432 \u0026\u0026 exit 0 || sleep 2; done; exit 1"
                          ],
                          "image": "busybox:1.32",
                          "imagePullPolicy": "IfNotPresent",
                          "name": "wait-for-db",
                          "resources": {},
                          "terminationMessagePath": "/dev/termination-log",
                          "terminationMessagePolicy": "File"
                        },
                        {
                          "command": [
                            "sh",
                            "-e",
                            "/tmp/scripts/init_sysctl.sh"
                          ],
                          "image": "busybox:1.32",
                          "imagePullPolicy": "IfNotPresent",
                          "name": "init-sysctl",
                          "resources": {},
                          "securityContext": {
                            "privileged": true
                          },
                          "terminationMessagePath": "/dev/termination-log",
                          "terminationMessagePolicy": "File",
                          "volumeMounts": [
                            {
                              "mountPath": "/tmp/scripts/",
                              "name": "init-sysctl"
                            }
                          ]
                        },
                        {
                          "args": [
                            "curl -s 'https://repo1.maven.org/maven2/io/prometheus/jmx/jmx_prometheus_javaagent/0.16.0/jmx_prometheus_javaagent-0.16.0.jar'  --output /data/jmx_prometheus_javaagent.jar -v"
                          ],
                          "command": [
                            "/bin/sh",
                            "-c"
                          ],
                          "env": [
                            {
                              "name": "http_proxy"
                            },
                            {
                              "name": "https_proxy"
                            },
                            {
                              "name": "no_proxy"
                            }
                          ],
                          "image": "curlimages/curl:7.76.1",
                          "imagePullPolicy": "IfNotPresent",
                          "name": "inject-prometheus-exporter",
                          "resources": {},
                          "securityContext": {
                            "runAsGroup": 1000,
                            "runAsUser": 1000
                          },
                          "terminationMessagePath": "/dev/termination-log",
                          "terminationMessagePolicy": "File",
                          "volumeMounts": [
                            {
                              "mountPath": "/data",
                              "name": "sonarqube",
                              "subPath": "data"
                            }
                          ]
                        }
                      ],
                      "restartPolicy": "Always",
                      "schedulerName": "default-scheduler",
                      "securityContext": {
                        "fsGroup": 1000
                      },
                      "serviceAccount": "default",
                      "serviceAccountName": "default",
                      "terminationGracePeriodSeconds": 30,
                      "volumes": [
                        {
                          "configMap": {
                            "defaultMode": 420,
                            "items": [
                              {
                                "key": "init_sysctl.sh",
                                "path": "init_sysctl.sh"
                              }
                            ],
                            "name": "sonarqube-sonarqube-init-sysctl"
                          },
                          "name": "init-sysctl"
                        },
                        {
                          "configMap": {
                            "defaultMode": 420,
                            "items": [
                              {
                                "key": "init_fs.sh",
                                "path": "init_fs.sh"
                              }
                            ],
                            "name": "sonarqube-sonarqube-init-fs"
                          },
                          "name": "init-fs"
                        },
                        {
                          "configMap": {
                            "defaultMode": 420,
                            "items": [
                              {
                                "key": "install_plugins.sh",
                                "path": "install_plugins.sh"
                              }
                            ],
                            "name": "sonarqube-sonarqube-install-plugins"
                          },
                          "name": "install-plugins"
                        },
                        {
                          "configMap": {
                            "defaultMode": 420,
                            "items": [
                              {
                                "key": "prometheus-config.yaml",
                                "path": "prometheus-config.yaml"
                              }
                            ],
                            "name": "sonarqube-sonarqube-prometheus-config"
                          },
                          "name": "prometheus-config"
                        },
                        {
                          "configMap": {
                            "defaultMode": 420,
                            "items": [
                              {
                                "key": "prometheus-ce-config.yaml",
                                "path": "prometheus-ce-config.yaml"
                              }
                            ],
                            "name": "sonarqube-sonarqube-prometheus-ce-config"
                          },
                          "name": "prometheus-ce-config"
                        },
                        {
                          "emptyDir": {},
                          "name": "sonarqube"
                        },
                        {
                          "emptyDir": {},
                          "name": "tmp-dir"
                        }
                      ]
                    }
                  },
                  "updateStrategy": {
                    "rollingUpdate": {
                      "partition": 0
                    },
                    "type": "RollingUpdate"
                  }
                }
              },
              "type": [
                "object",
                {
                  "apiVersion": "string",
                  "kind": "string",
                  "metadata": [
                    "object",
                    {
                      "annotations": [
                        "object",
                        {
                          "meta.kind.tf/release-name": "string",
                          "meta.kind.tf/release-namespace": "string"
                        }
                      ],
                      "labels": [
                        "object",
                        {
                          "app": "string",
                          "app.kubernetes.io/component": "string",
                          "app.kubernetes.io/instance": "string",
                          "app.kubernetes.io/managed-by": "string",
                          "app.kubernetes.io/name": "string",
                          "app.kubernetes.io/part-of": "string",
                          "app.kubernetes.io/version": "string",
                          "chart": "string",
                          "heritage": "string",
                          "release": "string"
                        }
                      ],
                      "name": "string",
                      "namespace": "string"
                    }
                  ],
                  "spec": [
                    "object",
                    {
                      "persistentVolumeClaimRetentionPolicy": [
                        "object",
                        {
                          "whenDeleted": "string",
                          "whenScaled": "string"
                        }
                      ],
                      "podManagementPolicy": "string",
                      "replicas": "number",
                      "revisionHistoryLimit": "number",
                      "selector": [
                        "object",
                        {
                          "matchLabels": [
                            "object",
                            {
                              "app": "string",
                              "release": "string"
                            }
                          ]
                        }
                      ],
                      "serviceName": "string",
                      "template": [
                        "object",
                        {
                          "metadata": [
                            "object",
                            {
                              "annotations": [
                                "object",
                                {
                                  "checksum/config": "string",
                                  "checksum/init-fs": "string",
                                  "checksum/init-sysctl": "string",
                                  "checksum/plugins": "string",
                                  "checksum/prometheus-ce-config": "string",
                                  "checksum/prometheus-config": "string",
                                  "checksum/secret": "string"
                                }
                              ],
                              "creationTimestamp": "dynamic",
                              "labels": [
                                "object",
                                {
                                  "app": "string",
                                  "release": "string"
                                }
                              ]
                            }
                          ],
                          "spec": [
                            "object",
                            {
                              "containers": [
                                "tuple",
                                [
                                  [
                                    "object",
                                    {
                                      "env": [
                                        "tuple",
                                        [
                                          [
                                            "object",
                                            {
                                              "name": "string",
                                              "value": "string"
                                            }
                                          ],
                                          [
                                            "object",
                                            {
                                              "name": "string",
                                              "value": "string"
                                            }
                                          ],
                                          [
                                            "object",
                                            {
                                              "name": "string",
                                              "valueFrom": [
                                                "object",
                                                {
                                                  "secretKeyRef": [
                                                    "object",
                                                    {
                                                      "key": "string",
                                                      "name": "string"
                                                    }
                                                  ]
                                                }
                                              ]
                                            }
                                          ],
                                          [
                                            "object",
                                            {
                                              "name": "string",
                                              "valueFrom": [
                                                "object",
                                                {
                                                  "secretKeyRef": [
                                                    "object",
                                                    {
                                                      "key": "string",
                                                      "name": "string"
                                                    }
                                                  ]
                                                }
                                              ]
                                            }
                                          ]
                                        ]
                                      ],
                                      "envFrom": [
                                        "tuple",
                                        [
                                          [
                                            "object",
                                            {
                                              "configMapRef": [
                                                "object",
                                                {
                                                  "name": "string"
                                                }
                                              ]
                                            }
                                          ]
                                        ]
                                      ],
                                      "image": "string",
                                      "imagePullPolicy": "string",
                                      "livenessProbe": [
                                        "object",
                                        {
                                          "exec": [
                                            "object",
                                            {
                                              "command": [
                                                "tuple",
                                                [
                                                  "string",
                                                  "string",
                                                  "string"
                                                ]
                                              ]
                                            }
                                          ],
                                          "failureThreshold": "number",
                                          "initialDelaySeconds": "number",
                                          "periodSeconds": "number",
                                          "successThreshold": "number",
                                          "timeoutSeconds": "number"
                                        }
                                      ],
                                      "name": "string",
                                      "ports": [
                                        "tuple",
                                        [
                                          [
                                            "object",
                                            {
                                              "containerPort": "number",
                                              "name": "string",
                                              "protocol": "string"
                                            }
                                          ],
                                          [
                                            "object",
                                            {
                                              "containerPort": "number",
                                              "name": "string",
                                              "protocol": "string"
                                            }
                                          ],
                                          [
                                            "object",
                                            {
                                              "containerPort": "number",
                                              "name": "string",
                                              "protocol": "string"
                                            }
                                          ]
                                        ]
                                      ],
                                      "readinessProbe": [
                                        "object",
                                        {
                                          "exec": [
                                            "object",
                                            {
                                              "command": [
                                                "tuple",
                                                [
                                                  "string",
                                                  "string",
                                                  "string"
                                                ]
                                              ]
                                            }
                                          ],
                                          "failureThreshold": "number",
                                          "initialDelaySeconds": "number",
                                          "periodSeconds": "number",
                                          "successThreshold": "number",
                                          "timeoutSeconds": "number"
                                        }
                                      ],
                                      "resources": [
                                        "object",
                                        {
                                          "limits": [
                                            "object",
                                            {
                                              "cpu": "string",
                                              "memory": "string"
                                            }
                                          ],
                                          "requests": [
                                            "object",
                                            {
                                              "cpu": "string",
                                              "memory": "string"
                                            }
                                          ]
                                        }
                                      ],
                                      "securityContext": [
                                        "object",
                                        {
                                          "runAsUser": "number"
                                        }
                                      ],
                                      "startupProbe": [
                                        "object",
                                        {
                                          "failureThreshold": "number",
                                          "httpGet": [
                                            "object",
                                            {
                                              "path": "string",
                                              "port": "string",
                                              "scheme": "string"
                                            }
                                          ],
                                          "initialDelaySeconds": "number",
                                          "periodSeconds": "number",
                                          "successThreshold": "number",
                                          "timeoutSeconds": "number"
                                        }
                                      ],
                                      "terminationMessagePath": "string",
                                      "terminationMessagePolicy": "string",
                                      "volumeMounts": [
                                        "tuple",
                                        [
                                          [
                                            "object",
                                            {
                                              "mountPath": "string",
                                              "name": "string",
                                              "subPath": "string"
                                            }
                                          ],
                                          [
                                            "object",
                                            {
                                              "mountPath": "string",
                                              "name": "string",
                                              "subPath": "string"
                                            }
                                          ],
                                          [
                                            "object",
                                            {
                                              "mountPath": "string",
                                              "name": "string",
                                              "subPath": "string"
                                            }
                                          ],
                                          [
                                            "object",
                                            {
                                              "mountPath": "string",
                                              "name": "string"
                                            }
                                          ],
                                          [
                                            "object",
                                            {
                                              "mountPath": "string",
                                              "name": "string",
                                              "subPath": "string"
                                            }
                                          ],
                                          [
                                            "object",
                                            {
                                              "mountPath": "string",
                                              "name": "string",
                                              "subPath": "string"
                                            }
                                          ]
                                        ]
                                      ]
                                    }
                                  ]
                                ]
                              ],
                              "dnsPolicy": "string",
                              "initContainers": [
                                "tuple",
                                [
                                  [
                                    "object",
                                    {
                                      "command": [
                                        "tuple",
                                        [
                                          "string",
                                          "string",
                                          "string"
                                        ]
                                      ],
                                      "image": "string",
                                      "imagePullPolicy": "string",
                                      "name": "string",
                                      "resources": [
                                        "object",
                                        {}
                                      ],
                                      "terminationMessagePath": "string",
                                      "terminationMessagePolicy": "string"
                                    }
                                  ],
                                  [
                                    "object",
                                    {
                                      "command": [
                                        "tuple",
                                        [
                                          "string",
                                          "string",
                                          "string"
                                        ]
                                      ],
                                      "image": "string",
                                      "imagePullPolicy": "string",
                                      "name": "string",
                                      "resources": [
                                        "object",
                                        {}
                                      ],
                                      "securityContext": [
                                        "object",
                                        {
                                          "privileged": "bool"
                                        }
                                      ],
                                      "terminationMessagePath": "string",
                                      "terminationMessagePolicy": "string",
                                      "volumeMounts": [
                                        "tuple",
                                        [
                                          [
                                            "object",
                                            {
                                              "mountPath": "string",
                                              "name": "string"
                                            }
                                          ]
                                        ]
                                      ]
                                    }
                                  ],
                                  [
                                    "object",
                                    {
                                      "args": [
                                        "tuple",
                                        [
                                          "string"
                                        ]
                                      ],
                                      "command": [
                                        "tuple",
                                        [
                                          "string",
                                          "string"
                                        ]
                                      ],
                                      "env": [
                                        "tuple",
                                        [
                                          [
                                            "object",
                                            {
                                              "name": "string"
                                            }
                                          ],
                                          [
                                            "object",
                                            {
                                              "name": "string"
                                            }
                                          ],
                                          [
                                            "object",
                                            {
                                              "name": "string"
                                            }
                                          ]
                                        ]
                                      ],
                                      "image": "string",
                                      "imagePullPolicy": "string",
                                      "name": "string",
                                      "resources": [
                                        "object",
                                        {}
                                      ],
                                      "securityContext": [
                                        "object",
                                        {
                                          "runAsGroup": "number",
                                          "runAsUser": "number"
                                        }
                                      ],
                                      "terminationMessagePath": "string",
                                      "terminationMessagePolicy": "string",
                                      "volumeMounts": [
                                        "tuple",
                                        [
                                          [
                                            "object",
                                            {
                                              "mountPath": "string",
                                              "name": "string",
                                              "subPath": "string"
                                            }
                                          ]
                                        ]
                                      ]
                                    }
                                  ]
                                ]
                              ],
                              "restartPolicy": "string",
                              "schedulerName": "string",
                              "securityContext": [
                                "object",
                                {
                                  "fsGroup": "number"
                                }
                              ],
                              "serviceAccount": "string",
                              "serviceAccountName": "string",
                              "terminationGracePeriodSeconds": "number",
                              "volumes": [
                                "tuple",
                                [
                                  [
                                    "object",
                                    {
                                      "configMap": [
                                        "object",
                                        {
                                          "defaultMode": "number",
                                          "items": [
                                            "tuple",
                                            [
                                              [
                                                "object",
                                                {
                                                  "key": "string",
                                                  "path": "string"
                                                }
                                              ]
                                            ]
                                          ],
                                          "name": "string"
                                        }
                                      ],
                                      "name": "string"
                                    }
                                  ],
                                  [
                                    "object",
                                    {
                                      "configMap": [
                                        "object",
                                        {
                                          "defaultMode": "number",
                                          "items": [
                                            "tuple",
                                            [
                                              [
                                                "object",
                                                {
                                                  "key": "string",
                                                  "path": "string"
                                                }
                                              ]
                                            ]
                                          ],
                                          "name": "string"
                                        }
                                      ],
                                      "name": "string"
                                    }
                                  ],
                                  [
                                    "object",
                                    {
                                      "configMap": [
                                        "object",
                                        {
                                          "defaultMode": "number",
                                          "items": [
                                            "tuple",
                                            [
                                              [
                                                "object",
                                                {
                                                  "key": "string",
                                                  "path": "string"
                                                }
                                              ]
                                            ]
                                          ],
                                          "name": "string"
                                        }
                                      ],
                                      "name": "string"
                                    }
                                  ],
                                  [
                                    "object",
                                    {
                                      "configMap": [
                                        "object",
                                        {
                                          "defaultMode": "number",
                                          "items": [
                                            "tuple",
                                            [
                                              [
                                                "object",
                                                {
                                                  "key": "string",
                                                  "path": "string"
                                                }
                                              ]
                                            ]
                                          ],
                                          "name": "string"
                                        }
                                      ],
                                      "name": "string"
                                    }
                                  ],
                                  [
                                    "object",
                                    {
                                      "configMap": [
                                        "object",
                                        {
                                          "defaultMode": "number",
                                          "items": [
                                            "tuple",
                                            [
                                              [
                                                "object",
                                                {
                                                  "key": "string",
                                                  "path": "string"
                                                }
                                              ]
                                            ]
                                          ],
                                          "name": "string"
                                        }
                                      ],
                                      "name": "string"
                                    }
                                  ],
                                  [
                                    "object",
                                    {
                                      "emptyDir": [
                                        "object",
                                        {}
                                      ],
                                      "name": "string"
                                    }
                                  ],
                                  [
                                    "object",
                                    {
                                      "emptyDir": [
                                        "object",
                                        {}
                                      ],
                                      "name": "string"
                                    }
                                  ]
                                ]
                              ]
                            }
                          ]
                        }
                      ],
                      "updateStrategy": [
                        "object",
                        {
                          "rollingUpdate": [
                            "object",
                            {
                              "partition": "number"
                            }
                          ],
                          "type": "string"
                        }
                      ]
                    }
                  ]
                }
              ]
            },
            "object": {
              "value": {
                "apiVersion": "apps/v1",
                "kind": "StatefulSet",
                "metadata": {
                  "annotations": {
                    "meta.kind.tf/release-name": "sonarqube",
                    "meta.kind.tf/release-namespace": "sonarqube"
                  },
                  "creationTimestamp": null,
                  "deletionGracePeriodSeconds": null,
                  "deletionTimestamp": null,
                  "finalizers": null,
                  "generateName": null,
                  "generation": null,
                  "labels": {
                    "app": "sonarqube",
                    "app.kubernetes.io/component": "sonarqube-sonarqube",
                    "app.kubernetes.io/instance": "sonarqube",
                    "app.kubernetes.io/managed-by": "Terraform",
                    "app.kubernetes.io/name": "sonarqube-sonarqube-sonarqube",
                    "app.kubernetes.io/part-of": "sonarqube",
                    "app.kubernetes.io/version": "9.9.1-community",
                    "chart": "sonarqube-8.0.1_546",
                    "heritage": "Terraform",
                    "release": "sonarqube"
                  },
                  "managedFields": null,
                  "name": "sonarqube-sonarqube",
                  "namespace": "sonarqube",
                  "ownerReferences": null,
                  "resourceVersion": null,
                  "selfLink": null,
                  "uid": null
                },
                "spec": {
                  "minReadySeconds": null,
                  "ordinals": {
                    "start": null
                  },
                  "persistentVolumeClaimRetentionPolicy": {
                    "whenDeleted": "Retain",
                    "whenScaled": "Retain"
                  },
                  "podManagementPolicy": "OrderedReady",
                  "replicas": 1,
                  "revisionHistoryLimit": 10,
                  "selector": {
                    "matchExpressions": null,
                    "matchLabels": {
                      "app": "sonarqube",
                      "release": "sonarqube"
                    }
                  },
                  "serviceName": "sonarqube-sonarqube",
                  "template": {
                    "metadata": {
                      "annotations": {
                        "checksum/config": "8c9be2e73dd982ff2e319692fc7629976c7cee76deb1f657e7b23d8f738f7262",
                        "checksum/init-fs": "de425971490dddc7fabdf160d6beb70841bb7b9d3bb822444dbde0d0423f3e87",
                        "checksum/init-sysctl": "ada9774e8ee1b666b5bad2ac34871e915a16ff7cf4ef1910362fa4895345f5b0",
                        "checksum/plugins": "ca3485ae9c3dbfe13cc5b6cf18e78c0ca074ddae70d7eaf73fd027f04bf29c41",
                        "checksum/prometheus-ce-config": "764865c8ea550e52cb29abff97dccffa29070c40b81f42ffa49de2b7478b9787",
                        "checksum/prometheus-config": "b8f580fb27d104fac41d0bee09c4426765c290b1e174f555761ad80de4870481",
                        "checksum/secret": "20ebdc33b4f10d26c5fb5eeddf883d02cbc7b242732dc2651e00851e59ade35b"
                      },
                      "creationTimestamp": null,
                      "deletionGracePeriodSeconds": null,
                      "deletionTimestamp": null,
                      "finalizers": null,
                      "generateName": null,
                      "generation": null,
                      "labels": {
                        "app": "sonarqube",
                        "release": "sonarqube"
                      },
                      "managedFields": null,
                      "name": null,
                      "namespace": null,
                      "ownerReferences": null,
                      "resourceVersion": null,
                      "selfLink": null,
                      "uid": null
                    },
                    "spec": {
                      "activeDeadlineSeconds": null,
                      "affinity": {
                        "nodeAffinity": {
                          "preferredDuringSchedulingIgnoredDuringExecution": null,
                          "requiredDuringSchedulingIgnoredDuringExecution": {
                            "nodeSelectorTerms": null
                          }
                        },
                        "podAffinity": {
                          "preferredDuringSchedulingIgnoredDuringExecution": null,
                          "requiredDuringSchedulingIgnoredDuringExecution": null
                        },
                        "podAntiAffinity": {
                          "preferredDuringSchedulingIgnoredDuringExecution": null,
                          "requiredDuringSchedulingIgnoredDuringExecution": null
                        }
                      },
                      "automountServiceAccountToken": null,
                      "containers": [
                        {
                          "args": null,
                          "command": null,
                          "env": [
                            {
                              "name": "SONAR_WEB_JAVAOPTS",
                              "value": "-javaagent:/opt/sonarqube/data/jmx_prometheus_javaagent.jar=8000:/opt/sonarqube/conf/prometheus-config.yaml",
                              "valueFrom": {
                                "configMapKeyRef": {
                                  "key": null,
                                  "name": null,
                                  "optional": null
                                },
                                "fieldRef": {
                                  "apiVersion": null,
                                  "fieldPath": null
                                },
                                "resourceFieldRef": {
                                  "containerName": null,
                                  "divisor": null,
                                  "resource": null
                                },
                                "secretKeyRef": {
                                  "key": null,
                                  "name": null,
                                  "optional": null
                                }
                              }
                            },
                            {
                              "name": "SONAR_CE_JAVAOPTS",
                              "value": "-javaagent:/opt/sonarqube/data/jmx_prometheus_javaagent.jar=8001:/opt/sonarqube/conf/prometheus-ce-config.yaml",
                              "valueFrom": {
                                "configMapKeyRef": {
                                  "key": null,
                                  "name": null,
                                  "optional": null
                                },
                                "fieldRef": {
                                  "apiVersion": null,
                                  "fieldPath": null
                                },
                                "resourceFieldRef": {
                                  "containerName": null,
                                  "divisor": null,
                                  "resource": null
                                },
                                "secretKeyRef": {
                                  "key": null,
                                  "name": null,
                                  "optional": null
                                }
                              }
                            },
                            {
                              "name": "SONAR_JDBC_PASSWORD",
                              "value": null,
                              "valueFrom": {
                                "configMapKeyRef": {
                                  "key": null,
                                  "name": null,
                                  "optional": null
                                },
                                "fieldRef": {
                                  "apiVersion": null,
                                  "fieldPath": null
                                },
                                "resourceFieldRef": {
                                  "containerName": null,
                                  "divisor": null,
                                  "resource": null
                                },
                                "secretKeyRef": {
                                  "key": "postgresql-password",
                                  "name": "sonarqube-postgresql",
                                  "optional": null
                                }
                              }
                            },
                            {
                              "name": "SONAR_WEB_SYSTEMPASSCODE",
                              "value": null,
                              "valueFrom": {
                                "configMapKeyRef": {
                                  "key": null,
                                  "name": null,
                                  "optional": null
                                },
                                "fieldRef": {
                                  "apiVersion": null,
                                  "fieldPath": null
                                },
                                "resourceFieldRef": {
                                  "containerName": null,
                                  "divisor": null,
                                  "resource": null
                                },
                                "secretKeyRef": {
                                  "key": "SONAR_WEB_SYSTEMPASSCODE",
                                  "name": "sonarqube-sonarqube-monitoring-passcode",
                                  "optional": null
                                }
                              }
                            }
                          ],
                          "envFrom": [
                            {
                              "configMapRef": {
                                "name": "sonarqube-sonarqube-jdbc-config",
                                "optional": null
                              },
                              "prefix": null,
                              "secretRef": {
                                "name": null,
                                "optional": null
                              }
                            }
                          ],
                          "image": "sonarqube:9.9.1-community",
                          "imagePullPolicy": "IfNotPresent",
                          "lifecycle": {
                            "postStart": {
                              "exec": {
                                "command": null
                              },
                              "httpGet": {
                                "host": null,
                                "httpHeaders": null,
                                "path": null,
                                "port": null,
                                "scheme": null
                              },
                              "tcpSocket": {
                                "host": null,
                                "port": null
                              }
                            },
                            "preStop": {
                              "exec": {
                                "command": null
                              },
                              "httpGet": {
                                "host": null,
                                "httpHeaders": null,
                                "path": null,
                                "port": null,
                                "scheme": null
                              },
                              "tcpSocket": {
                                "host": null,
                                "port": null
                              }
                            }
                          },
                          "livenessProbe": {
                            "exec": {
                              "command": [
                                "sh",
                                "-c",
                                "host=\"$(hostname -i || echo '127.0.0.1')\"\nreply=$(wget -qO- --header=\"X-Sonar-Passcode: $SONAR_WEB_SYSTEMPASSCODE\" http://${host}:9000/api/system/liveness 2\u003e\u00261)\nif [ -z \"$reply\" ]; then exit 0; else exit 1; fi\n\n"
                              ]
                            },
                            "failureThreshold": 6,
                            "grpc": {
                              "port": null,
                              "service": null
                            },
                            "httpGet": {
                              "host": null,
                              "httpHeaders": null,
                              "path": null,
                              "port": null,
                              "scheme": null
                            },
                            "initialDelaySeconds": 60,
                            "periodSeconds": 30,
                            "successThreshold": 1,
                            "tcpSocket": {
                              "host": null,
                              "port": null
                            },
                            "terminationGracePeriodSeconds": null,
                            "timeoutSeconds": 1
                          },
                          "name": "sonarqube",
                          "ports": [
                            {
                              "containerPort": 9000,
                              "hostIP": null,
                              "hostPort": null,
                              "name": "http",
                              "protocol": "TCP"
                            },
                            {
                              "containerPort": 8000,
                              "hostIP": null,
                              "hostPort": null,
                              "name": "monitoring-web",
                              "protocol": "TCP"
                            },
                            {
                              "containerPort": 8001,
                              "hostIP": null,
                              "hostPort": null,
                              "name": "monitoring-ce",
                              "protocol": "TCP"
                            }
                          ],
                          "readinessProbe": {
                            "exec": {
                              "command": [
                                "sh",
                                "-c",
                                "#!/bin/bash\n# A Sonarqube container is considered ready if the status is UP, DB_MIGRATION_NEEDED or DB_MIGRATION_RUNNING\n# status about migration are added to prevent the node to be kill while sonarqube is upgrading the database.\nhost=\"$(hostname -i || echo '127.0.0.1')\"\nif wget --proxy off -qO- http://${host}:9000/api/system/status | grep -q -e '\"status\":\"UP\"' -e '\"status\":\"DB_MIGRATION_NEEDED\"' -e '\"status\":\"DB_MIGRATION_RUNNING\"'; then\n\texit 0\nfi\nexit 1\n\n"
                              ]
                            },
                            "failureThreshold": 6,
                            "grpc": {
                              "port": null,
                              "service": null
                            },
                            "httpGet": {
                              "host": null,
                              "httpHeaders": null,
                              "path": null,
                              "port": null,
                              "scheme": null
                            },
                            "initialDelaySeconds": 60,
                            "periodSeconds": 30,
                            "successThreshold": 1,
                            "tcpSocket": {
                              "host": null,
                              "port": null
                            },
                            "terminationGracePeriodSeconds": null,
                            "timeoutSeconds": 1
                          },
                          "resizePolicy": null,
                          "resources": {
                            "claims": null,
                            "limits": {
                              "cpu": "800m",
                              "memory": "4Gi"
                            },
                            "requests": {
                              "cpu": "400m",
                              "memory": "2Gi"
                            }
                          },
                          "securityContext": {
                            "allowPrivilegeEscalation": null,
                            "capabilities": {
                              "add": null,
                              "drop": null
                            },
                            "privileged": null,
                            "procMount": null,
                            "readOnlyRootFilesystem": null,
                            "runAsGroup": null,
                            "runAsNonRoot": null,
                            "runAsUser": 1000,
                            "seLinuxOptions": {
                              "level": null,
                              "role": null,
                              "type": null,
                              "user": null
                            },
                            "seccompProfile": {
                              "localhostProfile": null,
                              "type": null
                            },
                            "windowsOptions": {
                              "gmsaCredentialSpec": null,
                              "gmsaCredentialSpecName": null,
                              "hostProcess": null,
                              "runAsUserName": null
                            }
                          },
                          "startupProbe": {
                            "exec": {
                              "command": null
                            },
                            "failureThreshold": 24,
                            "grpc": {
                              "port": null,
                              "service": null
                            },
                            "httpGet": {
                              "host": null,
                              "httpHeaders": null,
                              "path": "/api/system/status",
                              "port": "http",
                              "scheme": "HTTP"
                            },
                            "initialDelaySeconds": 30,
                            "periodSeconds": 10,
                            "successThreshold": 1,
                            "tcpSocket": {
                              "host": null,
                              "port": null
                            },
                            "terminationGracePeriodSeconds": null,
                            "timeoutSeconds": 1
                          },
                          "stdin": null,
                          "stdinOnce": null,
                          "terminationMessagePath": "/dev/termination-log",
                          "terminationMessagePolicy": "File",
                          "tty": null,
                          "volumeDevices": null,
                          "volumeMounts": [
                            {
                              "mountPath": "/opt/sonarqube/data",
                              "mountPropagation": null,
                              "name": "sonarqube",
                              "readOnly": null,
                              "subPath": "data",
                              "subPathExpr": null
                            },
                            {
                              "mountPath": "/opt/sonarqube/temp",
                              "mountPropagation": null,
                              "name": "sonarqube",
                              "readOnly": null,
                              "subPath": "temp",
                              "subPathExpr": null
                            },
                            {
                              "mountPath": "/opt/sonarqube/logs",
                              "mountPropagation": null,
                              "name": "sonarqube",
                              "readOnly": null,
                              "subPath": "logs",
                              "subPathExpr": null
                            },
                            {
                              "mountPath": "/tmp",
                              "mountPropagation": null,
                              "name": "tmp-dir",
                              "readOnly": null,
                              "subPath": null,
                              "subPathExpr": null
                            },
                            {
                              "mountPath": "/opt/sonarqube/conf/prometheus-config.yaml",
                              "mountPropagation": null,
                              "name": "prometheus-config",
                              "readOnly": null,
                              "subPath": "prometheus-config.yaml",
                              "subPathExpr": null
                            },
                            {
                              "mountPath": "/opt/sonarqube/conf/prometheus-ce-config.yaml",
                              "mountPropagation": null,
                              "name": "prometheus-ce-config",
                              "readOnly": null,
                              "subPath": "prometheus-ce-config.yaml",
                              "subPathExpr": null
                            }
                          ],
                          "workingDir": null
                        }
                      ],
                      "dnsConfig": {
                        "nameservers": null,
                        "options": null,
                        "searches": null
                      },
                      "dnsPolicy": "ClusterFirst",
                      "enableServiceLinks": null,
                      "ephemeralContainers": null,
                      "hostAliases": null,
                      "hostIPC": null,
                      "hostNetwork": null,
                      "hostPID": null,
                      "hostUsers": null,
                      "hostname": null,
                      "imagePullSecrets": null,
                      "initContainers": [
                        {
                          "args": null,
                          "command": [
                            "/bin/sh",
                            "-c",
                            "for i in $(seq 1 200); do nc -z -w3 sonarqube-postgresql 5432 \u0026\u0026 exit 0 || sleep 2; done; exit 1"
                          ],
                          "env": null,
                          "envFrom": null,
                          "image": "busybox:1.32",
                          "imagePullPolicy": "IfNotPresent",
                          "lifecycle": {
                            "postStart": {
                              "exec": {
                                "command": null
                              },
                              "httpGet": {
                                "host": null,
                                "httpHeaders": null,
                                "path": null,
                                "port": null,
                                "scheme": null
                              },
                              "tcpSocket": {
                                "host": null,
                                "port": null
                              }
                            },
                            "preStop": {
                              "exec": {
                                "command": null
                              },
                              "httpGet": {
                                "host": null,
                                "httpHeaders": null,
                                "path": null,
                                "port": null,
                                "scheme": null
                              },
                              "tcpSocket": {
                                "host": null,
                                "port": null
                              }
                            }
                          },
                          "livenessProbe": {
                            "exec": {
                              "command": null
                            },
                            "failureThreshold": null,
                            "grpc": {
                              "port": null,
                              "service": null
                            },
                            "httpGet": {
                              "host": null,
                              "httpHeaders": null,
                              "path": null,
                              "port": null,
                              "scheme": null
                            },
                            "initialDelaySeconds": null,
                            "periodSeconds": null,
                            "successThreshold": null,
                            "tcpSocket": {
                              "host": null,
                              "port": null
                            },
                            "terminationGracePeriodSeconds": null,
                            "timeoutSeconds": null
                          },
                          "name": "wait-for-db",
                          "ports": null,
                          "readinessProbe": {
                            "exec": {
                              "command": null
                            },
                            "failureThreshold": null,
                            "grpc": {
                              "port": null,
                              "service": null
                            },
                            "httpGet": {
                              "host": null,
                              "httpHeaders": null,
                              "path": null,
                              "port": null,
                              "scheme": null
                            },
                            "initialDelaySeconds": null,
                            "periodSeconds": null,
                            "successThreshold": null,
                            "tcpSocket": {
                              "host": null,
                              "port": null
                            },
                            "terminationGracePeriodSeconds": null,
                            "timeoutSeconds": null
                          },
                          "resizePolicy": null,
                          "resources": {
                            "claims": null,
                            "limits": null,
                            "requests": null
                          },
                          "securityContext": {
                            "allowPrivilegeEscalation": null,
                            "capabilities": {
                              "add": null,
                              "drop": null
                            },
                            "privileged": null,
                            "procMount": null,
                            "readOnlyRootFilesystem": null,
                            "runAsGroup": null,
                            "runAsNonRoot": null,
                            "runAsUser": null,
                            "seLinuxOptions": {
                              "level": null,
                              "role": null,
                              "type": null,
                              "user": null
                            },
                            "seccompProfile": {
                              "localhostProfile": null,
                              "type": null
                            },
                            "windowsOptions": {
                              "gmsaCredentialSpec": null,
                              "gmsaCredentialSpecName": null,
                              "hostProcess": null,
                              "runAsUserName": null
                            }
                          },
                          "startupProbe": {
                            "exec": {
                              "command": null
                            },
                            "failureThreshold": null,
                            "grpc": {
                              "port": null,
                              "service": null
                            },
                            "httpGet": {
                              "host": null,
                              "httpHeaders": null,
                              "path": null,
                              "port": null,
                              "scheme": null
                            },
                            "initialDelaySeconds": null,
                            "periodSeconds": null,
                            "successThreshold": null,
                            "tcpSocket": {
                              "host": null,
                              "port": null
                            },
                            "terminationGracePeriodSeconds": null,
                            "timeoutSeconds": null
                          },
                          "stdin": null,
                          "stdinOnce": null,
                          "terminationMessagePath": "/dev/termination-log",
                          "terminationMessagePolicy": "File",
                          "tty": null,
                          "volumeDevices": null,
                          "volumeMounts": null,
                          "workingDir": null
                        },
                        {
                          "args": null,
                          "command": [
                            "sh",
                            "-e",
                            "/tmp/scripts/init_sysctl.sh"
                          ],
                          "env": null,
                          "envFrom": null,
                          "image": "busybox:1.32",
                          "imagePullPolicy": "IfNotPresent",
                          "lifecycle": {
                            "postStart": {
                              "exec": {
                                "command": null
                              },
                              "httpGet": {
                                "host": null,
                                "httpHeaders": null,
                                "path": null,
                                "port": null,
                                "scheme": null
                              },
                              "tcpSocket": {
                                "host": null,
                                "port": null
                              }
                            },
                            "preStop": {
                              "exec": {
                                "command": null
                              },
                              "httpGet": {
                                "host": null,
                                "httpHeaders": null,
                                "path": null,
                                "port": null,
                                "scheme": null
                              },
                              "tcpSocket": {
                                "host": null,
                                "port": null
                              }
                            }
                          },
                          "livenessProbe": {
                            "exec": {
                              "command": null
                            },
                            "failureThreshold": null,
                            "grpc": {
                              "port": null,
                              "service": null
                            },
                            "httpGet": {
                              "host": null,
                              "httpHeaders": null,
                              "path": null,
                              "port": null,
                              "scheme": null
                            },
                            "initialDelaySeconds": null,
                            "periodSeconds": null,
                            "successThreshold": null,
                            "tcpSocket": {
                              "host": null,
                              "port": null
                            },
                            "terminationGracePeriodSeconds": null,
                            "timeoutSeconds": null
                          },
                          "name": "init-sysctl",
                          "ports": null,
                          "readinessProbe": {
                            "exec": {
                              "command": null
                            },
                            "failureThreshold": null,
                            "grpc": {
                              "port": null,
                              "service": null
                            },
                            "httpGet": {
                              "host": null,
                              "httpHeaders": null,
                              "path": null,
                              "port": null,
                              "scheme": null
                            },
                            "initialDelaySeconds": null,
                            "periodSeconds": null,
                            "successThreshold": null,
                            "tcpSocket": {
                              "host": null,
                              "port": null
                            },
                            "terminationGracePeriodSeconds": null,
                            "timeoutSeconds": null
                          },
                          "resizePolicy": null,
                          "resources": {
                            "claims": null,
                            "limits": null,
                            "requests": null
                          },
                          "securityContext": {
                            "allowPrivilegeEscalation": null,
                            "capabilities": {
                              "add": null,
                              "drop": null
                            },
                            "privileged": true,
                            "procMount": null,
                            "readOnlyRootFilesystem": null,
                            "runAsGroup": null,
                            "runAsNonRoot": null,
                            "runAsUser": null,
                            "seLinuxOptions": {
                              "level": null,
                              "role": null,
                              "type": null,
                              "user": null
                            },
                            "seccompProfile": {
                              "localhostProfile": null,
                              "type": null
                            },
                            "windowsOptions": {
                              "gmsaCredentialSpec": null,
                              "gmsaCredentialSpecName": null,
                              "hostProcess": null,
                              "runAsUserName": null
                            }
                          },
                          "startupProbe": {
                            "exec": {
                              "command": null
                            },
                            "failureThreshold": null,
                            "grpc": {
                              "port": null,
                              "service": null
                            },
                            "httpGet": {
                              "host": null,
                              "httpHeaders": null,
                              "path": null,
                              "port": null,
                              "scheme": null
                            },
                            "initialDelaySeconds": null,
                            "periodSeconds": null,
                            "successThreshold": null,
                            "tcpSocket": {
                              "host": null,
                              "port": null
                            },
                            "terminationGracePeriodSeconds": null,
                            "timeoutSeconds": null
                          },
                          "stdin": null,
                          "stdinOnce": null,
                          "terminationMessagePath": "/dev/termination-log",
                          "terminationMessagePolicy": "File",
                          "tty": null,
                          "volumeDevices": null,
                          "volumeMounts": [
                            {
                              "mountPath": "/tmp/scripts/",
                              "mountPropagation": null,
                              "name": "init-sysctl",
                              "readOnly": null,
                              "subPath": null,
                              "subPathExpr": null
                            }
                          ],
                          "workingDir": null
                        },
                        {
                          "args": [
                            "curl -s 'https://repo1.maven.org/maven2/io/prometheus/jmx/jmx_prometheus_javaagent/0.16.0/jmx_prometheus_javaagent-0.16.0.jar'  --output /data/jmx_prometheus_javaagent.jar -v"
                          ],
                          "command": [
                            "/bin/sh",
                            "-c"
                          ],
                          "env": [
                            {
                              "name": "http_proxy",
                              "value": null,
                              "valueFrom": {
                                "configMapKeyRef": {
                                  "key": null,
                                  "name": null,
                                  "optional": null
                                },
                                "fieldRef": {
                                  "apiVersion": null,
                                  "fieldPath": null
                                },
                                "resourceFieldRef": {
                                  "containerName": null,
                                  "divisor": null,
                                  "resource": null
                                },
                                "secretKeyRef": {
                                  "key": null,
                                  "name": null,
                                  "optional": null
                                }
                              }
                            },
                            {
                              "name": "https_proxy",
                              "value": null,
                              "valueFrom": {
                                "configMapKeyRef": {
                                  "key": null,
                                  "name": null,
                                  "optional": null
                                },
                                "fieldRef": {
                                  "apiVersion": null,
                                  "fieldPath": null
                                },
                                "resourceFieldRef": {
                                  "containerName": null,
                                  "divisor": null,
                                  "resource": null
                                },
                                "secretKeyRef": {
                                  "key": null,
                                  "name": null,
                                  "optional": null
                                }
                              }
                            },
                            {
                              "name": "no_proxy",
                              "value": null,
                              "valueFrom": {
                                "configMapKeyRef": {
                                  "key": null,
                                  "name": null,
                                  "optional": null
                                },
                                "fieldRef": {
                                  "apiVersion": null,
                                  "fieldPath": null
                                },
                                "resourceFieldRef": {
                                  "containerName": null,
                                  "divisor": null,
                                  "resource": null
                                },
                                "secretKeyRef": {
                                  "key": null,
                                  "name": null,
                                  "optional": null
                                }
                              }
                            }
                          ],
                          "envFrom": null,
                          "image": "curlimages/curl:7.76.1",
                          "imagePullPolicy": "IfNotPresent",
                          "lifecycle": {
                            "postStart": {
                              "exec": {
                                "command": null
                              },
                              "httpGet": {
                                "host": null,
                                "httpHeaders": null,
                                "path": null,
                                "port": null,
                                "scheme": null
                              },
                              "tcpSocket": {
                                "host": null,
                                "port": null
                              }
                            },
                            "preStop": {
                              "exec": {
                                "command": null
                              },
                              "httpGet": {
                                "host": null,
                                "httpHeaders": null,
                                "path": null,
                                "port": null,
                                "scheme": null
                              },
                              "tcpSocket": {
                                "host": null,
                                "port": null
                              }
                            }
                          },
                          "livenessProbe": {
                            "exec": {
                              "command": null
                            },
                            "failureThreshold": null,
                            "grpc": {
                              "port": null,
                              "service": null
                            },
                            "httpGet": {
                              "host": null,
                              "httpHeaders": null,
                              "path": null,
                              "port": null,
                              "scheme": null
                            },
                            "initialDelaySeconds": null,
                            "periodSeconds": null,
                            "successThreshold": null,
                            "tcpSocket": {
                              "host": null,
                              "port": null
                            },
                            "terminationGracePeriodSeconds": null,
                            "timeoutSeconds": null
                          },
                          "name": "inject-prometheus-exporter",
                          "ports": null,
                          "readinessProbe": {
                            "exec": {
                              "command": null
                            },
                            "failureThreshold": null,
                            "grpc": {
                              "port": null,
                              "service": null
                            },
                            "httpGet": {
                              "host": null,
                              "httpHeaders": null,
                              "path": null,
                              "port": null,
                              "scheme": null
                            },
                            "initialDelaySeconds": null,
                            "periodSeconds": null,
                            "successThreshold": null,
                            "tcpSocket": {
                              "host": null,
                              "port": null
                            },
                            "terminationGracePeriodSeconds": null,
                            "timeoutSeconds": null
                          },
                          "resizePolicy": null,
                          "resources": {
                            "claims": null,
                            "limits": null,
                            "requests": null
                          },
                          "securityContext": {
                            "allowPrivilegeEscalation": null,
                            "capabilities": {
                              "add": null,
                              "drop": null
                            },
                            "privileged": null,
                            "procMount": null,
                            "readOnlyRootFilesystem": null,
                            "runAsGroup": 1000,
                            "runAsNonRoot": null,
                            "runAsUser": 1000,
                            "seLinuxOptions": {
                              "level": null,
                              "role": null,
                              "type": null,
                              "user": null
                            },
                            "seccompProfile": {
                              "localhostProfile": null,
                              "type": null
                            },
                            "windowsOptions": {
                              "gmsaCredentialSpec": null,
                              "gmsaCredentialSpecName": null,
                              "hostProcess": null,
                              "runAsUserName": null
                            }
                          },
                          "startupProbe": {
                            "exec": {
                              "command": null
                            },
                            "failureThreshold": null,
                            "grpc": {
                              "port": null,
                              "service": null
                            },
                            "httpGet": {
                              "host": null,
                              "httpHeaders": null,
                              "path": null,
                              "port": null,
                              "scheme": null
                            },
                            "initialDelaySeconds": null,
                            "periodSeconds": null,
                            "successThreshold": null,
                            "tcpSocket": {
                              "host": null,
                              "port": null
                            },
                            "terminationGracePeriodSeconds": null,
                            "timeoutSeconds": null
                          },
                          "stdin": null,
                          "stdinOnce": null,
                          "terminationMessagePath": "/dev/termination-log",
                          "terminationMessagePolicy": "File",
                          "tty": null,
                          "volumeDevices": null,
                          "volumeMounts": [
                            {
                              "mountPath": "/data",
                              "mountPropagation": null,
                              "name": "sonarqube",
                              "readOnly": null,
                              "subPath": "data",
                              "subPathExpr": null
                            }
                          ],
                          "workingDir": null
                        }
                      ],
                      "nodeName": null,
                      "nodeSelector": null,
                      "os": {
                        "name": null
                      },
                      "overhead": null,
                      "preemptionPolicy": null,
                      "priority": null,
                      "priorityClassName": null,
                      "readinessGates": null,
                      "resourceClaims": null,
                      "restartPolicy": "Always",
                      "runtimeClassName": null,
                      "schedulerName": "default-scheduler",
                      "schedulingGates": null,
                      "securityContext": {
                        "fsGroup": 1000,
                        "fsGroupChangePolicy": null,
                        "runAsGroup": null,
                        "runAsNonRoot": null,
                        "runAsUser": null,
                        "seLinuxOptions": {
                          "level": null,
                          "role": null,
                          "type": null,
                          "user": null
                        },
                        "seccompProfile": {
                          "localhostProfile": null,
                          "type": null
                        },
                        "supplementalGroups": null,
                        "sysctls": null,
                        "windowsOptions": {
                          "gmsaCredentialSpec": null,
                          "gmsaCredentialSpecName": null,
                          "hostProcess": null,
                          "runAsUserName": null
                        }
                      },
                      "serviceAccount": "default",
                      "serviceAccountName": "default",
                      "setHostnameAsFQDN": null,
                      "shareProcessNamespace": null,
                      "subdomain": null,
                      "terminationGracePeriodSeconds": 30,
                      "tolerations": null,
                      "topologySpreadConstraints": null,
                      "volumes": [
                        {
                          "awsElasticBlockStore": {
                            "fsType": null,
                            "partition": null,
                            "readOnly": null,
                            "volumeID": null
                          },
                          "azureDisk": {
                            "cachingMode": null,
                            "diskName": null,
                            "diskURI": null,
                            "fsType": null,
                            "kind": null,
                            "readOnly": null
                          },
                          "azureFile": {
                            "readOnly": null,
                            "secretName": null,
                            "shareName": null
                          },
                          "cephfs": {
                            "monitors": null,
                            "path": null,
                            "readOnly": null,
                            "secretFile": null,
                            "secretRef": {
                              "name": null
                            },
                            "user": null
                          },
                          "cinder": {
                            "fsType": null,
                            "readOnly": null,
                            "secretRef": {
                              "name": null
                            },
                            "volumeID": null
                          },
                          "configMap": {
                            "defaultMode": 420,
                            "items": [
                              {
                                "key": "init_sysctl.sh",
                                "mode": null,
                                "path": "init_sysctl.sh"
                              }
                            ],
                            "name": "sonarqube-sonarqube-init-sysctl",
                            "optional": null
                          },
                          "csi": {
                            "driver": null,
                            "fsType": null,
                            "nodePublishSecretRef": {
                              "name": null
                            },
                            "readOnly": null,
                            "volumeAttributes": null
                          },
                          "downwardAPI": {
                            "defaultMode": null,
                            "items": null
                          },
                          "emptyDir": {
                            "medium": null,
                            "sizeLimit": null
                          },
                          "ephemeral": {
                            "volumeClaimTemplate": {
                              "metadata": {
                                "annotations": null,
                                "creationTimestamp": null,
                                "deletionGracePeriodSeconds": null,
                                "deletionTimestamp": null,
                                "finalizers": null,
                                "generateName": null,
                                "generation": null,
                                "labels": null,
                                "managedFields": null,
                                "name": null,
                                "namespace": null,
                                "ownerReferences": null,
                                "resourceVersion": null,
                                "selfLink": null,
                                "uid": null
                              },
                              "spec": {
                                "accessModes": null,
                                "dataSource": {
                                  "apiGroup": null,
                                  "kind": null,
                                  "name": null
                                },
                                "dataSourceRef": {
                                  "apiGroup": null,
                                  "kind": null,
                                  "name": null,
                                  "namespace": null
                                },
                                "resources": {
                                  "claims": null,
                                  "limits": null,
                                  "requests": null
                                },
                                "selector": {
                                  "matchExpressions": null,
                                  "matchLabels": null
                                },
                                "storageClassName": null,
                                "volumeMode": null,
                                "volumeName": null
                              }
                            }
                          },
                          "fc": {
                            "fsType": null,
                            "lun": null,
                            "readOnly": null,
                            "targetWWNs": null,
                            "wwids": null
                          },
                          "flexVolume": {
                            "driver": null,
                            "fsType": null,
                            "options": null,
                            "readOnly": null,
                            "secretRef": {
                              "name": null
                            }
                          },
                          "flocker": {
                            "datasetName": null,
                            "datasetUUID": null
                          },
                          "gcePersistentDisk": {
                            "fsType": null,
                            "partition": null,
                            "pdName": null,
                            "readOnly": null
                          },
                          "gitRepo": {
                            "directory": null,
                            "repository": null,
                            "revision": null
                          },
                          "glusterfs": {
                            "endpoints": null,
                            "path": null,
                            "readOnly": null
                          },
                          "hostPath": {
                            "path": null,
                            "type": null
                          },
                          "iscsi": {
                            "chapAuthDiscovery": null,
                            "chapAuthSession": null,
                            "fsType": null,
                            "initiatorName": null,
                            "iqn": null,
                            "iscsiInterface": null,
                            "lun": null,
                            "portals": null,
                            "readOnly": null,
                            "secretRef": {
                              "name": null
                            },
                            "targetPortal": null
                          },
                          "name": "init-sysctl",
                          "nfs": {
                            "path": null,
                            "readOnly": null,
                            "server": null
                          },
                          "persistentVolumeClaim": {
                            "claimName": null,
                            "readOnly": null
                          },
                          "photonPersistentDisk": {
                            "fsType": null,
                            "pdID": null
                          },
                          "portworxVolume": {
                            "fsType": null,
                            "readOnly": null,
                            "volumeID": null
                          },
                          "projected": {
                            "defaultMode": null,
                            "sources": null
                          },
                          "quobyte": {
                            "group": null,
                            "readOnly": null,
                            "registry": null,
                            "tenant": null,
                            "user": null,
                            "volume": null
                          },
                          "rbd": {
                            "fsType": null,
                            "image": null,
                            "keyring": null,
                            "monitors": null,
                            "pool": null,
                            "readOnly": null,
                            "secretRef": {
                              "name": null
                            },
                            "user": null
                          },
                          "scaleIO": {
                            "fsType": null,
                            "gateway": null,
                            "protectionDomain": null,
                            "readOnly": null,
                            "secretRef": {
                              "name": null
                            },
                            "sslEnabled": null,
                            "storageMode": null,
                            "storagePool": null,
                            "system": null,
                            "volumeName": null
                          },
                          "secret": {
                            "defaultMode": null,
                            "items": null,
                            "optional": null,
                            "secretName": null
                          },
                          "storageos": {
                            "fsType": null,
                            "readOnly": null,
                            "secretRef": {
                              "name": null
                            },
                            "volumeName": null,
                            "volumeNamespace": null
                          },
                          "vsphereVolume": {
                            "fsType": null,
                            "storagePolicyID": null,
                            "storagePolicyName": null,
                            "volumePath": null
                          }
                        },
                        {
                          "awsElasticBlockStore": {
                            "fsType": null,
                            "partition": null,
                            "readOnly": null,
                            "volumeID": null
                          },
                          "azureDisk": {
                            "cachingMode": null,
                            "diskName": null,
                            "diskURI": null,
                            "fsType": null,
                            "kind": null,
                            "readOnly": null
                          },
                          "azureFile": {
                            "readOnly": null,
                            "secretName": null,
                            "shareName": null
                          },
                          "cephfs": {
                            "monitors": null,
                            "path": null,
                            "readOnly": null,
                            "secretFile": null,
                            "secretRef": {
                              "name": null
                            },
                            "user": null
                          },
                          "cinder": {
                            "fsType": null,
                            "readOnly": null,
                            "secretRef": {
                              "name": null
                            },
                            "volumeID": null
                          },
                          "configMap": {
                            "defaultMode": 420,
                            "items": [
                              {
                                "key": "init_fs.sh",
                                "mode": null,
                                "path": "init_fs.sh"
                              }
                            ],
                            "name": "sonarqube-sonarqube-init-fs",
                            "optional": null
                          },
                          "csi": {
                            "driver": null,
                            "fsType": null,
                            "nodePublishSecretRef": {
                              "name": null
                            },
                            "readOnly": null,
                            "volumeAttributes": null
                          },
                          "downwardAPI": {
                            "defaultMode": null,
                            "items": null
                          },
                          "emptyDir": {
                            "medium": null,
                            "sizeLimit": null
                          },
                          "ephemeral": {
                            "volumeClaimTemplate": {
                              "metadata": {
                                "annotations": null,
                                "creationTimestamp": null,
                                "deletionGracePeriodSeconds": null,
                                "deletionTimestamp": null,
                                "finalizers": null,
                                "generateName": null,
                                "generation": null,
                                "labels": null,
                                "managedFields": null,
                                "name": null,
                                "namespace": null,
                                "ownerReferences": null,
                                "resourceVersion": null,
                                "selfLink": null,
                                "uid": null
                              },
                              "spec": {
                                "accessModes": null,
                                "dataSource": {
                                  "apiGroup": null,
                                  "kind": null,
                                  "name": null
                                },
                                "dataSourceRef": {
                                  "apiGroup": null,
                                  "kind": null,
                                  "name": null,
                                  "namespace": null
                                },
                                "resources": {
                                  "claims": null,
                                  "limits": null,
                                  "requests": null
                                },
                                "selector": {
                                  "matchExpressions": null,
                                  "matchLabels": null
                                },
                                "storageClassName": null,
                                "volumeMode": null,
                                "volumeName": null
                              }
                            }
                          },
                          "fc": {
                            "fsType": null,
                            "lun": null,
                            "readOnly": null,
                            "targetWWNs": null,
                            "wwids": null
                          },
                          "flexVolume": {
                            "driver": null,
                            "fsType": null,
                            "options": null,
                            "readOnly": null,
                            "secretRef": {
                              "name": null
                            }
                          },
                          "flocker": {
                            "datasetName": null,
                            "datasetUUID": null
                          },
                          "gcePersistentDisk": {
                            "fsType": null,
                            "partition": null,
                            "pdName": null,
                            "readOnly": null
                          },
                          "gitRepo": {
                            "directory": null,
                            "repository": null,
                            "revision": null
                          },
                          "glusterfs": {
                            "endpoints": null,
                            "path": null,
                            "readOnly": null
                          },
                          "hostPath": {
                            "path": null,
                            "type": null
                          },
                          "iscsi": {
                            "chapAuthDiscovery": null,
                            "chapAuthSession": null,
                            "fsType": null,
                            "initiatorName": null,
                            "iqn": null,
                            "iscsiInterface": null,
                            "lun": null,
                            "portals": null,
                            "readOnly": null,
                            "secretRef": {
                              "name": null
                            },
                            "targetPortal": null
                          },
                          "name": "init-fs",
                          "nfs": {
                            "path": null,
                            "readOnly": null,
                            "server": null
                          },
                          "persistentVolumeClaim": {
                            "claimName": null,
                            "readOnly": null
                          },
                          "photonPersistentDisk": {
                            "fsType": null,
                            "pdID": null
                          },
                          "portworxVolume": {
                            "fsType": null,
                            "readOnly": null,
                            "volumeID": null
                          },
                          "projected": {
                            "defaultMode": null,
                            "sources": null
                          },
                          "quobyte": {
                            "group": null,
                            "readOnly": null,
                            "registry": null,
                            "tenant": null,
                            "user": null,
                            "volume": null
                          },
                          "rbd": {
                            "fsType": null,
                            "image": null,
                            "keyring": null,
                            "monitors": null,
                            "pool": null,
                            "readOnly": null,
                            "secretRef": {
                              "name": null
                            },
                            "user": null
                          },
                          "scaleIO": {
                            "fsType": null,
                            "gateway": null,
                            "protectionDomain": null,
                            "readOnly": null,
                            "secretRef": {
                              "name": null
                            },
                            "sslEnabled": null,
                            "storageMode": null,
                            "storagePool": null,
                            "system": null,
                            "volumeName": null
                          },
                          "secret": {
                            "defaultMode": null,
                            "items": null,
                            "optional": null,
                            "secretName": null
                          },
                          "storageos": {
                            "fsType": null,
                            "readOnly": null,
                            "secretRef": {
                              "name": null
                            },
                            "volumeName": null,
                            "volumeNamespace": null
                          },
                          "vsphereVolume": {
                            "fsType": null,
                            "storagePolicyID": null,
                            "storagePolicyName": null,
                            "volumePath": null
                          }
                        },
                        {
                          "awsElasticBlockStore": {
                            "fsType": null,
                            "partition": null,
                            "readOnly": null,
                            "volumeID": null
                          },
                          "azureDisk": {
                            "cachingMode": null,
                            "diskName": null,
                            "diskURI": null,
                            "fsType": null,
                            "kind": null,
                            "readOnly": null
                          },
                          "azureFile": {
                            "readOnly": null,
                            "secretName": null,
                            "shareName": null
                          },
                          "cephfs": {
                            "monitors": null,
                            "path": null,
                            "readOnly": null,
                            "secretFile": null,
                            "secretRef": {
                              "name": null
                            },
                            "user": null
                          },
                          "cinder": {
                            "fsType": null,
                            "readOnly": null,
                            "secretRef": {
                              "name": null
                            },
                            "volumeID": null
                          },
                          "configMap": {
                            "defaultMode": 420,
                            "items": [
                              {
                                "key": "install_plugins.sh",
                                "mode": null,
                                "path": "install_plugins.sh"
                              }
                            ],
                            "name": "sonarqube-sonarqube-install-plugins",
                            "optional": null
                          },
                          "csi": {
                            "driver": null,
                            "fsType": null,
                            "nodePublishSecretRef": {
                              "name": null
                            },
                            "readOnly": null,
                            "volumeAttributes": null
                          },
                          "downwardAPI": {
                            "defaultMode": null,
                            "items": null
                          },
                          "emptyDir": {
                            "medium": null,
                            "sizeLimit": null
                          },
                          "ephemeral": {
                            "volumeClaimTemplate": {
                              "metadata": {
                                "annotations": null,
                                "creationTimestamp": null,
                                "deletionGracePeriodSeconds": null,
                                "deletionTimestamp": null,
                                "finalizers": null,
                                "generateName": null,
                                "generation": null,
                                "labels": null,
                                "managedFields": null,
                                "name": null,
                                "namespace": null,
                                "ownerReferences": null,
                                "resourceVersion": null,
                                "selfLink": null,
                                "uid": null
                              },
                              "spec": {
                                "accessModes": null,
                                "dataSource": {
                                  "apiGroup": null,
                                  "kind": null,
                                  "name": null
                                },
                                "dataSourceRef": {
                                  "apiGroup": null,
                                  "kind": null,
                                  "name": null,
                                  "namespace": null
                                },
                                "resources": {
                                  "claims": null,
                                  "limits": null,
                                  "requests": null
                                },
                                "selector": {
                                  "matchExpressions": null,
                                  "matchLabels": null
                                },
                                "storageClassName": null,
                                "volumeMode": null,
                                "volumeName": null
                              }
                            }
                          },
                          "fc": {
                            "fsType": null,
                            "lun": null,
                            "readOnly": null,
                            "targetWWNs": null,
                            "wwids": null
                          },
                          "flexVolume": {
                            "driver": null,
                            "fsType": null,
                            "options": null,
                            "readOnly": null,
                            "secretRef": {
                              "name": null
                            }
                          },
                          "flocker": {
                            "datasetName": null,
                            "datasetUUID": null
                          },
                          "gcePersistentDisk": {
                            "fsType": null,
                            "partition": null,
                            "pdName": null,
                            "readOnly": null
                          },
                          "gitRepo": {
                            "directory": null,
                            "repository": null,
                            "revision": null
                          },
                          "glusterfs": {
                            "endpoints": null,
                            "path": null,
                            "readOnly": null
                          },
                          "hostPath": {
                            "path": null,
                            "type": null
                          },
                          "iscsi": {
                            "chapAuthDiscovery": null,
                            "chapAuthSession": null,
                            "fsType": null,
                            "initiatorName": null,
                            "iqn": null,
                            "iscsiInterface": null,
                            "lun": null,
                            "portals": null,
                            "readOnly": null,
                            "secretRef": {
                              "name": null
                            },
                            "targetPortal": null
                          },
                          "name": "install-plugins",
                          "nfs": {
                            "path": null,
                            "readOnly": null,
                            "server": null
                          },
                          "persistentVolumeClaim": {
                            "claimName": null,
                            "readOnly": null
                          },
                          "photonPersistentDisk": {
                            "fsType": null,
                            "pdID": null
                          },
                          "portworxVolume": {
                            "fsType": null,
                            "readOnly": null,
                            "volumeID": null
                          },
                          "projected": {
                            "defaultMode": null,
                            "sources": null
                          },
                          "quobyte": {
                            "group": null,
                            "readOnly": null,
                            "registry": null,
                            "tenant": null,
                            "user": null,
                            "volume": null
                          },
                          "rbd": {
                            "fsType": null,
                            "image": null,
                            "keyring": null,
                            "monitors": null,
                            "pool": null,
                            "readOnly": null,
                            "secretRef": {
                              "name": null
                            },
                            "user": null
                          },
                          "scaleIO": {
                            "fsType": null,
                            "gateway": null,
                            "protectionDomain": null,
                            "readOnly": null,
                            "secretRef": {
                              "name": null
                            },
                            "sslEnabled": null,
                            "storageMode": null,
                            "storagePool": null,
                            "system": null,
                            "volumeName": null
                          },
                          "secret": {
                            "defaultMode": null,
                            "items": null,
                            "optional": null,
                            "secretName": null
                          },
                          "storageos": {
                            "fsType": null,
                            "readOnly": null,
                            "secretRef": {
                              "name": null
                            },
                            "volumeName": null,
                            "volumeNamespace": null
                          },
                          "vsphereVolume": {
                            "fsType": null,
                            "storagePolicyID": null,
                            "storagePolicyName": null,
                            "volumePath": null
                          }
                        },
                        {
                          "awsElasticBlockStore": {
                            "fsType": null,
                            "partition": null,
                            "readOnly": null,
                            "volumeID": null
                          },
                          "azureDisk": {
                            "cachingMode": null,
                            "diskName": null,
                            "diskURI": null,
                            "fsType": null,
                            "kind": null,
                            "readOnly": null
                          },
                          "azureFile": {
                            "readOnly": null,
                            "secretName": null,
                            "shareName": null
                          },
                          "cephfs": {
                            "monitors": null,
                            "path": null,
                            "readOnly": null,
                            "secretFile": null,
                            "secretRef": {
                              "name": null
                            },
                            "user": null
                          },
                          "cinder": {
                            "fsType": null,
                            "readOnly": null,
                            "secretRef": {
                              "name": null
                            },
                            "volumeID": null
                          },
                          "configMap": {
                            "defaultMode": 420,
                            "items": [
                              {
                                "key": "prometheus-config.yaml",
                                "mode": null,
                                "path": "prometheus-config.yaml"
                              }
                            ],
                            "name": "sonarqube-sonarqube-prometheus-config",
                            "optional": null
                          },
                          "csi": {
                            "driver": null,
                            "fsType": null,
                            "nodePublishSecretRef": {
                              "name": null
                            },
                            "readOnly": null,
                            "volumeAttributes": null
                          },
                          "downwardAPI": {
                            "defaultMode": null,
                            "items": null
                          },
                          "emptyDir": {
                            "medium": null,
                            "sizeLimit": null
                          },
                          "ephemeral": {
                            "volumeClaimTemplate": {
                              "metadata": {
                                "annotations": null,
                                "creationTimestamp": null,
                                "deletionGracePeriodSeconds": null,
                                "deletionTimestamp": null,
                                "finalizers": null,
                                "generateName": null,
                                "generation": null,
                                "labels": null,
                                "managedFields": null,
                                "name": null,
                                "namespace": null,
                                "ownerReferences": null,
                                "resourceVersion": null,
                                "selfLink": null,
                                "uid": null
                              },
                              "spec": {
                                "accessModes": null,
                                "dataSource": {
                                  "apiGroup": null,
                                  "kind": null,
                                  "name": null
                                },
                                "dataSourceRef": {
                                  "apiGroup": null,
                                  "kind": null,
                                  "name": null,
                                  "namespace": null
                                },
                                "resources": {
                                  "claims": null,
                                  "limits": null,
                                  "requests": null
                                },
                                "selector": {
                                  "matchExpressions": null,
                                  "matchLabels": null
                                },
                                "storageClassName": null,
                                "volumeMode": null,
                                "volumeName": null
                              }
                            }
                          },
                          "fc": {
                            "fsType": null,
                            "lun": null,
                            "readOnly": null,
                            "targetWWNs": null,
                            "wwids": null
                          },
                          "flexVolume": {
                            "driver": null,
                            "fsType": null,
                            "options": null,
                            "readOnly": null,
                            "secretRef": {
                              "name": null
                            }
                          },
                          "flocker": {
                            "datasetName": null,
                            "datasetUUID": null
                          },
                          "gcePersistentDisk": {
                            "fsType": null,
                            "partition": null,
                            "pdName": null,
                            "readOnly": null
                          },
                          "gitRepo": {
                            "directory": null,
                            "repository": null,
                            "revision": null
                          },
                          "glusterfs": {
                            "endpoints": null,
                            "path": null,
                            "readOnly": null
                          },
                          "hostPath": {
                            "path": null,
                            "type": null
                          },
                          "iscsi": {
                            "chapAuthDiscovery": null,
                            "chapAuthSession": null,
                            "fsType": null,
                            "initiatorName": null,
                            "iqn": null,
                            "iscsiInterface": null,
                            "lun": null,
                            "portals": null,
                            "readOnly": null,
                            "secretRef": {
                              "name": null
                            },
                            "targetPortal": null
                          },
                          "name": "prometheus-config",
                          "nfs": {
                            "path": null,
                            "readOnly": null,
                            "server": null
                          },
                          "persistentVolumeClaim": {
                            "claimName": null,
                            "readOnly": null
                          },
                          "photonPersistentDisk": {
                            "fsType": null,
                            "pdID": null
                          },
                          "portworxVolume": {
                            "fsType": null,
                            "readOnly": null,
                            "volumeID": null
                          },
                          "projected": {
                            "defaultMode": null,
                            "sources": null
                          },
                          "quobyte": {
                            "group": null,
                            "readOnly": null,
                            "registry": null,
                            "tenant": null,
                            "user": null,
                            "volume": null
                          },
                          "rbd": {
                            "fsType": null,
                            "image": null,
                            "keyring": null,
                            "monitors": null,
                            "pool": null,
                            "readOnly": null,
                            "secretRef": {
                              "name": null
                            },
                            "user": null
                          },
                          "scaleIO": {
                            "fsType": null,
                            "gateway": null,
                            "protectionDomain": null,
                            "readOnly": null,
                            "secretRef": {
                              "name": null
                            },
                            "sslEnabled": null,
                            "storageMode": null,
                            "storagePool": null,
                            "system": null,
                            "volumeName": null
                          },
                          "secret": {
                            "defaultMode": null,
                            "items": null,
                            "optional": null,
                            "secretName": null
                          },
                          "storageos": {
                            "fsType": null,
                            "readOnly": null,
                            "secretRef": {
                              "name": null
                            },
                            "volumeName": null,
                            "volumeNamespace": null
                          },
                          "vsphereVolume": {
                            "fsType": null,
                            "storagePolicyID": null,
                            "storagePolicyName": null,
                            "volumePath": null
                          }
                        },
                        {
                          "awsElasticBlockStore": {
                            "fsType": null,
                            "partition": null,
                            "readOnly": null,
                            "volumeID": null
                          },
                          "azureDisk": {
                            "cachingMode": null,
                            "diskName": null,
                            "diskURI": null,
                            "fsType": null,
                            "kind": null,
                            "readOnly": null
                          },
                          "azureFile": {
                            "readOnly": null,
                            "secretName": null,
                            "shareName": null
                          },
                          "cephfs": {
                            "monitors": null,
                            "path": null,
                            "readOnly": null,
                            "secretFile": null,
                            "secretRef": {
                              "name": null
                            },
                            "user": null
                          },
                          "cinder": {
                            "fsType": null,
                            "readOnly": null,
                            "secretRef": {
                              "name": null
                            },
                            "volumeID": null
                          },
                          "configMap": {
                            "defaultMode": 420,
                            "items": [
                              {
                                "key": "prometheus-ce-config.yaml",
                                "mode": null,
                                "path": "prometheus-ce-config.yaml"
                              }
                            ],
                            "name": "sonarqube-sonarqube-prometheus-ce-config",
                            "optional": null
                          },
                          "csi": {
                            "driver": null,
                            "fsType": null,
                            "nodePublishSecretRef": {
                              "name": null
                            },
                            "readOnly": null,
                            "volumeAttributes": null
                          },
                          "downwardAPI": {
                            "defaultMode": null,
                            "items": null
                          },
                          "emptyDir": {
                            "medium": null,
                            "sizeLimit": null
                          },
                          "ephemeral": {
                            "volumeClaimTemplate": {
                              "metadata": {
                                "annotations": null,
                                "creationTimestamp": null,
                                "deletionGracePeriodSeconds": null,
                                "deletionTimestamp": null,
                                "finalizers": null,
                                "generateName": null,
                                "generation": null,
                                "labels": null,
                                "managedFields": null,
                                "name": null,
                                "namespace": null,
                                "ownerReferences": null,
                                "resourceVersion": null,
                                "selfLink": null,
                                "uid": null
                              },
                              "spec": {
                                "accessModes": null,
                                "dataSource": {
                                  "apiGroup": null,
                                  "kind": null,
                                  "name": null
                                },
                                "dataSourceRef": {
                                  "apiGroup": null,
                                  "kind": null,
                                  "name": null,
                                  "namespace": null
                                },
                                "resources": {
                                  "claims": null,
                                  "limits": null,
                                  "requests": null
                                },
                                "selector": {
                                  "matchExpressions": null,
                                  "matchLabels": null
                                },
                                "storageClassName": null,
                                "volumeMode": null,
                                "volumeName": null
                              }
                            }
                          },
                          "fc": {
                            "fsType": null,
                            "lun": null,
                            "readOnly": null,
                            "targetWWNs": null,
                            "wwids": null
                          },
                          "flexVolume": {
                            "driver": null,
                            "fsType": null,
                            "options": null,
                            "readOnly": null,
                            "secretRef": {
                              "name": null
                            }
                          },
                          "flocker": {
                            "datasetName": null,
                            "datasetUUID": null
                          },
                          "gcePersistentDisk": {
                            "fsType": null,
                            "partition": null,
                            "pdName": null,
                            "readOnly": null
                          },
                          "gitRepo": {
                            "directory": null,
                            "repository": null,
                            "revision": null
                          },
                          "glusterfs": {
                            "endpoints": null,
                            "path": null,
                            "readOnly": null
                          },
                          "hostPath": {
                            "path": null,
                            "type": null
                          },
                          "iscsi": {
                            "chapAuthDiscovery": null,
                            "chapAuthSession": null,
                            "fsType": null,
                            "initiatorName": null,
                            "iqn": null,
                            "iscsiInterface": null,
                            "lun": null,
                            "portals": null,
                            "readOnly": null,
                            "secretRef": {
                              "name": null
                            },
                            "targetPortal": null
                          },
                          "name": "prometheus-ce-config",
                          "nfs": {
                            "path": null,
                            "readOnly": null,
                            "server": null
                          },
                          "persistentVolumeClaim": {
                            "claimName": null,
                            "readOnly": null
                          },
                          "photonPersistentDisk": {
                            "fsType": null,
                            "pdID": null
                          },
                          "portworxVolume": {
                            "fsType": null,
                            "readOnly": null,
                            "volumeID": null
                          },
                          "projected": {
                            "defaultMode": null,
                            "sources": null
                          },
                          "quobyte": {
                            "group": null,
                            "readOnly": null,
                            "registry": null,
                            "tenant": null,
                            "user": null,
                            "volume": null
                          },
                          "rbd": {
                            "fsType": null,
                            "image": null,
                            "keyring": null,
                            "monitors": null,
                            "pool": null,
                            "readOnly": null,
                            "secretRef": {
                              "name": null
                            },
                            "user": null
                          },
                          "scaleIO": {
                            "fsType": null,
                            "gateway": null,
                            "protectionDomain": null,
                            "readOnly": null,
                            "secretRef": {
                              "name": null
                            },
                            "sslEnabled": null,
                            "storageMode": null,
                            "storagePool": null,
                            "system": null,
                            "volumeName": null
                          },
                          "secret": {
                            "defaultMode": null,
                            "items": null,
                            "optional": null,
                            "secretName": null
                          },
                          "storageos": {
                            "fsType": null,
                            "readOnly": null,
                            "secretRef": {
                              "name": null
                            },
                            "volumeName": null,
                            "volumeNamespace": null
                          },
                          "vsphereVolume": {
                            "fsType": null,
                            "storagePolicyID": null,
                            "storagePolicyName": null,
                            "volumePath": null
                          }
                        },
                        {
                          "awsElasticBlockStore": {
                            "fsType": null,
                            "partition": null,
                            "readOnly": null,
                            "volumeID": null
                          },
                          "azureDisk": {
                            "cachingMode": null,
                            "diskName": null,
                            "diskURI": null,
                            "fsType": null,
                            "kind": null,
                            "readOnly": null
                          },
                          "azureFile": {
                            "readOnly": null,
                            "secretName": null,
                            "shareName": null
                          },
                          "cephfs": {
                            "monitors": null,
                            "path": null,
                            "readOnly": null,
                            "secretFile": null,
                            "secretRef": {
                              "name": null
                            },
                            "user": null
                          },
                          "cinder": {
                            "fsType": null,
                            "readOnly": null,
                            "secretRef": {
                              "name": null
                            },
                            "volumeID": null
                          },
                          "configMap": {
                            "defaultMode": null,
                            "items": null,
                            "name": null,
                            "optional": null
                          },
                          "csi": {
                            "driver": null,
                            "fsType": null,
                            "nodePublishSecretRef": {
                              "name": null
                            },
                            "readOnly": null,
                            "volumeAttributes": null
                          },
                          "downwardAPI": {
                            "defaultMode": null,
                            "items": null
                          },
                          "emptyDir": {
                            "medium": null,
                            "sizeLimit": null
                          },
                          "ephemeral": {
                            "volumeClaimTemplate": {
                              "metadata": {
                                "annotations": null,
                                "creationTimestamp": null,
                                "deletionGracePeriodSeconds": null,
                                "deletionTimestamp": null,
                                "finalizers": null,
                                "generateName": null,
                                "generation": null,
                                "labels": null,
                                "managedFields": null,
                                "name": null,
                                "namespace": null,
                                "ownerReferences": null,
                                "resourceVersion": null,
                                "selfLink": null,
                                "uid": null
                              },
                              "spec": {
                                "accessModes": null,
                                "dataSource": {
                                  "apiGroup": null,
                                  "kind": null,
                                  "name": null
                                },
                                "dataSourceRef": {
                                  "apiGroup": null,
                                  "kind": null,
                                  "name": null,
                                  "namespace": null
                                },
                                "resources": {
                                  "claims": null,
                                  "limits": null,
                                  "requests": null
                                },
                                "selector": {
                                  "matchExpressions": null,
                                  "matchLabels": null
                                },
                                "storageClassName": null,
                                "volumeMode": null,
                                "volumeName": null
                              }
                            }
                          },
                          "fc": {
                            "fsType": null,
                            "lun": null,
                            "readOnly": null,
                            "targetWWNs": null,
                            "wwids": null
                          },
                          "flexVolume": {
                            "driver": null,
                            "fsType": null,
                            "options": null,
                            "readOnly": null,
                            "secretRef": {
                              "name": null
                            }
                          },
                          "flocker": {
                            "datasetName": null,
                            "datasetUUID": null
                          },
                          "gcePersistentDisk": {
                            "fsType": null,
                            "partition": null,
                            "pdName": null,
                            "readOnly": null
                          },
                          "gitRepo": {
                            "directory": null,
                            "repository": null,
                            "revision": null
                          },
                          "glusterfs": {
                            "endpoints": null,
                            "path": null,
                            "readOnly": null
                          },
                          "hostPath": {
                            "path": null,
                            "type": null
                          },
                          "iscsi": {
                            "chapAuthDiscovery": null,
                            "chapAuthSession": null,
                            "fsType": null,
                            "initiatorName": null,
                            "iqn": null,
                            "iscsiInterface": null,
                            "lun": null,
                            "portals": null,
                            "readOnly": null,
                            "secretRef": {
                              "name": null
                            },
                            "targetPortal": null
                          },
                          "name": "sonarqube",
                          "nfs": {
                            "path": null,
                            "readOnly": null,
                            "server": null
                          },
                          "persistentVolumeClaim": {
                            "claimName": null,
                            "readOnly": null
                          },
                          "photonPersistentDisk": {
                            "fsType": null,
                            "pdID": null
                          },
                          "portworxVolume": {
                            "fsType": null,
                            "readOnly": null,
                            "volumeID": null
                          },
                          "projected": {
                            "defaultMode": null,
                            "sources": null
                          },
                          "quobyte": {
                            "group": null,
                            "readOnly": null,
                            "registry": null,
                            "tenant": null,
                            "user": null,
                            "volume": null
                          },
                          "rbd": {
                            "fsType": null,
                            "image": null,
                            "keyring": null,
                            "monitors": null,
                            "pool": null,
                            "readOnly": null,
                            "secretRef": {
                              "name": null
                            },
                            "user": null
                          },
                          "scaleIO": {
                            "fsType": null,
                            "gateway": null,
                            "protectionDomain": null,
                            "readOnly": null,
                            "secretRef": {
                              "name": null
                            },
                            "sslEnabled": null,
                            "storageMode": null,
                            "storagePool": null,
                            "system": null,
                            "volumeName": null
                          },
                          "secret": {
                            "defaultMode": null,
                            "items": null,
                            "optional": null,
                            "secretName": null
                          },
                          "storageos": {
                            "fsType": null,
                            "readOnly": null,
                            "secretRef": {
                              "name": null
                            },
                            "volumeName": null,
                            "volumeNamespace": null
                          },
                          "vsphereVolume": {
                            "fsType": null,
                            "storagePolicyID": null,
                            "storagePolicyName": null,
                            "volumePath": null
                          }
                        },
                        {
                          "awsElasticBlockStore": {
                            "fsType": null,
                            "partition": null,
                            "readOnly": null,
                            "volumeID": null
                          },
                          "azureDisk": {
                            "cachingMode": null,
                            "diskName": null,
                            "diskURI": null,
                            "fsType": null,
                            "kind": null,
                            "readOnly": null
                          },
                          "azureFile": {
                            "readOnly": null,
                            "secretName": null,
                            "shareName": null
                          },
                          "cephfs": {
                            "monitors": null,
                            "path": null,
                            "readOnly": null,
                            "secretFile": null,
                            "secretRef": {
                              "name": null
                            },
                            "user": null
                          },
                          "cinder": {
                            "fsType": null,
                            "readOnly": null,
                            "secretRef": {
                              "name": null
                            },
                            "volumeID": null
                          },
                          "configMap": {
                            "defaultMode": null,
                            "items": null,
                            "name": null,
                            "optional": null
                          },
                          "csi": {
                            "driver": null,
                            "fsType": null,
                            "nodePublishSecretRef": {
                              "name": null
                            },
                            "readOnly": null,
                            "volumeAttributes": null
                          },
                          "downwardAPI": {
                            "defaultMode": null,
                            "items": null
                          },
                          "emptyDir": {
                            "medium": null,
                            "sizeLimit": null
                          },
                          "ephemeral": {
                            "volumeClaimTemplate": {
                              "metadata": {
                                "annotations": null,
                                "creationTimestamp": null,
                                "deletionGracePeriodSeconds": null,
                                "deletionTimestamp": null,
                                "finalizers": null,
                                "generateName": null,
                                "generation": null,
                                "labels": null,
                                "managedFields": null,
                                "name": null,
                                "namespace": null,
                                "ownerReferences": null,
                                "resourceVersion": null,
                                "selfLink": null,
                                "uid": null
                              },
                              "spec": {
                                "accessModes": null,
                                "dataSource": {
                                  "apiGroup": null,
                                  "kind": null,
                                  "name": null
                                },
                                "dataSourceRef": {
                                  "apiGroup": null,
                                  "kind": null,
                                  "name": null,
                                  "namespace": null
                                },
                                "resources": {
                                  "claims": null,
                                  "limits": null,
                                  "requests": null
                                },
                                "selector": {
                                  "matchExpressions": null,
                                  "matchLabels": null
                                },
                                "storageClassName": null,
                                "volumeMode": null,
                                "volumeName": null
                              }
                            }
                          },
                          "fc": {
                            "fsType": null,
                            "lun": null,
                            "readOnly": null,
                            "targetWWNs": null,
                            "wwids": null
                          },
                          "flexVolume": {
                            "driver": null,
                            "fsType": null,
                            "options": null,
                            "readOnly": null,
                            "secretRef": {
                              "name": null
                            }
                          },
                          "flocker": {
                            "datasetName": null,
                            "datasetUUID": null
                          },
                          "gcePersistentDisk": {
                            "fsType": null,
                            "partition": null,
                            "pdName": null,
                            "readOnly": null
                          },
                          "gitRepo": {
                            "directory": null,
                            "repository": null,
                            "revision": null
                          },
                          "glusterfs": {
                            "endpoints": null,
                            "path": null,
                            "readOnly": null
                          },
                          "hostPath": {
                            "path": null,
                            "type": null
                          },
                          "iscsi": {
                            "chapAuthDiscovery": null,
                            "chapAuthSession": null,
                            "fsType": null,
                            "initiatorName": null,
                            "iqn": null,
                            "iscsiInterface": null,
                            "lun": null,
                            "portals": null,
                            "readOnly": null,
                            "secretRef": {
                              "name": null
                            },
                            "targetPortal": null
                          },
                          "name": "tmp-dir",
                          "nfs": {
                            "path": null,
                            "readOnly": null,
                            "server": null
                          },
                          "persistentVolumeClaim": {
                            "claimName": null,
                            "readOnly": null
                          },
                          "photonPersistentDisk": {
                            "fsType": null,
                            "pdID": null
                          },
                          "portworxVolume": {
                            "fsType": null,
                            "readOnly": null,
                            "volumeID": null
                          },
                          "projected": {
                            "defaultMode": null,
                            "sources": null
                          },
                          "quobyte": {
                            "group": null,
                            "readOnly": null,
                            "registry": null,
                            "tenant": null,
                            "user": null,
                            "volume": null
                          },
                          "rbd": {
                            "fsType": null,
                            "image": null,
                            "keyring": null,
                            "monitors": null,
                            "pool": null,
                            "readOnly": null,
                            "secretRef": {
                              "name": null
                            },
                            "user": null
                          },
                          "scaleIO": {
                            "fsType": null,
                            "gateway": null,
                            "protectionDomain": null,
                            "readOnly": null,
                            "secretRef": {
                              "name": null
                            },
                            "sslEnabled": null,
                            "storageMode": null,
                            "storagePool": null,
                            "system": null,
                            "volumeName": null
                          },
                          "secret": {
                            "defaultMode": null,
                            "items": null,
                            "optional": null,
                            "secretName": null
                          },
                          "storageos": {
                            "fsType": null,
                            "readOnly": null,
                            "secretRef": {
                              "name": null
                            },
                            "volumeName": null,
                            "volumeNamespace": null
                          },
                          "vsphereVolume": {
                            "fsType": null,
                            "storagePolicyID": null,
                            "storagePolicyName": null,
                            "volumePath": null
                          }
                        }
                      ]
                    }
                  },
                  "updateStrategy": {
                    "rollingUpdate": {
                      "maxUnavailable": null,
                      "partition": 0
                    },
                    "type": "RollingUpdate"
                  },
                  "volumeClaimTemplates": null
                }
              },
              "type": [
                "object",
                {
                  "apiVersion": "string",
                  "kind": "string",
                  "metadata": [
                    "object",
                    {
                      "annotations": [
                        "map",
                        "string"
                      ],
                      "creationTimestamp": "string",
                      "deletionGracePeriodSeconds": "number",
                      "deletionTimestamp": "string",
                      "finalizers": [
                        "list",
                        "string"
                      ],
                      "generateName": "string",
                      "generation": "number",
                      "labels": [
                        "map",
                        "string"
                      ],
                      "managedFields": [
                        "tuple",
                        [
                          [
                            "object",
                            {
                              "apiVersion": "string",
                              "fieldsType": "string",
                              "fieldsV1": "dynamic",
                              "manager": "string",
                              "operation": "string",
                              "subresource": "string",
                              "time": "string"
                            }
                          ]
                        ]
                      ],
                      "name": "string",
                      "namespace": "string",
                      "ownerReferences": [
                        "list",
                        [
                          "object",
                          {
                            "apiVersion": "string",
                            "blockOwnerDeletion": "bool",
                            "controller": "bool",
                            "kind": "string",
                            "name": "string",
                            "uid": "string"
                          }
                        ]
                      ],
                      "resourceVersion": "string",
                      "selfLink": "string",
                      "uid": "string"
                    }
                  ],
                  "spec": [
                    "object",
                    {
                      "minReadySeconds": "number",
                      "ordinals": [
                        "object",
                        {
                          "start": "number"
                        }
                      ],
                      "persistentVolumeClaimRetentionPolicy": [
                        "object",
                        {
                          "whenDeleted": "string",
                          "whenScaled": "string"
                        }
                      ],
                      "podManagementPolicy": "string",
                      "replicas": "number",
                      "revisionHistoryLimit": "number",
                      "selector": [
                        "object",
                        {
                          "matchExpressions": [
                            "list",
                            [
                              "object",
                              {
                                "key": "string",
                                "operator": "string",
                                "values": [
                                  "list",
                                  "string"
                                ]
                              }
                            ]
                          ],
                          "matchLabels": [
                            "map",
                            "string"
                          ]
                        }
                      ],
                      "serviceName": "string",
                      "template": [
                        "object",
                        {
                          "metadata": [
                            "object",
                            {
                              "annotations": [
                                "map",
                                "string"
                              ],
                              "creationTimestamp": "string",
                              "deletionGracePeriodSeconds": "number",
                              "deletionTimestamp": "string",
                              "finalizers": [
                                "list",
                                "string"
                              ],
                              "generateName": "string",
                              "generation": "number",
                              "labels": [
                                "map",
                                "string"
                              ],
                              "managedFields": [
                                "tuple",
                                [
                                  [
                                    "object",
                                    {
                                      "apiVersion": "string",
                                      "fieldsType": "string",
                                      "fieldsV1": "dynamic",
                                      "manager": "string",
                                      "operation": "string",
                                      "subresource": "string",
                                      "time": "string"
                                    }
                                  ]
                                ]
                              ],
                              "name": "string",
                              "namespace": "string",
                              "ownerReferences": [
                                "list",
                                [
                                  "object",
                                  {
                                    "apiVersion": "string",
                                    "blockOwnerDeletion": "bool",
                                    "controller": "bool",
                                    "kind": "string",
                                    "name": "string",
                                    "uid": "string"
                                  }
                                ]
                              ],
                              "resourceVersion": "string",
                              "selfLink": "string",
                              "uid": "string"
                            }
                          ],
                          "spec": [
                            "object",
                            {
                              "activeDeadlineSeconds": "number",
                              "affinity": [
                                "object",
                                {
                                  "nodeAffinity": [
                                    "object",
                                    {
                                      "preferredDuringSchedulingIgnoredDuringExecution": [
                                        "list",
                                        [
                                          "object",
                                          {
                                            "preference": [
                                              "object",
                                              {
                                                "matchExpressions": [
                                                  "list",
                                                  [
                                                    "object",
                                                    {
                                                      "key": "string",
                                                      "operator": "string",
                                                      "values": [
                                                        "list",
                                                        "string"
                                                      ]
                                                    }
                                                  ]
                                                ],
                                                "matchFields": [
                                                  "list",
                                                  [
                                                    "object",
                                                    {
                                                      "key": "string",
                                                      "operator": "string",
                                                      "values": [
                                                        "list",
                                                        "string"
                                                      ]
                                                    }
                                                  ]
                                                ]
                                              }
                                            ],
                                            "weight": "number"
                                          }
                                        ]
                                      ],
                                      "requiredDuringSchedulingIgnoredDuringExecution": [
                                        "object",
                                        {
                                          "nodeSelectorTerms": [
                                            "list",
                                            [
                                              "object",
                                              {
                                                "matchExpressions": [
                                                  "list",
                                                  [
                                                    "object",
                                                    {
                                                      "key": "string",
                                                      "operator": "string",
                                                      "values": [
                                                        "list",
                                                        "string"
                                                      ]
                                                    }
                                                  ]
                                                ],
                                                "matchFields": [
                                                  "list",
                                                  [
                                                    "object",
                                                    {
                                                      "key": "string",
                                                      "operator": "string",
                                                      "values": [
                                                        "list",
                                                        "string"
                                                      ]
                                                    }
                                                  ]
                                                ]
                                              }
                                            ]
                                          ]
                                        }
                                      ]
                                    }
                                  ],
                                  "podAffinity": [
                                    "object",
                                    {
                                      "preferredDuringSchedulingIgnoredDuringExecution": [
                                        "list",
                                        [
                                          "object",
                                          {
                                            "podAffinityTerm": [
                                              "object",
                                              {
                                                "labelSelector": [
                                                  "object",
                                                  {
                                                    "matchExpressions": [
                                                      "list",
                                                      [
                                                        "object",
                                                        {
                                                          "key": "string",
                                                          "operator": "string",
                                                          "values": [
                                                            "list",
                                                            "string"
                                                          ]
                                                        }
                                                      ]
                                                    ],
                                                    "matchLabels": [
                                                      "map",
                                                      "string"
                                                    ]
                                                  }
                                                ],
                                                "namespaceSelector": [
                                                  "object",
                                                  {
                                                    "matchExpressions": [
                                                      "list",
                                                      [
                                                        "object",
                                                        {
                                                          "key": "string",
                                                          "operator": "string",
                                                          "values": [
                                                            "list",
                                                            "string"
                                                          ]
                                                        }
                                                      ]
                                                    ],
                                                    "matchLabels": [
                                                      "map",
                                                      "string"
                                                    ]
                                                  }
                                                ],
                                                "namespaces": [
                                                  "list",
                                                  "string"
                                                ],
                                                "topologyKey": "string"
                                              }
                                            ],
                                            "weight": "number"
                                          }
                                        ]
                                      ],
                                      "requiredDuringSchedulingIgnoredDuringExecution": [
                                        "list",
                                        [
                                          "object",
                                          {
                                            "labelSelector": [
                                              "object",
                                              {
                                                "matchExpressions": [
                                                  "list",
                                                  [
                                                    "object",
                                                    {
                                                      "key": "string",
                                                      "operator": "string",
                                                      "values": [
                                                        "list",
                                                        "string"
                                                      ]
                                                    }
                                                  ]
                                                ],
                                                "matchLabels": [
                                                  "map",
                                                  "string"
                                                ]
                                              }
                                            ],
                                            "namespaceSelector": [
                                              "object",
                                              {
                                                "matchExpressions": [
                                                  "list",
                                                  [
                                                    "object",
                                                    {
                                                      "key": "string",
                                                      "operator": "string",
                                                      "values": [
                                                        "list",
                                                        "string"
                                                      ]
                                                    }
                                                  ]
                                                ],
                                                "matchLabels": [
                                                  "map",
                                                  "string"
                                                ]
                                              }
                                            ],
                                            "namespaces": [
                                              "list",
                                              "string"
                                            ],
                                            "topologyKey": "string"
                                          }
                                        ]
                                      ]
                                    }
                                  ],
                                  "podAntiAffinity": [
                                    "object",
                                    {
                                      "preferredDuringSchedulingIgnoredDuringExecution": [
                                        "list",
                                        [
                                          "object",
                                          {
                                            "podAffinityTerm": [
                                              "object",
                                              {
                                                "labelSelector": [
                                                  "object",
                                                  {
                                                    "matchExpressions": [
                                                      "list",
                                                      [
                                                        "object",
                                                        {
                                                          "key": "string",
                                                          "operator": "string",
                                                          "values": [
                                                            "list",
                                                            "string"
                                                          ]
                                                        }
                                                      ]
                                                    ],
                                                    "matchLabels": [
                                                      "map",
                                                      "string"
                                                    ]
                                                  }
                                                ],
                                                "namespaceSelector": [
                                                  "object",
                                                  {
                                                    "matchExpressions": [
                                                      "list",
                                                      [
                                                        "object",
                                                        {
                                                          "key": "string",
                                                          "operator": "string",
                                                          "values": [
                                                            "list",
                                                            "string"
                                                          ]
                                                        }
                                                      ]
                                                    ],
                                                    "matchLabels": [
                                                      "map",
                                                      "string"
                                                    ]
                                                  }
                                                ],
                                                "namespaces": [
                                                  "list",
                                                  "string"
                                                ],
                                                "topologyKey": "string"
                                              }
                                            ],
                                            "weight": "number"
                                          }
                                        ]
                                      ],
                                      "requiredDuringSchedulingIgnoredDuringExecution": [
                                        "list",
                                        [
                                          "object",
                                          {
                                            "labelSelector": [
                                              "object",
                                              {
                                                "matchExpressions": [
                                                  "list",
                                                  [
                                                    "object",
                                                    {
                                                      "key": "string",
                                                      "operator": "string",
                                                      "values": [
                                                        "list",
                                                        "string"
                                                      ]
                                                    }
                                                  ]
                                                ],
                                                "matchLabels": [
                                                  "map",
                                                  "string"
                                                ]
                                              }
                                            ],
                                            "namespaceSelector": [
                                              "object",
                                              {
                                                "matchExpressions": [
                                                  "list",
                                                  [
                                                    "object",
                                                    {
                                                      "key": "string",
                                                      "operator": "string",
                                                      "values": [
                                                        "list",
                                                        "string"
                                                      ]
                                                    }
                                                  ]
                                                ],
                                                "matchLabels": [
                                                  "map",
                                                  "string"
                                                ]
                                              }
                                            ],
                                            "namespaces": [
                                              "list",
                                              "string"
                                            ],
                                            "topologyKey": "string"
                                          }
                                        ]
                                      ]
                                    }
                                  ]
                                }
                              ],
                              "automountServiceAccountToken": "bool",
                              "containers": [
                                "list",
                                [
                                  "object",
                                  {
                                    "args": [
                                      "list",
                                      "string"
                                    ],
                                    "command": [
                                      "list",
                                      "string"
                                    ],
                                    "env": [
                                      "list",
                                      [
                                        "object",
                                        {
                                          "name": "string",
                                          "value": "string",
                                          "valueFrom": [
                                            "object",
                                            {
                                              "configMapKeyRef": [
                                                "object",
                                                {
                                                  "key": "string",
                                                  "name": "string",
                                                  "optional": "bool"
                                                }
                                              ],
                                              "fieldRef": [
                                                "object",
                                                {
                                                  "apiVersion": "string",
                                                  "fieldPath": "string"
                                                }
                                              ],
                                              "resourceFieldRef": [
                                                "object",
                                                {
                                                  "containerName": "string",
                                                  "divisor": "string",
                                                  "resource": "string"
                                                }
                                              ],
                                              "secretKeyRef": [
                                                "object",
                                                {
                                                  "key": "string",
                                                  "name": "string",
                                                  "optional": "bool"
                                                }
                                              ]
                                            }
                                          ]
                                        }
                                      ]
                                    ],
                                    "envFrom": [
                                      "list",
                                      [
                                        "object",
                                        {
                                          "configMapRef": [
                                            "object",
                                            {
                                              "name": "string",
                                              "optional": "bool"
                                            }
                                          ],
                                          "prefix": "string",
                                          "secretRef": [
                                            "object",
                                            {
                                              "name": "string",
                                              "optional": "bool"
                                            }
                                          ]
                                        }
                                      ]
                                    ],
                                    "image": "string",
                                    "imagePullPolicy": "string",
                                    "lifecycle": [
                                      "object",
                                      {
                                        "postStart": [
                                          "object",
                                          {
                                            "exec": [
                                              "object",
                                              {
                                                "command": [
                                                  "list",
                                                  "string"
                                                ]
                                              }
                                            ],
                                            "httpGet": [
                                              "object",
                                              {
                                                "host": "string",
                                                "httpHeaders": [
                                                  "list",
                                                  [
                                                    "object",
                                                    {
                                                      "name": "string",
                                                      "value": "string"
                                                    }
                                                  ]
                                                ],
                                                "path": "string",
                                                "port": "string",
                                                "scheme": "string"
                                              }
                                            ],
                                            "tcpSocket": [
                                              "object",
                                              {
                                                "host": "string",
                                                "port": "string"
                                              }
                                            ]
                                          }
                                        ],
                                        "preStop": [
                                          "object",
                                          {
                                            "exec": [
                                              "object",
                                              {
                                                "command": [
                                                  "list",
                                                  "string"
                                                ]
                                              }
                                            ],
                                            "httpGet": [
                                              "object",
                                              {
                                                "host": "string",
                                                "httpHeaders": [
                                                  "list",
                                                  [
                                                    "object",
                                                    {
                                                      "name": "string",
                                                      "value": "string"
                                                    }
                                                  ]
                                                ],
                                                "path": "string",
                                                "port": "string",
                                                "scheme": "string"
                                              }
                                            ],
                                            "tcpSocket": [
                                              "object",
                                              {
                                                "host": "string",
                                                "port": "string"
                                              }
                                            ]
                                          }
                                        ]
                                      }
                                    ],
                                    "livenessProbe": [
                                      "object",
                                      {
                                        "exec": [
                                          "object",
                                          {
                                            "command": [
                                              "list",
                                              "string"
                                            ]
                                          }
                                        ],
                                        "failureThreshold": "number",
                                        "grpc": [
                                          "object",
                                          {
                                            "port": "number",
                                            "service": "string"
                                          }
                                        ],
                                        "httpGet": [
                                          "object",
                                          {
                                            "host": "string",
                                            "httpHeaders": [
                                              "list",
                                              [
                                                "object",
                                                {
                                                  "name": "string",
                                                  "value": "string"
                                                }
                                              ]
                                            ],
                                            "path": "string",
                                            "port": "string",
                                            "scheme": "string"
                                          }
                                        ],
                                        "initialDelaySeconds": "number",
                                        "periodSeconds": "number",
                                        "successThreshold": "number",
                                        "tcpSocket": [
                                          "object",
                                          {
                                            "host": "string",
                                            "port": "string"
                                          }
                                        ],
                                        "terminationGracePeriodSeconds": "number",
                                        "timeoutSeconds": "number"
                                      }
                                    ],
                                    "name": "string",
                                    "ports": [
                                      "list",
                                      [
                                        "object",
                                        {
                                          "containerPort": "number",
                                          "hostIP": "string",
                                          "hostPort": "number",
                                          "name": "string",
                                          "protocol": "string"
                                        }
                                      ]
                                    ],
                                    "readinessProbe": [
                                      "object",
                                      {
                                        "exec": [
                                          "object",
                                          {
                                            "command": [
                                              "list",
                                              "string"
                                            ]
                                          }
                                        ],
                                        "failureThreshold": "number",
                                        "grpc": [
                                          "object",
                                          {
                                            "port": "number",
                                            "service": "string"
                                          }
                                        ],
                                        "httpGet": [
                                          "object",
                                          {
                                            "host": "string",
                                            "httpHeaders": [
                                              "list",
                                              [
                                                "object",
                                                {
                                                  "name": "string",
                                                  "value": "string"
                                                }
                                              ]
                                            ],
                                            "path": "string",
                                            "port": "string",
                                            "scheme": "string"
                                          }
                                        ],
                                        "initialDelaySeconds": "number",
                                        "periodSeconds": "number",
                                        "successThreshold": "number",
                                        "tcpSocket": [
                                          "object",
                                          {
                                            "host": "string",
                                            "port": "string"
                                          }
                                        ],
                                        "terminationGracePeriodSeconds": "number",
                                        "timeoutSeconds": "number"
                                      }
                                    ],
                                    "resizePolicy": [
                                      "list",
                                      [
                                        "object",
                                        {
                                          "resourceName": "string",
                                          "restartPolicy": "string"
                                        }
                                      ]
                                    ],
                                    "resources": [
                                      "object",
                                      {
                                        "claims": [
                                          "list",
                                          [
                                            "object",
                                            {
                                              "name": "string"
                                            }
                                          ]
                                        ],
                                        "limits": [
                                          "map",
                                          "string"
                                        ],
                                        "requests": [
                                          "map",
                                          "string"
                                        ]
                                      }
                                    ],
                                    "securityContext": [
                                      "object",
                                      {
                                        "allowPrivilegeEscalation": "bool",
                                        "capabilities": [
                                          "object",
                                          {
                                            "add": [
                                              "list",
                                              "string"
                                            ],
                                            "drop": [
                                              "list",
                                              "string"
                                            ]
                                          }
                                        ],
                                        "privileged": "bool",
                                        "procMount": "string",
                                        "readOnlyRootFilesystem": "bool",
                                        "runAsGroup": "number",
                                        "runAsNonRoot": "bool",
                                        "runAsUser": "number",
                                        "seLinuxOptions": [
                                          "object",
                                          {
                                            "level": "string",
                                            "role": "string",
                                            "type": "string",
                                            "user": "string"
                                          }
                                        ],
                                        "seccompProfile": [
                                          "object",
                                          {
                                            "localhostProfile": "string",
                                            "type": "string"
                                          }
                                        ],
                                        "windowsOptions": [
                                          "object",
                                          {
                                            "gmsaCredentialSpec": "string",
                                            "gmsaCredentialSpecName": "string",
                                            "hostProcess": "bool",
                                            "runAsUserName": "string"
                                          }
                                        ]
                                      }
                                    ],
                                    "startupProbe": [
                                      "object",
                                      {
                                        "exec": [
                                          "object",
                                          {
                                            "command": [
                                              "list",
                                              "string"
                                            ]
                                          }
                                        ],
                                        "failureThreshold": "number",
                                        "grpc": [
                                          "object",
                                          {
                                            "port": "number",
                                            "service": "string"
                                          }
                                        ],
                                        "httpGet": [
                                          "object",
                                          {
                                            "host": "string",
                                            "httpHeaders": [
                                              "list",
                                              [
                                                "object",
                                                {
                                                  "name": "string",
                                                  "value": "string"
                                                }
                                              ]
                                            ],
                                            "path": "string",
                                            "port": "string",
                                            "scheme": "string"
                                          }
                                        ],
                                        "initialDelaySeconds": "number",
                                        "periodSeconds": "number",
                                        "successThreshold": "number",
                                        "tcpSocket": [
                                          "object",
                                          {
                                            "host": "string",
                                            "port": "string"
                                          }
                                        ],
                                        "terminationGracePeriodSeconds": "number",
                                        "timeoutSeconds": "number"
                                      }
                                    ],
                                    "stdin": "bool",
                                    "stdinOnce": "bool",
                                    "terminationMessagePath": "string",
                                    "terminationMessagePolicy": "string",
                                    "tty": "bool",
                                    "volumeDevices": [
                                      "list",
                                      [
                                        "object",
                                        {
                                          "devicePath": "string",
                                          "name": "string"
                                        }
                                      ]
                                    ],
                                    "volumeMounts": [
                                      "list",
                                      [
                                        "object",
                                        {
                                          "mountPath": "string",
                                          "mountPropagation": "string",
                                          "name": "string",
                                          "readOnly": "bool",
                                          "subPath": "string",
                                          "subPathExpr": "string"
                                        }
                                      ]
                                    ],
                                    "workingDir": "string"
                                  }
                                ]
                              ],
                              "dnsConfig": [
                                "object",
                                {
                                  "nameservers": [
                                    "list",
                                    "string"
                                  ],
                                  "options": [
                                    "list",
                                    [
                                      "object",
                                      {
                                        "name": "string",
                                        "value": "string"
                                      }
                                    ]
                                  ],
                                  "searches": [
                                    "list",
                                    "string"
                                  ]
                                }
                              ],
                              "dnsPolicy": "string",
                              "enableServiceLinks": "bool",
                              "ephemeralContainers": [
                                "list",
                                [
                                  "object",
                                  {
                                    "args": [
                                      "list",
                                      "string"
                                    ],
                                    "command": [
                                      "list",
                                      "string"
                                    ],
                                    "env": [
                                      "list",
                                      [
                                        "object",
                                        {
                                          "name": "string",
                                          "value": "string",
                                          "valueFrom": [
                                            "object",
                                            {
                                              "configMapKeyRef": [
                                                "object",
                                                {
                                                  "key": "string",
                                                  "name": "string",
                                                  "optional": "bool"
                                                }
                                              ],
                                              "fieldRef": [
                                                "object",
                                                {
                                                  "apiVersion": "string",
                                                  "fieldPath": "string"
                                                }
                                              ],
                                              "resourceFieldRef": [
                                                "object",
                                                {
                                                  "containerName": "string",
                                                  "divisor": "string",
                                                  "resource": "string"
                                                }
                                              ],
                                              "secretKeyRef": [
                                                "object",
                                                {
                                                  "key": "string",
                                                  "name": "string",
                                                  "optional": "bool"
                                                }
                                              ]
                                            }
                                          ]
                                        }
                                      ]
                                    ],
                                    "envFrom": [
                                      "list",
                                      [
                                        "object",
                                        {
                                          "configMapRef": [
                                            "object",
                                            {
                                              "name": "string",
                                              "optional": "bool"
                                            }
                                          ],
                                          "prefix": "string",
                                          "secretRef": [
                                            "object",
                                            {
                                              "name": "string",
                                              "optional": "bool"
                                            }
                                          ]
                                        }
                                      ]
                                    ],
                                    "image": "string",
                                    "imagePullPolicy": "string",
                                    "lifecycle": [
                                      "object",
                                      {
                                        "postStart": [
                                          "object",
                                          {
                                            "exec": [
                                              "object",
                                              {
                                                "command": [
                                                  "list",
                                                  "string"
                                                ]
                                              }
                                            ],
                                            "httpGet": [
                                              "object",
                                              {
                                                "host": "string",
                                                "httpHeaders": [
                                                  "list",
                                                  [
                                                    "object",
                                                    {
                                                      "name": "string",
                                                      "value": "string"
                                                    }
                                                  ]
                                                ],
                                                "path": "string",
                                                "port": "string",
                                                "scheme": "string"
                                              }
                                            ],
                                            "tcpSocket": [
                                              "object",
                                              {
                                                "host": "string",
                                                "port": "string"
                                              }
                                            ]
                                          }
                                        ],
                                        "preStop": [
                                          "object",
                                          {
                                            "exec": [
                                              "object",
                                              {
                                                "command": [
                                                  "list",
                                                  "string"
                                                ]
                                              }
                                            ],
                                            "httpGet": [
                                              "object",
                                              {
                                                "host": "string",
                                                "httpHeaders": [
                                                  "list",
                                                  [
                                                    "object",
                                                    {
                                                      "name": "string",
                                                      "value": "string"
                                                    }
                                                  ]
                                                ],
                                                "path": "string",
                                                "port": "string",
                                                "scheme": "string"
                                              }
                                            ],
                                            "tcpSocket": [
                                              "object",
                                              {
                                                "host": "string",
                                                "port": "string"
                                              }
                                            ]
                                          }
                                        ]
                                      }
                                    ],
                                    "livenessProbe": [
                                      "object",
                                      {
                                        "exec": [
                                          "object",
                                          {
                                            "command": [
                                              "list",
                                              "string"
                                            ]
                                          }
                                        ],
                                        "failureThreshold": "number",
                                        "grpc": [
                                          "object",
                                          {
                                            "port": "number",
                                            "service": "string"
                                          }
                                        ],
                                        "httpGet": [
                                          "object",
                                          {
                                            "host": "string",
                                            "httpHeaders": [
                                              "list",
                                              [
                                                "object",
                                                {
                                                  "name": "string",
                                                  "value": "string"
                                                }
                                              ]
                                            ],
                                            "path": "string",
                                            "port": "string",
                                            "scheme": "string"
                                          }
                                        ],
                                        "initialDelaySeconds": "number",
                                        "periodSeconds": "number",
                                        "successThreshold": "number",
                                        "tcpSocket": [
                                          "object",
                                          {
                                            "host": "string",
                                            "port": "string"
                                          }
                                        ],
                                        "terminationGracePeriodSeconds": "number",
                                        "timeoutSeconds": "number"
                                      }
                                    ],
                                    "name": "string",
                                    "ports": [
                                      "list",
                                      [
                                        "object",
                                        {
                                          "containerPort": "number",
                                          "hostIP": "string",
                                          "hostPort": "number",
                                          "name": "string",
                                          "protocol": "string"
                                        }
                                      ]
                                    ],
                                    "readinessProbe": [
                                      "object",
                                      {
                                        "exec": [
                                          "object",
                                          {
                                            "command": [
                                              "list",
                                              "string"
                                            ]
                                          }
                                        ],
                                        "failureThreshold": "number",
                                        "grpc": [
                                          "object",
                                          {
                                            "port": "number",
                                            "service": "string"
                                          }
                                        ],
                                        "httpGet": [
                                          "object",
                                          {
                                            "host": "string",
                                            "httpHeaders": [
                                              "list",
                                              [
                                                "object",
                                                {
                                                  "name": "string",
                                                  "value": "string"
                                                }
                                              ]
                                            ],
                                            "path": "string",
                                            "port": "string",
                                            "scheme": "string"
                                          }
                                        ],
                                        "initialDelaySeconds": "number",
                                        "periodSeconds": "number",
                                        "successThreshold": "number",
                                        "tcpSocket": [
                                          "object",
                                          {
                                            "host": "string",
                                            "port": "string"
                                          }
                                        ],
                                        "terminationGracePeriodSeconds": "number",
                                        "timeoutSeconds": "number"
                                      }
                                    ],
                                    "resizePolicy": [
                                      "list",
                                      [
                                        "object",
                                        {
                                          "resourceName": "string",
                                          "restartPolicy": "string"
                                        }
                                      ]
                                    ],
                                    "resources": [
                                      "object",
                                      {
                                        "claims": [
                                          "list",
                                          [
                                            "object",
                                            {
                                              "name": "string"
                                            }
                                          ]
                                        ],
                                        "limits": [
                                          "map",
                                          "string"
                                        ],
                                        "requests": [
                                          "map",
                                          "string"
                                        ]
                                      }
                                    ],
                                    "securityContext": [
                                      "object",
                                      {
                                        "allowPrivilegeEscalation": "bool",
                                        "capabilities": [
                                          "object",
                                          {
                                            "add": [
                                              "list",
                                              "string"
                                            ],
                                            "drop": [
                                              "list",
                                              "string"
                                            ]
                                          }
                                        ],
                                        "privileged": "bool",
                                        "procMount": "string",
                                        "readOnlyRootFilesystem": "bool",
                                        "runAsGroup": "number",
                                        "runAsNonRoot": "bool",
                                        "runAsUser": "number",
                                        "seLinuxOptions": [
                                          "object",
                                          {
                                            "level": "string",
                                            "role": "string",
                                            "type": "string",
                                            "user": "string"
                                          }
                                        ],
                                        "seccompProfile": [
                                          "object",
                                          {
                                            "localhostProfile": "string",
                                            "type": "string"
                                          }
                                        ],
                                        "windowsOptions": [
                                          "object",
                                          {
                                            "gmsaCredentialSpec": "string",
                                            "gmsaCredentialSpecName": "string",
                                            "hostProcess": "bool",
                                            "runAsUserName": "string"
                                          }
                                        ]
                                      }
                                    ],
                                    "startupProbe": [
                                      "object",
                                      {
                                        "exec": [
                                          "object",
                                          {
                                            "command": [
                                              "list",
                                              "string"
                                            ]
                                          }
                                        ],
                                        "failureThreshold": "number",
                                        "grpc": [
                                          "object",
                                          {
                                            "port": "number",
                                            "service": "string"
                                          }
                                        ],
                                        "httpGet": [
                                          "object",
                                          {
                                            "host": "string",
                                            "httpHeaders": [
                                              "list",
                                              [
                                                "object",
                                                {
                                                  "name": "string",
                                                  "value": "string"
                                                }
                                              ]
                                            ],
                                            "path": "string",
                                            "port": "string",
                                            "scheme": "string"
                                          }
                                        ],
                                        "initialDelaySeconds": "number",
                                        "periodSeconds": "number",
                                        "successThreshold": "number",
                                        "tcpSocket": [
                                          "object",
                                          {
                                            "host": "string",
                                            "port": "string"
                                          }
                                        ],
                                        "terminationGracePeriodSeconds": "number",
                                        "timeoutSeconds": "number"
                                      }
                                    ],
                                    "stdin": "bool",
                                    "stdinOnce": "bool",
                                    "targetContainerName": "string",
                                    "terminationMessagePath": "string",
                                    "terminationMessagePolicy": "string",
                                    "tty": "bool",
                                    "volumeDevices": [
                                      "list",
                                      [
                                        "object",
                                        {
                                          "devicePath": "string",
                                          "name": "string"
                                        }
                                      ]
                                    ],
                                    "volumeMounts": [
                                      "list",
                                      [
                                        "object",
                                        {
                                          "mountPath": "string",
                                          "mountPropagation": "string",
                                          "name": "string",
                                          "readOnly": "bool",
                                          "subPath": "string",
                                          "subPathExpr": "string"
                                        }
                                      ]
                                    ],
                                    "workingDir": "string"
                                  }
                                ]
                              ],
                              "hostAliases": [
                                "list",
                                [
                                  "object",
                                  {
                                    "hostnames": [
                                      "list",
                                      "string"
                                    ],
                                    "ip": "string"
                                  }
                                ]
                              ],
                              "hostIPC": "bool",
                              "hostNetwork": "bool",
                              "hostPID": "bool",
                              "hostUsers": "bool",
                              "hostname": "string",
                              "imagePullSecrets": [
                                "list",
                                [
                                  "object",
                                  {
                                    "name": "string"
                                  }
                                ]
                              ],
                              "initContainers": [
                                "list",
                                [
                                  "object",
                                  {
                                    "args": [
                                      "list",
                                      "string"
                                    ],
                                    "command": [
                                      "list",
                                      "string"
                                    ],
                                    "env": [
                                      "list",
                                      [
                                        "object",
                                        {
                                          "name": "string",
                                          "value": "string",
                                          "valueFrom": [
                                            "object",
                                            {
                                              "configMapKeyRef": [
                                                "object",
                                                {
                                                  "key": "string",
                                                  "name": "string",
                                                  "optional": "bool"
                                                }
                                              ],
                                              "fieldRef": [
                                                "object",
                                                {
                                                  "apiVersion": "string",
                                                  "fieldPath": "string"
                                                }
                                              ],
                                              "resourceFieldRef": [
                                                "object",
                                                {
                                                  "containerName": "string",
                                                  "divisor": "string",
                                                  "resource": "string"
                                                }
                                              ],
                                              "secretKeyRef": [
                                                "object",
                                                {
                                                  "key": "string",
                                                  "name": "string",
                                                  "optional": "bool"
                                                }
                                              ]
                                            }
                                          ]
                                        }
                                      ]
                                    ],
                                    "envFrom": [
                                      "list",
                                      [
                                        "object",
                                        {
                                          "configMapRef": [
                                            "object",
                                            {
                                              "name": "string",
                                              "optional": "bool"
                                            }
                                          ],
                                          "prefix": "string",
                                          "secretRef": [
                                            "object",
                                            {
                                              "name": "string",
                                              "optional": "bool"
                                            }
                                          ]
                                        }
                                      ]
                                    ],
                                    "image": "string",
                                    "imagePullPolicy": "string",
                                    "lifecycle": [
                                      "object",
                                      {
                                        "postStart": [
                                          "object",
                                          {
                                            "exec": [
                                              "object",
                                              {
                                                "command": [
                                                  "list",
                                                  "string"
                                                ]
                                              }
                                            ],
                                            "httpGet": [
                                              "object",
                                              {
                                                "host": "string",
                                                "httpHeaders": [
                                                  "list",
                                                  [
                                                    "object",
                                                    {
                                                      "name": "string",
                                                      "value": "string"
                                                    }
                                                  ]
                                                ],
                                                "path": "string",
                                                "port": "string",
                                                "scheme": "string"
                                              }
                                            ],
                                            "tcpSocket": [
                                              "object",
                                              {
                                                "host": "string",
                                                "port": "string"
                                              }
                                            ]
                                          }
                                        ],
                                        "preStop": [
                                          "object",
                                          {
                                            "exec": [
                                              "object",
                                              {
                                                "command": [
                                                  "list",
                                                  "string"
                                                ]
                                              }
                                            ],
                                            "httpGet": [
                                              "object",
                                              {
                                                "host": "string",
                                                "httpHeaders": [
                                                  "list",
                                                  [
                                                    "object",
                                                    {
                                                      "name": "string",
                                                      "value": "string"
                                                    }
                                                  ]
                                                ],
                                                "path": "string",
                                                "port": "string",
                                                "scheme": "string"
                                              }
                                            ],
                                            "tcpSocket": [
                                              "object",
                                              {
                                                "host": "string",
                                                "port": "string"
                                              }
                                            ]
                                          }
                                        ]
                                      }
                                    ],
                                    "livenessProbe": [
                                      "object",
                                      {
                                        "exec": [
                                          "object",
                                          {
                                            "command": [
                                              "list",
                                              "string"
                                            ]
                                          }
                                        ],
                                        "failureThreshold": "number",
                                        "grpc": [
                                          "object",
                                          {
                                            "port": "number",
                                            "service": "string"
                                          }
                                        ],
                                        "httpGet": [
                                          "object",
                                          {
                                            "host": "string",
                                            "httpHeaders": [
                                              "list",
                                              [
                                                "object",
                                                {
                                                  "name": "string",
                                                  "value": "string"
                                                }
                                              ]
                                            ],
                                            "path": "string",
                                            "port": "string",
                                            "scheme": "string"
                                          }
                                        ],
                                        "initialDelaySeconds": "number",
                                        "periodSeconds": "number",
                                        "successThreshold": "number",
                                        "tcpSocket": [
                                          "object",
                                          {
                                            "host": "string",
                                            "port": "string"
                                          }
                                        ],
                                        "terminationGracePeriodSeconds": "number",
                                        "timeoutSeconds": "number"
                                      }
                                    ],
                                    "name": "string",
                                    "ports": [
                                      "list",
                                      [
                                        "object",
                                        {
                                          "containerPort": "number",
                                          "hostIP": "string",
                                          "hostPort": "number",
                                          "name": "string",
                                          "protocol": "string"
                                        }
                                      ]
                                    ],
                                    "readinessProbe": [
                                      "object",
                                      {
                                        "exec": [
                                          "object",
                                          {
                                            "command": [
                                              "list",
                                              "string"
                                            ]
                                          }
                                        ],
                                        "failureThreshold": "number",
                                        "grpc": [
                                          "object",
                                          {
                                            "port": "number",
                                            "service": "string"
                                          }
                                        ],
                                        "httpGet": [
                                          "object",
                                          {
                                            "host": "string",
                                            "httpHeaders": [
                                              "list",
                                              [
                                                "object",
                                                {
                                                  "name": "string",
                                                  "value": "string"
                                                }
                                              ]
                                            ],
                                            "path": "string",
                                            "port": "string",
                                            "scheme": "string"
                                          }
                                        ],
                                        "initialDelaySeconds": "number",
                                        "periodSeconds": "number",
                                        "successThreshold": "number",
                                        "tcpSocket": [
                                          "object",
                                          {
                                            "host": "string",
                                            "port": "string"
                                          }
                                        ],
                                        "terminationGracePeriodSeconds": "number",
                                        "timeoutSeconds": "number"
                                      }
                                    ],
                                    "resizePolicy": [
                                      "list",
                                      [
                                        "object",
                                        {
                                          "resourceName": "string",
                                          "restartPolicy": "string"
                                        }
                                      ]
                                    ],
                                    "resources": [
                                      "object",
                                      {
                                        "claims": [
                                          "list",
                                          [
                                            "object",
                                            {
                                              "name": "string"
                                            }
                                          ]
                                        ],
                                        "limits": [
                                          "map",
                                          "string"
                                        ],
                                        "requests": [
                                          "map",
                                          "string"
                                        ]
                                      }
                                    ],
                                    "securityContext": [
                                      "object",
                                      {
                                        "allowPrivilegeEscalation": "bool",
                                        "capabilities": [
                                          "object",
                                          {
                                            "add": [
                                              "list",
                                              "string"
                                            ],
                                            "drop": [
                                              "list",
                                              "string"
                                            ]
                                          }
                                        ],
                                        "privileged": "bool",
                                        "procMount": "string",
                                        "readOnlyRootFilesystem": "bool",
                                        "runAsGroup": "number",
                                        "runAsNonRoot": "bool",
                                        "runAsUser": "number",
                                        "seLinuxOptions": [
                                          "object",
                                          {
                                            "level": "string",
                                            "role": "string",
                                            "type": "string",
                                            "user": "string"
                                          }
                                        ],
                                        "seccompProfile": [
                                          "object",
                                          {
                                            "localhostProfile": "string",
                                            "type": "string"
                                          }
                                        ],
                                        "windowsOptions": [
                                          "object",
                                          {
                                            "gmsaCredentialSpec": "string",
                                            "gmsaCredentialSpecName": "string",
                                            "hostProcess": "bool",
                                            "runAsUserName": "string"
                                          }
                                        ]
                                      }
                                    ],
                                    "startupProbe": [
                                      "object",
                                      {
                                        "exec": [
                                          "object",
                                          {
                                            "command": [
                                              "list",
                                              "string"
                                            ]
                                          }
                                        ],
                                        "failureThreshold": "number",
                                        "grpc": [
                                          "object",
                                          {
                                            "port": "number",
                                            "service": "string"
                                          }
                                        ],
                                        "httpGet": [
                                          "object",
                                          {
                                            "host": "string",
                                            "httpHeaders": [
                                              "list",
                                              [
                                                "object",
                                                {
                                                  "name": "string",
                                                  "value": "string"
                                                }
                                              ]
                                            ],
                                            "path": "string",
                                            "port": "string",
                                            "scheme": "string"
                                          }
                                        ],
                                        "initialDelaySeconds": "number",
                                        "periodSeconds": "number",
                                        "successThreshold": "number",
                                        "tcpSocket": [
                                          "object",
                                          {
                                            "host": "string",
                                            "port": "string"
                                          }
                                        ],
                                        "terminationGracePeriodSeconds": "number",
                                        "timeoutSeconds": "number"
                                      }
                                    ],
                                    "stdin": "bool",
                                    "stdinOnce": "bool",
                                    "terminationMessagePath": "string",
                                    "terminationMessagePolicy": "string",
                                    "tty": "bool",
                                    "volumeDevices": [
                                      "list",
                                      [
                                        "object",
                                        {
                                          "devicePath": "string",
                                          "name": "string"
                                        }
                                      ]
                                    ],
                                    "volumeMounts": [
                                      "list",
                                      [
                                        "object",
                                        {
                                          "mountPath": "string",
                                          "mountPropagation": "string",
                                          "name": "string",
                                          "readOnly": "bool",
                                          "subPath": "string",
                                          "subPathExpr": "string"
                                        }
                                      ]
                                    ],
                                    "workingDir": "string"
                                  }
                                ]
                              ],
                              "nodeName": "string",
                              "nodeSelector": [
                                "map",
                                "string"
                              ],
                              "os": [
                                "object",
                                {
                                  "name": "string"
                                }
                              ],
                              "overhead": [
                                "map",
                                "string"
                              ],
                              "preemptionPolicy": "string",
                              "priority": "number",
                              "priorityClassName": "string",
                              "readinessGates": [
                                "list",
                                [
                                  "object",
                                  {
                                    "conditionType": "string"
                                  }
                                ]
                              ],
                              "resourceClaims": [
                                "list",
                                [
                                  "object",
                                  {
                                    "name": "string",
                                    "source": [
                                      "object",
                                      {
                                        "resourceClaimName": "string",
                                        "resourceClaimTemplateName": "string"
                                      }
                                    ]
                                  }
                                ]
                              ],
                              "restartPolicy": "string",
                              "runtimeClassName": "string",
                              "schedulerName": "string",
                              "schedulingGates": [
                                "list",
                                [
                                  "object",
                                  {
                                    "name": "string"
                                  }
                                ]
                              ],
                              "securityContext": [
                                "object",
                                {
                                  "fsGroup": "number",
                                  "fsGroupChangePolicy": "string",
                                  "runAsGroup": "number",
                                  "runAsNonRoot": "bool",
                                  "runAsUser": "number",
                                  "seLinuxOptions": [
                                    "object",
                                    {
                                      "level": "string",
                                      "role": "string",
                                      "type": "string",
                                      "user": "string"
                                    }
                                  ],
                                  "seccompProfile": [
                                    "object",
                                    {
                                      "localhostProfile": "string",
                                      "type": "string"
                                    }
                                  ],
                                  "supplementalGroups": [
                                    "list",
                                    "number"
                                  ],
                                  "sysctls": [
                                    "list",
                                    [
                                      "object",
                                      {
                                        "name": "string",
                                        "value": "string"
                                      }
                                    ]
                                  ],
                                  "windowsOptions": [
                                    "object",
                                    {
                                      "gmsaCredentialSpec": "string",
                                      "gmsaCredentialSpecName": "string",
                                      "hostProcess": "bool",
                                      "runAsUserName": "string"
                                    }
                                  ]
                                }
                              ],
                              "serviceAccount": "string",
                              "serviceAccountName": "string",
                              "setHostnameAsFQDN": "bool",
                              "shareProcessNamespace": "bool",
                              "subdomain": "string",
                              "terminationGracePeriodSeconds": "number",
                              "tolerations": [
                                "list",
                                [
                                  "object",
                                  {
                                    "effect": "string",
                                    "key": "string",
                                    "operator": "string",
                                    "tolerationSeconds": "number",
                                    "value": "string"
                                  }
                                ]
                              ],
                              "topologySpreadConstraints": [
                                "list",
                                [
                                  "object",
                                  {
                                    "labelSelector": [
                                      "object",
                                      {
                                        "matchExpressions": [
                                          "list",
                                          [
                                            "object",
                                            {
                                              "key": "string",
                                              "operator": "string",
                                              "values": [
                                                "list",
                                                "string"
                                              ]
                                            }
                                          ]
                                        ],
                                        "matchLabels": [
                                          "map",
                                          "string"
                                        ]
                                      }
                                    ],
                                    "matchLabelKeys": [
                                      "list",
                                      "string"
                                    ],
                                    "maxSkew": "number",
                                    "minDomains": "number",
                                    "nodeAffinityPolicy": "string",
                                    "nodeTaintsPolicy": "string",
                                    "topologyKey": "string",
                                    "whenUnsatisfiable": "string"
                                  }
                                ]
                              ],
                              "volumes": [
                                "tuple",
                                [
                                  [
                                    "object",
                                    {
                                      "awsElasticBlockStore": [
                                        "object",
                                        {
                                          "fsType": "string",
                                          "partition": "number",
                                          "readOnly": "bool",
                                          "volumeID": "string"
                                        }
                                      ],
                                      "azureDisk": [
                                        "object",
                                        {
                                          "cachingMode": "string",
                                          "diskName": "string",
                                          "diskURI": "string",
                                          "fsType": "string",
                                          "kind": "string",
                                          "readOnly": "bool"
                                        }
                                      ],
                                      "azureFile": [
                                        "object",
                                        {
                                          "readOnly": "bool",
                                          "secretName": "string",
                                          "shareName": "string"
                                        }
                                      ],
                                      "cephfs": [
                                        "object",
                                        {
                                          "monitors": [
                                            "list",
                                            "string"
                                          ],
                                          "path": "string",
                                          "readOnly": "bool",
                                          "secretFile": "string",
                                          "secretRef": [
                                            "object",
                                            {
                                              "name": "string"
                                            }
                                          ],
                                          "user": "string"
                                        }
                                      ],
                                      "cinder": [
                                        "object",
                                        {
                                          "fsType": "string",
                                          "readOnly": "bool",
                                          "secretRef": [
                                            "object",
                                            {
                                              "name": "string"
                                            }
                                          ],
                                          "volumeID": "string"
                                        }
                                      ],
                                      "configMap": [
                                        "object",
                                        {
                                          "defaultMode": "number",
                                          "items": [
                                            "list",
                                            [
                                              "object",
                                              {
                                                "key": "string",
                                                "mode": "number",
                                                "path": "string"
                                              }
                                            ]
                                          ],
                                          "name": "string",
                                          "optional": "bool"
                                        }
                                      ],
                                      "csi": [
                                        "object",
                                        {
                                          "driver": "string",
                                          "fsType": "string",
                                          "nodePublishSecretRef": [
                                            "object",
                                            {
                                              "name": "string"
                                            }
                                          ],
                                          "readOnly": "bool",
                                          "volumeAttributes": [
                                            "map",
                                            "string"
                                          ]
                                        }
                                      ],
                                      "downwardAPI": [
                                        "object",
                                        {
                                          "defaultMode": "number",
                                          "items": [
                                            "list",
                                            [
                                              "object",
                                              {
                                                "fieldRef": [
                                                  "object",
                                                  {
                                                    "apiVersion": "string",
                                                    "fieldPath": "string"
                                                  }
                                                ],
                                                "mode": "number",
                                                "path": "string",
                                                "resourceFieldRef": [
                                                  "object",
                                                  {
                                                    "containerName": "string",
                                                    "divisor": "string",
                                                    "resource": "string"
                                                  }
                                                ]
                                              }
                                            ]
                                          ]
                                        }
                                      ],
                                      "emptyDir": [
                                        "object",
                                        {
                                          "medium": "string",
                                          "sizeLimit": "string"
                                        }
                                      ],
                                      "ephemeral": [
                                        "object",
                                        {
                                          "volumeClaimTemplate": [
                                            "object",
                                            {
                                              "metadata": [
                                                "object",
                                                {
                                                  "annotations": [
                                                    "map",
                                                    "string"
                                                  ],
                                                  "creationTimestamp": "string",
                                                  "deletionGracePeriodSeconds": "number",
                                                  "deletionTimestamp": "string",
                                                  "finalizers": [
                                                    "list",
                                                    "string"
                                                  ],
                                                  "generateName": "string",
                                                  "generation": "number",
                                                  "labels": [
                                                    "map",
                                                    "string"
                                                  ],
                                                  "managedFields": [
                                                    "tuple",
                                                    [
                                                      [
                                                        "object",
                                                        {
                                                          "apiVersion": "string",
                                                          "fieldsType": "string",
                                                          "fieldsV1": "dynamic",
                                                          "manager": "string",
                                                          "operation": "string",
                                                          "subresource": "string",
                                                          "time": "string"
                                                        }
                                                      ]
                                                    ]
                                                  ],
                                                  "name": "string",
                                                  "namespace": "string",
                                                  "ownerReferences": [
                                                    "list",
                                                    [
                                                      "object",
                                                      {
                                                        "apiVersion": "string",
                                                        "blockOwnerDeletion": "bool",
                                                        "controller": "bool",
                                                        "kind": "string",
                                                        "name": "string",
                                                        "uid": "string"
                                                      }
                                                    ]
                                                  ],
                                                  "resourceVersion": "string",
                                                  "selfLink": "string",
                                                  "uid": "string"
                                                }
                                              ],
                                              "spec": [
                                                "object",
                                                {
                                                  "accessModes": [
                                                    "list",
                                                    "string"
                                                  ],
                                                  "dataSource": [
                                                    "object",
                                                    {
                                                      "apiGroup": "string",
                                                      "kind": "string",
                                                      "name": "string"
                                                    }
                                                  ],
                                                  "dataSourceRef": [
                                                    "object",
                                                    {
                                                      "apiGroup": "string",
                                                      "kind": "string",
                                                      "name": "string",
                                                      "namespace": "string"
                                                    }
                                                  ],
                                                  "resources": [
                                                    "object",
                                                    {
                                                      "claims": [
                                                        "list",
                                                        [
                                                          "object",
                                                          {
                                                            "name": "string"
                                                          }
                                                        ]
                                                      ],
                                                      "limits": [
                                                        "map",
                                                        "string"
                                                      ],
                                                      "requests": [
                                                        "map",
                                                        "string"
                                                      ]
                                                    }
                                                  ],
                                                  "selector": [
                                                    "object",
                                                    {
                                                      "matchExpressions": [
                                                        "list",
                                                        [
                                                          "object",
                                                          {
                                                            "key": "string",
                                                            "operator": "string",
                                                            "values": [
                                                              "list",
                                                              "string"
                                                            ]
                                                          }
                                                        ]
                                                      ],
                                                      "matchLabels": [
                                                        "map",
                                                        "string"
                                                      ]
                                                    }
                                                  ],
                                                  "storageClassName": "string",
                                                  "volumeMode": "string",
                                                  "volumeName": "string"
                                                }
                                              ]
                                            }
                                          ]
                                        }
                                      ],
                                      "fc": [
                                        "object",
                                        {
                                          "fsType": "string",
                                          "lun": "number",
                                          "readOnly": "bool",
                                          "targetWWNs": [
                                            "list",
                                            "string"
                                          ],
                                          "wwids": [
                                            "list",
                                            "string"
                                          ]
                                        }
                                      ],
                                      "flexVolume": [
                                        "object",
                                        {
                                          "driver": "string",
                                          "fsType": "string",
                                          "options": [
                                            "map",
                                            "string"
                                          ],
                                          "readOnly": "bool",
                                          "secretRef": [
                                            "object",
                                            {
                                              "name": "string"
                                            }
                                          ]
                                        }
                                      ],
                                      "flocker": [
                                        "object",
                                        {
                                          "datasetName": "string",
                                          "datasetUUID": "string"
                                        }
                                      ],
                                      "gcePersistentDisk": [
                                        "object",
                                        {
                                          "fsType": "string",
                                          "partition": "number",
                                          "pdName": "string",
                                          "readOnly": "bool"
                                        }
                                      ],
                                      "gitRepo": [
                                        "object",
                                        {
                                          "directory": "string",
                                          "repository": "string",
                                          "revision": "string"
                                        }
                                      ],
                                      "glusterfs": [
                                        "object",
                                        {
                                          "endpoints": "string",
                                          "path": "string",
                                          "readOnly": "bool"
                                        }
                                      ],
                                      "hostPath": [
                                        "object",
                                        {
                                          "path": "string",
                                          "type": "string"
                                        }
                                      ],
                                      "iscsi": [
                                        "object",
                                        {
                                          "chapAuthDiscovery": "bool",
                                          "chapAuthSession": "bool",
                                          "fsType": "string",
                                          "initiatorName": "string",
                                          "iqn": "string",
                                          "iscsiInterface": "string",
                                          "lun": "number",
                                          "portals": [
                                            "list",
                                            "string"
                                          ],
                                          "readOnly": "bool",
                                          "secretRef": [
                                            "object",
                                            {
                                              "name": "string"
                                            }
                                          ],
                                          "targetPortal": "string"
                                        }
                                      ],
                                      "name": "string",
                                      "nfs": [
                                        "object",
                                        {
                                          "path": "string",
                                          "readOnly": "bool",
                                          "server": "string"
                                        }
                                      ],
                                      "persistentVolumeClaim": [
                                        "object",
                                        {
                                          "claimName": "string",
                                          "readOnly": "bool"
                                        }
                                      ],
                                      "photonPersistentDisk": [
                                        "object",
                                        {
                                          "fsType": "string",
                                          "pdID": "string"
                                        }
                                      ],
                                      "portworxVolume": [
                                        "object",
                                        {
                                          "fsType": "string",
                                          "readOnly": "bool",
                                          "volumeID": "string"
                                        }
                                      ],
                                      "projected": [
                                        "object",
                                        {
                                          "defaultMode": "number",
                                          "sources": [
                                            "list",
                                            [
                                              "object",
                                              {
                                                "configMap": [
                                                  "object",
                                                  {
                                                    "items": [
                                                      "list",
                                                      [
                                                        "object",
                                                        {
                                                          "key": "string",
                                                          "mode": "number",
                                                          "path": "string"
                                                        }
                                                      ]
                                                    ],
                                                    "name": "string",
                                                    "optional": "bool"
                                                  }
                                                ],
                                                "downwardAPI": [
                                                  "object",
                                                  {
                                                    "items": [
                                                      "list",
                                                      [
                                                        "object",
                                                        {
                                                          "fieldRef": [
                                                            "object",
                                                            {
                                                              "apiVersion": "string",
                                                              "fieldPath": "string"
                                                            }
                                                          ],
                                                          "mode": "number",
                                                          "path": "string",
                                                          "resourceFieldRef": [
                                                            "object",
                                                            {
                                                              "containerName": "string",
                                                              "divisor": "string",
                                                              "resource": "string"
                                                            }
                                                          ]
                                                        }
                                                      ]
                                                    ]
                                                  }
                                                ],
                                                "secret": [
                                                  "object",
                                                  {
                                                    "items": [
                                                      "list",
                                                      [
                                                        "object",
                                                        {
                                                          "key": "string",
                                                          "mode": "number",
                                                          "path": "string"
                                                        }
                                                      ]
                                                    ],
                                                    "name": "string",
                                                    "optional": "bool"
                                                  }
                                                ],
                                                "serviceAccountToken": [
                                                  "object",
                                                  {
                                                    "audience": "string",
                                                    "expirationSeconds": "number",
                                                    "path": "string"
                                                  }
                                                ]
                                              }
                                            ]
                                          ]
                                        }
                                      ],
                                      "quobyte": [
                                        "object",
                                        {
                                          "group": "string",
                                          "readOnly": "bool",
                                          "registry": "string",
                                          "tenant": "string",
                                          "user": "string",
                                          "volume": "string"
                                        }
                                      ],
                                      "rbd": [
                                        "object",
                                        {
                                          "fsType": "string",
                                          "image": "string",
                                          "keyring": "string",
                                          "monitors": [
                                            "list",
                                            "string"
                                          ],
                                          "pool": "string",
                                          "readOnly": "bool",
                                          "secretRef": [
                                            "object",
                                            {
                                              "name": "string"
                                            }
                                          ],
                                          "user": "string"
                                        }
                                      ],
                                      "scaleIO": [
                                        "object",
                                        {
                                          "fsType": "string",
                                          "gateway": "string",
                                          "protectionDomain": "string",
                                          "readOnly": "bool",
                                          "secretRef": [
                                            "object",
                                            {
                                              "name": "string"
                                            }
                                          ],
                                          "sslEnabled": "bool",
                                          "storageMode": "string",
                                          "storagePool": "string",
                                          "system": "string",
                                          "volumeName": "string"
                                        }
                                      ],
                                      "secret": [
                                        "object",
                                        {
                                          "defaultMode": "number",
                                          "items": [
                                            "list",
                                            [
                                              "object",
                                              {
                                                "key": "string",
                                                "mode": "number",
                                                "path": "string"
                                              }
                                            ]
                                          ],
                                          "optional": "bool",
                                          "secretName": "string"
                                        }
                                      ],
                                      "storageos": [
                                        "object",
                                        {
                                          "fsType": "string",
                                          "readOnly": "bool",
                                          "secretRef": [
                                            "object",
                                            {
                                              "name": "string"
                                            }
                                          ],
                                          "volumeName": "string",
                                          "volumeNamespace": "string"
                                        }
                                      ],
                                      "vsphereVolume": [
                                        "object",
                                        {
                                          "fsType": "string",
                                          "storagePolicyID": "string",
                                          "storagePolicyName": "string",
                                          "volumePath": "string"
                                        }
                                      ]
                                    }
                                  ],
                                  [
                                    "object",
                                    {
                                      "awsElasticBlockStore": [
                                        "object",
                                        {
                                          "fsType": "string",
                                          "partition": "number",
                                          "readOnly": "bool",
                                          "volumeID": "string"
                                        }
                                      ],
                                      "azureDisk": [
                                        "object",
                                        {
                                          "cachingMode": "string",
                                          "diskName": "string",
                                          "diskURI": "string",
                                          "fsType": "string",
                                          "kind": "string",
                                          "readOnly": "bool"
                                        }
                                      ],
                                      "azureFile": [
                                        "object",
                                        {
                                          "readOnly": "bool",
                                          "secretName": "string",
                                          "shareName": "string"
                                        }
                                      ],
                                      "cephfs": [
                                        "object",
                                        {
                                          "monitors": [
                                            "list",
                                            "string"
                                          ],
                                          "path": "string",
                                          "readOnly": "bool",
                                          "secretFile": "string",
                                          "secretRef": [
                                            "object",
                                            {
                                              "name": "string"
                                            }
                                          ],
                                          "user": "string"
                                        }
                                      ],
                                      "cinder": [
                                        "object",
                                        {
                                          "fsType": "string",
                                          "readOnly": "bool",
                                          "secretRef": [
                                            "object",
                                            {
                                              "name": "string"
                                            }
                                          ],
                                          "volumeID": "string"
                                        }
                                      ],
                                      "configMap": [
                                        "object",
                                        {
                                          "defaultMode": "number",
                                          "items": [
                                            "list",
                                            [
                                              "object",
                                              {
                                                "key": "string",
                                                "mode": "number",
                                                "path": "string"
                                              }
                                            ]
                                          ],
                                          "name": "string",
                                          "optional": "bool"
                                        }
                                      ],
                                      "csi": [
                                        "object",
                                        {
                                          "driver": "string",
                                          "fsType": "string",
                                          "nodePublishSecretRef": [
                                            "object",
                                            {
                                              "name": "string"
                                            }
                                          ],
                                          "readOnly": "bool",
                                          "volumeAttributes": [
                                            "map",
                                            "string"
                                          ]
                                        }
                                      ],
                                      "downwardAPI": [
                                        "object",
                                        {
                                          "defaultMode": "number",
                                          "items": [
                                            "list",
                                            [
                                              "object",
                                              {
                                                "fieldRef": [
                                                  "object",
                                                  {
                                                    "apiVersion": "string",
                                                    "fieldPath": "string"
                                                  }
                                                ],
                                                "mode": "number",
                                                "path": "string",
                                                "resourceFieldRef": [
                                                  "object",
                                                  {
                                                    "containerName": "string",
                                                    "divisor": "string",
                                                    "resource": "string"
                                                  }
                                                ]
                                              }
                                            ]
                                          ]
                                        }
                                      ],
                                      "emptyDir": [
                                        "object",
                                        {
                                          "medium": "string",
                                          "sizeLimit": "string"
                                        }
                                      ],
                                      "ephemeral": [
                                        "object",
                                        {
                                          "volumeClaimTemplate": [
                                            "object",
                                            {
                                              "metadata": [
                                                "object",
                                                {
                                                  "annotations": [
                                                    "map",
                                                    "string"
                                                  ],
                                                  "creationTimestamp": "string",
                                                  "deletionGracePeriodSeconds": "number",
                                                  "deletionTimestamp": "string",
                                                  "finalizers": [
                                                    "list",
                                                    "string"
                                                  ],
                                                  "generateName": "string",
                                                  "generation": "number",
                                                  "labels": [
                                                    "map",
                                                    "string"
                                                  ],
                                                  "managedFields": [
                                                    "tuple",
                                                    [
                                                      [
                                                        "object",
                                                        {
                                                          "apiVersion": "string",
                                                          "fieldsType": "string",
                                                          "fieldsV1": "dynamic",
                                                          "manager": "string",
                                                          "operation": "string",
                                                          "subresource": "string",
                                                          "time": "string"
                                                        }
                                                      ]
                                                    ]
                                                  ],
                                                  "name": "string",
                                                  "namespace": "string",
                                                  "ownerReferences": [
                                                    "list",
                                                    [
                                                      "object",
                                                      {
                                                        "apiVersion": "string",
                                                        "blockOwnerDeletion": "bool",
                                                        "controller": "bool",
                                                        "kind": "string",
                                                        "name": "string",
                                                        "uid": "string"
                                                      }
                                                    ]
                                                  ],
                                                  "resourceVersion": "string",
                                                  "selfLink": "string",
                                                  "uid": "string"
                                                }
                                              ],
                                              "spec": [
                                                "object",
                                                {
                                                  "accessModes": [
                                                    "list",
                                                    "string"
                                                  ],
                                                  "dataSource": [
                                                    "object",
                                                    {
                                                      "apiGroup": "string",
                                                      "kind": "string",
                                                      "name": "string"
                                                    }
                                                  ],
                                                  "dataSourceRef": [
                                                    "object",
                                                    {
                                                      "apiGroup": "string",
                                                      "kind": "string",
                                                      "name": "string",
                                                      "namespace": "string"
                                                    }
                                                  ],
                                                  "resources": [
                                                    "object",
                                                    {
                                                      "claims": [
                                                        "list",
                                                        [
                                                          "object",
                                                          {
                                                            "name": "string"
                                                          }
                                                        ]
                                                      ],
                                                      "limits": [
                                                        "map",
                                                        "string"
                                                      ],
                                                      "requests": [
                                                        "map",
                                                        "string"
                                                      ]
                                                    }
                                                  ],
                                                  "selector": [
                                                    "object",
                                                    {
                                                      "matchExpressions": [
                                                        "list",
                                                        [
                                                          "object",
                                                          {
                                                            "key": "string",
                                                            "operator": "string",
                                                            "values": [
                                                              "list",
                                                              "string"
                                                            ]
                                                          }
                                                        ]
                                                      ],
                                                      "matchLabels": [
                                                        "map",
                                                        "string"
                                                      ]
                                                    }
                                                  ],
                                                  "storageClassName": "string",
                                                  "volumeMode": "string",
                                                  "volumeName": "string"
                                                }
                                              ]
                                            }
                                          ]
                                        }
                                      ],
                                      "fc": [
                                        "object",
                                        {
                                          "fsType": "string",
                                          "lun": "number",
                                          "readOnly": "bool",
                                          "targetWWNs": [
                                            "list",
                                            "string"
                                          ],
                                          "wwids": [
                                            "list",
                                            "string"
                                          ]
                                        }
                                      ],
                                      "flexVolume": [
                                        "object",
                                        {
                                          "driver": "string",
                                          "fsType": "string",
                                          "options": [
                                            "map",
                                            "string"
                                          ],
                                          "readOnly": "bool",
                                          "secretRef": [
                                            "object",
                                            {
                                              "name": "string"
                                            }
                                          ]
                                        }
                                      ],
                                      "flocker": [
                                        "object",
                                        {
                                          "datasetName": "string",
                                          "datasetUUID": "string"
                                        }
                                      ],
                                      "gcePersistentDisk": [
                                        "object",
                                        {
                                          "fsType": "string",
                                          "partition": "number",
                                          "pdName": "string",
                                          "readOnly": "bool"
                                        }
                                      ],
                                      "gitRepo": [
                                        "object",
                                        {
                                          "directory": "string",
                                          "repository": "string",
                                          "revision": "string"
                                        }
                                      ],
                                      "glusterfs": [
                                        "object",
                                        {
                                          "endpoints": "string",
                                          "path": "string",
                                          "readOnly": "bool"
                                        }
                                      ],
                                      "hostPath": [
                                        "object",
                                        {
                                          "path": "string",
                                          "type": "string"
                                        }
                                      ],
                                      "iscsi": [
                                        "object",
                                        {
                                          "chapAuthDiscovery": "bool",
                                          "chapAuthSession": "bool",
                                          "fsType": "string",
                                          "initiatorName": "string",
                                          "iqn": "string",
                                          "iscsiInterface": "string",
                                          "lun": "number",
                                          "portals": [
                                            "list",
                                            "string"
                                          ],
                                          "readOnly": "bool",
                                          "secretRef": [
                                            "object",
                                            {
                                              "name": "string"
                                            }
                                          ],
                                          "targetPortal": "string"
                                        }
                                      ],
                                      "name": "string",
                                      "nfs": [
                                        "object",
                                        {
                                          "path": "string",
                                          "readOnly": "bool",
                                          "server": "string"
                                        }
                                      ],
                                      "persistentVolumeClaim": [
                                        "object",
                                        {
                                          "claimName": "string",
                                          "readOnly": "bool"
                                        }
                                      ],
                                      "photonPersistentDisk": [
                                        "object",
                                        {
                                          "fsType": "string",
                                          "pdID": "string"
                                        }
                                      ],
                                      "portworxVolume": [
                                        "object",
                                        {
                                          "fsType": "string",
                                          "readOnly": "bool",
                                          "volumeID": "string"
                                        }
                                      ],
                                      "projected": [
                                        "object",
                                        {
                                          "defaultMode": "number",
                                          "sources": [
                                            "list",
                                            [
                                              "object",
                                              {
                                                "configMap": [
                                                  "object",
                                                  {
                                                    "items": [
                                                      "list",
                                                      [
                                                        "object",
                                                        {
                                                          "key": "string",
                                                          "mode": "number",
                                                          "path": "string"
                                                        }
                                                      ]
                                                    ],
                                                    "name": "string",
                                                    "optional": "bool"
                                                  }
                                                ],
                                                "downwardAPI": [
                                                  "object",
                                                  {
                                                    "items": [
                                                      "list",
                                                      [
                                                        "object",
                                                        {
                                                          "fieldRef": [
                                                            "object",
                                                            {
                                                              "apiVersion": "string",
                                                              "fieldPath": "string"
                                                            }
                                                          ],
                                                          "mode": "number",
                                                          "path": "string",
                                                          "resourceFieldRef": [
                                                            "object",
                                                            {
                                                              "containerName": "string",
                                                              "divisor": "string",
                                                              "resource": "string"
                                                            }
                                                          ]
                                                        }
                                                      ]
                                                    ]
                                                  }
                                                ],
                                                "secret": [
                                                  "object",
                                                  {
                                                    "items": [
                                                      "list",
                                                      [
                                                        "object",
                                                        {
                                                          "key": "string",
                                                          "mode": "number",
                                                          "path": "string"
                                                        }
                                                      ]
                                                    ],
                                                    "name": "string",
                                                    "optional": "bool"
                                                  }
                                                ],
                                                "serviceAccountToken": [
                                                  "object",
                                                  {
                                                    "audience": "string",
                                                    "expirationSeconds": "number",
                                                    "path": "string"
                                                  }
                                                ]
                                              }
                                            ]
                                          ]
                                        }
                                      ],
                                      "quobyte": [
                                        "object",
                                        {
                                          "group": "string",
                                          "readOnly": "bool",
                                          "registry": "string",
                                          "tenant": "string",
                                          "user": "string",
                                          "volume": "string"
                                        }
                                      ],
                                      "rbd": [
                                        "object",
                                        {
                                          "fsType": "string",
                                          "image": "string",
                                          "keyring": "string",
                                          "monitors": [
                                            "list",
                                            "string"
                                          ],
                                          "pool": "string",
                                          "readOnly": "bool",
                                          "secretRef": [
                                            "object",
                                            {
                                              "name": "string"
                                            }
                                          ],
                                          "user": "string"
                                        }
                                      ],
                                      "scaleIO": [
                                        "object",
                                        {
                                          "fsType": "string",
                                          "gateway": "string",
                                          "protectionDomain": "string",
                                          "readOnly": "bool",
                                          "secretRef": [
                                            "object",
                                            {
                                              "name": "string"
                                            }
                                          ],
                                          "sslEnabled": "bool",
                                          "storageMode": "string",
                                          "storagePool": "string",
                                          "system": "string",
                                          "volumeName": "string"
                                        }
                                      ],
                                      "secret": [
                                        "object",
                                        {
                                          "defaultMode": "number",
                                          "items": [
                                            "list",
                                            [
                                              "object",
                                              {
                                                "key": "string",
                                                "mode": "number",
                                                "path": "string"
                                              }
                                            ]
                                          ],
                                          "optional": "bool",
                                          "secretName": "string"
                                        }
                                      ],
                                      "storageos": [
                                        "object",
                                        {
                                          "fsType": "string",
                                          "readOnly": "bool",
                                          "secretRef": [
                                            "object",
                                            {
                                              "name": "string"
                                            }
                                          ],
                                          "volumeName": "string",
                                          "volumeNamespace": "string"
                                        }
                                      ],
                                      "vsphereVolume": [
                                        "object",
                                        {
                                          "fsType": "string",
                                          "storagePolicyID": "string",
                                          "storagePolicyName": "string",
                                          "volumePath": "string"
                                        }
                                      ]
                                    }
                                  ],
                                  [
                                    "object",
                                    {
                                      "awsElasticBlockStore": [
                                        "object",
                                        {
                                          "fsType": "string",
                                          "partition": "number",
                                          "readOnly": "bool",
                                          "volumeID": "string"
                                        }
                                      ],
                                      "azureDisk": [
                                        "object",
                                        {
                                          "cachingMode": "string",
                                          "diskName": "string",
                                          "diskURI": "string",
                                          "fsType": "string",
                                          "kind": "string",
                                          "readOnly": "bool"
                                        }
                                      ],
                                      "azureFile": [
                                        "object",
                                        {
                                          "readOnly": "bool",
                                          "secretName": "string",
                                          "shareName": "string"
                                        }
                                      ],
                                      "cephfs": [
                                        "object",
                                        {
                                          "monitors": [
                                            "list",
                                            "string"
                                          ],
                                          "path": "string",
                                          "readOnly": "bool",
                                          "secretFile": "string",
                                          "secretRef": [
                                            "object",
                                            {
                                              "name": "string"
                                            }
                                          ],
                                          "user": "string"
                                        }
                                      ],
                                      "cinder": [
                                        "object",
                                        {
                                          "fsType": "string",
                                          "readOnly": "bool",
                                          "secretRef": [
                                            "object",
                                            {
                                              "name": "string"
                                            }
                                          ],
                                          "volumeID": "string"
                                        }
                                      ],
                                      "configMap": [
                                        "object",
                                        {
                                          "defaultMode": "number",
                                          "items": [
                                            "list",
                                            [
                                              "object",
                                              {
                                                "key": "string",
                                                "mode": "number",
                                                "path": "string"
                                              }
                                            ]
                                          ],
                                          "name": "string",
                                          "optional": "bool"
                                        }
                                      ],
                                      "csi": [
                                        "object",
                                        {
                                          "driver": "string",
                                          "fsType": "string",
                                          "nodePublishSecretRef": [
                                            "object",
                                            {
                                              "name": "string"
                                            }
                                          ],
                                          "readOnly": "bool",
                                          "volumeAttributes": [
                                            "map",
                                            "string"
                                          ]
                                        }
                                      ],
                                      "downwardAPI": [
                                        "object",
                                        {
                                          "defaultMode": "number",
                                          "items": [
                                            "list",
                                            [
                                              "object",
                                              {
                                                "fieldRef": [
                                                  "object",
                                                  {
                                                    "apiVersion": "string",
                                                    "fieldPath": "string"
                                                  }
                                                ],
                                                "mode": "number",
                                                "path": "string",
                                                "resourceFieldRef": [
                                                  "object",
                                                  {
                                                    "containerName": "string",
                                                    "divisor": "string",
                                                    "resource": "string"
                                                  }
                                                ]
                                              }
                                            ]
                                          ]
                                        }
                                      ],
                                      "emptyDir": [
                                        "object",
                                        {
                                          "medium": "string",
                                          "sizeLimit": "string"
                                        }
                                      ],
                                      "ephemeral": [
                                        "object",
                                        {
                                          "volumeClaimTemplate": [
                                            "object",
                                            {
                                              "metadata": [
                                                "object",
                                                {
                                                  "annotations": [
                                                    "map",
                                                    "string"
                                                  ],
                                                  "creationTimestamp": "string",
                                                  "deletionGracePeriodSeconds": "number",
                                                  "deletionTimestamp": "string",
                                                  "finalizers": [
                                                    "list",
                                                    "string"
                                                  ],
                                                  "generateName": "string",
                                                  "generation": "number",
                                                  "labels": [
                                                    "map",
                                                    "string"
                                                  ],
                                                  "managedFields": [
                                                    "tuple",
                                                    [
                                                      [
                                                        "object",
                                                        {
                                                          "apiVersion": "string",
                                                          "fieldsType": "string",
                                                          "fieldsV1": "dynamic",
                                                          "manager": "string",
                                                          "operation": "string",
                                                          "subresource": "string",
                                                          "time": "string"
                                                        }
                                                      ]
                                                    ]
                                                  ],
                                                  "name": "string",
                                                  "namespace": "string",
                                                  "ownerReferences": [
                                                    "list",
                                                    [
                                                      "object",
                                                      {
                                                        "apiVersion": "string",
                                                        "blockOwnerDeletion": "bool",
                                                        "controller": "bool",
                                                        "kind": "string",
                                                        "name": "string",
                                                        "uid": "string"
                                                      }
                                                    ]
                                                  ],
                                                  "resourceVersion": "string",
                                                  "selfLink": "string",
                                                  "uid": "string"
                                                }
                                              ],
                                              "spec": [
                                                "object",
                                                {
                                                  "accessModes": [
                                                    "list",
                                                    "string"
                                                  ],
                                                  "dataSource": [
                                                    "object",
                                                    {
                                                      "apiGroup": "string",
                                                      "kind": "string",
                                                      "name": "string"
                                                    }
                                                  ],
                                                  "dataSourceRef": [
                                                    "object",
                                                    {
                                                      "apiGroup": "string",
                                                      "kind": "string",
                                                      "name": "string",
                                                      "namespace": "string"
                                                    }
                                                  ],
                                                  "resources": [
                                                    "object",
                                                    {
                                                      "claims": [
                                                        "list",
                                                        [
                                                          "object",
                                                          {
                                                            "name": "string"
                                                          }
                                                        ]
                                                      ],
                                                      "limits": [
                                                        "map",
                                                        "string"
                                                      ],
                                                      "requests": [
                                                        "map",
                                                        "string"
                                                      ]
                                                    }
                                                  ],
                                                  "selector": [
                                                    "object",
                                                    {
                                                      "matchExpressions": [
                                                        "list",
                                                        [
                                                          "object",
                                                          {
                                                            "key": "string",
                                                            "operator": "string",
                                                            "values": [
                                                              "list",
                                                              "string"
                                                            ]
                                                          }
                                                        ]
                                                      ],
                                                      "matchLabels": [
                                                        "map",
                                                        "string"
                                                      ]
                                                    }
                                                  ],
                                                  "storageClassName": "string",
                                                  "volumeMode": "string",
                                                  "volumeName": "string"
                                                }
                                              ]
                                            }
                                          ]
                                        }
                                      ],
                                      "fc": [
                                        "object",
                                        {
                                          "fsType": "string",
                                          "lun": "number",
                                          "readOnly": "bool",
                                          "targetWWNs": [
                                            "list",
                                            "string"
                                          ],
                                          "wwids": [
                                            "list",
                                            "string"
                                          ]
                                        }
                                      ],
                                      "flexVolume": [
                                        "object",
                                        {
                                          "driver": "string",
                                          "fsType": "string",
                                          "options": [
                                            "map",
                                            "string"
                                          ],
                                          "readOnly": "bool",
                                          "secretRef": [
                                            "object",
                                            {
                                              "name": "string"
                                            }
                                          ]
                                        }
                                      ],
                                      "flocker": [
                                        "object",
                                        {
                                          "datasetName": "string",
                                          "datasetUUID": "string"
                                        }
                                      ],
                                      "gcePersistentDisk": [
                                        "object",
                                        {
                                          "fsType": "string",
                                          "partition": "number",
                                          "pdName": "string",
                                          "readOnly": "bool"
                                        }
                                      ],
                                      "gitRepo": [
                                        "object",
                                        {
                                          "directory": "string",
                                          "repository": "string",
                                          "revision": "string"
                                        }
                                      ],
                                      "glusterfs": [
                                        "object",
                                        {
                                          "endpoints": "string",
                                          "path": "string",
                                          "readOnly": "bool"
                                        }
                                      ],
                                      "hostPath": [
                                        "object",
                                        {
                                          "path": "string",
                                          "type": "string"
                                        }
                                      ],
                                      "iscsi": [
                                        "object",
                                        {
                                          "chapAuthDiscovery": "bool",
                                          "chapAuthSession": "bool",
                                          "fsType": "string",
                                          "initiatorName": "string",
                                          "iqn": "string",
                                          "iscsiInterface": "string",
                                          "lun": "number",
                                          "portals": [
                                            "list",
                                            "string"
                                          ],
                                          "readOnly": "bool",
                                          "secretRef": [
                                            "object",
                                            {
                                              "name": "string"
                                            }
                                          ],
                                          "targetPortal": "string"
                                        }
                                      ],
                                      "name": "string",
                                      "nfs": [
                                        "object",
                                        {
                                          "path": "string",
                                          "readOnly": "bool",
                                          "server": "string"
                                        }
                                      ],
                                      "persistentVolumeClaim": [
                                        "object",
                                        {
                                          "claimName": "string",
                                          "readOnly": "bool"
                                        }
                                      ],
                                      "photonPersistentDisk": [
                                        "object",
                                        {
                                          "fsType": "string",
                                          "pdID": "string"
                                        }
                                      ],
                                      "portworxVolume": [
                                        "object",
                                        {
                                          "fsType": "string",
                                          "readOnly": "bool",
                                          "volumeID": "string"
                                        }
                                      ],
                                      "projected": [
                                        "object",
                                        {
                                          "defaultMode": "number",
                                          "sources": [
                                            "list",
                                            [
                                              "object",
                                              {
                                                "configMap": [
                                                  "object",
                                                  {
                                                    "items": [
                                                      "list",
                                                      [
                                                        "object",
                                                        {
                                                          "key": "string",
                                                          "mode": "number",
                                                          "path": "string"
                                                        }
                                                      ]
                                                    ],
                                                    "name": "string",
                                                    "optional": "bool"
                                                  }
                                                ],
                                                "downwardAPI": [
                                                  "object",
                                                  {
                                                    "items": [
                                                      "list",
                                                      [
                                                        "object",
                                                        {
                                                          "fieldRef": [
                                                            "object",
                                                            {
                                                              "apiVersion": "string",
                                                              "fieldPath": "string"
                                                            }
                                                          ],
                                                          "mode": "number",
                                                          "path": "string",
                                                          "resourceFieldRef": [
                                                            "object",
                                                            {
                                                              "containerName": "string",
                                                              "divisor": "string",
                                                              "resource": "string"
                                                            }
                                                          ]
                                                        }
                                                      ]
                                                    ]
                                                  }
                                                ],
                                                "secret": [
                                                  "object",
                                                  {
                                                    "items": [
                                                      "list",
                                                      [
                                                        "object",
                                                        {
                                                          "key": "string",
                                                          "mode": "number",
                                                          "path": "string"
                                                        }
                                                      ]
                                                    ],
                                                    "name": "string",
                                                    "optional": "bool"
                                                  }
                                                ],
                                                "serviceAccountToken": [
                                                  "object",
                                                  {
                                                    "audience": "string",
                                                    "expirationSeconds": "number",
                                                    "path": "string"
                                                  }
                                                ]
                                              }
                                            ]
                                          ]
                                        }
                                      ],
                                      "quobyte": [
                                        "object",
                                        {
                                          "group": "string",
                                          "readOnly": "bool",
                                          "registry": "string",
                                          "tenant": "string",
                                          "user": "string",
                                          "volume": "string"
                                        }
                                      ],
                                      "rbd": [
                                        "object",
                                        {
                                          "fsType": "string",
                                          "image": "string",
                                          "keyring": "string",
                                          "monitors": [
                                            "list",
                                            "string"
                                          ],
                                          "pool": "string",
                                          "readOnly": "bool",
                                          "secretRef": [
                                            "object",
                                            {
                                              "name": "string"
                                            }
                                          ],
                                          "user": "string"
                                        }
                                      ],
                                      "scaleIO": [
                                        "object",
                                        {
                                          "fsType": "string",
                                          "gateway": "string",
                                          "protectionDomain": "string",
                                          "readOnly": "bool",
                                          "secretRef": [
                                            "object",
                                            {
                                              "name": "string"
                                            }
                                          ],
                                          "sslEnabled": "bool",
                                          "storageMode": "string",
                                          "storagePool": "string",
                                          "system": "string",
                                          "volumeName": "string"
                                        }
                                      ],
                                      "secret": [
                                        "object",
                                        {
                                          "defaultMode": "number",
                                          "items": [
                                            "list",
                                            [
                                              "object",
                                              {
                                                "key": "string",
                                                "mode": "number",
                                                "path": "string"
                                              }
                                            ]
                                          ],
                                          "optional": "bool",
                                          "secretName": "string"
                                        }
                                      ],
                                      "storageos": [
                                        "object",
                                        {
                                          "fsType": "string",
                                          "readOnly": "bool",
                                          "secretRef": [
                                            "object",
                                            {
                                              "name": "string"
                                            }
                                          ],
                                          "volumeName": "string",
                                          "volumeNamespace": "string"
                                        }
                                      ],
                                      "vsphereVolume": [
                                        "object",
                                        {
                                          "fsType": "string",
                                          "storagePolicyID": "string",
                                          "storagePolicyName": "string",
                                          "volumePath": "string"
                                        }
                                      ]
                                    }
                                  ],
                                  [
                                    "object",
                                    {
                                      "awsElasticBlockStore": [
                                        "object",
                                        {
                                          "fsType": "string",
                                          "partition": "number",
                                          "readOnly": "bool",
                                          "volumeID": "string"
                                        }
                                      ],
                                      "azureDisk": [
                                        "object",
                                        {
                                          "cachingMode": "string",
                                          "diskName": "string",
                                          "diskURI": "string",
                                          "fsType": "string",
                                          "kind": "string",
                                          "readOnly": "bool"
                                        }
                                      ],
                                      "azureFile": [
                                        "object",
                                        {
                                          "readOnly": "bool",
                                          "secretName": "string",
                                          "shareName": "string"
                                        }
                                      ],
                                      "cephfs": [
                                        "object",
                                        {
                                          "monitors": [
                                            "list",
                                            "string"
                                          ],
                                          "path": "string",
                                          "readOnly": "bool",
                                          "secretFile": "string",
                                          "secretRef": [
                                            "object",
                                            {
                                              "name": "string"
                                            }
                                          ],
                                          "user": "string"
                                        }
                                      ],
                                      "cinder": [
                                        "object",
                                        {
                                          "fsType": "string",
                                          "readOnly": "bool",
                                          "secretRef": [
                                            "object",
                                            {
                                              "name": "string"
                                            }
                                          ],
                                          "volumeID": "string"
                                        }
                                      ],
                                      "configMap": [
                                        "object",
                                        {
                                          "defaultMode": "number",
                                          "items": [
                                            "list",
                                            [
                                              "object",
                                              {
                                                "key": "string",
                                                "mode": "number",
                                                "path": "string"
                                              }
                                            ]
                                          ],
                                          "name": "string",
                                          "optional": "bool"
                                        }
                                      ],
                                      "csi": [
                                        "object",
                                        {
                                          "driver": "string",
                                          "fsType": "string",
                                          "nodePublishSecretRef": [
                                            "object",
                                            {
                                              "name": "string"
                                            }
                                          ],
                                          "readOnly": "bool",
                                          "volumeAttributes": [
                                            "map",
                                            "string"
                                          ]
                                        }
                                      ],
                                      "downwardAPI": [
                                        "object",
                                        {
                                          "defaultMode": "number",
                                          "items": [
                                            "list",
                                            [
                                              "object",
                                              {
                                                "fieldRef": [
                                                  "object",
                                                  {
                                                    "apiVersion": "string",
                                                    "fieldPath": "string"
                                                  }
                                                ],
                                                "mode": "number",
                                                "path": "string",
                                                "resourceFieldRef": [
                                                  "object",
                                                  {
                                                    "containerName": "string",
                                                    "divisor": "string",
                                                    "resource": "string"
                                                  }
                                                ]
                                              }
                                            ]
                                          ]
                                        }
                                      ],
                                      "emptyDir": [
                                        "object",
                                        {
                                          "medium": "string",
                                          "sizeLimit": "string"
                                        }
                                      ],
                                      "ephemeral": [
                                        "object",
                                        {
                                          "volumeClaimTemplate": [
                                            "object",
                                            {
                                              "metadata": [
                                                "object",
                                                {
                                                  "annotations": [
                                                    "map",
                                                    "string"
                                                  ],
                                                  "creationTimestamp": "string",
                                                  "deletionGracePeriodSeconds": "number",
                                                  "deletionTimestamp": "string",
                                                  "finalizers": [
                                                    "list",
                                                    "string"
                                                  ],
                                                  "generateName": "string",
                                                  "generation": "number",
                                                  "labels": [
                                                    "map",
                                                    "string"
                                                  ],
                                                  "managedFields": [
                                                    "tuple",
                                                    [
                                                      [
                                                        "object",
                                                        {
                                                          "apiVersion": "string",
                                                          "fieldsType": "string",
                                                          "fieldsV1": "dynamic",
                                                          "manager": "string",
                                                          "operation": "string",
                                                          "subresource": "string",
                                                          "time": "string"
                                                        }
                                                      ]
                                                    ]
                                                  ],
                                                  "name": "string",
                                                  "namespace": "string",
                                                  "ownerReferences": [
                                                    "list",
                                                    [
                                                      "object",
                                                      {
                                                        "apiVersion": "string",
                                                        "blockOwnerDeletion": "bool",
                                                        "controller": "bool",
                                                        "kind": "string",
                                                        "name": "string",
                                                        "uid": "string"
                                                      }
                                                    ]
                                                  ],
                                                  "resourceVersion": "string",
                                                  "selfLink": "string",
                                                  "uid": "string"
                                                }
                                              ],
                                              "spec": [
                                                "object",
                                                {
                                                  "accessModes": [
                                                    "list",
                                                    "string"
                                                  ],
                                                  "dataSource": [
                                                    "object",
                                                    {
                                                      "apiGroup": "string",
                                                      "kind": "string",
                                                      "name": "string"
                                                    }
                                                  ],
                                                  "dataSourceRef": [
                                                    "object",
                                                    {
                                                      "apiGroup": "string",
                                                      "kind": "string",
                                                      "name": "string",
                                                      "namespace": "string"
                                                    }
                                                  ],
                                                  "resources": [
                                                    "object",
                                                    {
                                                      "claims": [
                                                        "list",
                                                        [
                                                          "object",
                                                          {
                                                            "name": "string"
                                                          }
                                                        ]
                                                      ],
                                                      "limits": [
                                                        "map",
                                                        "string"
                                                      ],
                                                      "requests": [
                                                        "map",
                                                        "string"
                                                      ]
                                                    }
                                                  ],
                                                  "selector": [
                                                    "object",
                                                    {
                                                      "matchExpressions": [
                                                        "list",
                                                        [
                                                          "object",
                                                          {
                                                            "key": "string",
                                                            "operator": "string",
                                                            "values": [
                                                              "list",
                                                              "string"
                                                            ]
                                                          }
                                                        ]
                                                      ],
                                                      "matchLabels": [
                                                        "map",
                                                        "string"
                                                      ]
                                                    }
                                                  ],
                                                  "storageClassName": "string",
                                                  "volumeMode": "string",
                                                  "volumeName": "string"
                                                }
                                              ]
                                            }
                                          ]
                                        }
                                      ],
                                      "fc": [
                                        "object",
                                        {
                                          "fsType": "string",
                                          "lun": "number",
                                          "readOnly": "bool",
                                          "targetWWNs": [
                                            "list",
                                            "string"
                                          ],
                                          "wwids": [
                                            "list",
                                            "string"
                                          ]
                                        }
                                      ],
                                      "flexVolume": [
                                        "object",
                                        {
                                          "driver": "string",
                                          "fsType": "string",
                                          "options": [
                                            "map",
                                            "string"
                                          ],
                                          "readOnly": "bool",
                                          "secretRef": [
                                            "object",
                                            {
                                              "name": "string"
                                            }
                                          ]
                                        }
                                      ],
                                      "flocker": [
                                        "object",
                                        {
                                          "datasetName": "string",
                                          "datasetUUID": "string"
                                        }
                                      ],
                                      "gcePersistentDisk": [
                                        "object",
                                        {
                                          "fsType": "string",
                                          "partition": "number",
                                          "pdName": "string",
                                          "readOnly": "bool"
                                        }
                                      ],
                                      "gitRepo": [
                                        "object",
                                        {
                                          "directory": "string",
                                          "repository": "string",
                                          "revision": "string"
                                        }
                                      ],
                                      "glusterfs": [
                                        "object",
                                        {
                                          "endpoints": "string",
                                          "path": "string",
                                          "readOnly": "bool"
                                        }
                                      ],
                                      "hostPath": [
                                        "object",
                                        {
                                          "path": "string",
                                          "type": "string"
                                        }
                                      ],
                                      "iscsi": [
                                        "object",
                                        {
                                          "chapAuthDiscovery": "bool",
                                          "chapAuthSession": "bool",
                                          "fsType": "string",
                                          "initiatorName": "string",
                                          "iqn": "string",
                                          "iscsiInterface": "string",
                                          "lun": "number",
                                          "portals": [
                                            "list",
                                            "string"
                                          ],
                                          "readOnly": "bool",
                                          "secretRef": [
                                            "object",
                                            {
                                              "name": "string"
                                            }
                                          ],
                                          "targetPortal": "string"
                                        }
                                      ],
                                      "name": "string",
                                      "nfs": [
                                        "object",
                                        {
                                          "path": "string",
                                          "readOnly": "bool",
                                          "server": "string"
                                        }
                                      ],
                                      "persistentVolumeClaim": [
                                        "object",
                                        {
                                          "claimName": "string",
                                          "readOnly": "bool"
                                        }
                                      ],
                                      "photonPersistentDisk": [
                                        "object",
                                        {
                                          "fsType": "string",
                                          "pdID": "string"
                                        }
                                      ],
                                      "portworxVolume": [
                                        "object",
                                        {
                                          "fsType": "string",
                                          "readOnly": "bool",
                                          "volumeID": "string"
                                        }
                                      ],
                                      "projected": [
                                        "object",
                                        {
                                          "defaultMode": "number",
                                          "sources": [
                                            "list",
                                            [
                                              "object",
                                              {
                                                "configMap": [
                                                  "object",
                                                  {
                                                    "items": [
                                                      "list",
                                                      [
                                                        "object",
                                                        {
                                                          "key": "string",
                                                          "mode": "number",
                                                          "path": "string"
                                                        }
                                                      ]
                                                    ],
                                                    "name": "string",
                                                    "optional": "bool"
                                                  }
                                                ],
                                                "downwardAPI": [
                                                  "object",
                                                  {
                                                    "items": [
                                                      "list",
                                                      [
                                                        "object",
                                                        {
                                                          "fieldRef": [
                                                            "object",
                                                            {
                                                              "apiVersion": "string",
                                                              "fieldPath": "string"
                                                            }
                                                          ],
                                                          "mode": "number",
                                                          "path": "string",
                                                          "resourceFieldRef": [
                                                            "object",
                                                            {
                                                              "containerName": "string",
                                                              "divisor": "string",
                                                              "resource": "string"
                                                            }
                                                          ]
                                                        }
                                                      ]
                                                    ]
                                                  }
                                                ],
                                                "secret": [
                                                  "object",
                                                  {
                                                    "items": [
                                                      "list",
                                                      [
                                                        "object",
                                                        {
                                                          "key": "string",
                                                          "mode": "number",
                                                          "path": "string"
                                                        }
                                                      ]
                                                    ],
                                                    "name": "string",
                                                    "optional": "bool"
                                                  }
                                                ],
                                                "serviceAccountToken": [
                                                  "object",
                                                  {
                                                    "audience": "string",
                                                    "expirationSeconds": "number",
                                                    "path": "string"
                                                  }
                                                ]
                                              }
                                            ]
                                          ]
                                        }
                                      ],
                                      "quobyte": [
                                        "object",
                                        {
                                          "group": "string",
                                          "readOnly": "bool",
                                          "registry": "string",
                                          "tenant": "string",
                                          "user": "string",
                                          "volume": "string"
                                        }
                                      ],
                                      "rbd": [
                                        "object",
                                        {
                                          "fsType": "string",
                                          "image": "string",
                                          "keyring": "string",
                                          "monitors": [
                                            "list",
                                            "string"
                                          ],
                                          "pool": "string",
                                          "readOnly": "bool",
                                          "secretRef": [
                                            "object",
                                            {
                                              "name": "string"
                                            }
                                          ],
                                          "user": "string"
                                        }
                                      ],
                                      "scaleIO": [
                                        "object",
                                        {
                                          "fsType": "string",
                                          "gateway": "string",
                                          "protectionDomain": "string",
                                          "readOnly": "bool",
                                          "secretRef": [
                                            "object",
                                            {
                                              "name": "string"
                                            }
                                          ],
                                          "sslEnabled": "bool",
                                          "storageMode": "string",
                                          "storagePool": "string",
                                          "system": "string",
                                          "volumeName": "string"
                                        }
                                      ],
                                      "secret": [
                                        "object",
                                        {
                                          "defaultMode": "number",
                                          "items": [
                                            "list",
                                            [
                                              "object",
                                              {
                                                "key": "string",
                                                "mode": "number",
                                                "path": "string"
                                              }
                                            ]
                                          ],
                                          "optional": "bool",
                                          "secretName": "string"
                                        }
                                      ],
                                      "storageos": [
                                        "object",
                                        {
                                          "fsType": "string",
                                          "readOnly": "bool",
                                          "secretRef": [
                                            "object",
                                            {
                                              "name": "string"
                                            }
                                          ],
                                          "volumeName": "string",
                                          "volumeNamespace": "string"
                                        }
                                      ],
                                      "vsphereVolume": [
                                        "object",
                                        {
                                          "fsType": "string",
                                          "storagePolicyID": "string",
                                          "storagePolicyName": "string",
                                          "volumePath": "string"
                                        }
                                      ]
                                    }
                                  ],
                                  [
                                    "object",
                                    {
                                      "awsElasticBlockStore": [
                                        "object",
                                        {
                                          "fsType": "string",
                                          "partition": "number",
                                          "readOnly": "bool",
                                          "volumeID": "string"
                                        }
                                      ],
                                      "azureDisk": [
                                        "object",
                                        {
                                          "cachingMode": "string",
                                          "diskName": "string",
                                          "diskURI": "string",
                                          "fsType": "string",
                                          "kind": "string",
                                          "readOnly": "bool"
                                        }
                                      ],
                                      "azureFile": [
                                        "object",
                                        {
                                          "readOnly": "bool",
                                          "secretName": "string",
                                          "shareName": "string"
                                        }
                                      ],
                                      "cephfs": [
                                        "object",
                                        {
                                          "monitors": [
                                            "list",
                                            "string"
                                          ],
                                          "path": "string",
                                          "readOnly": "bool",
                                          "secretFile": "string",
                                          "secretRef": [
                                            "object",
                                            {
                                              "name": "string"
                                            }
                                          ],
                                          "user": "string"
                                        }
                                      ],
                                      "cinder": [
                                        "object",
                                        {
                                          "fsType": "string",
                                          "readOnly": "bool",
                                          "secretRef": [
                                            "object",
                                            {
                                              "name": "string"
                                            }
                                          ],
                                          "volumeID": "string"
                                        }
                                      ],
                                      "configMap": [
                                        "object",
                                        {
                                          "defaultMode": "number",
                                          "items": [
                                            "list",
                                            [
                                              "object",
                                              {
                                                "key": "string",
                                                "mode": "number",
                                                "path": "string"
                                              }
                                            ]
                                          ],
                                          "name": "string",
                                          "optional": "bool"
                                        }
                                      ],
                                      "csi": [
                                        "object",
                                        {
                                          "driver": "string",
                                          "fsType": "string",
                                          "nodePublishSecretRef": [
                                            "object",
                                            {
                                              "name": "string"
                                            }
                                          ],
                                          "readOnly": "bool",
                                          "volumeAttributes": [
                                            "map",
                                            "string"
                                          ]
                                        }
                                      ],
                                      "downwardAPI": [
                                        "object",
                                        {
                                          "defaultMode": "number",
                                          "items": [
                                            "list",
                                            [
                                              "object",
                                              {
                                                "fieldRef": [
                                                  "object",
                                                  {
                                                    "apiVersion": "string",
                                                    "fieldPath": "string"
                                                  }
                                                ],
                                                "mode": "number",
                                                "path": "string",
                                                "resourceFieldRef": [
                                                  "object",
                                                  {
                                                    "containerName": "string",
                                                    "divisor": "string",
                                                    "resource": "string"
                                                  }
                                                ]
                                              }
                                            ]
                                          ]
                                        }
                                      ],
                                      "emptyDir": [
                                        "object",
                                        {
                                          "medium": "string",
                                          "sizeLimit": "string"
                                        }
                                      ],
                                      "ephemeral": [
                                        "object",
                                        {
                                          "volumeClaimTemplate": [
                                            "object",
                                            {
                                              "metadata": [
                                                "object",
                                                {
                                                  "annotations": [
                                                    "map",
                                                    "string"
                                                  ],
                                                  "creationTimestamp": "string",
                                                  "deletionGracePeriodSeconds": "number",
                                                  "deletionTimestamp": "string",
                                                  "finalizers": [
                                                    "list",
                                                    "string"
                                                  ],
                                                  "generateName": "string",
                                                  "generation": "number",
                                                  "labels": [
                                                    "map",
                                                    "string"
                                                  ],
                                                  "managedFields": [
                                                    "tuple",
                                                    [
                                                      [
                                                        "object",
                                                        {
                                                          "apiVersion": "string",
                                                          "fieldsType": "string",
                                                          "fieldsV1": "dynamic",
                                                          "manager": "string",
                                                          "operation": "string",
                                                          "subresource": "string",
                                                          "time": "string"
                                                        }
                                                      ]
                                                    ]
                                                  ],
                                                  "name": "string",
                                                  "namespace": "string",
                                                  "ownerReferences": [
                                                    "list",
                                                    [
                                                      "object",
                                                      {
                                                        "apiVersion": "string",
                                                        "blockOwnerDeletion": "bool",
                                                        "controller": "bool",
                                                        "kind": "string",
                                                        "name": "string",
                                                        "uid": "string"
                                                      }
                                                    ]
                                                  ],
                                                  "resourceVersion": "string",
                                                  "selfLink": "string",
                                                  "uid": "string"
                                                }
                                              ],
                                              "spec": [
                                                "object",
                                                {
                                                  "accessModes": [
                                                    "list",
                                                    "string"
                                                  ],
                                                  "dataSource": [
                                                    "object",
                                                    {
                                                      "apiGroup": "string",
                                                      "kind": "string",
                                                      "name": "string"
                                                    }
                                                  ],
                                                  "dataSourceRef": [
                                                    "object",
                                                    {
                                                      "apiGroup": "string",
                                                      "kind": "string",
                                                      "name": "string",
                                                      "namespace": "string"
                                                    }
                                                  ],
                                                  "resources": [
                                                    "object",
                                                    {
                                                      "claims": [
                                                        "list",
                                                        [
                                                          "object",
                                                          {
                                                            "name": "string"
                                                          }
                                                        ]
                                                      ],
                                                      "limits": [
                                                        "map",
                                                        "string"
                                                      ],
                                                      "requests": [
                                                        "map",
                                                        "string"
                                                      ]
                                                    }
                                                  ],
                                                  "selector": [
                                                    "object",
                                                    {
                                                      "matchExpressions": [
                                                        "list",
                                                        [
                                                          "object",
                                                          {
                                                            "key": "string",
                                                            "operator": "string",
                                                            "values": [
                                                              "list",
                                                              "string"
                                                            ]
                                                          }
                                                        ]
                                                      ],
                                                      "matchLabels": [
                                                        "map",
                                                        "string"
                                                      ]
                                                    }
                                                  ],
                                                  "storageClassName": "string",
                                                  "volumeMode": "string",
                                                  "volumeName": "string"
                                                }
                                              ]
                                            }
                                          ]
                                        }
                                      ],
                                      "fc": [
                                        "object",
                                        {
                                          "fsType": "string",
                                          "lun": "number",
                                          "readOnly": "bool",
                                          "targetWWNs": [
                                            "list",
                                            "string"
                                          ],
                                          "wwids": [
                                            "list",
                                            "string"
                                          ]
                                        }
                                      ],
                                      "flexVolume": [
                                        "object",
                                        {
                                          "driver": "string",
                                          "fsType": "string",
                                          "options": [
                                            "map",
                                            "string"
                                          ],
                                          "readOnly": "bool",
                                          "secretRef": [
                                            "object",
                                            {
                                              "name": "string"
                                            }
                                          ]
                                        }
                                      ],
                                      "flocker": [
                                        "object",
                                        {
                                          "datasetName": "string",
                                          "datasetUUID": "string"
                                        }
                                      ],
                                      "gcePersistentDisk": [
                                        "object",
                                        {
                                          "fsType": "string",
                                          "partition": "number",
                                          "pdName": "string",
                                          "readOnly": "bool"
                                        }
                                      ],
                                      "gitRepo": [
                                        "object",
                                        {
                                          "directory": "string",
                                          "repository": "string",
                                          "revision": "string"
                                        }
                                      ],
                                      "glusterfs": [
                                        "object",
                                        {
                                          "endpoints": "string",
                                          "path": "string",
                                          "readOnly": "bool"
                                        }
                                      ],
                                      "hostPath": [
                                        "object",
                                        {
                                          "path": "string",
                                          "type": "string"
                                        }
                                      ],
                                      "iscsi": [
                                        "object",
                                        {
                                          "chapAuthDiscovery": "bool",
                                          "chapAuthSession": "bool",
                                          "fsType": "string",
                                          "initiatorName": "string",
                                          "iqn": "string",
                                          "iscsiInterface": "string",
                                          "lun": "number",
                                          "portals": [
                                            "list",
                                            "string"
                                          ],
                                          "readOnly": "bool",
                                          "secretRef": [
                                            "object",
                                            {
                                              "name": "string"
                                            }
                                          ],
                                          "targetPortal": "string"
                                        }
                                      ],
                                      "name": "string",
                                      "nfs": [
                                        "object",
                                        {
                                          "path": "string",
                                          "readOnly": "bool",
                                          "server": "string"
                                        }
                                      ],
                                      "persistentVolumeClaim": [
                                        "object",
                                        {
                                          "claimName": "string",
                                          "readOnly": "bool"
                                        }
                                      ],
                                      "photonPersistentDisk": [
                                        "object",
                                        {
                                          "fsType": "string",
                                          "pdID": "string"
                                        }
                                      ],
                                      "portworxVolume": [
                                        "object",
                                        {
                                          "fsType": "string",
                                          "readOnly": "bool",
                                          "volumeID": "string"
                                        }
                                      ],
                                      "projected": [
                                        "object",
                                        {
                                          "defaultMode": "number",
                                          "sources": [
                                            "list",
                                            [
                                              "object",
                                              {
                                                "configMap": [
                                                  "object",
                                                  {
                                                    "items": [
                                                      "list",
                                                      [
                                                        "object",
                                                        {
                                                          "key": "string",
                                                          "mode": "number",
                                                          "path": "string"
                                                        }
                                                      ]
                                                    ],
                                                    "name": "string",
                                                    "optional": "bool"
                                                  }
                                                ],
                                                "downwardAPI": [
                                                  "object",
                                                  {
                                                    "items": [
                                                      "list",
                                                      [
                                                        "object",
                                                        {
                                                          "fieldRef": [
                                                            "object",
                                                            {
                                                              "apiVersion": "string",
                                                              "fieldPath": "string"
                                                            }
                                                          ],
                                                          "mode": "number",
                                                          "path": "string",
                                                          "resourceFieldRef": [
                                                            "object",
                                                            {
                                                              "containerName": "string",
                                                              "divisor": "string",
                                                              "resource": "string"
                                                            }
                                                          ]
                                                        }
                                                      ]
                                                    ]
                                                  }
                                                ],
                                                "secret": [
                                                  "object",
                                                  {
                                                    "items": [
                                                      "list",
                                                      [
                                                        "object",
                                                        {
                                                          "key": "string",
                                                          "mode": "number",
                                                          "path": "string"
                                                        }
                                                      ]
                                                    ],
                                                    "name": "string",
                                                    "optional": "bool"
                                                  }
                                                ],
                                                "serviceAccountToken": [
                                                  "object",
                                                  {
                                                    "audience": "string",
                                                    "expirationSeconds": "number",
                                                    "path": "string"
                                                  }
                                                ]
                                              }
                                            ]
                                          ]
                                        }
                                      ],
                                      "quobyte": [
                                        "object",
                                        {
                                          "group": "string",
                                          "readOnly": "bool",
                                          "registry": "string",
                                          "tenant": "string",
                                          "user": "string",
                                          "volume": "string"
                                        }
                                      ],
                                      "rbd": [
                                        "object",
                                        {
                                          "fsType": "string",
                                          "image": "string",
                                          "keyring": "string",
                                          "monitors": [
                                            "list",
                                            "string"
                                          ],
                                          "pool": "string",
                                          "readOnly": "bool",
                                          "secretRef": [
                                            "object",
                                            {
                                              "name": "string"
                                            }
                                          ],
                                          "user": "string"
                                        }
                                      ],
                                      "scaleIO": [
                                        "object",
                                        {
                                          "fsType": "string",
                                          "gateway": "string",
                                          "protectionDomain": "string",
                                          "readOnly": "bool",
                                          "secretRef": [
                                            "object",
                                            {
                                              "name": "string"
                                            }
                                          ],
                                          "sslEnabled": "bool",
                                          "storageMode": "string",
                                          "storagePool": "string",
                                          "system": "string",
                                          "volumeName": "string"
                                        }
                                      ],
                                      "secret": [
                                        "object",
                                        {
                                          "defaultMode": "number",
                                          "items": [
                                            "list",
                                            [
                                              "object",
                                              {
                                                "key": "string",
                                                "mode": "number",
                                                "path": "string"
                                              }
                                            ]
                                          ],
                                          "optional": "bool",
                                          "secretName": "string"
                                        }
                                      ],
                                      "storageos": [
                                        "object",
                                        {
                                          "fsType": "string",
                                          "readOnly": "bool",
                                          "secretRef": [
                                            "object",
                                            {
                                              "name": "string"
                                            }
                                          ],
                                          "volumeName": "string",
                                          "volumeNamespace": "string"
                                        }
                                      ],
                                      "vsphereVolume": [
                                        "object",
                                        {
                                          "fsType": "string",
                                          "storagePolicyID": "string",
                                          "storagePolicyName": "string",
                                          "volumePath": "string"
                                        }
                                      ]
                                    }
                                  ],
                                  [
                                    "object",
                                    {
                                      "awsElasticBlockStore": [
                                        "object",
                                        {
                                          "fsType": "string",
                                          "partition": "number",
                                          "readOnly": "bool",
                                          "volumeID": "string"
                                        }
                                      ],
                                      "azureDisk": [
                                        "object",
                                        {
                                          "cachingMode": "string",
                                          "diskName": "string",
                                          "diskURI": "string",
                                          "fsType": "string",
                                          "kind": "string",
                                          "readOnly": "bool"
                                        }
                                      ],
                                      "azureFile": [
                                        "object",
                                        {
                                          "readOnly": "bool",
                                          "secretName": "string",
                                          "shareName": "string"
                                        }
                                      ],
                                      "cephfs": [
                                        "object",
                                        {
                                          "monitors": [
                                            "list",
                                            "string"
                                          ],
                                          "path": "string",
                                          "readOnly": "bool",
                                          "secretFile": "string",
                                          "secretRef": [
                                            "object",
                                            {
                                              "name": "string"
                                            }
                                          ],
                                          "user": "string"
                                        }
                                      ],
                                      "cinder": [
                                        "object",
                                        {
                                          "fsType": "string",
                                          "readOnly": "bool",
                                          "secretRef": [
                                            "object",
                                            {
                                              "name": "string"
                                            }
                                          ],
                                          "volumeID": "string"
                                        }
                                      ],
                                      "configMap": [
                                        "object",
                                        {
                                          "defaultMode": "number",
                                          "items": [
                                            "list",
                                            [
                                              "object",
                                              {
                                                "key": "string",
                                                "mode": "number",
                                                "path": "string"
                                              }
                                            ]
                                          ],
                                          "name": "string",
                                          "optional": "bool"
                                        }
                                      ],
                                      "csi": [
                                        "object",
                                        {
                                          "driver": "string",
                                          "fsType": "string",
                                          "nodePublishSecretRef": [
                                            "object",
                                            {
                                              "name": "string"
                                            }
                                          ],
                                          "readOnly": "bool",
                                          "volumeAttributes": [
                                            "map",
                                            "string"
                                          ]
                                        }
                                      ],
                                      "downwardAPI": [
                                        "object",
                                        {
                                          "defaultMode": "number",
                                          "items": [
                                            "list",
                                            [
                                              "object",
                                              {
                                                "fieldRef": [
                                                  "object",
                                                  {
                                                    "apiVersion": "string",
                                                    "fieldPath": "string"
                                                  }
                                                ],
                                                "mode": "number",
                                                "path": "string",
                                                "resourceFieldRef": [
                                                  "object",
                                                  {
                                                    "containerName": "string",
                                                    "divisor": "string",
                                                    "resource": "string"
                                                  }
                                                ]
                                              }
                                            ]
                                          ]
                                        }
                                      ],
                                      "emptyDir": [
                                        "object",
                                        {
                                          "medium": "string",
                                          "sizeLimit": "string"
                                        }
                                      ],
                                      "ephemeral": [
                                        "object",
                                        {
                                          "volumeClaimTemplate": [
                                            "object",
                                            {
                                              "metadata": [
                                                "object",
                                                {
                                                  "annotations": [
                                                    "map",
                                                    "string"
                                                  ],
                                                  "creationTimestamp": "string",
                                                  "deletionGracePeriodSeconds": "number",
                                                  "deletionTimestamp": "string",
                                                  "finalizers": [
                                                    "list",
                                                    "string"
                                                  ],
                                                  "generateName": "string",
                                                  "generation": "number",
                                                  "labels": [
                                                    "map",
                                                    "string"
                                                  ],
                                                  "managedFields": [
                                                    "tuple",
                                                    [
                                                      [
                                                        "object",
                                                        {
                                                          "apiVersion": "string",
                                                          "fieldsType": "string",
                                                          "fieldsV1": "dynamic",
                                                          "manager": "string",
                                                          "operation": "string",
                                                          "subresource": "string",
                                                          "time": "string"
                                                        }
                                                      ]
                                                    ]
                                                  ],
                                                  "name": "string",
                                                  "namespace": "string",
                                                  "ownerReferences": [
                                                    "list",
                                                    [
                                                      "object",
                                                      {
                                                        "apiVersion": "string",
                                                        "blockOwnerDeletion": "bool",
                                                        "controller": "bool",
                                                        "kind": "string",
                                                        "name": "string",
                                                        "uid": "string"
                                                      }
                                                    ]
                                                  ],
                                                  "resourceVersion": "string",
                                                  "selfLink": "string",
                                                  "uid": "string"
                                                }
                                              ],
                                              "spec": [
                                                "object",
                                                {
                                                  "accessModes": [
                                                    "list",
                                                    "string"
                                                  ],
                                                  "dataSource": [
                                                    "object",
                                                    {
                                                      "apiGroup": "string",
                                                      "kind": "string",
                                                      "name": "string"
                                                    }
                                                  ],
                                                  "dataSourceRef": [
                                                    "object",
                                                    {
                                                      "apiGroup": "string",
                                                      "kind": "string",
                                                      "name": "string",
                                                      "namespace": "string"
                                                    }
                                                  ],
                                                  "resources": [
                                                    "object",
                                                    {
                                                      "claims": [
                                                        "list",
                                                        [
                                                          "object",
                                                          {
                                                            "name": "string"
                                                          }
                                                        ]
                                                      ],
                                                      "limits": [
                                                        "map",
                                                        "string"
                                                      ],
                                                      "requests": [
                                                        "map",
                                                        "string"
                                                      ]
                                                    }
                                                  ],
                                                  "selector": [
                                                    "object",
                                                    {
                                                      "matchExpressions": [
                                                        "list",
                                                        [
                                                          "object",
                                                          {
                                                            "key": "string",
                                                            "operator": "string",
                                                            "values": [
                                                              "list",
                                                              "string"
                                                            ]
                                                          }
                                                        ]
                                                      ],
                                                      "matchLabels": [
                                                        "map",
                                                        "string"
                                                      ]
                                                    }
                                                  ],
                                                  "storageClassName": "string",
                                                  "volumeMode": "string",
                                                  "volumeName": "string"
                                                }
                                              ]
                                            }
                                          ]
                                        }
                                      ],
                                      "fc": [
                                        "object",
                                        {
                                          "fsType": "string",
                                          "lun": "number",
                                          "readOnly": "bool",
                                          "targetWWNs": [
                                            "list",
                                            "string"
                                          ],
                                          "wwids": [
                                            "list",
                                            "string"
                                          ]
                                        }
                                      ],
                                      "flexVolume": [
                                        "object",
                                        {
                                          "driver": "string",
                                          "fsType": "string",
                                          "options": [
                                            "map",
                                            "string"
                                          ],
                                          "readOnly": "bool",
                                          "secretRef": [
                                            "object",
                                            {
                                              "name": "string"
                                            }
                                          ]
                                        }
                                      ],
                                      "flocker": [
                                        "object",
                                        {
                                          "datasetName": "string",
                                          "datasetUUID": "string"
                                        }
                                      ],
                                      "gcePersistentDisk": [
                                        "object",
                                        {
                                          "fsType": "string",
                                          "partition": "number",
                                          "pdName": "string",
                                          "readOnly": "bool"
                                        }
                                      ],
                                      "gitRepo": [
                                        "object",
                                        {
                                          "directory": "string",
                                          "repository": "string",
                                          "revision": "string"
                                        }
                                      ],
                                      "glusterfs": [
                                        "object",
                                        {
                                          "endpoints": "string",
                                          "path": "string",
                                          "readOnly": "bool"
                                        }
                                      ],
                                      "hostPath": [
                                        "object",
                                        {
                                          "path": "string",
                                          "type": "string"
                                        }
                                      ],
                                      "iscsi": [
                                        "object",
                                        {
                                          "chapAuthDiscovery": "bool",
                                          "chapAuthSession": "bool",
                                          "fsType": "string",
                                          "initiatorName": "string",
                                          "iqn": "string",
                                          "iscsiInterface": "string",
                                          "lun": "number",
                                          "portals": [
                                            "list",
                                            "string"
                                          ],
                                          "readOnly": "bool",
                                          "secretRef": [
                                            "object",
                                            {
                                              "name": "string"
                                            }
                                          ],
                                          "targetPortal": "string"
                                        }
                                      ],
                                      "name": "string",
                                      "nfs": [
                                        "object",
                                        {
                                          "path": "string",
                                          "readOnly": "bool",
                                          "server": "string"
                                        }
                                      ],
                                      "persistentVolumeClaim": [
                                        "object",
                                        {
                                          "claimName": "string",
                                          "readOnly": "bool"
                                        }
                                      ],
                                      "photonPersistentDisk": [
                                        "object",
                                        {
                                          "fsType": "string",
                                          "pdID": "string"
                                        }
                                      ],
                                      "portworxVolume": [
                                        "object",
                                        {
                                          "fsType": "string",
                                          "readOnly": "bool",
                                          "volumeID": "string"
                                        }
                                      ],
                                      "projected": [
                                        "object",
                                        {
                                          "defaultMode": "number",
                                          "sources": [
                                            "list",
                                            [
                                              "object",
                                              {
                                                "configMap": [
                                                  "object",
                                                  {
                                                    "items": [
                                                      "list",
                                                      [
                                                        "object",
                                                        {
                                                          "key": "string",
                                                          "mode": "number",
                                                          "path": "string"
                                                        }
                                                      ]
                                                    ],
                                                    "name": "string",
                                                    "optional": "bool"
                                                  }
                                                ],
                                                "downwardAPI": [
                                                  "object",
                                                  {
                                                    "items": [
                                                      "list",
                                                      [
                                                        "object",
                                                        {
                                                          "fieldRef": [
                                                            "object",
                                                            {
                                                              "apiVersion": "string",
                                                              "fieldPath": "string"
                                                            }
                                                          ],
                                                          "mode": "number",
                                                          "path": "string",
                                                          "resourceFieldRef": [
                                                            "object",
                                                            {
                                                              "containerName": "string",
                                                              "divisor": "string",
                                                              "resource": "string"
                                                            }
                                                          ]
                                                        }
                                                      ]
                                                    ]
                                                  }
                                                ],
                                                "secret": [
                                                  "object",
                                                  {
                                                    "items": [
                                                      "list",
                                                      [
                                                        "object",
                                                        {
                                                          "key": "string",
                                                          "mode": "number",
                                                          "path": "string"
                                                        }
                                                      ]
                                                    ],
                                                    "name": "string",
                                                    "optional": "bool"
                                                  }
                                                ],
                                                "serviceAccountToken": [
                                                  "object",
                                                  {
                                                    "audience": "string",
                                                    "expirationSeconds": "number",
                                                    "path": "string"
                                                  }
                                                ]
                                              }
                                            ]
                                          ]
                                        }
                                      ],
                                      "quobyte": [
                                        "object",
                                        {
                                          "group": "string",
                                          "readOnly": "bool",
                                          "registry": "string",
                                          "tenant": "string",
                                          "user": "string",
                                          "volume": "string"
                                        }
                                      ],
                                      "rbd": [
                                        "object",
                                        {
                                          "fsType": "string",
                                          "image": "string",
                                          "keyring": "string",
                                          "monitors": [
                                            "list",
                                            "string"
                                          ],
                                          "pool": "string",
                                          "readOnly": "bool",
                                          "secretRef": [
                                            "object",
                                            {
                                              "name": "string"
                                            }
                                          ],
                                          "user": "string"
                                        }
                                      ],
                                      "scaleIO": [
                                        "object",
                                        {
                                          "fsType": "string",
                                          "gateway": "string",
                                          "protectionDomain": "string",
                                          "readOnly": "bool",
                                          "secretRef": [
                                            "object",
                                            {
                                              "name": "string"
                                            }
                                          ],
                                          "sslEnabled": "bool",
                                          "storageMode": "string",
                                          "storagePool": "string",
                                          "system": "string",
                                          "volumeName": "string"
                                        }
                                      ],
                                      "secret": [
                                        "object",
                                        {
                                          "defaultMode": "number",
                                          "items": [
                                            "list",
                                            [
                                              "object",
                                              {
                                                "key": "string",
                                                "mode": "number",
                                                "path": "string"
                                              }
                                            ]
                                          ],
                                          "optional": "bool",
                                          "secretName": "string"
                                        }
                                      ],
                                      "storageos": [
                                        "object",
                                        {
                                          "fsType": "string",
                                          "readOnly": "bool",
                                          "secretRef": [
                                            "object",
                                            {
                                              "name": "string"
                                            }
                                          ],
                                          "volumeName": "string",
                                          "volumeNamespace": "string"
                                        }
                                      ],
                                      "vsphereVolume": [
                                        "object",
                                        {
                                          "fsType": "string",
                                          "storagePolicyID": "string",
                                          "storagePolicyName": "string",
                                          "volumePath": "string"
                                        }
                                      ]
                                    }
                                  ],
                                  [
                                    "object",
                                    {
                                      "awsElasticBlockStore": [
                                        "object",
                                        {
                                          "fsType": "string",
                                          "partition": "number",
                                          "readOnly": "bool",
                                          "volumeID": "string"
                                        }
                                      ],
                                      "azureDisk": [
                                        "object",
                                        {
                                          "cachingMode": "string",
                                          "diskName": "string",
                                          "diskURI": "string",
                                          "fsType": "string",
                                          "kind": "string",
                                          "readOnly": "bool"
                                        }
                                      ],
                                      "azureFile": [
                                        "object",
                                        {
                                          "readOnly": "bool",
                                          "secretName": "string",
                                          "shareName": "string"
                                        }
                                      ],
                                      "cephfs": [
                                        "object",
                                        {
                                          "monitors": [
                                            "list",
                                            "string"
                                          ],
                                          "path": "string",
                                          "readOnly": "bool",
                                          "secretFile": "string",
                                          "secretRef": [
                                            "object",
                                            {
                                              "name": "string"
                                            }
                                          ],
                                          "user": "string"
                                        }
                                      ],
                                      "cinder": [
                                        "object",
                                        {
                                          "fsType": "string",
                                          "readOnly": "bool",
                                          "secretRef": [
                                            "object",
                                            {
                                              "name": "string"
                                            }
                                          ],
                                          "volumeID": "string"
                                        }
                                      ],
                                      "configMap": [
                                        "object",
                                        {
                                          "defaultMode": "number",
                                          "items": [
                                            "list",
                                            [
                                              "object",
                                              {
                                                "key": "string",
                                                "mode": "number",
                                                "path": "string"
                                              }
                                            ]
                                          ],
                                          "name": "string",
                                          "optional": "bool"
                                        }
                                      ],
                                      "csi": [
                                        "object",
                                        {
                                          "driver": "string",
                                          "fsType": "string",
                                          "nodePublishSecretRef": [
                                            "object",
                                            {
                                              "name": "string"
                                            }
                                          ],
                                          "readOnly": "bool",
                                          "volumeAttributes": [
                                            "map",
                                            "string"
                                          ]
                                        }
                                      ],
                                      "downwardAPI": [
                                        "object",
                                        {
                                          "defaultMode": "number",
                                          "items": [
                                            "list",
                                            [
                                              "object",
                                              {
                                                "fieldRef": [
                                                  "object",
                                                  {
                                                    "apiVersion": "string",
                                                    "fieldPath": "string"
                                                  }
                                                ],
                                                "mode": "number",
                                                "path": "string",
                                                "resourceFieldRef": [
                                                  "object",
                                                  {
                                                    "containerName": "string",
                                                    "divisor": "string",
                                                    "resource": "string"
                                                  }
                                                ]
                                              }
                                            ]
                                          ]
                                        }
                                      ],
                                      "emptyDir": [
                                        "object",
                                        {
                                          "medium": "string",
                                          "sizeLimit": "string"
                                        }
                                      ],
                                      "ephemeral": [
                                        "object",
                                        {
                                          "volumeClaimTemplate": [
                                            "object",
                                            {
                                              "metadata": [
                                                "object",
                                                {
                                                  "annotations": [
                                                    "map",
                                                    "string"
                                                  ],
                                                  "creationTimestamp": "string",
                                                  "deletionGracePeriodSeconds": "number",
                                                  "deletionTimestamp": "string",
                                                  "finalizers": [
                                                    "list",
                                                    "string"
                                                  ],
                                                  "generateName": "string",
                                                  "generation": "number",
                                                  "labels": [
                                                    "map",
                                                    "string"
                                                  ],
                                                  "managedFields": [
                                                    "tuple",
                                                    [
                                                      [
                                                        "object",
                                                        {
                                                          "apiVersion": "string",
                                                          "fieldsType": "string",
                                                          "fieldsV1": "dynamic",
                                                          "manager": "string",
                                                          "operation": "string",
                                                          "subresource": "string",
                                                          "time": "string"
                                                        }
                                                      ]
                                                    ]
                                                  ],
                                                  "name": "string",
                                                  "namespace": "string",
                                                  "ownerReferences": [
                                                    "list",
                                                    [
                                                      "object",
                                                      {
                                                        "apiVersion": "string",
                                                        "blockOwnerDeletion": "bool",
                                                        "controller": "bool",
                                                        "kind": "string",
                                                        "name": "string",
                                                        "uid": "string"
                                                      }
                                                    ]
                                                  ],
                                                  "resourceVersion": "string",
                                                  "selfLink": "string",
                                                  "uid": "string"
                                                }
                                              ],
                                              "spec": [
                                                "object",
                                                {
                                                  "accessModes": [
                                                    "list",
                                                    "string"
                                                  ],
                                                  "dataSource": [
                                                    "object",
                                                    {
                                                      "apiGroup": "string",
                                                      "kind": "string",
                                                      "name": "string"
                                                    }
                                                  ],
                                                  "dataSourceRef": [
                                                    "object",
                                                    {
                                                      "apiGroup": "string",
                                                      "kind": "string",
                                                      "name": "string",
                                                      "namespace": "string"
                                                    }
                                                  ],
                                                  "resources": [
                                                    "object",
                                                    {
                                                      "claims": [
                                                        "list",
                                                        [
                                                          "object",
                                                          {
                                                            "name": "string"
                                                          }
                                                        ]
                                                      ],
                                                      "limits": [
                                                        "map",
                                                        "string"
                                                      ],
                                                      "requests": [
                                                        "map",
                                                        "string"
                                                      ]
                                                    }
                                                  ],
                                                  "selector": [
                                                    "object",
                                                    {
                                                      "matchExpressions": [
                                                        "list",
                                                        [
                                                          "object",
                                                          {
                                                            "key": "string",
                                                            "operator": "string",
                                                            "values": [
                                                              "list",
                                                              "string"
                                                            ]
                                                          }
                                                        ]
                                                      ],
                                                      "matchLabels": [
                                                        "map",
                                                        "string"
                                                      ]
                                                    }
                                                  ],
                                                  "storageClassName": "string",
                                                  "volumeMode": "string",
                                                  "volumeName": "string"
                                                }
                                              ]
                                            }
                                          ]
                                        }
                                      ],
                                      "fc": [
                                        "object",
                                        {
                                          "fsType": "string",
                                          "lun": "number",
                                          "readOnly": "bool",
                                          "targetWWNs": [
                                            "list",
                                            "string"
                                          ],
                                          "wwids": [
                                            "list",
                                            "string"
                                          ]
                                        }
                                      ],
                                      "flexVolume": [
                                        "object",
                                        {
                                          "driver": "string",
                                          "fsType": "string",
                                          "options": [
                                            "map",
                                            "string"
                                          ],
                                          "readOnly": "bool",
                                          "secretRef": [
                                            "object",
                                            {
                                              "name": "string"
                                            }
                                          ]
                                        }
                                      ],
                                      "flocker": [
                                        "object",
                                        {
                                          "datasetName": "string",
                                          "datasetUUID": "string"
                                        }
                                      ],
                                      "gcePersistentDisk": [
                                        "object",
                                        {
                                          "fsType": "string",
                                          "partition": "number",
                                          "pdName": "string",
                                          "readOnly": "bool"
                                        }
                                      ],
                                      "gitRepo": [
                                        "object",
                                        {
                                          "directory": "string",
                                          "repository": "string",
                                          "revision": "string"
                                        }
                                      ],
                                      "glusterfs": [
                                        "object",
                                        {
                                          "endpoints": "string",
                                          "path": "string",
                                          "readOnly": "bool"
                                        }
                                      ],
                                      "hostPath": [
                                        "object",
                                        {
                                          "path": "string",
                                          "type": "string"
                                        }
                                      ],
                                      "iscsi": [
                                        "object",
                                        {
                                          "chapAuthDiscovery": "bool",
                                          "chapAuthSession": "bool",
                                          "fsType": "string",
                                          "initiatorName": "string",
                                          "iqn": "string",
                                          "iscsiInterface": "string",
                                          "lun": "number",
                                          "portals": [
                                            "list",
                                            "string"
                                          ],
                                          "readOnly": "bool",
                                          "secretRef": [
                                            "object",
                                            {
                                              "name": "string"
                                            }
                                          ],
                                          "targetPortal": "string"
                                        }
                                      ],
                                      "name": "string",
                                      "nfs": [
                                        "object",
                                        {
                                          "path": "string",
                                          "readOnly": "bool",
                                          "server": "string"
                                        }
                                      ],
                                      "persistentVolumeClaim": [
                                        "object",
                                        {
                                          "claimName": "string",
                                          "readOnly": "bool"
                                        }
                                      ],
                                      "photonPersistentDisk": [
                                        "object",
                                        {
                                          "fsType": "string",
                                          "pdID": "string"
                                        }
                                      ],
                                      "portworxVolume": [
                                        "object",
                                        {
                                          "fsType": "string",
                                          "readOnly": "bool",
                                          "volumeID": "string"
                                        }
                                      ],
                                      "projected": [
                                        "object",
                                        {
                                          "defaultMode": "number",
                                          "sources": [
                                            "list",
                                            [
                                              "object",
                                              {
                                                "configMap": [
                                                  "object",
                                                  {
                                                    "items": [
                                                      "list",
                                                      [
                                                        "object",
                                                        {
                                                          "key": "string",
                                                          "mode": "number",
                                                          "path": "string"
                                                        }
                                                      ]
                                                    ],
                                                    "name": "string",
                                                    "optional": "bool"
                                                  }
                                                ],
                                                "downwardAPI": [
                                                  "object",
                                                  {
                                                    "items": [
                                                      "list",
                                                      [
                                                        "object",
                                                        {
                                                          "fieldRef": [
                                                            "object",
                                                            {
                                                              "apiVersion": "string",
                                                              "fieldPath": "string"
                                                            }
                                                          ],
                                                          "mode": "number",
                                                          "path": "string",
                                                          "resourceFieldRef": [
                                                            "object",
                                                            {
                                                              "containerName": "string",
                                                              "divisor": "string",
                                                              "resource": "string"
                                                            }
                                                          ]
                                                        }
                                                      ]
                                                    ]
                                                  }
                                                ],
                                                "secret": [
                                                  "object",
                                                  {
                                                    "items": [
                                                      "list",
                                                      [
                                                        "object",
                                                        {
                                                          "key": "string",
                                                          "mode": "number",
                                                          "path": "string"
                                                        }
                                                      ]
                                                    ],
                                                    "name": "string",
                                                    "optional": "bool"
                                                  }
                                                ],
                                                "serviceAccountToken": [
                                                  "object",
                                                  {
                                                    "audience": "string",
                                                    "expirationSeconds": "number",
                                                    "path": "string"
                                                  }
                                                ]
                                              }
                                            ]
                                          ]
                                        }
                                      ],
                                      "quobyte": [
                                        "object",
                                        {
                                          "group": "string",
                                          "readOnly": "bool",
                                          "registry": "string",
                                          "tenant": "string",
                                          "user": "string",
                                          "volume": "string"
                                        }
                                      ],
                                      "rbd": [
                                        "object",
                                        {
                                          "fsType": "string",
                                          "image": "string",
                                          "keyring": "string",
                                          "monitors": [
                                            "list",
                                            "string"
                                          ],
                                          "pool": "string",
                                          "readOnly": "bool",
                                          "secretRef": [
                                            "object",
                                            {
                                              "name": "string"
                                            }
                                          ],
                                          "user": "string"
                                        }
                                      ],
                                      "scaleIO": [
                                        "object",
                                        {
                                          "fsType": "string",
                                          "gateway": "string",
                                          "protectionDomain": "string",
                                          "readOnly": "bool",
                                          "secretRef": [
                                            "object",
                                            {
                                              "name": "string"
                                            }
                                          ],
                                          "sslEnabled": "bool",
                                          "storageMode": "string",
                                          "storagePool": "string",
                                          "system": "string",
                                          "volumeName": "string"
                                        }
                                      ],
                                      "secret": [
                                        "object",
                                        {
                                          "defaultMode": "number",
                                          "items": [
                                            "list",
                                            [
                                              "object",
                                              {
                                                "key": "string",
                                                "mode": "number",
                                                "path": "string"
                                              }
                                            ]
                                          ],
                                          "optional": "bool",
                                          "secretName": "string"
                                        }
                                      ],
                                      "storageos": [
                                        "object",
                                        {
                                          "fsType": "string",
                                          "readOnly": "bool",
                                          "secretRef": [
                                            "object",
                                            {
                                              "name": "string"
                                            }
                                          ],
                                          "volumeName": "string",
                                          "volumeNamespace": "string"
                                        }
                                      ],
                                      "vsphereVolume": [
                                        "object",
                                        {
                                          "fsType": "string",
                                          "storagePolicyID": "string",
                                          "storagePolicyName": "string",
                                          "volumePath": "string"
                                        }
                                      ]
                                    }
                                  ]
                                ]
                              ]
                            }
                          ]
                        }
                      ],
                      "updateStrategy": [
                        "object",
                        {
                          "rollingUpdate": [
                            "object",
                            {
                              "maxUnavailable": "string",
                              "partition": "number"
                            }
                          ],
                          "type": "string"
                        }
                      ],
                      "volumeClaimTemplates": [
                        "tuple",
                        [
                          [
                            "object",
                            {
                              "apiVersion": "string",
                              "kind": "string",
                              "metadata": [
                                "object",
                                {
                                  "annotations": [
                                    "map",
                                    "string"
                                  ],
                                  "creationTimestamp": "string",
                                  "deletionGracePeriodSeconds": "number",
                                  "deletionTimestamp": "string",
                                  "finalizers": [
                                    "list",
                                    "string"
                                  ],
                                  "generateName": "string",
                                  "generation": "number",
                                  "labels": [
                                    "map",
                                    "string"
                                  ],
                                  "managedFields": [
                                    "tuple",
                                    [
                                      [
                                        "object",
                                        {
                                          "apiVersion": "string",
                                          "fieldsType": "string",
                                          "fieldsV1": "dynamic",
                                          "manager": "string",
                                          "operation": "string",
                                          "subresource": "string",
                                          "time": "string"
                                        }
                                      ]
                                    ]
                                  ],
                                  "name": "string",
                                  "namespace": "string",
                                  "ownerReferences": [
                                    "list",
                                    [
                                      "object",
                                      {
                                        "apiVersion": "string",
                                        "blockOwnerDeletion": "bool",
                                        "controller": "bool",
                                        "kind": "string",
                                        "name": "string",
                                        "uid": "string"
                                      }
                                    ]
                                  ],
                                  "resourceVersion": "string",
                                  "selfLink": "string",
                                  "uid": "string"
                                }
                              ],
                              "spec": [
                                "object",
                                {
                                  "accessModes": [
                                    "list",
                                    "string"
                                  ],
                                  "dataSource": [
                                    "object",
                                    {
                                      "apiGroup": "string",
                                      "kind": "string",
                                      "name": "string"
                                    }
                                  ],
                                  "dataSourceRef": [
                                    "object",
                                    {
                                      "apiGroup": "string",
                                      "kind": "string",
                                      "name": "string",
                                      "namespace": "string"
                                    }
                                  ],
                                  "resources": [
                                    "object",
                                    {
                                      "claims": [
                                        "list",
                                        [
                                          "object",
                                          {
                                            "name": "string"
                                          }
                                        ]
                                      ],
                                      "limits": [
                                        "map",
                                        "string"
                                      ],
                                      "requests": [
                                        "map",
                                        "string"
                                      ]
                                    }
                                  ],
                                  "selector": [
                                    "object",
                                    {
                                      "matchExpressions": [
                                        "list",
                                        [
                                          "object",
                                          {
                                            "key": "string",
                                            "operator": "string",
                                            "values": [
                                              "list",
                                              "string"
                                            ]
                                          }
                                        ]
                                      ],
                                      "matchLabels": [
                                        "map",
                                        "string"
                                      ]
                                    }
                                  ],
                                  "storageClassName": "string",
                                  "volumeMode": "string",
                                  "volumeName": "string"
                                }
                              ],
                              "status": [
                                "object",
                                {
                                  "accessModes": [
                                    "list",
                                    "string"
                                  ],
                                  "allocatedResources": [
                                    "map",
                                    "string"
                                  ],
                                  "capacity": [
                                    "map",
                                    "string"
                                  ],
                                  "conditions": [
                                    "list",
                                    [
                                      "object",
                                      {
                                        "lastProbeTime": "string",
                                        "lastTransitionTime": "string",
                                        "message": "string",
                                        "reason": "string",
                                        "status": "string",
                                        "type": "string"
                                      }
                                    ]
                                  ],
                                  "phase": "string",
                                  "resizeStatus": "string"
                                }
                              ]
                            }
                          ]
                        ]
                      ]
                    }
                  ]
                }
              ]
            },
            "timeouts": [],
            "wait": [],
            "wait_for": null
          },
          "sensitive_attributes": [],
          "dependencies": [
            "data.kubernetes_resource.sonarqube_ns"
          ]
        }
      ]
    }
  ],
  "check_results": null
}
